{
  "version": 4,
  "terraform_version": "1.5.7",
  "serial": 182,
  "lineage": "cdde8b67-bacc-1d18-6275-b0d40701686e",
  "outputs": {},
  "resources": [
    {
      "mode": "data",
      "type": "aws_eks_cluster_auth",
      "name": "this",
      "provider": "provider[\"registry.terraform.io/hashicorp/aws\"]",
      "instances": [
        {
          "index_key": "dev",
          "schema_version": 0,
          "attributes": {
            "id": "dev-eks-lab",
            "name": "dev-eks-lab",
            "token": "k8s-aws-v1.aHR0cHM6Ly9zdHMudXMtZWFzdC0xLmFtYXpvbmF3cy5jb20vP0FjdGlvbj1HZXRDYWxsZXJJZGVudGl0eSZWZXJzaW9uPTIwMTEtMDYtMTUmWC1BbXotQWxnb3JpdGhtPUFXUzQtSE1BQy1TSEEyNTYmWC1BbXotQ3JlZGVudGlhbD1BS0lBWkVPU0JFVUI1WUMyVDY0RCUyRjIwMjQwNjEyJTJGdXMtZWFzdC0xJTJGc3RzJTJGYXdzNF9yZXF1ZXN0JlgtQW16LURhdGU9MjAyNDA2MTJUMjI0NDI2WiZYLUFtei1FeHBpcmVzPTAmWC1BbXotU2lnbmVkSGVhZGVycz1ob3N0JTNCeC1rOHMtYXdzLWlkJlgtQW16LVNpZ25hdHVyZT0zMzJiYzQ1MTc4YTgzNmNmZDVlYjUzNDcwYTE5NTdiMWYzZTY0ZTEwZTIyNmU5Zjc0YTQwYmYxNWU5YTVjMDFh"
          },
          "sensitive_attributes": []
        },
        {
          "index_key": "infra",
          "schema_version": 0,
          "attributes": {
            "id": "infra-eks-lab",
            "name": "infra-eks-lab",
            "token": "k8s-aws-v1.aHR0cHM6Ly9zdHMudXMtZWFzdC0xLmFtYXpvbmF3cy5jb20vP0FjdGlvbj1HZXRDYWxsZXJJZGVudGl0eSZWZXJzaW9uPTIwMTEtMDYtMTUmWC1BbXotQWxnb3JpdGhtPUFXUzQtSE1BQy1TSEEyNTYmWC1BbXotQ3JlZGVudGlhbD1BS0lBWkVPU0JFVUI1WUMyVDY0RCUyRjIwMjQwNjEyJTJGdXMtZWFzdC0xJTJGc3RzJTJGYXdzNF9yZXF1ZXN0JlgtQW16LURhdGU9MjAyNDA2MTJUMjI0NDI2WiZYLUFtei1FeHBpcmVzPTAmWC1BbXotU2lnbmVkSGVhZGVycz1ob3N0JTNCeC1rOHMtYXdzLWlkJlgtQW16LVNpZ25hdHVyZT1kMWY0YjM3ZWFjNmNhMTBhMGQxMTAwYjlkNTUyYjBlMTQ0YTBmZGQyOTMxYmVkODVkNjU1NjJmYWNlNzQzNTU4"
          },
          "sensitive_attributes": []
        },
        {
          "index_key": "prod",
          "schema_version": 0,
          "attributes": {
            "id": "prod-eks-lab",
            "name": "prod-eks-lab",
            "token": "k8s-aws-v1.aHR0cHM6Ly9zdHMudXMtZWFzdC0xLmFtYXpvbmF3cy5jb20vP0FjdGlvbj1HZXRDYWxsZXJJZGVudGl0eSZWZXJzaW9uPTIwMTEtMDYtMTUmWC1BbXotQWxnb3JpdGhtPUFXUzQtSE1BQy1TSEEyNTYmWC1BbXotQ3JlZGVudGlhbD1BS0lBWkVPU0JFVUI1WUMyVDY0RCUyRjIwMjQwNjEyJTJGdXMtZWFzdC0xJTJGc3RzJTJGYXdzNF9yZXF1ZXN0JlgtQW16LURhdGU9MjAyNDA2MTJUMjI0NDI2WiZYLUFtei1FeHBpcmVzPTAmWC1BbXotU2lnbmVkSGVhZGVycz1ob3N0JTNCeC1rOHMtYXdzLWlkJlgtQW16LVNpZ25hdHVyZT1kZTNiN2I3MzcwNzhkZWI5NDRiM2M3MmY4NzllMmM5MzJjOGJiY2QyNDc2M2ExZjUzNWZmYTA1YzBhNmVmMzcx"
          },
          "sensitive_attributes": []
        }
      ]
    },
    {
      "mode": "data",
      "type": "kubernetes_secret",
      "name": "argocd_dev_secret_sa",
      "provider": "provider[\"registry.terraform.io/hashicorp/kubernetes\"].k8sdev",
      "instances": [
        {
          "schema_version": 0,
          "attributes": {
            "binary_data": null,
            "data": {
              "ca.crt": "-----BEGIN CERTIFICATE-----\nMIIDBTCCAe2gAwIBAgIISddA89SyOM4wDQYJKoZIhvcNAQELBQAwFTETMBEGA1UE\nAxMKa3ViZXJuZXRlczAeFw0yNDA2MTIyMjI2NDVaFw0zNDA2MTAyMjMxNDVaMBUx\nEzARBgNVBAMTCmt1YmVybmV0ZXMwggEiMA0GCSqGSIb3DQEBAQUAA4IBDwAwggEK\nAoIBAQDxi9vYX8yTv25RInV4nsEwPHHkvCWJbOC3amu35l/JLJ5sNC3MtJ0nMb4c\nTJXEHlKPyTBC/Gr0GX1a8/AqduwVBVD9FbDfk7uSwGCLX29wP4ksfULOWS9cyeyY\nXQ5bfmBnbJ8cHP9TBaMZhej/N8N0cQ9hYKvd94BuWvThuAO69p151d+ISrq0/4LX\neovBLP5BGOGpUQgZTFBwb2Fbd1lQ2rJIz9mTnX8VDZlR6oAfxM2fpH5a9pJL3x9r\nwg/yda4EhUZWZTqADGFCFKHO3TKdeBJGZUIUzXDoEhLHX7wM7qAzLSpk9rN4kyse\nwQ2rpo5kdiEkitYjC8akiFIELMcRAgMBAAGjWTBXMA4GA1UdDwEB/wQEAwICpDAP\nBgNVHRMBAf8EBTADAQH/MB0GA1UdDgQWBBSCGLQR/nlcPEvWs6PdE4mhPRW1IjAV\nBgNVHREEDjAMggprdWJlcm5ldGVzMA0GCSqGSIb3DQEBCwUAA4IBAQAXxndQzis6\nABf/nsF7RmM0fhIXIiywHw7QOrzr/kGqC1V4g0Iqje7eLmWthgF7lubdy5EsGLAp\nBW2vhLM8tpyD9wrSWDFkT1w0GpF5ghBp30uLt4xCiVq3gQhOmIYKs3u41DNgrDzk\nmn62HJWOjBGZblZu2B//8FSymnlELwhvh9Bc95P9zJ+6QsFnH1EQC7VJNPRDKH5n\nSusTnGwq+QTcfGke7gCTsQ7xJCGZJniPKlmqIrI5IPoowGWNnJB0lh5+9vJ98v12\nmZrAF/JDrj8W35ti0mqZTnC2S9gmeXWcG8Jw6bJjbZ+5ZV/Fn937Jn3oNzDnxhsL\n1MCKHMdtGbYN\n-----END CERTIFICATE-----\n",
              "namespace": "default",
              "token": "eyJhbGciOiJSUzI1NiIsImtpZCI6IlpSa1lFQmlvOEFfU192cWJZejRUUGwwSlpPUGxlaHJjUU0weGI5V2V6a28ifQ.eyJpc3MiOiJrdWJlcm5ldGVzL3NlcnZpY2VhY2NvdW50Iiwia3ViZXJuZXRlcy5pby9zZXJ2aWNlYWNjb3VudC9uYW1lc3BhY2UiOiJkZWZhdWx0Iiwia3ViZXJuZXRlcy5pby9zZXJ2aWNlYWNjb3VudC9zZWNyZXQubmFtZSI6ImFyZ29jZC1kZXYtc2VjcmV0LXNhIiwia3ViZXJuZXRlcy5pby9zZXJ2aWNlYWNjb3VudC9zZXJ2aWNlLWFjY291bnQubmFtZSI6ImFyZ29jZC1kZXYtc2EiLCJrdWJlcm5ldGVzLmlvL3NlcnZpY2VhY2NvdW50L3NlcnZpY2UtYWNjb3VudC51aWQiOiIxOGY3MWFhNy02OWZkLTQxMTMtODQ4NS0xYTQ1ZWU2ZDA2OTIiLCJzdWIiOiJzeXN0ZW06c2VydmljZWFjY291bnQ6ZGVmYXVsdDphcmdvY2QtZGV2LXNhIn0.IY5LKH8EOFoOLRynMImKe8EA5HUZbhyMixDlftRtKYjnkfB8EHIJFBf5I96LTAaSE3dm2gXpb1UV2YtC29rqrdrauIia0ZW3yQBPsgZQRTRCvBLlkyGY-YwH70GmsZIMcb9BI6hx6dMWA1C34RCMb9OkIasB-73IFBbmPdk1pMG4WE5wqjG-xaZPjAk_UC3LaP-0X7R3oIx7ORqYEfTIY-AdX520N0GwY5rOQqhRosWzKPwHbZ8Vrb2dLDza_08_nqwzJuKomuEXik4DLvND1xFPjTW0fKryGzHnICB2eobS9sBIG8UNE9WxdIW4jRZVAghEVjAsE_Jfme60BVEo4g"
            },
            "id": "default/argocd-dev-secret-sa",
            "immutable": false,
            "metadata": [
              {
                "annotations": {
                  "kubernetes.io/service-account.name": "argocd-dev-sa",
                  "kubernetes.io/service-account.uid": "18f71aa7-69fd-4113-8485-1a45ee6d0692"
                },
                "generate_name": "",
                "generation": 0,
                "labels": {},
                "name": "argocd-dev-secret-sa",
                "namespace": "default",
                "resource_version": "2018",
                "uid": "4ede162d-3105-4fe7-a65e-03d63048f2c3"
              }
            ],
            "type": "kubernetes.io/service-account-token"
          },
          "sensitive_attributes": []
        }
      ]
    },
    {
      "mode": "data",
      "type": "kubernetes_secret",
      "name": "argocd_prod_secret_sa",
      "provider": "provider[\"registry.terraform.io/hashicorp/kubernetes\"].k8sprod",
      "instances": [
        {
          "schema_version": 0,
          "attributes": {
            "binary_data": null,
            "data": {
              "ca.crt": "-----BEGIN CERTIFICATE-----\nMIIDBTCCAe2gAwIBAgIIXJCve5dm+zQwDQYJKoZIhvcNAQELBQAwFTETMBEGA1UE\nAxMKa3ViZXJuZXRlczAeFw0yNDA2MTIyMjI3NDdaFw0zNDA2MTAyMjMyNDdaMBUx\nEzARBgNVBAMTCmt1YmVybmV0ZXMwggEiMA0GCSqGSIb3DQEBAQUAA4IBDwAwggEK\nAoIBAQDCngFViYNR4LrX89B0TLH8PIAhfMtdNUcaXiDOTPiqGlEQW9imtrFvRCM0\nJgK6+pZdk949o894dXx9fpfLDObHaIgfVPTJPVsIu4EE2OSjBiaaPNFrh8DULJAo\n2W9Ut2ecc7WM42FqCHFKyp7VFqyCqI94CtxuLujl08vyglsauenItJDR4CQrB1ud\n4qP4SK8NLzb2+nnu0wPYWSavtSfm8YIW2kPT9QplDVbLCdEGL+fpnUsSfUxkqPcg\n4vzzGhvmYsLMBujiim2cwwscZRtSXUXF7A/91by2RmJwy8Pc3vbrP+STJDwnoh1O\nUK/7h04ucAFD6pI+HsjbCOoyU1uzAgMBAAGjWTBXMA4GA1UdDwEB/wQEAwICpDAP\nBgNVHRMBAf8EBTADAQH/MB0GA1UdDgQWBBTtAewI4L/chgQFOj32eZBon4yAgTAV\nBgNVHREEDjAMggprdWJlcm5ldGVzMA0GCSqGSIb3DQEBCwUAA4IBAQBE/Po/6lYF\nBjdFdSESxFb5h/8HeZKL1XFMIKYkPjEnW1pR10VgJUFhC7tV/uResnkge8s2Lviq\neapcvJr9PIMLFa32qZlGvBNr7gWVZMk/vO8OmhKJ/BwR5yBihH8iNGO8t0XVSyLt\nHwV8TK2bRHRWQXTEpkYbraIXll4KOkxLGRdPUcDEmhZMSAm3HDSshdfJ7o6/q8vF\nsrvZej+vHrWi12pFKvHe8DdgC2MzHuMqKkncGXotDXQOLGfoTnrnsnqRtnv8P0tU\n+EjuFxWsezQXTFtBq+BTeHRhLnTgfnerHcB/fDwbF2nrQa25hNa3nZR3b/0H8vnm\nnNx0zkb+vYIe\n-----END CERTIFICATE-----\n",
              "namespace": "default",
              "token": "eyJhbGciOiJSUzI1NiIsImtpZCI6Ik81Yjl0SS1KM3ZEY3lvb1V2ZG1USmxYeXd0U0VHY2tUanJadV80c1lqWEkifQ.eyJpc3MiOiJrdWJlcm5ldGVzL3NlcnZpY2VhY2NvdW50Iiwia3ViZXJuZXRlcy5pby9zZXJ2aWNlYWNjb3VudC9uYW1lc3BhY2UiOiJkZWZhdWx0Iiwia3ViZXJuZXRlcy5pby9zZXJ2aWNlYWNjb3VudC9zZWNyZXQubmFtZSI6ImFyZ29jZC1wcm9kLXNlY3JldC1zYSIsImt1YmVybmV0ZXMuaW8vc2VydmljZWFjY291bnQvc2VydmljZS1hY2NvdW50Lm5hbWUiOiJhcmdvY2QtcHJvZC1zYSIsImt1YmVybmV0ZXMuaW8vc2VydmljZWFjY291bnQvc2VydmljZS1hY2NvdW50LnVpZCI6ImNiZGUzMzAwLTQxYzgtNDBjZS1iZmJiLTA1NWJjNjg1ZGFlNyIsInN1YiI6InN5c3RlbTpzZXJ2aWNlYWNjb3VudDpkZWZhdWx0OmFyZ29jZC1wcm9kLXNhIn0.UbBoHs984xhDw3BePOMQUvsTLgHo5wK9Lvm5ANA3IXDgx4QKO3SylFz8-v8xo9tLUHuh2q7Wl4dOgghzS_YrXzAo7GW6itYbPfUIGy8OI_O2Ka6AmwVntf9jBl0LOYzhVyScg3a_O30L8fhK63kJxvVFoNYd2bUvTZxtObua6hCSKm5GSHfcHcDfwfrfgsUFq95WQLE16V1w3yuxFoWANPK9TIxVI3vnr1JYQ2wKJZlAhmrGrdnbz0MKKTghF0LkZdSNmYhz5tj_vfX2uy8EXjF5gUptqjMkA8iOeXvMfs-kr3h-8DjnKAjR-X76ZhY956QOfIg1qje2iNcNenYEOA"
            },
            "id": "default/argocd-prod-secret-sa",
            "immutable": false,
            "metadata": [
              {
                "annotations": {
                  "kubernetes.io/service-account.name": "argocd-prod-sa",
                  "kubernetes.io/service-account.uid": "cbde3300-41c8-40ce-bfbb-055bc685dae7"
                },
                "generate_name": "",
                "generation": 0,
                "labels": {},
                "name": "argocd-prod-secret-sa",
                "namespace": "default",
                "resource_version": "1869",
                "uid": "58df0751-b07e-4ed1-807e-e1bbaa0da248"
              }
            ],
            "type": "kubernetes.io/service-account-token"
          },
          "sensitive_attributes": []
        }
      ]
    },
    {
      "mode": "managed",
      "type": "aws_eks_pod_identity_association",
      "name": "infra",
      "provider": "provider[\"registry.terraform.io/hashicorp/aws\"]",
      "instances": [
        {
          "schema_version": 0,
          "attributes": {
            "association_arn": "arn:aws:eks:us-east-1:628042573059:podidentityassociation/infra-eks-lab/a-bqedelrumzktgmadl",
            "association_id": "a-bqedelrumzktgmadl",
            "cluster_name": "infra-eks-lab",
            "id": "a-bqedelrumzktgmadl",
            "namespace": "external-secrets",
            "role_arn": "arn:aws:iam::628042573059:role/external-secrets-20240612222647152100000006",
            "service_account": "external-secrets",
            "tags": null,
            "tags_all": {}
          },
          "sensitive_attributes": [],
          "dependencies": [
            "module.external_secrets_pod_identity.aws_iam_role.this",
            "module.external_secrets_pod_identity.data.aws_iam_policy_document.assume",
            "module.this.aws_cloudwatch_log_group.this",
            "module.this.aws_eks_access_entry.this",
            "module.this.aws_eks_access_policy_association.this",
            "module.this.aws_eks_cluster.this",
            "module.this.aws_iam_policy.cni_ipv6_policy",
            "module.this.aws_iam_role.this",
            "module.this.aws_iam_role_policy_attachment.this",
            "module.this.aws_security_group.cluster",
            "module.this.aws_security_group.node",
            "module.this.aws_security_group_rule.cluster",
            "module.this.aws_security_group_rule.node",
            "module.this.data.aws_caller_identity.current",
            "module.this.data.aws_iam_policy_document.assume_role_policy",
            "module.this.data.aws_iam_policy_document.cni_ipv6_policy",
            "module.this.data.aws_iam_session_context.current",
            "module.this.data.aws_partition.current",
            "module.this.module.kms.aws_kms_external_key.this",
            "module.this.module.kms.aws_kms_key.this",
            "module.this.module.kms.aws_kms_replica_external_key.this",
            "module.this.module.kms.aws_kms_replica_key.this",
            "module.this.module.kms.data.aws_caller_identity.current",
            "module.this.module.kms.data.aws_iam_policy_document.this",
            "module.this.module.kms.data.aws_partition.current",
            "module.vpc.aws_subnet.private",
            "module.vpc.aws_vpc.this",
            "module.vpc.aws_vpc_ipv4_cidr_block_association.this"
          ]
        }
      ]
    },
    {
      "mode": "managed",
      "type": "aws_secretsmanager_secret",
      "name": "argocd_cluster_secret_dev",
      "provider": "provider[\"registry.terraform.io/hashicorp/aws\"]",
      "instances": [
        {
          "schema_version": 0,
          "attributes": {
            "arn": "arn:aws:secretsmanager:us-east-1:628042573059:secret:argocd-cluster-secret-dev-lab-oQND3m",
            "description": "",
            "force_overwrite_replica_secret": false,
            "id": "arn:aws:secretsmanager:us-east-1:628042573059:secret:argocd-cluster-secret-dev-lab-oQND3m",
            "kms_key_id": "",
            "name": "argocd-cluster-secret-dev-lab",
            "name_prefix": "",
            "policy": "",
            "recovery_window_in_days": 30,
            "replica": [],
            "tags": {},
            "tags_all": {}
          },
          "sensitive_attributes": [],
          "private": "bnVsbA=="
        }
      ]
    },
    {
      "mode": "managed",
      "type": "aws_secretsmanager_secret",
      "name": "argocd_cluster_secret_prod",
      "provider": "provider[\"registry.terraform.io/hashicorp/aws\"]",
      "instances": [
        {
          "schema_version": 0,
          "attributes": {
            "arn": "arn:aws:secretsmanager:us-east-1:628042573059:secret:argocd-cluster-secret-prod-lab-K9UbLc",
            "description": "",
            "force_overwrite_replica_secret": false,
            "id": "arn:aws:secretsmanager:us-east-1:628042573059:secret:argocd-cluster-secret-prod-lab-K9UbLc",
            "kms_key_id": "",
            "name": "argocd-cluster-secret-prod-lab",
            "name_prefix": "",
            "policy": "",
            "recovery_window_in_days": 30,
            "replica": [],
            "tags": null,
            "tags_all": {}
          },
          "sensitive_attributes": [],
          "private": "bnVsbA=="
        }
      ]
    },
    {
      "mode": "managed",
      "type": "aws_secretsmanager_secret_version",
      "name": "argocd_cluster_dev_secret_version",
      "provider": "provider[\"registry.terraform.io/hashicorp/aws\"]",
      "instances": [
        {
          "schema_version": 0,
          "attributes": {
            "arn": "arn:aws:secretsmanager:us-east-1:628042573059:secret:argocd-cluster-secret-dev-lab-oQND3m",
            "id": "arn:aws:secretsmanager:us-east-1:628042573059:secret:argocd-cluster-secret-dev-lab-oQND3m|terraform-20240612224155219600000003",
            "secret_binary": "",
            "secret_id": "arn:aws:secretsmanager:us-east-1:628042573059:secret:argocd-cluster-secret-dev-lab-oQND3m",
            "secret_string": "{\"config\":{\"bearerToken\":\"eyJhbGciOiJSUzI1NiIsImtpZCI6IlpSa1lFQmlvOEFfU192cWJZejRUUGwwSlpPUGxlaHJjUU0weGI5V2V6a28ifQ.eyJpc3MiOiJrdWJlcm5ldGVzL3NlcnZpY2VhY2NvdW50Iiwia3ViZXJuZXRlcy5pby9zZXJ2aWNlYWNjb3VudC9uYW1lc3BhY2UiOiJkZWZhdWx0Iiwia3ViZXJuZXRlcy5pby9zZXJ2aWNlYWNjb3VudC9zZWNyZXQubmFtZSI6ImFyZ29jZC1kZXYtc2VjcmV0LXNhIiwia3ViZXJuZXRlcy5pby9zZXJ2aWNlYWNjb3VudC9zZXJ2aWNlLWFjY291bnQubmFtZSI6ImFyZ29jZC1kZXYtc2EiLCJrdWJlcm5ldGVzLmlvL3NlcnZpY2VhY2NvdW50L3NlcnZpY2UtYWNjb3VudC51aWQiOiIxOGY3MWFhNy02OWZkLTQxMTMtODQ4NS0xYTQ1ZWU2ZDA2OTIiLCJzdWIiOiJzeXN0ZW06c2VydmljZWFjY291bnQ6ZGVmYXVsdDphcmdvY2QtZGV2LXNhIn0.IY5LKH8EOFoOLRynMImKe8EA5HUZbhyMixDlftRtKYjnkfB8EHIJFBf5I96LTAaSE3dm2gXpb1UV2YtC29rqrdrauIia0ZW3yQBPsgZQRTRCvBLlkyGY-YwH70GmsZIMcb9BI6hx6dMWA1C34RCMb9OkIasB-73IFBbmPdk1pMG4WE5wqjG-xaZPjAk_UC3LaP-0X7R3oIx7ORqYEfTIY-AdX520N0GwY5rOQqhRosWzKPwHbZ8Vrb2dLDza_08_nqwzJuKomuEXik4DLvND1xFPjTW0fKryGzHnICB2eobS9sBIG8UNE9WxdIW4jRZVAghEVjAsE_Jfme60BVEo4g\",\"tlsClientConfig\":{\"caData\":\"LS0tLS1CRUdJTiBDRVJUSUZJQ0FURS0tLS0tCk1JSURCVENDQWUyZ0F3SUJBZ0lJU2RkQTg5U3lPTTR3RFFZSktvWklodmNOQVFFTEJRQXdGVEVUTUJFR0ExVUUKQXhNS2EzVmlaWEp1WlhSbGN6QWVGdzB5TkRBMk1USXlNakkyTkRWYUZ3MHpOREEyTVRBeU1qTXhORFZhTUJVeApFekFSQmdOVkJBTVRDbXQxWW1WeWJtVjBaWE13Z2dFaU1BMEdDU3FHU0liM0RRRUJBUVVBQTRJQkR3QXdnZ0VLCkFvSUJBUUR4aTl2WVg4eVR2MjVSSW5WNG5zRXdQSEhrdkNXSmJPQzNhbXUzNWwvSkxKNXNOQzNNdEowbk1iNGMKVEpYRUhsS1B5VEJDL0dyMEdYMWE4L0FxZHV3VkJWRDlGYkRmazd1U3dHQ0xYMjl3UDRrc2ZVTE9XUzljeWV5WQpYUTViZm1CbmJKOGNIUDlUQmFNWmhlai9OOE4wY1E5aFlLdmQ5NEJ1V3ZUaHVBTzY5cDE1MWQrSVNycTAvNExYCmVvdkJMUDVCR09HcFVRZ1pURkJ3YjJGYmQxbFEyckpJejltVG5YOFZEWmxSNm9BZnhNMmZwSDVhOXBKTDN4OXIKd2cveWRhNEVoVVpXWlRxQURHRkNGS0hPM1RLZGVCSkdaVUlVelhEb0VoTEhYN3dNN3FBekxTcGs5ck40a3lzZQp3UTJycG81a2RpRWtpdFlqQzhha2lGSUVMTWNSQWdNQkFBR2pXVEJYTUE0R0ExVWREd0VCL3dRRUF3SUNwREFQCkJnTlZIUk1CQWY4RUJUQURBUUgvTUIwR0ExVWREZ1FXQkJTQ0dMUVIvbmxjUEV2V3M2UGRFNG1oUFJXMUlqQVYKQmdOVkhSRUVEakFNZ2dwcmRXSmxjbTVsZEdWek1BMEdDU3FHU0liM0RRRUJDd1VBQTRJQkFRQVh4bmRRemlzNgpBQmYvbnNGN1JtTTBmaElYSWl5d0h3N1FPcnpyL2tHcUMxVjRnMElxamU3ZUxtV3RoZ0Y3bHViZHk1RXNHTEFwCkJXMnZoTE04dHB5RDl3clNXREZrVDF3MEdwRjVnaEJwMzB1THQ0eENpVnEzZ1FoT21JWUtzM3U0MUROZ3JEemsKbW42MkhKV09qQkdaYmxadTJCLy84RlN5bW5sRUx3aHZoOUJjOTVQOXpKKzZRc0ZuSDFFUUM3VkpOUFJES0g1bgpTdXNUbkd3cStRVGNmR2tlN2dDVHNRN3hKQ0daSm5pUEtsbXFJckk1SVBvb3dHV05uSkIwbGg1Kzl2Sjk4djEyCm1ackFGL0pEcmo4VzM1dGkwbXFaVG5DMlM5Z21lWFdjRzhKdzZiSmpiWis1WlYvRm45MzdKbjNvTnpEbnhoc0wKMU1DS0hNZHRHYllOCi0tLS0tRU5EIENFUlRJRklDQVRFLS0tLS0K\",\"insecure\":false}},\"name\":\"dev-eks-lab\",\"server\":\"https://C796A090D2FE43B6382D22A0B0E97251.gr7.us-east-1.eks.amazonaws.com\"}",
            "version_id": "terraform-20240612224155219600000003",
            "version_stages": [
              "AWSCURRENT"
            ]
          },
          "sensitive_attributes": [],
          "private": "bnVsbA==",
          "dependencies": [
            "aws_secretsmanager_secret.argocd_cluster_secret_dev",
            "data.aws_eks_cluster_auth.this",
            "data.kubernetes_secret.argocd_dev_secret_sa",
            "kubernetes_secret.argocd-dev-secret-sa",
            "module.this.aws_cloudwatch_log_group.this",
            "module.this.aws_ec2_tag.cluster_primary_security_group",
            "module.this.aws_eks_access_entry.this",
            "module.this.aws_eks_access_policy_association.this",
            "module.this.aws_eks_addon.before_compute",
            "module.this.aws_eks_addon.this",
            "module.this.aws_eks_cluster.this",
            "module.this.aws_eks_identity_provider_config.this",
            "module.this.aws_iam_openid_connect_provider.oidc_provider",
            "module.this.aws_iam_policy.cluster_encryption",
            "module.this.aws_iam_policy.cni_ipv6_policy",
            "module.this.aws_iam_role.this",
            "module.this.aws_iam_role_policy_attachment.additional",
            "module.this.aws_iam_role_policy_attachment.cluster_encryption",
            "module.this.aws_iam_role_policy_attachment.this",
            "module.this.aws_security_group.cluster",
            "module.this.aws_security_group.node",
            "module.this.aws_security_group_rule.cluster",
            "module.this.aws_security_group_rule.node",
            "module.this.data.aws_caller_identity.current",
            "module.this.data.aws_eks_addon_version.this",
            "module.this.data.aws_iam_policy_document.assume_role_policy",
            "module.this.data.aws_iam_policy_document.cni_ipv6_policy",
            "module.this.data.aws_iam_session_context.current",
            "module.this.data.aws_partition.current",
            "module.this.data.tls_certificate.this",
            "module.this.module.eks_managed_node_group.aws_autoscaling_schedule.this",
            "module.this.module.eks_managed_node_group.aws_eks_node_group.this",
            "module.this.module.eks_managed_node_group.aws_iam_role.this",
            "module.this.module.eks_managed_node_group.aws_iam_role_policy_attachment.additional",
            "module.this.module.eks_managed_node_group.aws_iam_role_policy_attachment.this",
            "module.this.module.eks_managed_node_group.aws_launch_template.this",
            "module.this.module.eks_managed_node_group.aws_placement_group.this",
            "module.this.module.eks_managed_node_group.data.aws_caller_identity.current",
            "module.this.module.eks_managed_node_group.data.aws_ec2_instance_type.this",
            "module.this.module.eks_managed_node_group.data.aws_ec2_instance_type_offerings.this",
            "module.this.module.eks_managed_node_group.data.aws_iam_policy_document.assume_role_policy",
            "module.this.module.eks_managed_node_group.data.aws_partition.current",
            "module.this.module.eks_managed_node_group.data.aws_ssm_parameter.ami",
            "module.this.module.eks_managed_node_group.data.aws_subnets.efa",
            "module.this.module.eks_managed_node_group.module.user_data.data.cloudinit_config.al2023_eks_managed_node_group",
            "module.this.module.eks_managed_node_group.module.user_data.data.cloudinit_config.linux_eks_managed_node_group",
            "module.this.module.eks_managed_node_group.module.user_data.null_resource.validate_cluster_service_cidr",
            "module.this.module.fargate_profile.aws_eks_fargate_profile.this",
            "module.this.module.fargate_profile.aws_iam_role.this",
            "module.this.module.fargate_profile.aws_iam_role_policy_attachment.additional",
            "module.this.module.fargate_profile.aws_iam_role_policy_attachment.this",
            "module.this.module.fargate_profile.data.aws_caller_identity.current",
            "module.this.module.fargate_profile.data.aws_iam_policy_document.assume_role_policy",
            "module.this.module.fargate_profile.data.aws_partition.current",
            "module.this.module.fargate_profile.data.aws_region.current",
            "module.this.module.kms.aws_kms_alias.this",
            "module.this.module.kms.aws_kms_external_key.this",
            "module.this.module.kms.aws_kms_grant.this",
            "module.this.module.kms.aws_kms_key.this",
            "module.this.module.kms.aws_kms_replica_external_key.this",
            "module.this.module.kms.aws_kms_replica_key.this",
            "module.this.module.kms.data.aws_caller_identity.current",
            "module.this.module.kms.data.aws_iam_policy_document.this",
            "module.this.module.kms.data.aws_partition.current",
            "module.this.module.self_managed_node_group.aws_autoscaling_group.this",
            "module.this.module.self_managed_node_group.aws_autoscaling_schedule.this",
            "module.this.module.self_managed_node_group.aws_eks_access_entry.this",
            "module.this.module.self_managed_node_group.aws_iam_instance_profile.this",
            "module.this.module.self_managed_node_group.aws_iam_role.this",
            "module.this.module.self_managed_node_group.aws_iam_role_policy_attachment.additional",
            "module.this.module.self_managed_node_group.aws_iam_role_policy_attachment.this",
            "module.this.module.self_managed_node_group.aws_launch_template.this",
            "module.this.module.self_managed_node_group.aws_placement_group.this",
            "module.this.module.self_managed_node_group.data.aws_caller_identity.current",
            "module.this.module.self_managed_node_group.data.aws_ec2_instance_type.this",
            "module.this.module.self_managed_node_group.data.aws_ec2_instance_type_offerings.this",
            "module.this.module.self_managed_node_group.data.aws_iam_policy_document.assume_role_policy",
            "module.this.module.self_managed_node_group.data.aws_partition.current",
            "module.this.module.self_managed_node_group.data.aws_ssm_parameter.ami",
            "module.this.module.self_managed_node_group.data.aws_subnets.efa",
            "module.this.module.self_managed_node_group.module.user_data.data.cloudinit_config.al2023_eks_managed_node_group",
            "module.this.module.self_managed_node_group.module.user_data.data.cloudinit_config.linux_eks_managed_node_group",
            "module.this.module.self_managed_node_group.module.user_data.null_resource.validate_cluster_service_cidr",
            "module.this.time_sleep.this",
            "module.vpc.aws_subnet.private",
            "module.vpc.aws_vpc.this",
            "module.vpc.aws_vpc_ipv4_cidr_block_association.this"
          ]
        }
      ]
    },
    {
      "mode": "managed",
      "type": "aws_secretsmanager_secret_version",
      "name": "argocd_cluster_prod_secret_version",
      "provider": "provider[\"registry.terraform.io/hashicorp/aws\"]",
      "instances": [
        {
          "schema_version": 0,
          "attributes": {
            "arn": "arn:aws:secretsmanager:us-east-1:628042573059:secret:argocd-cluster-secret-prod-lab-K9UbLc",
            "id": "arn:aws:secretsmanager:us-east-1:628042573059:secret:argocd-cluster-secret-prod-lab-K9UbLc|terraform-20240612224432801200000002",
            "secret_binary": "",
            "secret_id": "arn:aws:secretsmanager:us-east-1:628042573059:secret:argocd-cluster-secret-prod-lab-K9UbLc",
            "secret_string": "{\"config\":{\"bearerToken\":\"eyJhbGciOiJSUzI1NiIsImtpZCI6Ik81Yjl0SS1KM3ZEY3lvb1V2ZG1USmxYeXd0U0VHY2tUanJadV80c1lqWEkifQ.eyJpc3MiOiJrdWJlcm5ldGVzL3NlcnZpY2VhY2NvdW50Iiwia3ViZXJuZXRlcy5pby9zZXJ2aWNlYWNjb3VudC9uYW1lc3BhY2UiOiJkZWZhdWx0Iiwia3ViZXJuZXRlcy5pby9zZXJ2aWNlYWNjb3VudC9zZWNyZXQubmFtZSI6ImFyZ29jZC1wcm9kLXNlY3JldC1zYSIsImt1YmVybmV0ZXMuaW8vc2VydmljZWFjY291bnQvc2VydmljZS1hY2NvdW50Lm5hbWUiOiJhcmdvY2QtcHJvZC1zYSIsImt1YmVybmV0ZXMuaW8vc2VydmljZWFjY291bnQvc2VydmljZS1hY2NvdW50LnVpZCI6ImNiZGUzMzAwLTQxYzgtNDBjZS1iZmJiLTA1NWJjNjg1ZGFlNyIsInN1YiI6InN5c3RlbTpzZXJ2aWNlYWNjb3VudDpkZWZhdWx0OmFyZ29jZC1wcm9kLXNhIn0.UbBoHs984xhDw3BePOMQUvsTLgHo5wK9Lvm5ANA3IXDgx4QKO3SylFz8-v8xo9tLUHuh2q7Wl4dOgghzS_YrXzAo7GW6itYbPfUIGy8OI_O2Ka6AmwVntf9jBl0LOYzhVyScg3a_O30L8fhK63kJxvVFoNYd2bUvTZxtObua6hCSKm5GSHfcHcDfwfrfgsUFq95WQLE16V1w3yuxFoWANPK9TIxVI3vnr1JYQ2wKJZlAhmrGrdnbz0MKKTghF0LkZdSNmYhz5tj_vfX2uy8EXjF5gUptqjMkA8iOeXvMfs-kr3h-8DjnKAjR-X76ZhY956QOfIg1qje2iNcNenYEOA\",\"tlsClientConfig\":{\"caData\":\"LS0tLS1CRUdJTiBDRVJUSUZJQ0FURS0tLS0tCk1JSURCVENDQWUyZ0F3SUJBZ0lJWEpDdmU1ZG0relF3RFFZSktvWklodmNOQVFFTEJRQXdGVEVUTUJFR0ExVUUKQXhNS2EzVmlaWEp1WlhSbGN6QWVGdzB5TkRBMk1USXlNakkzTkRkYUZ3MHpOREEyTVRBeU1qTXlORGRhTUJVeApFekFSQmdOVkJBTVRDbXQxWW1WeWJtVjBaWE13Z2dFaU1BMEdDU3FHU0liM0RRRUJBUVVBQTRJQkR3QXdnZ0VLCkFvSUJBUURDbmdGVmlZTlI0THJYODlCMFRMSDhQSUFoZk10ZE5VY2FYaURPVFBpcUdsRVFXOWltdHJGdlJDTTAKSmdLNitwWmRrOTQ5bzg5NGRYeDlmcGZMRE9iSGFJZ2ZWUFRKUFZzSXU0RUUyT1NqQmlhYVBORnJoOERVTEpBbwoyVzlVdDJlY2M3V000MkZxQ0hGS3lwN1ZGcXlDcUk5NEN0eHVMdWpsMDh2eWdsc2F1ZW5JdEpEUjRDUXJCMXVkCjRxUDRTSzhOTHpiMitubnUwd1BZV1NhdnRTZm04WUlXMmtQVDlRcGxEVmJMQ2RFR0wrZnBuVXNTZlV4a3FQY2cKNHZ6ekdodm1Zc0xNQnVqaWltMmN3d3NjWlJ0U1hVWEY3QS85MWJ5MlJtSnd5OFBjM3ZiclArU1RKRHdub2gxTwpVSy83aDA0dWNBRkQ2cEkrSHNqYkNPb3lVMXV6QWdNQkFBR2pXVEJYTUE0R0ExVWREd0VCL3dRRUF3SUNwREFQCkJnTlZIUk1CQWY4RUJUQURBUUgvTUIwR0ExVWREZ1FXQkJUdEFld0k0TC9jaGdRRk9qMzJlWkJvbjR5QWdUQVYKQmdOVkhSRUVEakFNZ2dwcmRXSmxjbTVsZEdWek1BMEdDU3FHU0liM0RRRUJDd1VBQTRJQkFRQkUvUG8vNmxZRgpCamRGZFNFU3hGYjVoLzhIZVpLTDFYRk1JS1lrUGpFblcxcFIxMFZnSlVGaEM3dFYvdVJlc25rZ2U4czJMdmlxCmVhcGN2SnI5UElNTEZhMzJxWmxHdkJOcjdnV1ZaTWsvdk84T21oS0ovQndSNXlCaWhIOGlOR084dDBYVlN5THQKSHdWOFRLMmJSSFJXUVhURXBrWWJyYUlYbGw0S09reExHUmRQVWNERW1oWk1TQW0zSERTc2hkZko3bzYvcTh2RgpzcnZaZWordkhyV2kxMnBGS3ZIZThEZGdDMk16SHVNcUtrbmNHWG90RFhRT0xHZm9UbnJuc25xUnRudjhQMHRVCitFanVGeFdzZXpRWFRGdEJxK0JUZUhSaExuVGdmbmVySGNCL2ZEd2JGMm5yUWEyNWhOYTNuWlIzYi8wSDh2bm0Kbk54MHprYit2WUllCi0tLS0tRU5EIENFUlRJRklDQVRFLS0tLS0K\",\"insecure\":false}},\"name\":\"prod-eks-lab\",\"server\":\"https://09C7C3267FC4EDF38B8A98B48FAEB620.gr7.us-east-1.eks.amazonaws.com\"}",
            "version_id": "terraform-20240612224432801200000002",
            "version_stages": [
              "AWSCURRENT"
            ]
          },
          "sensitive_attributes": [],
          "private": "bnVsbA==",
          "dependencies": [
            "aws_secretsmanager_secret.argocd_cluster_secret_prod",
            "data.aws_eks_cluster_auth.this",
            "data.kubernetes_secret.argocd_prod_secret_sa",
            "module.this.aws_eks_access_entry.this",
            "module.this.aws_eks_access_policy_association.this",
            "module.this.aws_eks_cluster.this",
            "module.this.data.aws_iam_session_context.current",
            "module.this.data.aws_partition.current"
          ]
        }
      ]
    },
    {
      "mode": "managed",
      "type": "kubernetes_cluster_role_binding",
      "name": "argocd-dev",
      "provider": "provider[\"registry.terraform.io/hashicorp/kubernetes\"].k8sdev",
      "instances": [
        {
          "schema_version": 0,
          "attributes": {
            "id": "argocd",
            "metadata": [
              {
                "annotations": {},
                "generate_name": "",
                "generation": 0,
                "labels": {},
                "name": "argocd",
                "resource_version": "1024",
                "uid": "44848fce-9860-4b11-8e25-35cfcde2e593"
              }
            ],
            "role_ref": [
              {
                "api_group": "rbac.authorization.k8s.io",
                "kind": "ClusterRole",
                "name": "cluster-admin"
              }
            ],
            "subject": [
              {
                "api_group": "",
                "kind": "ServiceAccount",
                "name": "argocd-dev-sa",
                "namespace": "default"
              }
            ]
          },
          "sensitive_attributes": [],
          "private": "bnVsbA==",
          "dependencies": [
            "data.aws_eks_cluster_auth.this",
            "kubernetes_service_account.argocd_dev",
            "module.this.aws_cloudwatch_log_group.this",
            "module.this.aws_ec2_tag.cluster_primary_security_group",
            "module.this.aws_eks_access_entry.this",
            "module.this.aws_eks_access_policy_association.this",
            "module.this.aws_eks_addon.before_compute",
            "module.this.aws_eks_addon.this",
            "module.this.aws_eks_cluster.this",
            "module.this.aws_eks_identity_provider_config.this",
            "module.this.aws_iam_openid_connect_provider.oidc_provider",
            "module.this.aws_iam_policy.cluster_encryption",
            "module.this.aws_iam_policy.cni_ipv6_policy",
            "module.this.aws_iam_role.this",
            "module.this.aws_iam_role_policy_attachment.additional",
            "module.this.aws_iam_role_policy_attachment.cluster_encryption",
            "module.this.aws_iam_role_policy_attachment.this",
            "module.this.aws_security_group.cluster",
            "module.this.aws_security_group.node",
            "module.this.aws_security_group_rule.cluster",
            "module.this.aws_security_group_rule.node",
            "module.this.data.aws_caller_identity.current",
            "module.this.data.aws_eks_addon_version.this",
            "module.this.data.aws_iam_policy_document.assume_role_policy",
            "module.this.data.aws_iam_policy_document.cni_ipv6_policy",
            "module.this.data.aws_iam_session_context.current",
            "module.this.data.aws_partition.current",
            "module.this.data.tls_certificate.this",
            "module.this.module.eks_managed_node_group.aws_autoscaling_schedule.this",
            "module.this.module.eks_managed_node_group.aws_eks_node_group.this",
            "module.this.module.eks_managed_node_group.aws_iam_role.this",
            "module.this.module.eks_managed_node_group.aws_iam_role_policy_attachment.additional",
            "module.this.module.eks_managed_node_group.aws_iam_role_policy_attachment.this",
            "module.this.module.eks_managed_node_group.aws_launch_template.this",
            "module.this.module.eks_managed_node_group.aws_placement_group.this",
            "module.this.module.eks_managed_node_group.data.aws_caller_identity.current",
            "module.this.module.eks_managed_node_group.data.aws_ec2_instance_type.this",
            "module.this.module.eks_managed_node_group.data.aws_ec2_instance_type_offerings.this",
            "module.this.module.eks_managed_node_group.data.aws_iam_policy_document.assume_role_policy",
            "module.this.module.eks_managed_node_group.data.aws_partition.current",
            "module.this.module.eks_managed_node_group.data.aws_ssm_parameter.ami",
            "module.this.module.eks_managed_node_group.data.aws_subnets.efa",
            "module.this.module.eks_managed_node_group.module.user_data.data.cloudinit_config.al2023_eks_managed_node_group",
            "module.this.module.eks_managed_node_group.module.user_data.data.cloudinit_config.linux_eks_managed_node_group",
            "module.this.module.eks_managed_node_group.module.user_data.null_resource.validate_cluster_service_cidr",
            "module.this.module.fargate_profile.aws_eks_fargate_profile.this",
            "module.this.module.fargate_profile.aws_iam_role.this",
            "module.this.module.fargate_profile.aws_iam_role_policy_attachment.additional",
            "module.this.module.fargate_profile.aws_iam_role_policy_attachment.this",
            "module.this.module.fargate_profile.data.aws_caller_identity.current",
            "module.this.module.fargate_profile.data.aws_iam_policy_document.assume_role_policy",
            "module.this.module.fargate_profile.data.aws_partition.current",
            "module.this.module.fargate_profile.data.aws_region.current",
            "module.this.module.kms.aws_kms_alias.this",
            "module.this.module.kms.aws_kms_external_key.this",
            "module.this.module.kms.aws_kms_grant.this",
            "module.this.module.kms.aws_kms_key.this",
            "module.this.module.kms.aws_kms_replica_external_key.this",
            "module.this.module.kms.aws_kms_replica_key.this",
            "module.this.module.kms.data.aws_caller_identity.current",
            "module.this.module.kms.data.aws_iam_policy_document.this",
            "module.this.module.kms.data.aws_partition.current",
            "module.this.module.self_managed_node_group.aws_autoscaling_group.this",
            "module.this.module.self_managed_node_group.aws_autoscaling_schedule.this",
            "module.this.module.self_managed_node_group.aws_eks_access_entry.this",
            "module.this.module.self_managed_node_group.aws_iam_instance_profile.this",
            "module.this.module.self_managed_node_group.aws_iam_role.this",
            "module.this.module.self_managed_node_group.aws_iam_role_policy_attachment.additional",
            "module.this.module.self_managed_node_group.aws_iam_role_policy_attachment.this",
            "module.this.module.self_managed_node_group.aws_launch_template.this",
            "module.this.module.self_managed_node_group.aws_placement_group.this",
            "module.this.module.self_managed_node_group.data.aws_caller_identity.current",
            "module.this.module.self_managed_node_group.data.aws_ec2_instance_type.this",
            "module.this.module.self_managed_node_group.data.aws_ec2_instance_type_offerings.this",
            "module.this.module.self_managed_node_group.data.aws_iam_policy_document.assume_role_policy",
            "module.this.module.self_managed_node_group.data.aws_partition.current",
            "module.this.module.self_managed_node_group.data.aws_ssm_parameter.ami",
            "module.this.module.self_managed_node_group.data.aws_subnets.efa",
            "module.this.module.self_managed_node_group.module.user_data.data.cloudinit_config.al2023_eks_managed_node_group",
            "module.this.module.self_managed_node_group.module.user_data.data.cloudinit_config.linux_eks_managed_node_group",
            "module.this.module.self_managed_node_group.module.user_data.null_resource.validate_cluster_service_cidr",
            "module.this.time_sleep.this",
            "module.vpc.aws_subnet.private",
            "module.vpc.aws_vpc.this",
            "module.vpc.aws_vpc_ipv4_cidr_block_association.this"
          ]
        }
      ]
    },
    {
      "mode": "managed",
      "type": "kubernetes_cluster_role_binding",
      "name": "argocd-prod",
      "provider": "provider[\"registry.terraform.io/hashicorp/kubernetes\"].k8sprod",
      "instances": [
        {
          "schema_version": 0,
          "attributes": {
            "id": "argocd",
            "metadata": [
              {
                "annotations": {},
                "generate_name": "",
                "generation": 0,
                "labels": {},
                "name": "argocd",
                "resource_version": "843",
                "uid": "8a342cda-aba3-43a1-a938-0d86bf35541f"
              }
            ],
            "role_ref": [
              {
                "api_group": "rbac.authorization.k8s.io",
                "kind": "ClusterRole",
                "name": "cluster-admin"
              }
            ],
            "subject": [
              {
                "api_group": "",
                "kind": "ServiceAccount",
                "name": "argocd-prod-sa",
                "namespace": "default"
              }
            ]
          },
          "sensitive_attributes": [],
          "private": "bnVsbA==",
          "dependencies": [
            "data.aws_eks_cluster_auth.this",
            "kubernetes_service_account.argocd_prod",
            "module.this.aws_cloudwatch_log_group.this",
            "module.this.aws_ec2_tag.cluster_primary_security_group",
            "module.this.aws_eks_access_entry.this",
            "module.this.aws_eks_access_policy_association.this",
            "module.this.aws_eks_addon.before_compute",
            "module.this.aws_eks_addon.this",
            "module.this.aws_eks_cluster.this",
            "module.this.aws_eks_identity_provider_config.this",
            "module.this.aws_iam_openid_connect_provider.oidc_provider",
            "module.this.aws_iam_policy.cluster_encryption",
            "module.this.aws_iam_policy.cni_ipv6_policy",
            "module.this.aws_iam_role.this",
            "module.this.aws_iam_role_policy_attachment.additional",
            "module.this.aws_iam_role_policy_attachment.cluster_encryption",
            "module.this.aws_iam_role_policy_attachment.this",
            "module.this.aws_security_group.cluster",
            "module.this.aws_security_group.node",
            "module.this.aws_security_group_rule.cluster",
            "module.this.aws_security_group_rule.node",
            "module.this.data.aws_caller_identity.current",
            "module.this.data.aws_eks_addon_version.this",
            "module.this.data.aws_iam_policy_document.assume_role_policy",
            "module.this.data.aws_iam_policy_document.cni_ipv6_policy",
            "module.this.data.aws_iam_session_context.current",
            "module.this.data.aws_partition.current",
            "module.this.data.tls_certificate.this",
            "module.this.module.eks_managed_node_group.aws_autoscaling_schedule.this",
            "module.this.module.eks_managed_node_group.aws_eks_node_group.this",
            "module.this.module.eks_managed_node_group.aws_iam_role.this",
            "module.this.module.eks_managed_node_group.aws_iam_role_policy_attachment.additional",
            "module.this.module.eks_managed_node_group.aws_iam_role_policy_attachment.this",
            "module.this.module.eks_managed_node_group.aws_launch_template.this",
            "module.this.module.eks_managed_node_group.aws_placement_group.this",
            "module.this.module.eks_managed_node_group.data.aws_caller_identity.current",
            "module.this.module.eks_managed_node_group.data.aws_ec2_instance_type.this",
            "module.this.module.eks_managed_node_group.data.aws_ec2_instance_type_offerings.this",
            "module.this.module.eks_managed_node_group.data.aws_iam_policy_document.assume_role_policy",
            "module.this.module.eks_managed_node_group.data.aws_partition.current",
            "module.this.module.eks_managed_node_group.data.aws_ssm_parameter.ami",
            "module.this.module.eks_managed_node_group.data.aws_subnets.efa",
            "module.this.module.eks_managed_node_group.module.user_data.data.cloudinit_config.al2023_eks_managed_node_group",
            "module.this.module.eks_managed_node_group.module.user_data.data.cloudinit_config.linux_eks_managed_node_group",
            "module.this.module.eks_managed_node_group.module.user_data.null_resource.validate_cluster_service_cidr",
            "module.this.module.fargate_profile.aws_eks_fargate_profile.this",
            "module.this.module.fargate_profile.aws_iam_role.this",
            "module.this.module.fargate_profile.aws_iam_role_policy_attachment.additional",
            "module.this.module.fargate_profile.aws_iam_role_policy_attachment.this",
            "module.this.module.fargate_profile.data.aws_caller_identity.current",
            "module.this.module.fargate_profile.data.aws_iam_policy_document.assume_role_policy",
            "module.this.module.fargate_profile.data.aws_partition.current",
            "module.this.module.fargate_profile.data.aws_region.current",
            "module.this.module.kms.aws_kms_alias.this",
            "module.this.module.kms.aws_kms_external_key.this",
            "module.this.module.kms.aws_kms_grant.this",
            "module.this.module.kms.aws_kms_key.this",
            "module.this.module.kms.aws_kms_replica_external_key.this",
            "module.this.module.kms.aws_kms_replica_key.this",
            "module.this.module.kms.data.aws_caller_identity.current",
            "module.this.module.kms.data.aws_iam_policy_document.this",
            "module.this.module.kms.data.aws_partition.current",
            "module.this.module.self_managed_node_group.aws_autoscaling_group.this",
            "module.this.module.self_managed_node_group.aws_autoscaling_schedule.this",
            "module.this.module.self_managed_node_group.aws_eks_access_entry.this",
            "module.this.module.self_managed_node_group.aws_iam_instance_profile.this",
            "module.this.module.self_managed_node_group.aws_iam_role.this",
            "module.this.module.self_managed_node_group.aws_iam_role_policy_attachment.additional",
            "module.this.module.self_managed_node_group.aws_iam_role_policy_attachment.this",
            "module.this.module.self_managed_node_group.aws_launch_template.this",
            "module.this.module.self_managed_node_group.aws_placement_group.this",
            "module.this.module.self_managed_node_group.data.aws_caller_identity.current",
            "module.this.module.self_managed_node_group.data.aws_ec2_instance_type.this",
            "module.this.module.self_managed_node_group.data.aws_ec2_instance_type_offerings.this",
            "module.this.module.self_managed_node_group.data.aws_iam_policy_document.assume_role_policy",
            "module.this.module.self_managed_node_group.data.aws_partition.current",
            "module.this.module.self_managed_node_group.data.aws_ssm_parameter.ami",
            "module.this.module.self_managed_node_group.data.aws_subnets.efa",
            "module.this.module.self_managed_node_group.module.user_data.data.cloudinit_config.al2023_eks_managed_node_group",
            "module.this.module.self_managed_node_group.module.user_data.data.cloudinit_config.linux_eks_managed_node_group",
            "module.this.module.self_managed_node_group.module.user_data.null_resource.validate_cluster_service_cidr",
            "module.this.time_sleep.this",
            "module.vpc.aws_subnet.private",
            "module.vpc.aws_vpc.this",
            "module.vpc.aws_vpc_ipv4_cidr_block_association.this"
          ]
        }
      ]
    },
    {
      "mode": "managed",
      "type": "kubernetes_secret",
      "name": "argocd-dev-secret-sa",
      "provider": "provider[\"registry.terraform.io/hashicorp/kubernetes\"].k8sdev",
      "instances": [
        {
          "schema_version": 0,
          "attributes": {
            "binary_data": null,
            "data": {
              "ca.crt": "-----BEGIN CERTIFICATE-----\nMIIDBTCCAe2gAwIBAgIISddA89SyOM4wDQYJKoZIhvcNAQELBQAwFTETMBEGA1UE\nAxMKa3ViZXJuZXRlczAeFw0yNDA2MTIyMjI2NDVaFw0zNDA2MTAyMjMxNDVaMBUx\nEzARBgNVBAMTCmt1YmVybmV0ZXMwggEiMA0GCSqGSIb3DQEBAQUAA4IBDwAwggEK\nAoIBAQDxi9vYX8yTv25RInV4nsEwPHHkvCWJbOC3amu35l/JLJ5sNC3MtJ0nMb4c\nTJXEHlKPyTBC/Gr0GX1a8/AqduwVBVD9FbDfk7uSwGCLX29wP4ksfULOWS9cyeyY\nXQ5bfmBnbJ8cHP9TBaMZhej/N8N0cQ9hYKvd94BuWvThuAO69p151d+ISrq0/4LX\neovBLP5BGOGpUQgZTFBwb2Fbd1lQ2rJIz9mTnX8VDZlR6oAfxM2fpH5a9pJL3x9r\nwg/yda4EhUZWZTqADGFCFKHO3TKdeBJGZUIUzXDoEhLHX7wM7qAzLSpk9rN4kyse\nwQ2rpo5kdiEkitYjC8akiFIELMcRAgMBAAGjWTBXMA4GA1UdDwEB/wQEAwICpDAP\nBgNVHRMBAf8EBTADAQH/MB0GA1UdDgQWBBSCGLQR/nlcPEvWs6PdE4mhPRW1IjAV\nBgNVHREEDjAMggprdWJlcm5ldGVzMA0GCSqGSIb3DQEBCwUAA4IBAQAXxndQzis6\nABf/nsF7RmM0fhIXIiywHw7QOrzr/kGqC1V4g0Iqje7eLmWthgF7lubdy5EsGLAp\nBW2vhLM8tpyD9wrSWDFkT1w0GpF5ghBp30uLt4xCiVq3gQhOmIYKs3u41DNgrDzk\nmn62HJWOjBGZblZu2B//8FSymnlELwhvh9Bc95P9zJ+6QsFnH1EQC7VJNPRDKH5n\nSusTnGwq+QTcfGke7gCTsQ7xJCGZJniPKlmqIrI5IPoowGWNnJB0lh5+9vJ98v12\nmZrAF/JDrj8W35ti0mqZTnC2S9gmeXWcG8Jw6bJjbZ+5ZV/Fn937Jn3oNzDnxhsL\n1MCKHMdtGbYN\n-----END CERTIFICATE-----\n",
              "namespace": "default",
              "token": "eyJhbGciOiJSUzI1NiIsImtpZCI6IlpSa1lFQmlvOEFfU192cWJZejRUUGwwSlpPUGxlaHJjUU0weGI5V2V6a28ifQ.eyJpc3MiOiJrdWJlcm5ldGVzL3NlcnZpY2VhY2NvdW50Iiwia3ViZXJuZXRlcy5pby9zZXJ2aWNlYWNjb3VudC9uYW1lc3BhY2UiOiJkZWZhdWx0Iiwia3ViZXJuZXRlcy5pby9zZXJ2aWNlYWNjb3VudC9zZWNyZXQubmFtZSI6ImFyZ29jZC1kZXYtc2VjcmV0LXNhIiwia3ViZXJuZXRlcy5pby9zZXJ2aWNlYWNjb3VudC9zZXJ2aWNlLWFjY291bnQubmFtZSI6ImFyZ29jZC1kZXYtc2EiLCJrdWJlcm5ldGVzLmlvL3NlcnZpY2VhY2NvdW50L3NlcnZpY2UtYWNjb3VudC51aWQiOiIxOGY3MWFhNy02OWZkLTQxMTMtODQ4NS0xYTQ1ZWU2ZDA2OTIiLCJzdWIiOiJzeXN0ZW06c2VydmljZWFjY291bnQ6ZGVmYXVsdDphcmdvY2QtZGV2LXNhIn0.IY5LKH8EOFoOLRynMImKe8EA5HUZbhyMixDlftRtKYjnkfB8EHIJFBf5I96LTAaSE3dm2gXpb1UV2YtC29rqrdrauIia0ZW3yQBPsgZQRTRCvBLlkyGY-YwH70GmsZIMcb9BI6hx6dMWA1C34RCMb9OkIasB-73IFBbmPdk1pMG4WE5wqjG-xaZPjAk_UC3LaP-0X7R3oIx7ORqYEfTIY-AdX520N0GwY5rOQqhRosWzKPwHbZ8Vrb2dLDza_08_nqwzJuKomuEXik4DLvND1xFPjTW0fKryGzHnICB2eobS9sBIG8UNE9WxdIW4jRZVAghEVjAsE_Jfme60BVEo4g"
            },
            "id": "default/argocd-dev-secret-sa",
            "immutable": false,
            "metadata": [
              {
                "annotations": {
                  "kubernetes.io/service-account.name": "argocd-dev-sa"
                },
                "generate_name": "",
                "generation": 0,
                "labels": {},
                "name": "argocd-dev-secret-sa",
                "namespace": "default",
                "resource_version": "2018",
                "uid": "4ede162d-3105-4fe7-a65e-03d63048f2c3"
              }
            ],
            "timeouts": null,
            "type": "kubernetes.io/service-account-token",
            "wait_for_service_account_token": true
          },
          "sensitive_attributes": [],
          "private": "eyJlMmJmYjczMC1lY2FhLTExZTYtOGY4OC0zNDM2M2JjN2M0YzAiOnsiY3JlYXRlIjo2MDAwMDAwMDAwMH19",
          "dependencies": [
            "data.aws_eks_cluster_auth.this",
            "module.this.aws_cloudwatch_log_group.this",
            "module.this.aws_ec2_tag.cluster_primary_security_group",
            "module.this.aws_eks_access_entry.this",
            "module.this.aws_eks_access_policy_association.this",
            "module.this.aws_eks_addon.before_compute",
            "module.this.aws_eks_addon.this",
            "module.this.aws_eks_cluster.this",
            "module.this.aws_eks_identity_provider_config.this",
            "module.this.aws_iam_openid_connect_provider.oidc_provider",
            "module.this.aws_iam_policy.cluster_encryption",
            "module.this.aws_iam_policy.cni_ipv6_policy",
            "module.this.aws_iam_role.this",
            "module.this.aws_iam_role_policy_attachment.additional",
            "module.this.aws_iam_role_policy_attachment.cluster_encryption",
            "module.this.aws_iam_role_policy_attachment.this",
            "module.this.aws_security_group.cluster",
            "module.this.aws_security_group.node",
            "module.this.aws_security_group_rule.cluster",
            "module.this.aws_security_group_rule.node",
            "module.this.data.aws_caller_identity.current",
            "module.this.data.aws_eks_addon_version.this",
            "module.this.data.aws_iam_policy_document.assume_role_policy",
            "module.this.data.aws_iam_policy_document.cni_ipv6_policy",
            "module.this.data.aws_iam_session_context.current",
            "module.this.data.aws_partition.current",
            "module.this.data.tls_certificate.this",
            "module.this.module.eks_managed_node_group.aws_autoscaling_schedule.this",
            "module.this.module.eks_managed_node_group.aws_eks_node_group.this",
            "module.this.module.eks_managed_node_group.aws_iam_role.this",
            "module.this.module.eks_managed_node_group.aws_iam_role_policy_attachment.additional",
            "module.this.module.eks_managed_node_group.aws_iam_role_policy_attachment.this",
            "module.this.module.eks_managed_node_group.aws_launch_template.this",
            "module.this.module.eks_managed_node_group.aws_placement_group.this",
            "module.this.module.eks_managed_node_group.data.aws_caller_identity.current",
            "module.this.module.eks_managed_node_group.data.aws_ec2_instance_type.this",
            "module.this.module.eks_managed_node_group.data.aws_ec2_instance_type_offerings.this",
            "module.this.module.eks_managed_node_group.data.aws_iam_policy_document.assume_role_policy",
            "module.this.module.eks_managed_node_group.data.aws_partition.current",
            "module.this.module.eks_managed_node_group.data.aws_ssm_parameter.ami",
            "module.this.module.eks_managed_node_group.data.aws_subnets.efa",
            "module.this.module.eks_managed_node_group.module.user_data.data.cloudinit_config.al2023_eks_managed_node_group",
            "module.this.module.eks_managed_node_group.module.user_data.data.cloudinit_config.linux_eks_managed_node_group",
            "module.this.module.eks_managed_node_group.module.user_data.null_resource.validate_cluster_service_cidr",
            "module.this.module.fargate_profile.aws_eks_fargate_profile.this",
            "module.this.module.fargate_profile.aws_iam_role.this",
            "module.this.module.fargate_profile.aws_iam_role_policy_attachment.additional",
            "module.this.module.fargate_profile.aws_iam_role_policy_attachment.this",
            "module.this.module.fargate_profile.data.aws_caller_identity.current",
            "module.this.module.fargate_profile.data.aws_iam_policy_document.assume_role_policy",
            "module.this.module.fargate_profile.data.aws_partition.current",
            "module.this.module.fargate_profile.data.aws_region.current",
            "module.this.module.kms.aws_kms_alias.this",
            "module.this.module.kms.aws_kms_external_key.this",
            "module.this.module.kms.aws_kms_grant.this",
            "module.this.module.kms.aws_kms_key.this",
            "module.this.module.kms.aws_kms_replica_external_key.this",
            "module.this.module.kms.aws_kms_replica_key.this",
            "module.this.module.kms.data.aws_caller_identity.current",
            "module.this.module.kms.data.aws_iam_policy_document.this",
            "module.this.module.kms.data.aws_partition.current",
            "module.this.module.self_managed_node_group.aws_autoscaling_group.this",
            "module.this.module.self_managed_node_group.aws_autoscaling_schedule.this",
            "module.this.module.self_managed_node_group.aws_eks_access_entry.this",
            "module.this.module.self_managed_node_group.aws_iam_instance_profile.this",
            "module.this.module.self_managed_node_group.aws_iam_role.this",
            "module.this.module.self_managed_node_group.aws_iam_role_policy_attachment.additional",
            "module.this.module.self_managed_node_group.aws_iam_role_policy_attachment.this",
            "module.this.module.self_managed_node_group.aws_launch_template.this",
            "module.this.module.self_managed_node_group.aws_placement_group.this",
            "module.this.module.self_managed_node_group.data.aws_caller_identity.current",
            "module.this.module.self_managed_node_group.data.aws_ec2_instance_type.this",
            "module.this.module.self_managed_node_group.data.aws_ec2_instance_type_offerings.this",
            "module.this.module.self_managed_node_group.data.aws_iam_policy_document.assume_role_policy",
            "module.this.module.self_managed_node_group.data.aws_partition.current",
            "module.this.module.self_managed_node_group.data.aws_ssm_parameter.ami",
            "module.this.module.self_managed_node_group.data.aws_subnets.efa",
            "module.this.module.self_managed_node_group.module.user_data.data.cloudinit_config.al2023_eks_managed_node_group",
            "module.this.module.self_managed_node_group.module.user_data.data.cloudinit_config.linux_eks_managed_node_group",
            "module.this.module.self_managed_node_group.module.user_data.null_resource.validate_cluster_service_cidr",
            "module.this.time_sleep.this",
            "module.vpc.aws_subnet.private",
            "module.vpc.aws_vpc.this",
            "module.vpc.aws_vpc_ipv4_cidr_block_association.this"
          ]
        }
      ]
    },
    {
      "mode": "managed",
      "type": "kubernetes_secret",
      "name": "argocd-prod-secret-sa",
      "provider": "provider[\"registry.terraform.io/hashicorp/kubernetes\"].k8sprod",
      "instances": [
        {
          "schema_version": 0,
          "attributes": {
            "binary_data": null,
            "data": {
              "ca.crt": "-----BEGIN CERTIFICATE-----\nMIIDBTCCAe2gAwIBAgIIXJCve5dm+zQwDQYJKoZIhvcNAQELBQAwFTETMBEGA1UE\nAxMKa3ViZXJuZXRlczAeFw0yNDA2MTIyMjI3NDdaFw0zNDA2MTAyMjMyNDdaMBUx\nEzARBgNVBAMTCmt1YmVybmV0ZXMwggEiMA0GCSqGSIb3DQEBAQUAA4IBDwAwggEK\nAoIBAQDCngFViYNR4LrX89B0TLH8PIAhfMtdNUcaXiDOTPiqGlEQW9imtrFvRCM0\nJgK6+pZdk949o894dXx9fpfLDObHaIgfVPTJPVsIu4EE2OSjBiaaPNFrh8DULJAo\n2W9Ut2ecc7WM42FqCHFKyp7VFqyCqI94CtxuLujl08vyglsauenItJDR4CQrB1ud\n4qP4SK8NLzb2+nnu0wPYWSavtSfm8YIW2kPT9QplDVbLCdEGL+fpnUsSfUxkqPcg\n4vzzGhvmYsLMBujiim2cwwscZRtSXUXF7A/91by2RmJwy8Pc3vbrP+STJDwnoh1O\nUK/7h04ucAFD6pI+HsjbCOoyU1uzAgMBAAGjWTBXMA4GA1UdDwEB/wQEAwICpDAP\nBgNVHRMBAf8EBTADAQH/MB0GA1UdDgQWBBTtAewI4L/chgQFOj32eZBon4yAgTAV\nBgNVHREEDjAMggprdWJlcm5ldGVzMA0GCSqGSIb3DQEBCwUAA4IBAQBE/Po/6lYF\nBjdFdSESxFb5h/8HeZKL1XFMIKYkPjEnW1pR10VgJUFhC7tV/uResnkge8s2Lviq\neapcvJr9PIMLFa32qZlGvBNr7gWVZMk/vO8OmhKJ/BwR5yBihH8iNGO8t0XVSyLt\nHwV8TK2bRHRWQXTEpkYbraIXll4KOkxLGRdPUcDEmhZMSAm3HDSshdfJ7o6/q8vF\nsrvZej+vHrWi12pFKvHe8DdgC2MzHuMqKkncGXotDXQOLGfoTnrnsnqRtnv8P0tU\n+EjuFxWsezQXTFtBq+BTeHRhLnTgfnerHcB/fDwbF2nrQa25hNa3nZR3b/0H8vnm\nnNx0zkb+vYIe\n-----END CERTIFICATE-----\n",
              "namespace": "default",
              "token": "eyJhbGciOiJSUzI1NiIsImtpZCI6Ik81Yjl0SS1KM3ZEY3lvb1V2ZG1USmxYeXd0U0VHY2tUanJadV80c1lqWEkifQ.eyJpc3MiOiJrdWJlcm5ldGVzL3NlcnZpY2VhY2NvdW50Iiwia3ViZXJuZXRlcy5pby9zZXJ2aWNlYWNjb3VudC9uYW1lc3BhY2UiOiJkZWZhdWx0Iiwia3ViZXJuZXRlcy5pby9zZXJ2aWNlYWNjb3VudC9zZWNyZXQubmFtZSI6ImFyZ29jZC1wcm9kLXNlY3JldC1zYSIsImt1YmVybmV0ZXMuaW8vc2VydmljZWFjY291bnQvc2VydmljZS1hY2NvdW50Lm5hbWUiOiJhcmdvY2QtcHJvZC1zYSIsImt1YmVybmV0ZXMuaW8vc2VydmljZWFjY291bnQvc2VydmljZS1hY2NvdW50LnVpZCI6ImNiZGUzMzAwLTQxYzgtNDBjZS1iZmJiLTA1NWJjNjg1ZGFlNyIsInN1YiI6InN5c3RlbTpzZXJ2aWNlYWNjb3VudDpkZWZhdWx0OmFyZ29jZC1wcm9kLXNhIn0.UbBoHs984xhDw3BePOMQUvsTLgHo5wK9Lvm5ANA3IXDgx4QKO3SylFz8-v8xo9tLUHuh2q7Wl4dOgghzS_YrXzAo7GW6itYbPfUIGy8OI_O2Ka6AmwVntf9jBl0LOYzhVyScg3a_O30L8fhK63kJxvVFoNYd2bUvTZxtObua6hCSKm5GSHfcHcDfwfrfgsUFq95WQLE16V1w3yuxFoWANPK9TIxVI3vnr1JYQ2wKJZlAhmrGrdnbz0MKKTghF0LkZdSNmYhz5tj_vfX2uy8EXjF5gUptqjMkA8iOeXvMfs-kr3h-8DjnKAjR-X76ZhY956QOfIg1qje2iNcNenYEOA"
            },
            "id": "default/argocd-prod-secret-sa",
            "immutable": false,
            "metadata": [
              {
                "annotations": {
                  "kubernetes.io/service-account.name": "argocd-prod-sa"
                },
                "generate_name": "",
                "generation": 0,
                "labels": {},
                "name": "argocd-prod-secret-sa",
                "namespace": "default",
                "resource_version": "1869",
                "uid": "58df0751-b07e-4ed1-807e-e1bbaa0da248"
              }
            ],
            "timeouts": null,
            "type": "kubernetes.io/service-account-token",
            "wait_for_service_account_token": true
          },
          "sensitive_attributes": [],
          "private": "eyJlMmJmYjczMC1lY2FhLTExZTYtOGY4OC0zNDM2M2JjN2M0YzAiOnsiY3JlYXRlIjo2MDAwMDAwMDAwMH19",
          "dependencies": [
            "data.aws_eks_cluster_auth.this",
            "module.this.aws_cloudwatch_log_group.this",
            "module.this.aws_ec2_tag.cluster_primary_security_group",
            "module.this.aws_eks_access_entry.this",
            "module.this.aws_eks_access_policy_association.this",
            "module.this.aws_eks_addon.before_compute",
            "module.this.aws_eks_addon.this",
            "module.this.aws_eks_cluster.this",
            "module.this.aws_eks_identity_provider_config.this",
            "module.this.aws_iam_openid_connect_provider.oidc_provider",
            "module.this.aws_iam_policy.cluster_encryption",
            "module.this.aws_iam_policy.cni_ipv6_policy",
            "module.this.aws_iam_role.this",
            "module.this.aws_iam_role_policy_attachment.additional",
            "module.this.aws_iam_role_policy_attachment.cluster_encryption",
            "module.this.aws_iam_role_policy_attachment.this",
            "module.this.aws_security_group.cluster",
            "module.this.aws_security_group.node",
            "module.this.aws_security_group_rule.cluster",
            "module.this.aws_security_group_rule.node",
            "module.this.data.aws_caller_identity.current",
            "module.this.data.aws_eks_addon_version.this",
            "module.this.data.aws_iam_policy_document.assume_role_policy",
            "module.this.data.aws_iam_policy_document.cni_ipv6_policy",
            "module.this.data.aws_iam_session_context.current",
            "module.this.data.aws_partition.current",
            "module.this.data.tls_certificate.this",
            "module.this.module.eks_managed_node_group.aws_autoscaling_schedule.this",
            "module.this.module.eks_managed_node_group.aws_eks_node_group.this",
            "module.this.module.eks_managed_node_group.aws_iam_role.this",
            "module.this.module.eks_managed_node_group.aws_iam_role_policy_attachment.additional",
            "module.this.module.eks_managed_node_group.aws_iam_role_policy_attachment.this",
            "module.this.module.eks_managed_node_group.aws_launch_template.this",
            "module.this.module.eks_managed_node_group.aws_placement_group.this",
            "module.this.module.eks_managed_node_group.data.aws_caller_identity.current",
            "module.this.module.eks_managed_node_group.data.aws_ec2_instance_type.this",
            "module.this.module.eks_managed_node_group.data.aws_ec2_instance_type_offerings.this",
            "module.this.module.eks_managed_node_group.data.aws_iam_policy_document.assume_role_policy",
            "module.this.module.eks_managed_node_group.data.aws_partition.current",
            "module.this.module.eks_managed_node_group.data.aws_ssm_parameter.ami",
            "module.this.module.eks_managed_node_group.data.aws_subnets.efa",
            "module.this.module.eks_managed_node_group.module.user_data.data.cloudinit_config.al2023_eks_managed_node_group",
            "module.this.module.eks_managed_node_group.module.user_data.data.cloudinit_config.linux_eks_managed_node_group",
            "module.this.module.eks_managed_node_group.module.user_data.null_resource.validate_cluster_service_cidr",
            "module.this.module.fargate_profile.aws_eks_fargate_profile.this",
            "module.this.module.fargate_profile.aws_iam_role.this",
            "module.this.module.fargate_profile.aws_iam_role_policy_attachment.additional",
            "module.this.module.fargate_profile.aws_iam_role_policy_attachment.this",
            "module.this.module.fargate_profile.data.aws_caller_identity.current",
            "module.this.module.fargate_profile.data.aws_iam_policy_document.assume_role_policy",
            "module.this.module.fargate_profile.data.aws_partition.current",
            "module.this.module.fargate_profile.data.aws_region.current",
            "module.this.module.kms.aws_kms_alias.this",
            "module.this.module.kms.aws_kms_external_key.this",
            "module.this.module.kms.aws_kms_grant.this",
            "module.this.module.kms.aws_kms_key.this",
            "module.this.module.kms.aws_kms_replica_external_key.this",
            "module.this.module.kms.aws_kms_replica_key.this",
            "module.this.module.kms.data.aws_caller_identity.current",
            "module.this.module.kms.data.aws_iam_policy_document.this",
            "module.this.module.kms.data.aws_partition.current",
            "module.this.module.self_managed_node_group.aws_autoscaling_group.this",
            "module.this.module.self_managed_node_group.aws_autoscaling_schedule.this",
            "module.this.module.self_managed_node_group.aws_eks_access_entry.this",
            "module.this.module.self_managed_node_group.aws_iam_instance_profile.this",
            "module.this.module.self_managed_node_group.aws_iam_role.this",
            "module.this.module.self_managed_node_group.aws_iam_role_policy_attachment.additional",
            "module.this.module.self_managed_node_group.aws_iam_role_policy_attachment.this",
            "module.this.module.self_managed_node_group.aws_launch_template.this",
            "module.this.module.self_managed_node_group.aws_placement_group.this",
            "module.this.module.self_managed_node_group.data.aws_caller_identity.current",
            "module.this.module.self_managed_node_group.data.aws_ec2_instance_type.this",
            "module.this.module.self_managed_node_group.data.aws_ec2_instance_type_offerings.this",
            "module.this.module.self_managed_node_group.data.aws_iam_policy_document.assume_role_policy",
            "module.this.module.self_managed_node_group.data.aws_partition.current",
            "module.this.module.self_managed_node_group.data.aws_ssm_parameter.ami",
            "module.this.module.self_managed_node_group.data.aws_subnets.efa",
            "module.this.module.self_managed_node_group.module.user_data.data.cloudinit_config.al2023_eks_managed_node_group",
            "module.this.module.self_managed_node_group.module.user_data.data.cloudinit_config.linux_eks_managed_node_group",
            "module.this.module.self_managed_node_group.module.user_data.null_resource.validate_cluster_service_cidr",
            "module.this.time_sleep.this",
            "module.vpc.aws_subnet.private",
            "module.vpc.aws_vpc.this",
            "module.vpc.aws_vpc_ipv4_cidr_block_association.this"
          ]
        }
      ]
    },
    {
      "mode": "managed",
      "type": "kubernetes_service_account",
      "name": "argocd_dev",
      "provider": "provider[\"registry.terraform.io/hashicorp/kubernetes\"].k8sdev",
      "instances": [
        {
          "schema_version": 0,
          "attributes": {
            "automount_service_account_token": true,
            "default_secret_name": "",
            "id": "default/argocd-dev-sa",
            "image_pull_secret": [],
            "metadata": [
              {
                "annotations": {},
                "generate_name": "",
                "generation": 0,
                "labels": {},
                "name": "argocd-dev-sa",
                "namespace": "default",
                "resource_version": "1023",
                "uid": "18f71aa7-69fd-4113-8485-1a45ee6d0692"
              }
            ],
            "secret": [],
            "timeouts": null
          },
          "sensitive_attributes": [],
          "private": "eyJlMmJmYjczMC1lY2FhLTExZTYtOGY4OC0zNDM2M2JjN2M0YzAiOnsiY3JlYXRlIjozMDAwMDAwMDAwMH19",
          "dependencies": [
            "data.aws_eks_cluster_auth.this",
            "module.this.aws_cloudwatch_log_group.this",
            "module.this.aws_ec2_tag.cluster_primary_security_group",
            "module.this.aws_eks_access_entry.this",
            "module.this.aws_eks_access_policy_association.this",
            "module.this.aws_eks_addon.before_compute",
            "module.this.aws_eks_addon.this",
            "module.this.aws_eks_cluster.this",
            "module.this.aws_eks_identity_provider_config.this",
            "module.this.aws_iam_openid_connect_provider.oidc_provider",
            "module.this.aws_iam_policy.cluster_encryption",
            "module.this.aws_iam_policy.cni_ipv6_policy",
            "module.this.aws_iam_role.this",
            "module.this.aws_iam_role_policy_attachment.additional",
            "module.this.aws_iam_role_policy_attachment.cluster_encryption",
            "module.this.aws_iam_role_policy_attachment.this",
            "module.this.aws_security_group.cluster",
            "module.this.aws_security_group.node",
            "module.this.aws_security_group_rule.cluster",
            "module.this.aws_security_group_rule.node",
            "module.this.data.aws_caller_identity.current",
            "module.this.data.aws_eks_addon_version.this",
            "module.this.data.aws_iam_policy_document.assume_role_policy",
            "module.this.data.aws_iam_policy_document.cni_ipv6_policy",
            "module.this.data.aws_iam_session_context.current",
            "module.this.data.aws_partition.current",
            "module.this.data.tls_certificate.this",
            "module.this.module.eks_managed_node_group.aws_autoscaling_schedule.this",
            "module.this.module.eks_managed_node_group.aws_eks_node_group.this",
            "module.this.module.eks_managed_node_group.aws_iam_role.this",
            "module.this.module.eks_managed_node_group.aws_iam_role_policy_attachment.additional",
            "module.this.module.eks_managed_node_group.aws_iam_role_policy_attachment.this",
            "module.this.module.eks_managed_node_group.aws_launch_template.this",
            "module.this.module.eks_managed_node_group.aws_placement_group.this",
            "module.this.module.eks_managed_node_group.data.aws_caller_identity.current",
            "module.this.module.eks_managed_node_group.data.aws_ec2_instance_type.this",
            "module.this.module.eks_managed_node_group.data.aws_ec2_instance_type_offerings.this",
            "module.this.module.eks_managed_node_group.data.aws_iam_policy_document.assume_role_policy",
            "module.this.module.eks_managed_node_group.data.aws_partition.current",
            "module.this.module.eks_managed_node_group.data.aws_ssm_parameter.ami",
            "module.this.module.eks_managed_node_group.data.aws_subnets.efa",
            "module.this.module.eks_managed_node_group.module.user_data.data.cloudinit_config.al2023_eks_managed_node_group",
            "module.this.module.eks_managed_node_group.module.user_data.data.cloudinit_config.linux_eks_managed_node_group",
            "module.this.module.eks_managed_node_group.module.user_data.null_resource.validate_cluster_service_cidr",
            "module.this.module.fargate_profile.aws_eks_fargate_profile.this",
            "module.this.module.fargate_profile.aws_iam_role.this",
            "module.this.module.fargate_profile.aws_iam_role_policy_attachment.additional",
            "module.this.module.fargate_profile.aws_iam_role_policy_attachment.this",
            "module.this.module.fargate_profile.data.aws_caller_identity.current",
            "module.this.module.fargate_profile.data.aws_iam_policy_document.assume_role_policy",
            "module.this.module.fargate_profile.data.aws_partition.current",
            "module.this.module.fargate_profile.data.aws_region.current",
            "module.this.module.kms.aws_kms_alias.this",
            "module.this.module.kms.aws_kms_external_key.this",
            "module.this.module.kms.aws_kms_grant.this",
            "module.this.module.kms.aws_kms_key.this",
            "module.this.module.kms.aws_kms_replica_external_key.this",
            "module.this.module.kms.aws_kms_replica_key.this",
            "module.this.module.kms.data.aws_caller_identity.current",
            "module.this.module.kms.data.aws_iam_policy_document.this",
            "module.this.module.kms.data.aws_partition.current",
            "module.this.module.self_managed_node_group.aws_autoscaling_group.this",
            "module.this.module.self_managed_node_group.aws_autoscaling_schedule.this",
            "module.this.module.self_managed_node_group.aws_eks_access_entry.this",
            "module.this.module.self_managed_node_group.aws_iam_instance_profile.this",
            "module.this.module.self_managed_node_group.aws_iam_role.this",
            "module.this.module.self_managed_node_group.aws_iam_role_policy_attachment.additional",
            "module.this.module.self_managed_node_group.aws_iam_role_policy_attachment.this",
            "module.this.module.self_managed_node_group.aws_launch_template.this",
            "module.this.module.self_managed_node_group.aws_placement_group.this",
            "module.this.module.self_managed_node_group.data.aws_caller_identity.current",
            "module.this.module.self_managed_node_group.data.aws_ec2_instance_type.this",
            "module.this.module.self_managed_node_group.data.aws_ec2_instance_type_offerings.this",
            "module.this.module.self_managed_node_group.data.aws_iam_policy_document.assume_role_policy",
            "module.this.module.self_managed_node_group.data.aws_partition.current",
            "module.this.module.self_managed_node_group.data.aws_ssm_parameter.ami",
            "module.this.module.self_managed_node_group.data.aws_subnets.efa",
            "module.this.module.self_managed_node_group.module.user_data.data.cloudinit_config.al2023_eks_managed_node_group",
            "module.this.module.self_managed_node_group.module.user_data.data.cloudinit_config.linux_eks_managed_node_group",
            "module.this.module.self_managed_node_group.module.user_data.null_resource.validate_cluster_service_cidr",
            "module.this.time_sleep.this",
            "module.vpc.aws_subnet.private",
            "module.vpc.aws_vpc.this",
            "module.vpc.aws_vpc_ipv4_cidr_block_association.this"
          ]
        }
      ]
    },
    {
      "mode": "managed",
      "type": "kubernetes_service_account",
      "name": "argocd_prod",
      "provider": "provider[\"registry.terraform.io/hashicorp/kubernetes\"].k8sprod",
      "instances": [
        {
          "schema_version": 0,
          "attributes": {
            "automount_service_account_token": true,
            "default_secret_name": "",
            "id": "default/argocd-prod-sa",
            "image_pull_secret": [],
            "metadata": [
              {
                "annotations": {},
                "generate_name": "",
                "generation": 0,
                "labels": {},
                "name": "argocd-prod-sa",
                "namespace": "default",
                "resource_version": "841",
                "uid": "cbde3300-41c8-40ce-bfbb-055bc685dae7"
              }
            ],
            "secret": [],
            "timeouts": null
          },
          "sensitive_attributes": [],
          "private": "eyJlMmJmYjczMC1lY2FhLTExZTYtOGY4OC0zNDM2M2JjN2M0YzAiOnsiY3JlYXRlIjozMDAwMDAwMDAwMH19",
          "dependencies": [
            "data.aws_eks_cluster_auth.this",
            "module.this.aws_cloudwatch_log_group.this",
            "module.this.aws_ec2_tag.cluster_primary_security_group",
            "module.this.aws_eks_access_entry.this",
            "module.this.aws_eks_access_policy_association.this",
            "module.this.aws_eks_addon.before_compute",
            "module.this.aws_eks_addon.this",
            "module.this.aws_eks_cluster.this",
            "module.this.aws_eks_identity_provider_config.this",
            "module.this.aws_iam_openid_connect_provider.oidc_provider",
            "module.this.aws_iam_policy.cluster_encryption",
            "module.this.aws_iam_policy.cni_ipv6_policy",
            "module.this.aws_iam_role.this",
            "module.this.aws_iam_role_policy_attachment.additional",
            "module.this.aws_iam_role_policy_attachment.cluster_encryption",
            "module.this.aws_iam_role_policy_attachment.this",
            "module.this.aws_security_group.cluster",
            "module.this.aws_security_group.node",
            "module.this.aws_security_group_rule.cluster",
            "module.this.aws_security_group_rule.node",
            "module.this.data.aws_caller_identity.current",
            "module.this.data.aws_eks_addon_version.this",
            "module.this.data.aws_iam_policy_document.assume_role_policy",
            "module.this.data.aws_iam_policy_document.cni_ipv6_policy",
            "module.this.data.aws_iam_session_context.current",
            "module.this.data.aws_partition.current",
            "module.this.data.tls_certificate.this",
            "module.this.module.eks_managed_node_group.aws_autoscaling_schedule.this",
            "module.this.module.eks_managed_node_group.aws_eks_node_group.this",
            "module.this.module.eks_managed_node_group.aws_iam_role.this",
            "module.this.module.eks_managed_node_group.aws_iam_role_policy_attachment.additional",
            "module.this.module.eks_managed_node_group.aws_iam_role_policy_attachment.this",
            "module.this.module.eks_managed_node_group.aws_launch_template.this",
            "module.this.module.eks_managed_node_group.aws_placement_group.this",
            "module.this.module.eks_managed_node_group.data.aws_caller_identity.current",
            "module.this.module.eks_managed_node_group.data.aws_ec2_instance_type.this",
            "module.this.module.eks_managed_node_group.data.aws_ec2_instance_type_offerings.this",
            "module.this.module.eks_managed_node_group.data.aws_iam_policy_document.assume_role_policy",
            "module.this.module.eks_managed_node_group.data.aws_partition.current",
            "module.this.module.eks_managed_node_group.data.aws_ssm_parameter.ami",
            "module.this.module.eks_managed_node_group.data.aws_subnets.efa",
            "module.this.module.eks_managed_node_group.module.user_data.data.cloudinit_config.al2023_eks_managed_node_group",
            "module.this.module.eks_managed_node_group.module.user_data.data.cloudinit_config.linux_eks_managed_node_group",
            "module.this.module.eks_managed_node_group.module.user_data.null_resource.validate_cluster_service_cidr",
            "module.this.module.fargate_profile.aws_eks_fargate_profile.this",
            "module.this.module.fargate_profile.aws_iam_role.this",
            "module.this.module.fargate_profile.aws_iam_role_policy_attachment.additional",
            "module.this.module.fargate_profile.aws_iam_role_policy_attachment.this",
            "module.this.module.fargate_profile.data.aws_caller_identity.current",
            "module.this.module.fargate_profile.data.aws_iam_policy_document.assume_role_policy",
            "module.this.module.fargate_profile.data.aws_partition.current",
            "module.this.module.fargate_profile.data.aws_region.current",
            "module.this.module.kms.aws_kms_alias.this",
            "module.this.module.kms.aws_kms_external_key.this",
            "module.this.module.kms.aws_kms_grant.this",
            "module.this.module.kms.aws_kms_key.this",
            "module.this.module.kms.aws_kms_replica_external_key.this",
            "module.this.module.kms.aws_kms_replica_key.this",
            "module.this.module.kms.data.aws_caller_identity.current",
            "module.this.module.kms.data.aws_iam_policy_document.this",
            "module.this.module.kms.data.aws_partition.current",
            "module.this.module.self_managed_node_group.aws_autoscaling_group.this",
            "module.this.module.self_managed_node_group.aws_autoscaling_schedule.this",
            "module.this.module.self_managed_node_group.aws_eks_access_entry.this",
            "module.this.module.self_managed_node_group.aws_iam_instance_profile.this",
            "module.this.module.self_managed_node_group.aws_iam_role.this",
            "module.this.module.self_managed_node_group.aws_iam_role_policy_attachment.additional",
            "module.this.module.self_managed_node_group.aws_iam_role_policy_attachment.this",
            "module.this.module.self_managed_node_group.aws_launch_template.this",
            "module.this.module.self_managed_node_group.aws_placement_group.this",
            "module.this.module.self_managed_node_group.data.aws_caller_identity.current",
            "module.this.module.self_managed_node_group.data.aws_ec2_instance_type.this",
            "module.this.module.self_managed_node_group.data.aws_ec2_instance_type_offerings.this",
            "module.this.module.self_managed_node_group.data.aws_iam_policy_document.assume_role_policy",
            "module.this.module.self_managed_node_group.data.aws_partition.current",
            "module.this.module.self_managed_node_group.data.aws_ssm_parameter.ami",
            "module.this.module.self_managed_node_group.data.aws_subnets.efa",
            "module.this.module.self_managed_node_group.module.user_data.data.cloudinit_config.al2023_eks_managed_node_group",
            "module.this.module.self_managed_node_group.module.user_data.data.cloudinit_config.linux_eks_managed_node_group",
            "module.this.module.self_managed_node_group.module.user_data.null_resource.validate_cluster_service_cidr",
            "module.this.time_sleep.this",
            "module.vpc.aws_subnet.private",
            "module.vpc.aws_vpc.this",
            "module.vpc.aws_vpc_ipv4_cidr_block_association.this"
          ]
        }
      ]
    },
    {
      "module": "module.external_secrets_pod_identity",
      "mode": "data",
      "type": "aws_iam_policy_document",
      "name": "assume",
      "provider": "provider[\"registry.terraform.io/hashicorp/aws\"]",
      "instances": [
        {
          "index_key": 0,
          "schema_version": 0,
          "attributes": {
            "id": "819195744",
            "json": "{\n  \"Version\": \"2012-10-17\",\n  \"Statement\": [\n    {\n      \"Effect\": \"Allow\",\n      \"Action\": [\n        \"sts:TagSession\",\n        \"sts:AssumeRole\"\n      ],\n      \"Principal\": {\n        \"Service\": \"pods.eks.amazonaws.com\"\n      }\n    }\n  ]\n}",
            "minified_json": "{\"Version\":\"2012-10-17\",\"Statement\":[{\"Effect\":\"Allow\",\"Action\":[\"sts:TagSession\",\"sts:AssumeRole\"],\"Principal\":{\"Service\":\"pods.eks.amazonaws.com\"}}]}",
            "override_json": null,
            "override_policy_documents": null,
            "policy_id": null,
            "source_json": null,
            "source_policy_documents": null,
            "statement": [
              {
                "actions": [
                  "sts:AssumeRole",
                  "sts:TagSession"
                ],
                "condition": [],
                "effect": "Allow",
                "not_actions": [],
                "not_principals": [],
                "not_resources": [],
                "principals": [
                  {
                    "identifiers": [
                      "pods.eks.amazonaws.com"
                    ],
                    "type": "Service"
                  }
                ],
                "resources": [],
                "sid": ""
              }
            ],
            "version": "2012-10-17"
          },
          "sensitive_attributes": []
        }
      ]
    },
    {
      "module": "module.external_secrets_pod_identity",
      "mode": "data",
      "type": "aws_iam_policy_document",
      "name": "base",
      "provider": "provider[\"registry.terraform.io/hashicorp/aws\"]",
      "instances": [
        {
          "index_key": 0,
          "schema_version": 0,
          "attributes": {
            "id": "1132004489",
            "json": "{\n  \"Version\": \"2012-10-17\"\n}",
            "minified_json": "{\"Version\":\"2012-10-17\"}",
            "override_json": null,
            "override_policy_documents": null,
            "policy_id": null,
            "source_json": null,
            "source_policy_documents": null,
            "statement": null,
            "version": "2012-10-17"
          },
          "sensitive_attributes": []
        }
      ]
    },
    {
      "module": "module.external_secrets_pod_identity",
      "mode": "data",
      "type": "aws_iam_policy_document",
      "name": "external_secrets",
      "provider": "provider[\"registry.terraform.io/hashicorp/aws\"]",
      "instances": [
        {
          "index_key": 0,
          "schema_version": 0,
          "attributes": {
            "id": "3380614093",
            "json": "{\n  \"Version\": \"2012-10-17\",\n  \"Statement\": [\n    {\n      \"Effect\": \"Allow\",\n      \"Action\": \"secretsmanager:ListSecrets\",\n      \"Resource\": \"*\"\n    },\n    {\n      \"Effect\": \"Allow\",\n      \"Action\": [\n        \"secretsmanager:ListSecretVersionIds\",\n        \"secretsmanager:GetSecretValue\",\n        \"secretsmanager:GetResourcePolicy\",\n        \"secretsmanager:DescribeSecret\"\n      ],\n      \"Resource\": \"arn:aws:secretsmanager:*:*:secret:*\"\n    },\n    {\n      \"Effect\": \"Allow\",\n      \"Action\": \"kms:Decrypt\",\n      \"Resource\": \"arn:aws:kms:*:*:key/*\"\n    },\n    {\n      \"Effect\": \"Allow\",\n      \"Action\": [\n        \"secretsmanager:TagResource\",\n        \"secretsmanager:PutSecretValue\",\n        \"secretsmanager:CreateSecret\"\n      ],\n      \"Resource\": \"arn:aws:secretsmanager:*:*:secret:*\"\n    },\n    {\n      \"Effect\": \"Allow\",\n      \"Action\": \"secretsmanager:DeleteSecret\",\n      \"Resource\": \"arn:aws:secretsmanager:*:*:secret:*\",\n      \"Condition\": {\n        \"StringEquals\": {\n          \"secretsmanager:ResourceTag/managed-by\": \"external-secrets\"\n        }\n      }\n    }\n  ]\n}",
            "minified_json": "{\"Version\":\"2012-10-17\",\"Statement\":[{\"Effect\":\"Allow\",\"Action\":\"secretsmanager:ListSecrets\",\"Resource\":\"*\"},{\"Effect\":\"Allow\",\"Action\":[\"secretsmanager:ListSecretVersionIds\",\"secretsmanager:GetSecretValue\",\"secretsmanager:GetResourcePolicy\",\"secretsmanager:DescribeSecret\"],\"Resource\":\"arn:aws:secretsmanager:*:*:secret:*\"},{\"Effect\":\"Allow\",\"Action\":\"kms:Decrypt\",\"Resource\":\"arn:aws:kms:*:*:key/*\"},{\"Effect\":\"Allow\",\"Action\":[\"secretsmanager:TagResource\",\"secretsmanager:PutSecretValue\",\"secretsmanager:CreateSecret\"],\"Resource\":\"arn:aws:secretsmanager:*:*:secret:*\"},{\"Effect\":\"Allow\",\"Action\":\"secretsmanager:DeleteSecret\",\"Resource\":\"arn:aws:secretsmanager:*:*:secret:*\",\"Condition\":{\"StringEquals\":{\"secretsmanager:ResourceTag/managed-by\":\"external-secrets\"}}}]}",
            "override_json": null,
            "override_policy_documents": null,
            "policy_id": null,
            "source_json": null,
            "source_policy_documents": [
              "{\n  \"Version\": \"2012-10-17\"\n}"
            ],
            "statement": [
              {
                "actions": [
                  "secretsmanager:ListSecrets"
                ],
                "condition": [],
                "effect": "Allow",
                "not_actions": [],
                "not_principals": [],
                "not_resources": [],
                "principals": [],
                "resources": [
                  "*"
                ],
                "sid": ""
              },
              {
                "actions": [
                  "secretsmanager:DescribeSecret",
                  "secretsmanager:GetResourcePolicy",
                  "secretsmanager:GetSecretValue",
                  "secretsmanager:ListSecretVersionIds"
                ],
                "condition": [],
                "effect": "Allow",
                "not_actions": [],
                "not_principals": [],
                "not_resources": [],
                "principals": [],
                "resources": [
                  "arn:aws:secretsmanager:*:*:secret:*"
                ],
                "sid": ""
              },
              {
                "actions": [
                  "kms:Decrypt"
                ],
                "condition": [],
                "effect": "Allow",
                "not_actions": [],
                "not_principals": [],
                "not_resources": [],
                "principals": [],
                "resources": [
                  "arn:aws:kms:*:*:key/*"
                ],
                "sid": ""
              },
              {
                "actions": [
                  "secretsmanager:CreateSecret",
                  "secretsmanager:PutSecretValue",
                  "secretsmanager:TagResource"
                ],
                "condition": [],
                "effect": "Allow",
                "not_actions": [],
                "not_principals": [],
                "not_resources": [],
                "principals": [],
                "resources": [
                  "arn:aws:secretsmanager:*:*:secret:*"
                ],
                "sid": ""
              },
              {
                "actions": [
                  "secretsmanager:DeleteSecret"
                ],
                "condition": [
                  {
                    "test": "StringEquals",
                    "values": [
                      "external-secrets"
                    ],
                    "variable": "secretsmanager:ResourceTag/managed-by"
                  }
                ],
                "effect": "Allow",
                "not_actions": [],
                "not_principals": [],
                "not_resources": [],
                "principals": [],
                "resources": [
                  "arn:aws:secretsmanager:*:*:secret:*"
                ],
                "sid": ""
              }
            ],
            "version": "2012-10-17"
          },
          "sensitive_attributes": []
        }
      ]
    },
    {
      "module": "module.external_secrets_pod_identity",
      "mode": "data",
      "type": "aws_partition",
      "name": "current",
      "provider": "provider[\"registry.terraform.io/hashicorp/aws\"]",
      "instances": [
        {
          "schema_version": 0,
          "attributes": {
            "dns_suffix": "amazonaws.com",
            "id": "aws",
            "partition": "aws",
            "reverse_dns_prefix": "com.amazonaws"
          },
          "sensitive_attributes": []
        }
      ]
    },
    {
      "module": "module.external_secrets_pod_identity",
      "mode": "managed",
      "type": "aws_iam_policy",
      "name": "external_secrets",
      "provider": "provider[\"registry.terraform.io/hashicorp/aws\"]",
      "instances": [
        {
          "index_key": 0,
          "schema_version": 0,
          "attributes": {
            "arn": "arn:aws:iam::628042573059:policy/AmazonEKS_ExternalSecrets-20240612222648449600000007",
            "attachment_count": 1,
            "description": "Permissions for External Secrets",
            "id": "arn:aws:iam::628042573059:policy/AmazonEKS_ExternalSecrets-20240612222648449600000007",
            "name": "AmazonEKS_ExternalSecrets-20240612222648449600000007",
            "name_prefix": "AmazonEKS_ExternalSecrets-",
            "path": "/",
            "policy": "{\"Statement\":[{\"Action\":\"secretsmanager:ListSecrets\",\"Effect\":\"Allow\",\"Resource\":\"*\"},{\"Action\":[\"secretsmanager:ListSecretVersionIds\",\"secretsmanager:GetSecretValue\",\"secretsmanager:GetResourcePolicy\",\"secretsmanager:DescribeSecret\"],\"Effect\":\"Allow\",\"Resource\":\"arn:aws:secretsmanager:*:*:secret:*\"},{\"Action\":\"kms:Decrypt\",\"Effect\":\"Allow\",\"Resource\":\"arn:aws:kms:*:*:key/*\"},{\"Action\":[\"secretsmanager:TagResource\",\"secretsmanager:PutSecretValue\",\"secretsmanager:CreateSecret\"],\"Effect\":\"Allow\",\"Resource\":\"arn:aws:secretsmanager:*:*:secret:*\"},{\"Action\":\"secretsmanager:DeleteSecret\",\"Condition\":{\"StringEquals\":{\"secretsmanager:ResourceTag/managed-by\":\"external-secrets\"}},\"Effect\":\"Allow\",\"Resource\":\"arn:aws:secretsmanager:*:*:secret:*\"}],\"Version\":\"2012-10-17\"}",
            "policy_id": "ANPAZEOSBEUBZR2IYYWSG",
            "tags": {
              "Environment": "Infra"
            },
            "tags_all": {
              "Environment": "Infra"
            }
          },
          "sensitive_attributes": [],
          "private": "bnVsbA==",
          "dependencies": [
            "module.external_secrets_pod_identity.data.aws_iam_policy_document.base",
            "module.external_secrets_pod_identity.data.aws_iam_policy_document.external_secrets",
            "module.external_secrets_pod_identity.data.aws_partition.current"
          ]
        }
      ]
    },
    {
      "module": "module.external_secrets_pod_identity",
      "mode": "managed",
      "type": "aws_iam_role",
      "name": "this",
      "provider": "provider[\"registry.terraform.io/hashicorp/aws\"]",
      "instances": [
        {
          "index_key": 0,
          "schema_version": 0,
          "attributes": {
            "arn": "arn:aws:iam::628042573059:role/external-secrets-20240612222647152100000006",
            "assume_role_policy": "{\"Statement\":[{\"Action\":[\"sts:TagSession\",\"sts:AssumeRole\"],\"Effect\":\"Allow\",\"Principal\":{\"Service\":\"pods.eks.amazonaws.com\"}}],\"Version\":\"2012-10-17\"}",
            "create_date": "2024-06-12T22:26:56Z",
            "description": "",
            "force_detach_policies": true,
            "id": "external-secrets-20240612222647152100000006",
            "inline_policy": [],
            "managed_policy_arns": [
              "arn:aws:iam::628042573059:policy/AmazonEKS_ExternalSecrets-20240612222648449600000007"
            ],
            "max_session_duration": 3600,
            "name": "external-secrets-20240612222647152100000006",
            "name_prefix": "external-secrets-",
            "path": "/",
            "permissions_boundary": "",
            "tags": {
              "Environment": "Infra"
            },
            "tags_all": {
              "Environment": "Infra"
            },
            "unique_id": "AROAZEOSBEUBVUUAQAW2W"
          },
          "sensitive_attributes": [],
          "private": "bnVsbA==",
          "dependencies": [
            "module.external_secrets_pod_identity.data.aws_iam_policy_document.assume"
          ]
        }
      ]
    },
    {
      "module": "module.external_secrets_pod_identity",
      "mode": "managed",
      "type": "aws_iam_role_policy_attachment",
      "name": "external_secrets",
      "provider": "provider[\"registry.terraform.io/hashicorp/aws\"]",
      "instances": [
        {
          "index_key": 0,
          "schema_version": 0,
          "attributes": {
            "id": "external-secrets-20240612222647152100000006-20240612222649960800000014",
            "policy_arn": "arn:aws:iam::628042573059:policy/AmazonEKS_ExternalSecrets-20240612222648449600000007",
            "role": "external-secrets-20240612222647152100000006"
          },
          "sensitive_attributes": [],
          "private": "bnVsbA==",
          "dependencies": [
            "module.external_secrets_pod_identity.aws_iam_policy.external_secrets",
            "module.external_secrets_pod_identity.aws_iam_role.this",
            "module.external_secrets_pod_identity.data.aws_iam_policy_document.assume",
            "module.external_secrets_pod_identity.data.aws_iam_policy_document.base",
            "module.external_secrets_pod_identity.data.aws_iam_policy_document.external_secrets",
            "module.external_secrets_pod_identity.data.aws_partition.current"
          ]
        }
      ]
    },
    {
      "module": "module.this[\"dev\"]",
      "mode": "data",
      "type": "aws_caller_identity",
      "name": "current",
      "provider": "provider[\"registry.terraform.io/hashicorp/aws\"]",
      "instances": [
        {
          "schema_version": 0,
          "attributes": {
            "account_id": "628042573059",
            "arn": "arn:aws:iam::628042573059:user/Bernardo",
            "id": "628042573059",
            "user_id": "AIDAZEOSBEUBQASQAWFQ3"
          },
          "sensitive_attributes": []
        }
      ]
    },
    {
      "module": "module.this[\"dev\"]",
      "mode": "data",
      "type": "aws_eks_addon_version",
      "name": "this",
      "provider": "provider[\"registry.terraform.io/hashicorp/aws\"]",
      "instances": [
        {
          "index_key": "coredns",
          "schema_version": 0,
          "attributes": {
            "addon_name": "coredns",
            "id": "coredns",
            "kubernetes_version": "1.29",
            "most_recent": false,
            "version": "v1.11.1-eksbuild.4"
          },
          "sensitive_attributes": []
        },
        {
          "index_key": "eks-pod-identity-agent",
          "schema_version": 0,
          "attributes": {
            "addon_name": "eks-pod-identity-agent",
            "id": "eks-pod-identity-agent",
            "kubernetes_version": "1.29",
            "most_recent": false,
            "version": "v1.2.0-eksbuild.1"
          },
          "sensitive_attributes": []
        },
        {
          "index_key": "kube-proxy",
          "schema_version": 0,
          "attributes": {
            "addon_name": "kube-proxy",
            "id": "kube-proxy",
            "kubernetes_version": "1.29",
            "most_recent": false,
            "version": "v1.29.0-eksbuild.1"
          },
          "sensitive_attributes": []
        },
        {
          "index_key": "vpc-cni",
          "schema_version": 0,
          "attributes": {
            "addon_name": "vpc-cni",
            "id": "vpc-cni",
            "kubernetes_version": "1.29",
            "most_recent": false,
            "version": "v1.16.0-eksbuild.1"
          },
          "sensitive_attributes": []
        }
      ]
    },
    {
      "module": "module.this[\"dev\"]",
      "mode": "data",
      "type": "aws_iam_policy_document",
      "name": "assume_role_policy",
      "provider": "provider[\"registry.terraform.io/hashicorp/aws\"]",
      "instances": [
        {
          "index_key": 0,
          "schema_version": 0,
          "attributes": {
            "id": "2764486067",
            "json": "{\n  \"Version\": \"2012-10-17\",\n  \"Statement\": [\n    {\n      \"Sid\": \"EKSClusterAssumeRole\",\n      \"Effect\": \"Allow\",\n      \"Action\": \"sts:AssumeRole\",\n      \"Principal\": {\n        \"Service\": \"eks.amazonaws.com\"\n      }\n    }\n  ]\n}",
            "minified_json": "{\"Version\":\"2012-10-17\",\"Statement\":[{\"Sid\":\"EKSClusterAssumeRole\",\"Effect\":\"Allow\",\"Action\":\"sts:AssumeRole\",\"Principal\":{\"Service\":\"eks.amazonaws.com\"}}]}",
            "override_json": null,
            "override_policy_documents": null,
            "policy_id": null,
            "source_json": null,
            "source_policy_documents": null,
            "statement": [
              {
                "actions": [
                  "sts:AssumeRole"
                ],
                "condition": [],
                "effect": "Allow",
                "not_actions": [],
                "not_principals": [],
                "not_resources": [],
                "principals": [
                  {
                    "identifiers": [
                      "eks.amazonaws.com"
                    ],
                    "type": "Service"
                  }
                ],
                "resources": [],
                "sid": "EKSClusterAssumeRole"
              }
            ],
            "version": "2012-10-17"
          },
          "sensitive_attributes": []
        }
      ]
    },
    {
      "module": "module.this[\"dev\"]",
      "mode": "data",
      "type": "aws_iam_session_context",
      "name": "current",
      "provider": "provider[\"registry.terraform.io/hashicorp/aws\"]",
      "instances": [
        {
          "schema_version": 0,
          "attributes": {
            "arn": "arn:aws:iam::628042573059:user/Bernardo",
            "id": "arn:aws:iam::628042573059:user/Bernardo",
            "issuer_arn": "arn:aws:iam::628042573059:user/Bernardo",
            "issuer_id": "",
            "issuer_name": "",
            "session_name": ""
          },
          "sensitive_attributes": []
        }
      ]
    },
    {
      "module": "module.this[\"dev\"]",
      "mode": "data",
      "type": "aws_partition",
      "name": "current",
      "provider": "provider[\"registry.terraform.io/hashicorp/aws\"]",
      "instances": [
        {
          "schema_version": 0,
          "attributes": {
            "dns_suffix": "amazonaws.com",
            "id": "aws",
            "partition": "aws",
            "reverse_dns_prefix": "com.amazonaws"
          },
          "sensitive_attributes": []
        }
      ]
    },
    {
      "module": "module.this[\"dev\"]",
      "mode": "data",
      "type": "tls_certificate",
      "name": "this",
      "provider": "provider[\"registry.terraform.io/hashicorp/tls\"]",
      "instances": [
        {
          "index_key": 0,
          "schema_version": 0,
          "attributes": {
            "certificates": [
              {
                "cert_pem": "-----BEGIN CERTIFICATE-----\nMIIEdTCCA12gAwIBAgIJAKcOSkw0grd/MA0GCSqGSIb3DQEBCwUAMGgxCzAJBgNV\nBAYTAlVTMSUwIwYDVQQKExxTdGFyZmllbGQgVGVjaG5vbG9naWVzLCBJbmMuMTIw\nMAYDVQQLEylTdGFyZmllbGQgQ2xhc3MgMiBDZXJ0aWZpY2F0aW9uIEF1dGhvcml0\neTAeFw0wOTA5MDIwMDAwMDBaFw0zNDA2MjgxNzM5MTZaMIGYMQswCQYDVQQGEwJV\nUzEQMA4GA1UECBMHQXJpem9uYTETMBEGA1UEBxMKU2NvdHRzZGFsZTElMCMGA1UE\nChMcU3RhcmZpZWxkIFRlY2hub2xvZ2llcywgSW5jLjE7MDkGA1UEAxMyU3RhcmZp\nZWxkIFNlcnZpY2VzIFJvb3QgQ2VydGlmaWNhdGUgQXV0aG9yaXR5IC0gRzIwggEi\nMA0GCSqGSIb3DQEBAQUAA4IBDwAwggEKAoIBAQDVDDrEKvlO4vW+GZdfjohTsR8/\ny8+fIBNtKTrID30892t2OGPZNmCom15cAICyL1l/9of5JUOG52kbUpqQ4XHj2C0N\nTm/2yEnZtvMaVq4rtnQU68/7JuMauh2WLmo7WJSJR1b/JaCTcFOD2oR0FMNnngRo\nOt+OQFodSk7PQ5E751bWAHDLUu57fa4657wx+UX2wmDPE1kCK4DMNEffud6QZW0C\nzyyRpqbn3oUYSXxmTqM6bam17jQuug0DuDPfR+uxa40l2ZvOgdFFRjKWcIfeAg5J\nQ4W2bHO7ZOphQazJ1FTfhy/HIrImzJ9ZVGif/L4qL8RVHHVAYBeFAlU5i38FAgMB\nAAGjgfAwge0wDwYDVR0TAQH/BAUwAwEB/zAOBgNVHQ8BAf8EBAMCAYYwHQYDVR0O\nBBYEFJxfAN+qAdcwKziIorhtSpzyEZGDMB8GA1UdIwQYMBaAFL9ft9HO3R+G9FtV\nrNzXEMIOqYjnME8GCCsGAQUFBwEBBEMwQTAcBggrBgEFBQcwAYYQaHR0cDovL28u\nc3MyLnVzLzAhBggrBgEFBQcwAoYVaHR0cDovL3guc3MyLnVzL3guY2VyMCYGA1Ud\nHwQfMB0wG6AZoBeGFWh0dHA6Ly9zLnNzMi51cy9yLmNybDARBgNVHSAECjAIMAYG\nBFUdIAAwDQYJKoZIhvcNAQELBQADggEBACMd44pXyn3pF3lM8R5V/cxTbj5HD9/G\nVfKyBDbtgB9TxF00KGu+x1X8Z+rLP3+QsjPNG1gQggL4+C/1E2DUBc7xgQjB3ad1\nl08YuW3e95ORCLp+QCztweq7dp4zBncdDQh/U90bZKuCJ/Fp1U1ervShw3WnWEQt\n8jxwmKy6abaVd38PMV4s/KCHOkdp8Hlf9BRUpJVeEXgSYCfOn8J3/yNTd126/+pZ\n59vPr5KW7ySaNRB6nJHGDn2Z9j8Z3/VyVOEVqQdZe4O/Ui5GjLIAZHYcSNPYeehu\nVsyuLAOQ1xk4meTKCRlb/weWsKh/NEnfVqn3sF/tM+2MR7cwA130A4w=\n-----END CERTIFICATE-----\n",
                "is_ca": true,
                "issuer": "OU=Starfield Class 2 Certification Authority,O=Starfield Technologies\\, Inc.,C=US",
                "not_after": "2034-06-28T17:39:16Z",
                "not_before": "2009-09-02T00:00:00Z",
                "public_key_algorithm": "RSA",
                "serial_number": "12037640545166866303",
                "sha1_fingerprint": "9e99a48a9960b14926bb7f3b02e22da2b0ab7280",
                "signature_algorithm": "SHA256-RSA",
                "subject": "CN=Starfield Services Root Certificate Authority - G2,O=Starfield Technologies\\, Inc.,L=Scottsdale,ST=Arizona,C=US",
                "version": 3
              },
              {
                "cert_pem": "-----BEGIN CERTIFICATE-----\nMIIEkjCCA3qgAwIBAgITBn+USionzfP6wq4rAfkI7rnExjANBgkqhkiG9w0BAQsF\nADCBmDELMAkGA1UEBhMCVVMxEDAOBgNVBAgTB0FyaXpvbmExEzARBgNVBAcTClNj\nb3R0c2RhbGUxJTAjBgNVBAoTHFN0YXJmaWVsZCBUZWNobm9sb2dpZXMsIEluYy4x\nOzA5BgNVBAMTMlN0YXJmaWVsZCBTZXJ2aWNlcyBSb290IENlcnRpZmljYXRlIEF1\ndGhvcml0eSAtIEcyMB4XDTE1MDUyNTEyMDAwMFoXDTM3MTIzMTAxMDAwMFowOTEL\nMAkGA1UEBhMCVVMxDzANBgNVBAoTBkFtYXpvbjEZMBcGA1UEAxMQQW1hem9uIFJv\nb3QgQ0EgMTCCASIwDQYJKoZIhvcNAQEBBQADggEPADCCAQoCggEBALJ4gHHKeNXj\nca9HgFB0fW7Y14h29Jlo91ghYPl0hAEvrAIthtOgQ3pOsqTQNroBvo3bSMgHFzZM\n9O6II8c+6zf1tRn4SWiw3te5djgdYZ6k/oI2peVKVuRF4fn9tBb6dNqcmzU5L/qw\nIFAGbHrQgLKm+a/sRxmPUDgH3KKHOVj4utWp+UhnMJbulHheb4mjUcAwhmahRWa6\nVOujw5H5SNz/0egwLX0tdHA114gk957EWW67c4cX8jJGKLhD+rcdqsq08p8kDi1L\n93FcXmn/6pUCyziKrlA4b9v7LWIbxcceVOF34GfID5yHI9Y/QCB/IIDEgEw+OyQm\njgSubJrIqg0CAwEAAaOCATEwggEtMA8GA1UdEwEB/wQFMAMBAf8wDgYDVR0PAQH/\nBAQDAgGGMB0GA1UdDgQWBBSEGMyFNOy8DJSULghZnMeyEE4KCDAfBgNVHSMEGDAW\ngBScXwDfqgHXMCs4iKK4bUqc8hGRgzB4BggrBgEFBQcBAQRsMGowLgYIKwYBBQUH\nMAGGImh0dHA6Ly9vY3NwLnJvb3RnMi5hbWF6b250cnVzdC5jb20wOAYIKwYBBQUH\nMAKGLGh0dHA6Ly9jcnQucm9vdGcyLmFtYXpvbnRydXN0LmNvbS9yb290ZzIuY2Vy\nMD0GA1UdHwQ2MDQwMqAwoC6GLGh0dHA6Ly9jcmwucm9vdGcyLmFtYXpvbnRydXN0\nLmNvbS9yb290ZzIuY3JsMBEGA1UdIAQKMAgwBgYEVR0gADANBgkqhkiG9w0BAQsF\nAAOCAQEAYjdCXLwQtT6LLOkMm2xF4gcAevnFWAu5CIw+7bMlPLVvUOTNNWqnkzSW\nMiGpSESrnO09tKpzbeR/FoCJbM8oAxiDR3mjEH4wW6w7sGDgd9QIpuEdfF7Au/ma\neyKdpwAJfqxGF4PcnCZXmTA5YpaP7dreqsXMGz7KQ2hsVxa81Q4gLv7/wmpdLqBK\nbRRYh5TmOTFffHPLkIhqhBGWJ6bt2YFGpn6jcgAKUj6DiAdjd4lpFw85hdKrCEVN\n0FE6/V1dN2RMfjCyVSRCnTawXZwXgWHxyvkQAiSr6w10kY17RSlQOYiypok1JR4U\nakcjMS9cmvqtmg5iUaQqqcT5NJ0hGA==\n-----END CERTIFICATE-----\n",
                "is_ca": true,
                "issuer": "CN=Starfield Services Root Certificate Authority - G2,O=Starfield Technologies\\, Inc.,L=Scottsdale,ST=Arizona,C=US",
                "not_after": "2037-12-31T01:00:00Z",
                "not_before": "2015-05-25T12:00:00Z",
                "public_key_algorithm": "RSA",
                "serial_number": "144918191876577076464031512351042010504348870",
                "sha1_fingerprint": "06b25927c42a721631c1efd9431e648fa62e1e39",
                "signature_algorithm": "SHA256-RSA",
                "subject": "CN=Amazon Root CA 1,O=Amazon,C=US",
                "version": 3
              },
              {
                "cert_pem": "-----BEGIN CERTIFICATE-----\nMIIEXjCCA0agAwIBAgITB3MSSkvL1E7HtTvq8ZSELToPoTANBgkqhkiG9w0BAQsF\nADA5MQswCQYDVQQGEwJVUzEPMA0GA1UEChMGQW1hem9uMRkwFwYDVQQDExBBbWF6\nb24gUm9vdCBDQSAxMB4XDTIyMDgyMzIyMjUzMFoXDTMwMDgyMzIyMjUzMFowPDEL\nMAkGA1UEBhMCVVMxDzANBgNVBAoTBkFtYXpvbjEcMBoGA1UEAxMTQW1hem9uIFJT\nQSAyMDQ4IE0wMjCCASIwDQYJKoZIhvcNAQEBBQADggEPADCCAQoCggEBALtDGMZa\nqHneKei1by6+pUPPLljTB143Si6VpEWPc6mSkFhZb/6qrkZyoHlQLbDYnI2D7hD0\nsdzEqfnuAjIsuXQLG3A8TvX6V3oFNBFVe8NlLJHvBseKY88saLwufxkZVwk74g4n\nWlNMXzla9Y5F3wwRHwMVH443xGz6UtGSZSqQ94eFx5X7Tlqt8whi8qCaKdZ5rNak\n+r9nUThOeClqFd4oXych//Rc7Y0eX1KNWHYSI1Nk31mYgiK3JvH063g+K9tHA63Z\neTgKgndlh+WI+zv7i44HepRZjA1FYwYZ9Vv/9UkC5Yz8/yU65fgjaE+wVHM4e/Yy\nC2osrPWE7gJ+dXMCAwEAAaOCAVowggFWMBIGA1UdEwEB/wQIMAYBAf8CAQAwDgYD\nVR0PAQH/BAQDAgGGMB0GA1UdJQQWMBQGCCsGAQUFBwMBBggrBgEFBQcDAjAdBgNV\nHQ4EFgQUwDFSzVpQw4J8dHHOy+mc+XrrguIwHwYDVR0jBBgwFoAUhBjMhTTsvAyU\nlC4IWZzHshBOCggwewYIKwYBBQUHAQEEbzBtMC8GCCsGAQUFBzABhiNodHRwOi8v\nb2NzcC5yb290Y2ExLmFtYXpvbnRydXN0LmNvbTA6BggrBgEFBQcwAoYuaHR0cDov\nL2NydC5yb290Y2ExLmFtYXpvbnRydXN0LmNvbS9yb290Y2ExLmNlcjA/BgNVHR8E\nODA2MDSgMqAwhi5odHRwOi8vY3JsLnJvb3RjYTEuYW1hem9udHJ1c3QuY29tL3Jv\nb3RjYTEuY3JsMBMGA1UdIAQMMAowCAYGZ4EMAQIBMA0GCSqGSIb3DQEBCwUAA4IB\nAQAtTi6Fs0Azfi+iwm7jrz+CSxHH+uHl7Law3MQSXVtR8RV53PtR6r/6gNpqlzdo\nZq4FKbADi1v9Bun8RY8D51uedRfjsbeodizeBB8nXmeyD33Ep7VATj4ozcd31YFV\nfgRhvTSxNrrTlNpWkUk0m3BMPv8sg381HhA6uEYokE5q9uws/3YkKqRiEz3TsaWm\nJqIRZhMbgAfp7O7FUwFIb7UIspogZSKxPIWJpxiPo3TcBambbVtQOcNRWz5qCQdD\nslI2yayq0n2TXoHyNCLEH8rpsJRVILFsg0jc7BaFrMnF462+ajSehgj12IidNeRN\n4zl+EoNaWdpnWndvSpAEkq2P\n-----END CERTIFICATE-----\n",
                "is_ca": true,
                "issuer": "CN=Amazon Root CA 1,O=Amazon,C=US",
                "not_after": "2030-08-23T22:25:30Z",
                "not_before": "2022-08-23T22:25:30Z",
                "public_key_algorithm": "RSA",
                "serial_number": "166129353110899469622597955040406457904926625",
                "sha1_fingerprint": "414a2060b738c635cc7fc243e052615592830c53",
                "signature_algorithm": "SHA256-RSA",
                "subject": "CN=Amazon RSA 2048 M02,O=Amazon,C=US",
                "version": 3
              },
              {
                "cert_pem": "-----BEGIN CERTIFICATE-----\nMIIF5TCCBM2gAwIBAgIQCJL9XGbawpZ6IsGGvDqdyDANBgkqhkiG9w0BAQsFADA8\nMQswCQYDVQQGEwJVUzEPMA0GA1UEChMGQW1hem9uMRwwGgYDVQQDExNBbWF6b24g\nUlNBIDIwNDggTTAyMB4XDTI0MDMyODAwMDAwMFoXDTI1MDQyNjIzNTk1OVowKDEm\nMCQGA1UEAwwdKi5la3MudXMtZWFzdC0xLmFtYXpvbmF3cy5jb20wggEiMA0GCSqG\nSIb3DQEBAQUAA4IBDwAwggEKAoIBAQC4iVpgxjgOmMKdC2tYTHa9yzuuLdYCjpC6\nxN1VgI71uTiSxUGf6R3N/Rdk5vjz2COu3fsVgMh6cCpqrPlxU/5uP0/DFfQGdVxB\nbZ4vYRC9jIbgyKmwqOEJMD/9B3iGHz3KpBpnXDcuulqWsCtuuqxjnMLL4h1UdOeA\nPNwhOyQxKMHl+LfrCZeCuehKch+XM/8lhdKgYyLp8o1Nm7IsNG1aN6iNoZ6rxEyU\nVw6fV+pZDaIrxkYf7unQrAfUWR122pXGzWRtv5VGZLjrci8ev4ZpgGViIzb2LOqT\nFm8gde6aURlAm4uMDFzmZ/iOqEV+52vO9Z0E6Yo5M3dJZqQo7uUpAgMBAAGjggL1\nMIIC8TAfBgNVHSMEGDAWgBTAMVLNWlDDgnx0cc7L6Zz5euuC4jAdBgNVHQ4EFgQU\nhG1ZDKa76htLZVXP+E3P3GnYHjEwKAYDVR0RBCEwH4IdKi5la3MudXMtZWFzdC0x\nLmFtYXpvbmF3cy5jb20wEwYDVR0gBAwwCjAIBgZngQwBAgEwDgYDVR0PAQH/BAQD\nAgWgMB0GA1UdJQQWMBQGCCsGAQUFBwMBBggrBgEFBQcDAjA7BgNVHR8ENDAyMDCg\nLqAshipodHRwOi8vY3JsLnIybTAyLmFtYXpvbnRydXN0LmNvbS9yMm0wMi5jcmww\ndQYIKwYBBQUHAQEEaTBnMC0GCCsGAQUFBzABhiFodHRwOi8vb2NzcC5yMm0wMi5h\nbWF6b250cnVzdC5jb20wNgYIKwYBBQUHMAKGKmh0dHA6Ly9jcnQucjJtMDIuYW1h\nem9udHJ1c3QuY29tL3IybTAyLmNlcjAMBgNVHRMBAf8EAjAAMIIBfQYKKwYBBAHW\neQIEAgSCAW0EggFpAWcAdgDPEVbu1S58r/OHW9lpLpvpGnFnSrAX7KwB0lt3zsw7\nCAAAAY6HAoTcAAAEAwBHMEUCIHI392+k5Ds777nM4CwNr+xjjCr49CQ/vHIJDZJX\nokM7AiEA++VPDyyMLijPy0GR8ZBIvAcrYbjfJXTF3GkizeJLVJIAdgB9WR4S4Xgq\nexxhZ3xe/fjQh1wUoE6VnrkDL9kOjC55uAAAAY6HAoTeAAAEAwBHMEUCICBkhMaf\n9gdR3bCbLxXFbHNEXUh7t3P/SxaUKDcE6UmIAiEA25zZ9aBt/mrhDcMc155V8qnw\nadTEqttLdP4XMEmMsPAAdQDm0jFjQHeMwRBBBtdxuc7B0kD2loSG+7qHMh39HjeO\nUAAAAY6HAoTxAAAEAwBGMEQCIFFF4kpqcNgHFzRi2cnL4HbNApZlnlc+Re9IyYXi\nCldqAiBkZUgs12iu2uWGU97VUAICt2+zZkhjUV3i+O3kYh1yrTANBgkqhkiG9w0B\nAQsFAAOCAQEAWY5OxR7rWtYFS09xAYYIHlBF7wdUxQH60zi/IqAHZIRCFI1xHdsJ\n0BUv30lLyiGtVr4DheBo81/IErBRpXmSkdoDJA+5d/Jz3EFtbrVogjESALAgBfSG\nuJX0QLshjyTl9O2r00qkxIhbKmSPSl9JQVxqt2jTaB6pD3SjWX6U+l397Ns1L6pI\nb1418oVo7LeHwEeEx6APMIyjzlfcXdCHA6lVKeiNF8SH+QW+h6ZOpGXJIU6llBjg\nWAhscqrGRj1APpuKWGVkVCweAjIOcEuWV8Fqmfp1h9jmeUkG6SoBifrl41PvhK0o\nqQ3LlAF6Op6n7JLa2rlXkf6LienZDVlSuQ==\n-----END CERTIFICATE-----\n",
                "is_ca": false,
                "issuer": "CN=Amazon RSA 2048 M02,O=Amazon,C=US",
                "not_after": "2025-04-26T23:59:59Z",
                "not_before": "2024-03-28T00:00:00Z",
                "public_key_algorithm": "RSA",
                "serial_number": "11397038078078022747295509550808604104",
                "sha1_fingerprint": "9451ad2b53c7f41fab22886cc07d482085336561",
                "signature_algorithm": "SHA256-RSA",
                "subject": "CN=*.eks.us-east-1.amazonaws.com",
                "version": 3
              }
            ],
            "content": null,
            "id": "99d41e43229a4cdaf4141f3e8310e6d95c31dab9",
            "url": "https://oidc.eks.us-east-1.amazonaws.com/id/C796A090D2FE43B6382D22A0B0E97251",
            "verify_chain": true
          },
          "sensitive_attributes": []
        }
      ]
    },
    {
      "module": "module.this[\"dev\"]",
      "mode": "managed",
      "type": "aws_cloudwatch_log_group",
      "name": "this",
      "provider": "provider[\"registry.terraform.io/hashicorp/aws\"]",
      "instances": [
        {
          "index_key": 0,
          "schema_version": 0,
          "attributes": {
            "arn": "arn:aws:logs:us-east-1:628042573059:log-group:/aws/eks/dev-eks-lab/cluster",
            "id": "/aws/eks/dev-eks-lab/cluster",
            "kms_key_id": "",
            "log_group_class": "STANDARD",
            "name": "/aws/eks/dev-eks-lab/cluster",
            "name_prefix": "",
            "retention_in_days": 90,
            "skip_destroy": false,
            "tags": {
              "Environment": "dev",
              "Name": "/aws/eks/dev-eks-lab/cluster",
              "Terraform": "true"
            },
            "tags_all": {
              "Environment": "dev",
              "Name": "/aws/eks/dev-eks-lab/cluster",
              "Terraform": "true"
            }
          },
          "sensitive_attributes": [],
          "private": "bnVsbA==",
          "create_before_destroy": true
        }
      ]
    },
    {
      "module": "module.this[\"dev\"]",
      "mode": "managed",
      "type": "aws_ec2_tag",
      "name": "cluster_primary_security_group",
      "provider": "provider[\"registry.terraform.io/hashicorp/aws\"]",
      "instances": [
        {
          "index_key": "Environment",
          "schema_version": 0,
          "attributes": {
            "id": "sg-01c4299575f82824d,Environment",
            "key": "Environment",
            "resource_id": "sg-01c4299575f82824d",
            "value": "dev"
          },
          "sensitive_attributes": [],
          "private": "bnVsbA==",
          "dependencies": [
            "module.this.aws_cloudwatch_log_group.this",
            "module.this.aws_eks_cluster.this",
            "module.this.aws_iam_policy.cni_ipv6_policy",
            "module.this.aws_iam_role.this",
            "module.this.aws_iam_role_policy_attachment.this",
            "module.this.aws_security_group.cluster",
            "module.this.aws_security_group.node",
            "module.this.aws_security_group_rule.cluster",
            "module.this.aws_security_group_rule.node",
            "module.this.data.aws_caller_identity.current",
            "module.this.data.aws_iam_policy_document.assume_role_policy",
            "module.this.data.aws_iam_policy_document.cni_ipv6_policy",
            "module.this.data.aws_iam_session_context.current",
            "module.this.data.aws_partition.current",
            "module.this.module.kms.aws_kms_external_key.this",
            "module.this.module.kms.aws_kms_key.this",
            "module.this.module.kms.aws_kms_replica_external_key.this",
            "module.this.module.kms.aws_kms_replica_key.this",
            "module.this.module.kms.data.aws_caller_identity.current",
            "module.this.module.kms.data.aws_iam_policy_document.this",
            "module.this.module.kms.data.aws_partition.current",
            "module.vpc.aws_subnet.private",
            "module.vpc.aws_vpc.this",
            "module.vpc.aws_vpc_ipv4_cidr_block_association.this"
          ]
        },
        {
          "index_key": "Terraform",
          "schema_version": 0,
          "attributes": {
            "id": "sg-01c4299575f82824d,Terraform",
            "key": "Terraform",
            "resource_id": "sg-01c4299575f82824d",
            "value": "true"
          },
          "sensitive_attributes": [],
          "private": "bnVsbA==",
          "dependencies": [
            "module.this.aws_cloudwatch_log_group.this",
            "module.this.aws_eks_cluster.this",
            "module.this.aws_iam_policy.cni_ipv6_policy",
            "module.this.aws_iam_role.this",
            "module.this.aws_iam_role_policy_attachment.this",
            "module.this.aws_security_group.cluster",
            "module.this.aws_security_group.node",
            "module.this.aws_security_group_rule.cluster",
            "module.this.aws_security_group_rule.node",
            "module.this.data.aws_caller_identity.current",
            "module.this.data.aws_iam_policy_document.assume_role_policy",
            "module.this.data.aws_iam_policy_document.cni_ipv6_policy",
            "module.this.data.aws_iam_session_context.current",
            "module.this.data.aws_partition.current",
            "module.this.module.kms.aws_kms_external_key.this",
            "module.this.module.kms.aws_kms_key.this",
            "module.this.module.kms.aws_kms_replica_external_key.this",
            "module.this.module.kms.aws_kms_replica_key.this",
            "module.this.module.kms.data.aws_caller_identity.current",
            "module.this.module.kms.data.aws_iam_policy_document.this",
            "module.this.module.kms.data.aws_partition.current",
            "module.vpc.aws_subnet.private",
            "module.vpc.aws_vpc.this",
            "module.vpc.aws_vpc_ipv4_cidr_block_association.this"
          ]
        }
      ]
    },
    {
      "module": "module.this[\"dev\"]",
      "mode": "managed",
      "type": "aws_eks_access_entry",
      "name": "this",
      "provider": "provider[\"registry.terraform.io/hashicorp/aws\"]",
      "instances": [
        {
          "index_key": "cluster_creator",
          "schema_version": 0,
          "attributes": {
            "access_entry_arn": "arn:aws:eks:us-east-1:628042573059:access-entry/dev-eks-lab/user/628042573059/Bernardo/4cc8074b-2e36-6a2f-7764-9736571ee13e",
            "cluster_name": "dev-eks-lab",
            "created_at": "2024-06-12T22:34:13Z",
            "id": "dev-eks-lab:arn:aws:iam::628042573059:user/Bernardo",
            "kubernetes_groups": [],
            "modified_at": "2024-06-12T22:34:13Z",
            "principal_arn": "arn:aws:iam::628042573059:user/Bernardo",
            "tags": {
              "Environment": "dev",
              "Terraform": "true"
            },
            "tags_all": {
              "Environment": "dev",
              "Terraform": "true"
            },
            "timeouts": null,
            "type": "STANDARD",
            "user_name": "arn:aws:iam::628042573059:user/Bernardo"
          },
          "sensitive_attributes": [],
          "private": "eyJlMmJmYjczMC1lY2FhLTExZTYtOGY4OC0zNDM2M2JjN2M0YzAiOnsiY3JlYXRlIjo2MDAwMDAwMDAwMDAsImRlbGV0ZSI6NjAwMDAwMDAwMDAwfX0=",
          "dependencies": [
            "module.this.aws_cloudwatch_log_group.this",
            "module.this.aws_eks_cluster.this",
            "module.this.aws_iam_policy.cni_ipv6_policy",
            "module.this.aws_iam_role.this",
            "module.this.aws_iam_role_policy_attachment.this",
            "module.this.aws_security_group.cluster",
            "module.this.aws_security_group.node",
            "module.this.aws_security_group_rule.cluster",
            "module.this.aws_security_group_rule.node",
            "module.this.data.aws_caller_identity.current",
            "module.this.data.aws_iam_policy_document.assume_role_policy",
            "module.this.data.aws_iam_policy_document.cni_ipv6_policy",
            "module.this.data.aws_iam_session_context.current",
            "module.this.data.aws_partition.current",
            "module.this.module.kms.aws_kms_external_key.this",
            "module.this.module.kms.aws_kms_key.this",
            "module.this.module.kms.aws_kms_replica_external_key.this",
            "module.this.module.kms.aws_kms_replica_key.this",
            "module.this.module.kms.data.aws_caller_identity.current",
            "module.this.module.kms.data.aws_iam_policy_document.this",
            "module.this.module.kms.data.aws_partition.current",
            "module.vpc.aws_subnet.private",
            "module.vpc.aws_vpc.this",
            "module.vpc.aws_vpc_ipv4_cidr_block_association.this"
          ]
        }
      ]
    },
    {
      "module": "module.this[\"dev\"]",
      "mode": "managed",
      "type": "aws_eks_access_policy_association",
      "name": "this",
      "provider": "provider[\"registry.terraform.io/hashicorp/aws\"]",
      "instances": [
        {
          "index_key": "cluster_creator_admin",
          "schema_version": 0,
          "attributes": {
            "access_scope": [
              {
                "namespaces": [],
                "type": "cluster"
              }
            ],
            "associated_at": "2024-06-12 22:34:14.805 +0000 UTC",
            "cluster_name": "dev-eks-lab",
            "id": "dev-eks-lab#arn:aws:iam::628042573059:user/Bernardo#arn:aws:eks::aws:cluster-access-policy/AmazonEKSClusterAdminPolicy",
            "modified_at": "2024-06-12 22:34:14.805 +0000 UTC",
            "policy_arn": "arn:aws:eks::aws:cluster-access-policy/AmazonEKSClusterAdminPolicy",
            "principal_arn": "arn:aws:iam::628042573059:user/Bernardo",
            "timeouts": null
          },
          "sensitive_attributes": [],
          "private": "eyJlMmJmYjczMC1lY2FhLTExZTYtOGY4OC0zNDM2M2JjN2M0YzAiOnsiY3JlYXRlIjo2MDAwMDAwMDAwMDAsImRlbGV0ZSI6NjAwMDAwMDAwMDAwfX0=",
          "dependencies": [
            "module.this.aws_cloudwatch_log_group.this",
            "module.this.aws_eks_access_entry.this",
            "module.this.aws_eks_cluster.this",
            "module.this.aws_iam_policy.cni_ipv6_policy",
            "module.this.aws_iam_role.this",
            "module.this.aws_iam_role_policy_attachment.this",
            "module.this.aws_security_group.cluster",
            "module.this.aws_security_group.node",
            "module.this.aws_security_group_rule.cluster",
            "module.this.aws_security_group_rule.node",
            "module.this.data.aws_caller_identity.current",
            "module.this.data.aws_iam_policy_document.assume_role_policy",
            "module.this.data.aws_iam_policy_document.cni_ipv6_policy",
            "module.this.data.aws_iam_session_context.current",
            "module.this.data.aws_partition.current",
            "module.this.module.kms.aws_kms_external_key.this",
            "module.this.module.kms.aws_kms_key.this",
            "module.this.module.kms.aws_kms_replica_external_key.this",
            "module.this.module.kms.aws_kms_replica_key.this",
            "module.this.module.kms.data.aws_caller_identity.current",
            "module.this.module.kms.data.aws_iam_policy_document.this",
            "module.this.module.kms.data.aws_partition.current",
            "module.vpc.aws_subnet.private",
            "module.vpc.aws_vpc.this",
            "module.vpc.aws_vpc_ipv4_cidr_block_association.this"
          ]
        }
      ]
    },
    {
      "module": "module.this[\"dev\"]",
      "mode": "managed",
      "type": "aws_eks_addon",
      "name": "this",
      "provider": "provider[\"registry.terraform.io/hashicorp/aws\"]",
      "instances": [
        {
          "index_key": "coredns",
          "schema_version": 0,
          "attributes": {
            "addon_name": "coredns",
            "addon_version": "v1.11.1-eksbuild.4",
            "arn": "arn:aws:eks:us-east-1:628042573059:addon/dev-eks-lab/coredns/60c8074d-4c1e-ed5c-40db-58a9f660fd3a",
            "cluster_name": "dev-eks-lab",
            "configuration_values": "",
            "created_at": "2024-06-12T22:38:51Z",
            "id": "dev-eks-lab:coredns",
            "modified_at": "2024-06-12T22:39:04Z",
            "preserve": true,
            "resolve_conflicts": null,
            "resolve_conflicts_on_create": "OVERWRITE",
            "resolve_conflicts_on_update": "OVERWRITE",
            "service_account_role_arn": "",
            "tags": {
              "Environment": "dev",
              "Terraform": "true"
            },
            "tags_all": {
              "Environment": "dev",
              "Terraform": "true"
            },
            "timeouts": {
              "create": null,
              "delete": null,
              "update": null
            }
          },
          "sensitive_attributes": [],
          "private": "eyJlMmJmYjczMC1lY2FhLTExZTYtOGY4OC0zNDM2M2JjN2M0YzAiOnsiY3JlYXRlIjoxMjAwMDAwMDAwMDAwLCJkZWxldGUiOjI0MDAwMDAwMDAwMDAsInVwZGF0ZSI6MTIwMDAwMDAwMDAwMH19",
          "dependencies": [
            "module.this.aws_cloudwatch_log_group.this",
            "module.this.aws_eks_cluster.this",
            "module.this.aws_iam_policy.cni_ipv6_policy",
            "module.this.aws_iam_role.this",
            "module.this.aws_iam_role_policy_attachment.this",
            "module.this.aws_security_group.cluster",
            "module.this.aws_security_group.node",
            "module.this.aws_security_group_rule.cluster",
            "module.this.aws_security_group_rule.node",
            "module.this.data.aws_caller_identity.current",
            "module.this.data.aws_eks_addon_version.this",
            "module.this.data.aws_iam_policy_document.assume_role_policy",
            "module.this.data.aws_iam_policy_document.cni_ipv6_policy",
            "module.this.data.aws_iam_session_context.current",
            "module.this.data.aws_partition.current",
            "module.this.module.eks_managed_node_group.aws_autoscaling_schedule.this",
            "module.this.module.eks_managed_node_group.aws_eks_node_group.this",
            "module.this.module.eks_managed_node_group.aws_iam_role.this",
            "module.this.module.eks_managed_node_group.aws_iam_role_policy_attachment.additional",
            "module.this.module.eks_managed_node_group.aws_iam_role_policy_attachment.this",
            "module.this.module.eks_managed_node_group.aws_launch_template.this",
            "module.this.module.eks_managed_node_group.aws_placement_group.this",
            "module.this.module.eks_managed_node_group.data.aws_caller_identity.current",
            "module.this.module.eks_managed_node_group.data.aws_ec2_instance_type.this",
            "module.this.module.eks_managed_node_group.data.aws_ec2_instance_type_offerings.this",
            "module.this.module.eks_managed_node_group.data.aws_iam_policy_document.assume_role_policy",
            "module.this.module.eks_managed_node_group.data.aws_partition.current",
            "module.this.module.eks_managed_node_group.data.aws_ssm_parameter.ami",
            "module.this.module.eks_managed_node_group.data.aws_subnets.efa",
            "module.this.module.eks_managed_node_group.module.user_data.data.cloudinit_config.al2023_eks_managed_node_group",
            "module.this.module.eks_managed_node_group.module.user_data.data.cloudinit_config.linux_eks_managed_node_group",
            "module.this.module.eks_managed_node_group.module.user_data.null_resource.validate_cluster_service_cidr",
            "module.this.module.fargate_profile.aws_eks_fargate_profile.this",
            "module.this.module.fargate_profile.aws_iam_role.this",
            "module.this.module.fargate_profile.aws_iam_role_policy_attachment.additional",
            "module.this.module.fargate_profile.aws_iam_role_policy_attachment.this",
            "module.this.module.fargate_profile.data.aws_caller_identity.current",
            "module.this.module.fargate_profile.data.aws_iam_policy_document.assume_role_policy",
            "module.this.module.fargate_profile.data.aws_partition.current",
            "module.this.module.fargate_profile.data.aws_region.current",
            "module.this.module.kms.aws_kms_external_key.this",
            "module.this.module.kms.aws_kms_key.this",
            "module.this.module.kms.aws_kms_replica_external_key.this",
            "module.this.module.kms.aws_kms_replica_key.this",
            "module.this.module.kms.data.aws_caller_identity.current",
            "module.this.module.kms.data.aws_iam_policy_document.this",
            "module.this.module.kms.data.aws_partition.current",
            "module.this.module.self_managed_node_group.aws_autoscaling_group.this",
            "module.this.module.self_managed_node_group.aws_autoscaling_schedule.this",
            "module.this.module.self_managed_node_group.aws_eks_access_entry.this",
            "module.this.module.self_managed_node_group.aws_iam_instance_profile.this",
            "module.this.module.self_managed_node_group.aws_iam_role.this",
            "module.this.module.self_managed_node_group.aws_iam_role_policy_attachment.additional",
            "module.this.module.self_managed_node_group.aws_iam_role_policy_attachment.this",
            "module.this.module.self_managed_node_group.aws_launch_template.this",
            "module.this.module.self_managed_node_group.aws_placement_group.this",
            "module.this.module.self_managed_node_group.data.aws_caller_identity.current",
            "module.this.module.self_managed_node_group.data.aws_ec2_instance_type.this",
            "module.this.module.self_managed_node_group.data.aws_ec2_instance_type_offerings.this",
            "module.this.module.self_managed_node_group.data.aws_iam_policy_document.assume_role_policy",
            "module.this.module.self_managed_node_group.data.aws_partition.current",
            "module.this.module.self_managed_node_group.data.aws_ssm_parameter.ami",
            "module.this.module.self_managed_node_group.data.aws_subnets.efa",
            "module.this.module.self_managed_node_group.module.user_data.data.cloudinit_config.al2023_eks_managed_node_group",
            "module.this.module.self_managed_node_group.module.user_data.data.cloudinit_config.linux_eks_managed_node_group",
            "module.this.module.self_managed_node_group.module.user_data.null_resource.validate_cluster_service_cidr",
            "module.this.time_sleep.this",
            "module.vpc.aws_subnet.private",
            "module.vpc.aws_vpc.this",
            "module.vpc.aws_vpc_ipv4_cidr_block_association.this"
          ]
        },
        {
          "index_key": "eks-pod-identity-agent",
          "schema_version": 0,
          "attributes": {
            "addon_name": "eks-pod-identity-agent",
            "addon_version": "v1.2.0-eksbuild.1",
            "arn": "arn:aws:eks:us-east-1:628042573059:addon/dev-eks-lab/eks-pod-identity-agent/b2c8074d-4bde-169a-9bdf-a54245a27066",
            "cluster_name": "dev-eks-lab",
            "configuration_values": "",
            "created_at": "2024-06-12T22:38:51Z",
            "id": "dev-eks-lab:eks-pod-identity-agent",
            "modified_at": "2024-06-12T22:39:27Z",
            "preserve": true,
            "resolve_conflicts": null,
            "resolve_conflicts_on_create": "OVERWRITE",
            "resolve_conflicts_on_update": "OVERWRITE",
            "service_account_role_arn": "",
            "tags": {
              "Environment": "dev",
              "Terraform": "true"
            },
            "tags_all": {
              "Environment": "dev",
              "Terraform": "true"
            },
            "timeouts": {
              "create": null,
              "delete": null,
              "update": null
            }
          },
          "sensitive_attributes": [],
          "private": "eyJlMmJmYjczMC1lY2FhLTExZTYtOGY4OC0zNDM2M2JjN2M0YzAiOnsiY3JlYXRlIjoxMjAwMDAwMDAwMDAwLCJkZWxldGUiOjI0MDAwMDAwMDAwMDAsInVwZGF0ZSI6MTIwMDAwMDAwMDAwMH19",
          "dependencies": [
            "module.this.aws_cloudwatch_log_group.this",
            "module.this.aws_eks_cluster.this",
            "module.this.aws_iam_policy.cni_ipv6_policy",
            "module.this.aws_iam_role.this",
            "module.this.aws_iam_role_policy_attachment.this",
            "module.this.aws_security_group.cluster",
            "module.this.aws_security_group.node",
            "module.this.aws_security_group_rule.cluster",
            "module.this.aws_security_group_rule.node",
            "module.this.data.aws_caller_identity.current",
            "module.this.data.aws_eks_addon_version.this",
            "module.this.data.aws_iam_policy_document.assume_role_policy",
            "module.this.data.aws_iam_policy_document.cni_ipv6_policy",
            "module.this.data.aws_iam_session_context.current",
            "module.this.data.aws_partition.current",
            "module.this.module.eks_managed_node_group.aws_autoscaling_schedule.this",
            "module.this.module.eks_managed_node_group.aws_eks_node_group.this",
            "module.this.module.eks_managed_node_group.aws_iam_role.this",
            "module.this.module.eks_managed_node_group.aws_iam_role_policy_attachment.additional",
            "module.this.module.eks_managed_node_group.aws_iam_role_policy_attachment.this",
            "module.this.module.eks_managed_node_group.aws_launch_template.this",
            "module.this.module.eks_managed_node_group.aws_placement_group.this",
            "module.this.module.eks_managed_node_group.data.aws_caller_identity.current",
            "module.this.module.eks_managed_node_group.data.aws_ec2_instance_type.this",
            "module.this.module.eks_managed_node_group.data.aws_ec2_instance_type_offerings.this",
            "module.this.module.eks_managed_node_group.data.aws_iam_policy_document.assume_role_policy",
            "module.this.module.eks_managed_node_group.data.aws_partition.current",
            "module.this.module.eks_managed_node_group.data.aws_ssm_parameter.ami",
            "module.this.module.eks_managed_node_group.data.aws_subnets.efa",
            "module.this.module.eks_managed_node_group.module.user_data.data.cloudinit_config.al2023_eks_managed_node_group",
            "module.this.module.eks_managed_node_group.module.user_data.data.cloudinit_config.linux_eks_managed_node_group",
            "module.this.module.eks_managed_node_group.module.user_data.null_resource.validate_cluster_service_cidr",
            "module.this.module.fargate_profile.aws_eks_fargate_profile.this",
            "module.this.module.fargate_profile.aws_iam_role.this",
            "module.this.module.fargate_profile.aws_iam_role_policy_attachment.additional",
            "module.this.module.fargate_profile.aws_iam_role_policy_attachment.this",
            "module.this.module.fargate_profile.data.aws_caller_identity.current",
            "module.this.module.fargate_profile.data.aws_iam_policy_document.assume_role_policy",
            "module.this.module.fargate_profile.data.aws_partition.current",
            "module.this.module.fargate_profile.data.aws_region.current",
            "module.this.module.kms.aws_kms_external_key.this",
            "module.this.module.kms.aws_kms_key.this",
            "module.this.module.kms.aws_kms_replica_external_key.this",
            "module.this.module.kms.aws_kms_replica_key.this",
            "module.this.module.kms.data.aws_caller_identity.current",
            "module.this.module.kms.data.aws_iam_policy_document.this",
            "module.this.module.kms.data.aws_partition.current",
            "module.this.module.self_managed_node_group.aws_autoscaling_group.this",
            "module.this.module.self_managed_node_group.aws_autoscaling_schedule.this",
            "module.this.module.self_managed_node_group.aws_eks_access_entry.this",
            "module.this.module.self_managed_node_group.aws_iam_instance_profile.this",
            "module.this.module.self_managed_node_group.aws_iam_role.this",
            "module.this.module.self_managed_node_group.aws_iam_role_policy_attachment.additional",
            "module.this.module.self_managed_node_group.aws_iam_role_policy_attachment.this",
            "module.this.module.self_managed_node_group.aws_launch_template.this",
            "module.this.module.self_managed_node_group.aws_placement_group.this",
            "module.this.module.self_managed_node_group.data.aws_caller_identity.current",
            "module.this.module.self_managed_node_group.data.aws_ec2_instance_type.this",
            "module.this.module.self_managed_node_group.data.aws_ec2_instance_type_offerings.this",
            "module.this.module.self_managed_node_group.data.aws_iam_policy_document.assume_role_policy",
            "module.this.module.self_managed_node_group.data.aws_partition.current",
            "module.this.module.self_managed_node_group.data.aws_ssm_parameter.ami",
            "module.this.module.self_managed_node_group.data.aws_subnets.efa",
            "module.this.module.self_managed_node_group.module.user_data.data.cloudinit_config.al2023_eks_managed_node_group",
            "module.this.module.self_managed_node_group.module.user_data.data.cloudinit_config.linux_eks_managed_node_group",
            "module.this.module.self_managed_node_group.module.user_data.null_resource.validate_cluster_service_cidr",
            "module.this.time_sleep.this",
            "module.vpc.aws_subnet.private",
            "module.vpc.aws_vpc.this",
            "module.vpc.aws_vpc_ipv4_cidr_block_association.this"
          ]
        },
        {
          "index_key": "kube-proxy",
          "schema_version": 0,
          "attributes": {
            "addon_name": "kube-proxy",
            "addon_version": "v1.29.0-eksbuild.1",
            "arn": "arn:aws:eks:us-east-1:628042573059:addon/dev-eks-lab/kube-proxy/aac8074d-4bdb-f0ea-c682-9be23150d433",
            "cluster_name": "dev-eks-lab",
            "configuration_values": "",
            "created_at": "2024-06-12T22:38:50Z",
            "id": "dev-eks-lab:kube-proxy",
            "modified_at": "2024-06-12T22:38:58Z",
            "preserve": true,
            "resolve_conflicts": null,
            "resolve_conflicts_on_create": "OVERWRITE",
            "resolve_conflicts_on_update": "OVERWRITE",
            "service_account_role_arn": "",
            "tags": {
              "Environment": "dev",
              "Terraform": "true"
            },
            "tags_all": {
              "Environment": "dev",
              "Terraform": "true"
            },
            "timeouts": {
              "create": null,
              "delete": null,
              "update": null
            }
          },
          "sensitive_attributes": [],
          "private": "eyJlMmJmYjczMC1lY2FhLTExZTYtOGY4OC0zNDM2M2JjN2M0YzAiOnsiY3JlYXRlIjoxMjAwMDAwMDAwMDAwLCJkZWxldGUiOjI0MDAwMDAwMDAwMDAsInVwZGF0ZSI6MTIwMDAwMDAwMDAwMH19",
          "dependencies": [
            "module.this.aws_cloudwatch_log_group.this",
            "module.this.aws_eks_cluster.this",
            "module.this.aws_iam_policy.cni_ipv6_policy",
            "module.this.aws_iam_role.this",
            "module.this.aws_iam_role_policy_attachment.this",
            "module.this.aws_security_group.cluster",
            "module.this.aws_security_group.node",
            "module.this.aws_security_group_rule.cluster",
            "module.this.aws_security_group_rule.node",
            "module.this.data.aws_caller_identity.current",
            "module.this.data.aws_eks_addon_version.this",
            "module.this.data.aws_iam_policy_document.assume_role_policy",
            "module.this.data.aws_iam_policy_document.cni_ipv6_policy",
            "module.this.data.aws_iam_session_context.current",
            "module.this.data.aws_partition.current",
            "module.this.module.eks_managed_node_group.aws_autoscaling_schedule.this",
            "module.this.module.eks_managed_node_group.aws_eks_node_group.this",
            "module.this.module.eks_managed_node_group.aws_iam_role.this",
            "module.this.module.eks_managed_node_group.aws_iam_role_policy_attachment.additional",
            "module.this.module.eks_managed_node_group.aws_iam_role_policy_attachment.this",
            "module.this.module.eks_managed_node_group.aws_launch_template.this",
            "module.this.module.eks_managed_node_group.aws_placement_group.this",
            "module.this.module.eks_managed_node_group.data.aws_caller_identity.current",
            "module.this.module.eks_managed_node_group.data.aws_ec2_instance_type.this",
            "module.this.module.eks_managed_node_group.data.aws_ec2_instance_type_offerings.this",
            "module.this.module.eks_managed_node_group.data.aws_iam_policy_document.assume_role_policy",
            "module.this.module.eks_managed_node_group.data.aws_partition.current",
            "module.this.module.eks_managed_node_group.data.aws_ssm_parameter.ami",
            "module.this.module.eks_managed_node_group.data.aws_subnets.efa",
            "module.this.module.eks_managed_node_group.module.user_data.data.cloudinit_config.al2023_eks_managed_node_group",
            "module.this.module.eks_managed_node_group.module.user_data.data.cloudinit_config.linux_eks_managed_node_group",
            "module.this.module.eks_managed_node_group.module.user_data.null_resource.validate_cluster_service_cidr",
            "module.this.module.fargate_profile.aws_eks_fargate_profile.this",
            "module.this.module.fargate_profile.aws_iam_role.this",
            "module.this.module.fargate_profile.aws_iam_role_policy_attachment.additional",
            "module.this.module.fargate_profile.aws_iam_role_policy_attachment.this",
            "module.this.module.fargate_profile.data.aws_caller_identity.current",
            "module.this.module.fargate_profile.data.aws_iam_policy_document.assume_role_policy",
            "module.this.module.fargate_profile.data.aws_partition.current",
            "module.this.module.fargate_profile.data.aws_region.current",
            "module.this.module.kms.aws_kms_external_key.this",
            "module.this.module.kms.aws_kms_key.this",
            "module.this.module.kms.aws_kms_replica_external_key.this",
            "module.this.module.kms.aws_kms_replica_key.this",
            "module.this.module.kms.data.aws_caller_identity.current",
            "module.this.module.kms.data.aws_iam_policy_document.this",
            "module.this.module.kms.data.aws_partition.current",
            "module.this.module.self_managed_node_group.aws_autoscaling_group.this",
            "module.this.module.self_managed_node_group.aws_autoscaling_schedule.this",
            "module.this.module.self_managed_node_group.aws_eks_access_entry.this",
            "module.this.module.self_managed_node_group.aws_iam_instance_profile.this",
            "module.this.module.self_managed_node_group.aws_iam_role.this",
            "module.this.module.self_managed_node_group.aws_iam_role_policy_attachment.additional",
            "module.this.module.self_managed_node_group.aws_iam_role_policy_attachment.this",
            "module.this.module.self_managed_node_group.aws_launch_template.this",
            "module.this.module.self_managed_node_group.aws_placement_group.this",
            "module.this.module.self_managed_node_group.data.aws_caller_identity.current",
            "module.this.module.self_managed_node_group.data.aws_ec2_instance_type.this",
            "module.this.module.self_managed_node_group.data.aws_ec2_instance_type_offerings.this",
            "module.this.module.self_managed_node_group.data.aws_iam_policy_document.assume_role_policy",
            "module.this.module.self_managed_node_group.data.aws_partition.current",
            "module.this.module.self_managed_node_group.data.aws_ssm_parameter.ami",
            "module.this.module.self_managed_node_group.data.aws_subnets.efa",
            "module.this.module.self_managed_node_group.module.user_data.data.cloudinit_config.al2023_eks_managed_node_group",
            "module.this.module.self_managed_node_group.module.user_data.data.cloudinit_config.linux_eks_managed_node_group",
            "module.this.module.self_managed_node_group.module.user_data.null_resource.validate_cluster_service_cidr",
            "module.this.time_sleep.this",
            "module.vpc.aws_subnet.private",
            "module.vpc.aws_vpc.this",
            "module.vpc.aws_vpc_ipv4_cidr_block_association.this"
          ]
        },
        {
          "index_key": "vpc-cni",
          "schema_version": 0,
          "attributes": {
            "addon_name": "vpc-cni",
            "addon_version": "v1.16.0-eksbuild.1",
            "arn": "arn:aws:eks:us-east-1:628042573059:addon/dev-eks-lab/vpc-cni/04c8074d-4c21-46a2-36bd-440cd8ce6a93",
            "cluster_name": "dev-eks-lab",
            "configuration_values": "",
            "created_at": "2024-06-12T22:38:51Z",
            "id": "dev-eks-lab:vpc-cni",
            "modified_at": "2024-06-12T22:39:29Z",
            "preserve": true,
            "resolve_conflicts": null,
            "resolve_conflicts_on_create": "OVERWRITE",
            "resolve_conflicts_on_update": "OVERWRITE",
            "service_account_role_arn": "",
            "tags": {
              "Environment": "dev",
              "Terraform": "true"
            },
            "tags_all": {
              "Environment": "dev",
              "Terraform": "true"
            },
            "timeouts": {
              "create": null,
              "delete": null,
              "update": null
            }
          },
          "sensitive_attributes": [],
          "private": "eyJlMmJmYjczMC1lY2FhLTExZTYtOGY4OC0zNDM2M2JjN2M0YzAiOnsiY3JlYXRlIjoxMjAwMDAwMDAwMDAwLCJkZWxldGUiOjI0MDAwMDAwMDAwMDAsInVwZGF0ZSI6MTIwMDAwMDAwMDAwMH19",
          "dependencies": [
            "module.this.aws_cloudwatch_log_group.this",
            "module.this.aws_eks_cluster.this",
            "module.this.aws_iam_policy.cni_ipv6_policy",
            "module.this.aws_iam_role.this",
            "module.this.aws_iam_role_policy_attachment.this",
            "module.this.aws_security_group.cluster",
            "module.this.aws_security_group.node",
            "module.this.aws_security_group_rule.cluster",
            "module.this.aws_security_group_rule.node",
            "module.this.data.aws_caller_identity.current",
            "module.this.data.aws_eks_addon_version.this",
            "module.this.data.aws_iam_policy_document.assume_role_policy",
            "module.this.data.aws_iam_policy_document.cni_ipv6_policy",
            "module.this.data.aws_iam_session_context.current",
            "module.this.data.aws_partition.current",
            "module.this.module.eks_managed_node_group.aws_autoscaling_schedule.this",
            "module.this.module.eks_managed_node_group.aws_eks_node_group.this",
            "module.this.module.eks_managed_node_group.aws_iam_role.this",
            "module.this.module.eks_managed_node_group.aws_iam_role_policy_attachment.additional",
            "module.this.module.eks_managed_node_group.aws_iam_role_policy_attachment.this",
            "module.this.module.eks_managed_node_group.aws_launch_template.this",
            "module.this.module.eks_managed_node_group.aws_placement_group.this",
            "module.this.module.eks_managed_node_group.data.aws_caller_identity.current",
            "module.this.module.eks_managed_node_group.data.aws_ec2_instance_type.this",
            "module.this.module.eks_managed_node_group.data.aws_ec2_instance_type_offerings.this",
            "module.this.module.eks_managed_node_group.data.aws_iam_policy_document.assume_role_policy",
            "module.this.module.eks_managed_node_group.data.aws_partition.current",
            "module.this.module.eks_managed_node_group.data.aws_ssm_parameter.ami",
            "module.this.module.eks_managed_node_group.data.aws_subnets.efa",
            "module.this.module.eks_managed_node_group.module.user_data.data.cloudinit_config.al2023_eks_managed_node_group",
            "module.this.module.eks_managed_node_group.module.user_data.data.cloudinit_config.linux_eks_managed_node_group",
            "module.this.module.eks_managed_node_group.module.user_data.null_resource.validate_cluster_service_cidr",
            "module.this.module.fargate_profile.aws_eks_fargate_profile.this",
            "module.this.module.fargate_profile.aws_iam_role.this",
            "module.this.module.fargate_profile.aws_iam_role_policy_attachment.additional",
            "module.this.module.fargate_profile.aws_iam_role_policy_attachment.this",
            "module.this.module.fargate_profile.data.aws_caller_identity.current",
            "module.this.module.fargate_profile.data.aws_iam_policy_document.assume_role_policy",
            "module.this.module.fargate_profile.data.aws_partition.current",
            "module.this.module.fargate_profile.data.aws_region.current",
            "module.this.module.kms.aws_kms_external_key.this",
            "module.this.module.kms.aws_kms_key.this",
            "module.this.module.kms.aws_kms_replica_external_key.this",
            "module.this.module.kms.aws_kms_replica_key.this",
            "module.this.module.kms.data.aws_caller_identity.current",
            "module.this.module.kms.data.aws_iam_policy_document.this",
            "module.this.module.kms.data.aws_partition.current",
            "module.this.module.self_managed_node_group.aws_autoscaling_group.this",
            "module.this.module.self_managed_node_group.aws_autoscaling_schedule.this",
            "module.this.module.self_managed_node_group.aws_eks_access_entry.this",
            "module.this.module.self_managed_node_group.aws_iam_instance_profile.this",
            "module.this.module.self_managed_node_group.aws_iam_role.this",
            "module.this.module.self_managed_node_group.aws_iam_role_policy_attachment.additional",
            "module.this.module.self_managed_node_group.aws_iam_role_policy_attachment.this",
            "module.this.module.self_managed_node_group.aws_launch_template.this",
            "module.this.module.self_managed_node_group.aws_placement_group.this",
            "module.this.module.self_managed_node_group.data.aws_caller_identity.current",
            "module.this.module.self_managed_node_group.data.aws_ec2_instance_type.this",
            "module.this.module.self_managed_node_group.data.aws_ec2_instance_type_offerings.this",
            "module.this.module.self_managed_node_group.data.aws_iam_policy_document.assume_role_policy",
            "module.this.module.self_managed_node_group.data.aws_partition.current",
            "module.this.module.self_managed_node_group.data.aws_ssm_parameter.ami",
            "module.this.module.self_managed_node_group.data.aws_subnets.efa",
            "module.this.module.self_managed_node_group.module.user_data.data.cloudinit_config.al2023_eks_managed_node_group",
            "module.this.module.self_managed_node_group.module.user_data.data.cloudinit_config.linux_eks_managed_node_group",
            "module.this.module.self_managed_node_group.module.user_data.null_resource.validate_cluster_service_cidr",
            "module.this.time_sleep.this",
            "module.vpc.aws_subnet.private",
            "module.vpc.aws_vpc.this",
            "module.vpc.aws_vpc_ipv4_cidr_block_association.this"
          ]
        }
      ]
    },
    {
      "module": "module.this[\"dev\"]",
      "mode": "managed",
      "type": "aws_eks_cluster",
      "name": "this",
      "provider": "provider[\"registry.terraform.io/hashicorp/aws\"]",
      "instances": [
        {
          "index_key": 0,
          "schema_version": 0,
          "attributes": {
            "access_config": [
              {
                "authentication_mode": "API_AND_CONFIG_MAP",
                "bootstrap_cluster_creator_admin_permissions": false
              }
            ],
            "arn": "arn:aws:eks:us-east-1:628042573059:cluster/dev-eks-lab",
            "certificate_authority": [
              {
                "data": "LS0tLS1CRUdJTiBDRVJUSUZJQ0FURS0tLS0tCk1JSURCVENDQWUyZ0F3SUJBZ0lJU2RkQTg5U3lPTTR3RFFZSktvWklodmNOQVFFTEJRQXdGVEVUTUJFR0ExVUUKQXhNS2EzVmlaWEp1WlhSbGN6QWVGdzB5TkRBMk1USXlNakkyTkRWYUZ3MHpOREEyTVRBeU1qTXhORFZhTUJVeApFekFSQmdOVkJBTVRDbXQxWW1WeWJtVjBaWE13Z2dFaU1BMEdDU3FHU0liM0RRRUJBUVVBQTRJQkR3QXdnZ0VLCkFvSUJBUUR4aTl2WVg4eVR2MjVSSW5WNG5zRXdQSEhrdkNXSmJPQzNhbXUzNWwvSkxKNXNOQzNNdEowbk1iNGMKVEpYRUhsS1B5VEJDL0dyMEdYMWE4L0FxZHV3VkJWRDlGYkRmazd1U3dHQ0xYMjl3UDRrc2ZVTE9XUzljeWV5WQpYUTViZm1CbmJKOGNIUDlUQmFNWmhlai9OOE4wY1E5aFlLdmQ5NEJ1V3ZUaHVBTzY5cDE1MWQrSVNycTAvNExYCmVvdkJMUDVCR09HcFVRZ1pURkJ3YjJGYmQxbFEyckpJejltVG5YOFZEWmxSNm9BZnhNMmZwSDVhOXBKTDN4OXIKd2cveWRhNEVoVVpXWlRxQURHRkNGS0hPM1RLZGVCSkdaVUlVelhEb0VoTEhYN3dNN3FBekxTcGs5ck40a3lzZQp3UTJycG81a2RpRWtpdFlqQzhha2lGSUVMTWNSQWdNQkFBR2pXVEJYTUE0R0ExVWREd0VCL3dRRUF3SUNwREFQCkJnTlZIUk1CQWY4RUJUQURBUUgvTUIwR0ExVWREZ1FXQkJTQ0dMUVIvbmxjUEV2V3M2UGRFNG1oUFJXMUlqQVYKQmdOVkhSRUVEakFNZ2dwcmRXSmxjbTVsZEdWek1BMEdDU3FHU0liM0RRRUJDd1VBQTRJQkFRQVh4bmRRemlzNgpBQmYvbnNGN1JtTTBmaElYSWl5d0h3N1FPcnpyL2tHcUMxVjRnMElxamU3ZUxtV3RoZ0Y3bHViZHk1RXNHTEFwCkJXMnZoTE04dHB5RDl3clNXREZrVDF3MEdwRjVnaEJwMzB1THQ0eENpVnEzZ1FoT21JWUtzM3U0MUROZ3JEemsKbW42MkhKV09qQkdaYmxadTJCLy84RlN5bW5sRUx3aHZoOUJjOTVQOXpKKzZRc0ZuSDFFUUM3VkpOUFJES0g1bgpTdXNUbkd3cStRVGNmR2tlN2dDVHNRN3hKQ0daSm5pUEtsbXFJckk1SVBvb3dHV05uSkIwbGg1Kzl2Sjk4djEyCm1ackFGL0pEcmo4VzM1dGkwbXFaVG5DMlM5Z21lWFdjRzhKdzZiSmpiWis1WlYvRm45MzdKbjNvTnpEbnhoc0wKMU1DS0hNZHRHYllOCi0tLS0tRU5EIENFUlRJRklDQVRFLS0tLS0K"
              }
            ],
            "cluster_id": null,
            "created_at": "2024-06-12 22:27:31.407 +0000 UTC",
            "enabled_cluster_log_types": [
              "api",
              "audit",
              "authenticator"
            ],
            "encryption_config": [
              {
                "provider": [
                  {
                    "key_arn": "arn:aws:kms:us-east-1:628042573059:key/860cd0e3-ddb4-4b0d-a344-4e5d471514d8"
                  }
                ],
                "resources": [
                  "secrets"
                ]
              }
            ],
            "endpoint": "https://C796A090D2FE43B6382D22A0B0E97251.gr7.us-east-1.eks.amazonaws.com",
            "id": "dev-eks-lab",
            "identity": [
              {
                "oidc": [
                  {
                    "issuer": "https://oidc.eks.us-east-1.amazonaws.com/id/C796A090D2FE43B6382D22A0B0E97251"
                  }
                ]
              }
            ],
            "kubernetes_network_config": [
              {
                "ip_family": "ipv4",
                "service_ipv4_cidr": "172.20.0.0/16",
                "service_ipv6_cidr": ""
              }
            ],
            "name": "dev-eks-lab",
            "outpost_config": [],
            "platform_version": "eks.7",
            "role_arn": "arn:aws:iam::628042573059:role/dev-eks-lab-cluster-20240612222648470500000009",
            "status": "ACTIVE",
            "tags": {
              "Environment": "dev",
              "Terraform": "true",
              "terraform-aws-modules": "eks"
            },
            "tags_all": {
              "Environment": "dev",
              "Terraform": "true",
              "terraform-aws-modules": "eks"
            },
            "timeouts": {
              "create": null,
              "delete": null,
              "update": null
            },
            "version": "1.29",
            "vpc_config": [
              {
                "cluster_security_group_id": "sg-01c4299575f82824d",
                "endpoint_private_access": false,
                "endpoint_public_access": true,
                "public_access_cidrs": [
                  "0.0.0.0/0"
                ],
                "security_group_ids": [
                  "sg-0f2c6006fcc20dd77"
                ],
                "subnet_ids": [
                  "subnet-000b973781340dec4",
                  "subnet-0a0ec2b81080edb7e",
                  "subnet-0e7ea0297b4296393"
                ],
                "vpc_id": "vpc-0f428588a50a2b847"
              }
            ]
          },
          "sensitive_attributes": [],
          "private": "eyJlMmJmYjczMC1lY2FhLTExZTYtOGY4OC0zNDM2M2JjN2M0YzAiOnsiY3JlYXRlIjoxODAwMDAwMDAwMDAwLCJkZWxldGUiOjkwMDAwMDAwMDAwMCwidXBkYXRlIjozNjAwMDAwMDAwMDAwfX0=",
          "dependencies": [
            "module.this.aws_cloudwatch_log_group.this",
            "module.this.aws_iam_policy.cni_ipv6_policy",
            "module.this.aws_iam_role.this",
            "module.this.aws_iam_role_policy_attachment.this",
            "module.this.aws_security_group.cluster",
            "module.this.aws_security_group.node",
            "module.this.aws_security_group_rule.cluster",
            "module.this.aws_security_group_rule.node",
            "module.this.data.aws_caller_identity.current",
            "module.this.data.aws_iam_policy_document.assume_role_policy",
            "module.this.data.aws_iam_policy_document.cni_ipv6_policy",
            "module.this.data.aws_iam_session_context.current",
            "module.this.data.aws_partition.current",
            "module.this.module.kms.aws_kms_external_key.this",
            "module.this.module.kms.aws_kms_key.this",
            "module.this.module.kms.aws_kms_replica_external_key.this",
            "module.this.module.kms.aws_kms_replica_key.this",
            "module.this.module.kms.data.aws_caller_identity.current",
            "module.this.module.kms.data.aws_iam_policy_document.this",
            "module.this.module.kms.data.aws_partition.current",
            "module.vpc.aws_subnet.private",
            "module.vpc.aws_vpc.this",
            "module.vpc.aws_vpc_ipv4_cidr_block_association.this"
          ],
          "create_before_destroy": true
        }
      ]
    },
    {
      "module": "module.this[\"dev\"]",
      "mode": "managed",
      "type": "aws_iam_openid_connect_provider",
      "name": "oidc_provider",
      "provider": "provider[\"registry.terraform.io/hashicorp/aws\"]",
      "instances": [
        {
          "index_key": 0,
          "schema_version": 0,
          "attributes": {
            "arn": "arn:aws:iam::628042573059:oidc-provider/oidc.eks.us-east-1.amazonaws.com/id/C796A090D2FE43B6382D22A0B0E97251",
            "client_id_list": [
              "sts.amazonaws.com"
            ],
            "id": "arn:aws:iam::628042573059:oidc-provider/oidc.eks.us-east-1.amazonaws.com/id/C796A090D2FE43B6382D22A0B0E97251",
            "tags": {
              "Environment": "dev",
              "Name": "dev-eks-lab-eks-irsa",
              "Terraform": "true"
            },
            "tags_all": {
              "Environment": "dev",
              "Name": "dev-eks-lab-eks-irsa",
              "Terraform": "true"
            },
            "thumbprint_list": [
              "9e99a48a9960b14926bb7f3b02e22da2b0ab7280"
            ],
            "url": "oidc.eks.us-east-1.amazonaws.com/id/C796A090D2FE43B6382D22A0B0E97251"
          },
          "sensitive_attributes": [],
          "private": "bnVsbA==",
          "dependencies": [
            "module.this.aws_cloudwatch_log_group.this",
            "module.this.aws_eks_cluster.this",
            "module.this.aws_iam_policy.cni_ipv6_policy",
            "module.this.aws_iam_role.this",
            "module.this.aws_iam_role_policy_attachment.this",
            "module.this.aws_security_group.cluster",
            "module.this.aws_security_group.node",
            "module.this.aws_security_group_rule.cluster",
            "module.this.aws_security_group_rule.node",
            "module.this.data.aws_caller_identity.current",
            "module.this.data.aws_iam_policy_document.assume_role_policy",
            "module.this.data.aws_iam_policy_document.cni_ipv6_policy",
            "module.this.data.aws_iam_session_context.current",
            "module.this.data.aws_partition.current",
            "module.this.data.tls_certificate.this",
            "module.this.module.kms.aws_kms_external_key.this",
            "module.this.module.kms.aws_kms_key.this",
            "module.this.module.kms.aws_kms_replica_external_key.this",
            "module.this.module.kms.aws_kms_replica_key.this",
            "module.this.module.kms.data.aws_caller_identity.current",
            "module.this.module.kms.data.aws_iam_policy_document.this",
            "module.this.module.kms.data.aws_partition.current",
            "module.vpc.aws_subnet.private",
            "module.vpc.aws_vpc.this",
            "module.vpc.aws_vpc_ipv4_cidr_block_association.this"
          ]
        }
      ]
    },
    {
      "module": "module.this[\"dev\"]",
      "mode": "managed",
      "type": "aws_iam_policy",
      "name": "cluster_encryption",
      "provider": "provider[\"registry.terraform.io/hashicorp/aws\"]",
      "instances": [
        {
          "index_key": 0,
          "schema_version": 0,
          "attributes": {
            "arn": "arn:aws:iam::628042573059:policy/dev-eks-lab-cluster-ClusterEncryption20240612222720694100000025",
            "attachment_count": 1,
            "description": "Cluster encryption policy to allow cluster role to utilize CMK provided",
            "id": "arn:aws:iam::628042573059:policy/dev-eks-lab-cluster-ClusterEncryption20240612222720694100000025",
            "name": "dev-eks-lab-cluster-ClusterEncryption20240612222720694100000025",
            "name_prefix": "dev-eks-lab-cluster-ClusterEncryption",
            "path": "/",
            "policy": "{\"Statement\":[{\"Action\":[\"kms:Encrypt\",\"kms:Decrypt\",\"kms:ListGrants\",\"kms:DescribeKey\"],\"Effect\":\"Allow\",\"Resource\":\"arn:aws:kms:us-east-1:628042573059:key/860cd0e3-ddb4-4b0d-a344-4e5d471514d8\"}],\"Version\":\"2012-10-17\"}",
            "policy_id": "ANPAZEOSBEUBW5O3IYCXX",
            "tags": {
              "Environment": "dev",
              "Terraform": "true"
            },
            "tags_all": {
              "Environment": "dev",
              "Terraform": "true"
            }
          },
          "sensitive_attributes": [],
          "private": "bnVsbA==",
          "dependencies": [
            "module.this.aws_iam_role.this",
            "module.this.data.aws_caller_identity.current",
            "module.this.data.aws_iam_policy_document.assume_role_policy",
            "module.this.data.aws_iam_session_context.current",
            "module.this.module.kms.aws_kms_external_key.this",
            "module.this.module.kms.aws_kms_key.this",
            "module.this.module.kms.aws_kms_replica_external_key.this",
            "module.this.module.kms.aws_kms_replica_key.this",
            "module.this.module.kms.data.aws_caller_identity.current",
            "module.this.module.kms.data.aws_iam_policy_document.this",
            "module.this.module.kms.data.aws_partition.current"
          ]
        }
      ]
    },
    {
      "module": "module.this[\"dev\"]",
      "mode": "managed",
      "type": "aws_iam_role",
      "name": "this",
      "provider": "provider[\"registry.terraform.io/hashicorp/aws\"]",
      "instances": [
        {
          "index_key": 0,
          "schema_version": 0,
          "attributes": {
            "arn": "arn:aws:iam::628042573059:role/dev-eks-lab-cluster-20240612222648470500000009",
            "assume_role_policy": "{\"Statement\":[{\"Action\":\"sts:AssumeRole\",\"Effect\":\"Allow\",\"Principal\":{\"Service\":\"eks.amazonaws.com\"},\"Sid\":\"EKSClusterAssumeRole\"}],\"Version\":\"2012-10-17\"}",
            "create_date": "2024-06-12T22:26:56Z",
            "description": "",
            "force_detach_policies": true,
            "id": "dev-eks-lab-cluster-20240612222648470500000009",
            "inline_policy": [
              {
                "name": "dev-eks-lab-cluster",
                "policy": "{\"Version\":\"2012-10-17\",\"Statement\":[{\"Action\":[\"logs:CreateLogGroup\"],\"Effect\":\"Deny\",\"Resource\":\"*\"}]}"
              }
            ],
            "managed_policy_arns": [
              "arn:aws:iam::628042573059:policy/dev-eks-lab-cluster-ClusterEncryption20240612222720694100000025",
              "arn:aws:iam::aws:policy/AmazonEKSClusterPolicy",
              "arn:aws:iam::aws:policy/AmazonEKSVPCResourceController"
            ],
            "max_session_duration": 3600,
            "name": "dev-eks-lab-cluster-20240612222648470500000009",
            "name_prefix": "dev-eks-lab-cluster-",
            "path": "/",
            "permissions_boundary": "",
            "tags": {
              "Environment": "dev",
              "Terraform": "true"
            },
            "tags_all": {
              "Environment": "dev",
              "Terraform": "true"
            },
            "unique_id": "AROAZEOSBEUBWESI6JETC"
          },
          "sensitive_attributes": [],
          "private": "bnVsbA==",
          "dependencies": [
            "module.this.data.aws_iam_policy_document.assume_role_policy"
          ],
          "create_before_destroy": true
        }
      ]
    },
    {
      "module": "module.this[\"dev\"]",
      "mode": "managed",
      "type": "aws_iam_role_policy_attachment",
      "name": "cluster_encryption",
      "provider": "provider[\"registry.terraform.io/hashicorp/aws\"]",
      "instances": [
        {
          "index_key": 0,
          "schema_version": 0,
          "attributes": {
            "id": "dev-eks-lab-cluster-20240612222648470500000009-20240612222721917600000028",
            "policy_arn": "arn:aws:iam::628042573059:policy/dev-eks-lab-cluster-ClusterEncryption20240612222720694100000025",
            "role": "dev-eks-lab-cluster-20240612222648470500000009"
          },
          "sensitive_attributes": [],
          "private": "bnVsbA==",
          "dependencies": [
            "module.this.aws_iam_policy.cluster_encryption",
            "module.this.aws_iam_role.this",
            "module.this.data.aws_caller_identity.current",
            "module.this.data.aws_iam_policy_document.assume_role_policy",
            "module.this.data.aws_iam_session_context.current",
            "module.this.module.kms.aws_kms_external_key.this",
            "module.this.module.kms.aws_kms_key.this",
            "module.this.module.kms.aws_kms_replica_external_key.this",
            "module.this.module.kms.aws_kms_replica_key.this",
            "module.this.module.kms.data.aws_caller_identity.current",
            "module.this.module.kms.data.aws_iam_policy_document.this",
            "module.this.module.kms.data.aws_partition.current"
          ]
        }
      ]
    },
    {
      "module": "module.this[\"dev\"]",
      "mode": "managed",
      "type": "aws_iam_role_policy_attachment",
      "name": "this",
      "provider": "provider[\"registry.terraform.io/hashicorp/aws\"]",
      "instances": [
        {
          "index_key": "AmazonEKSClusterPolicy",
          "schema_version": 0,
          "attributes": {
            "id": "dev-eks-lab-cluster-20240612222648470500000009-20240612222650176100000015",
            "policy_arn": "arn:aws:iam::aws:policy/AmazonEKSClusterPolicy",
            "role": "dev-eks-lab-cluster-20240612222648470500000009"
          },
          "sensitive_attributes": [],
          "private": "bnVsbA==",
          "dependencies": [
            "module.this.aws_iam_role.this",
            "module.this.data.aws_iam_policy_document.assume_role_policy",
            "module.this.data.aws_partition.current"
          ],
          "create_before_destroy": true
        },
        {
          "index_key": "AmazonEKSVPCResourceController",
          "schema_version": 0,
          "attributes": {
            "id": "dev-eks-lab-cluster-20240612222648470500000009-20240612222650186500000016",
            "policy_arn": "arn:aws:iam::aws:policy/AmazonEKSVPCResourceController",
            "role": "dev-eks-lab-cluster-20240612222648470500000009"
          },
          "sensitive_attributes": [],
          "private": "bnVsbA==",
          "dependencies": [
            "module.this.aws_iam_role.this",
            "module.this.data.aws_iam_policy_document.assume_role_policy",
            "module.this.data.aws_partition.current"
          ],
          "create_before_destroy": true
        }
      ]
    },
    {
      "module": "module.this[\"dev\"]",
      "mode": "managed",
      "type": "aws_security_group",
      "name": "cluster",
      "provider": "provider[\"registry.terraform.io/hashicorp/aws\"]",
      "instances": [
        {
          "index_key": 0,
          "schema_version": 1,
          "attributes": {
            "arn": "arn:aws:ec2:us-east-1:628042573059:security-group/sg-0f2c6006fcc20dd77",
            "description": "EKS cluster security group",
            "egress": [],
            "id": "sg-0f2c6006fcc20dd77",
            "ingress": [
              {
                "cidr_blocks": [],
                "description": "Node groups to cluster API",
                "from_port": 443,
                "ipv6_cidr_blocks": [],
                "prefix_list_ids": [],
                "protocol": "tcp",
                "security_groups": [
                  "sg-08d510d918fb5baab"
                ],
                "self": false,
                "to_port": 443
              }
            ],
            "name": "dev-eks-lab-cluster-2024061222270384780000001d",
            "name_prefix": "dev-eks-lab-cluster-",
            "owner_id": "628042573059",
            "revoke_rules_on_delete": false,
            "tags": {
              "Environment": "dev",
              "Name": "dev-eks-lab-cluster",
              "Terraform": "true"
            },
            "tags_all": {
              "Environment": "dev",
              "Name": "dev-eks-lab-cluster",
              "Terraform": "true"
            },
            "timeouts": null,
            "vpc_id": "vpc-0f428588a50a2b847"
          },
          "sensitive_attributes": [],
          "private": "eyJlMmJmYjczMC1lY2FhLTExZTYtOGY4OC0zNDM2M2JjN2M0YzAiOnsiY3JlYXRlIjo2MDAwMDAwMDAwMDAsImRlbGV0ZSI6OTAwMDAwMDAwMDAwfSwic2NoZW1hX3ZlcnNpb24iOiIxIn0=",
          "dependencies": [
            "module.vpc.aws_vpc.this"
          ],
          "create_before_destroy": true
        }
      ]
    },
    {
      "module": "module.this[\"dev\"]",
      "mode": "managed",
      "type": "aws_security_group",
      "name": "node",
      "provider": "provider[\"registry.terraform.io/hashicorp/aws\"]",
      "instances": [
        {
          "index_key": 0,
          "schema_version": 1,
          "attributes": {
            "arn": "arn:aws:ec2:us-east-1:628042573059:security-group/sg-08d510d918fb5baab",
            "description": "EKS node shared security group",
            "egress": [
              {
                "cidr_blocks": [
                  "0.0.0.0/0"
                ],
                "description": "Allow all egress",
                "from_port": 0,
                "ipv6_cidr_blocks": [],
                "prefix_list_ids": [],
                "protocol": "-1",
                "security_groups": [],
                "self": false,
                "to_port": 0
              }
            ],
            "id": "sg-08d510d918fb5baab",
            "ingress": [
              {
                "cidr_blocks": [],
                "description": "Cluster API to node 4443/tcp webhook",
                "from_port": 4443,
                "ipv6_cidr_blocks": [],
                "prefix_list_ids": [],
                "protocol": "tcp",
                "security_groups": [
                  "sg-0f2c6006fcc20dd77"
                ],
                "self": false,
                "to_port": 4443
              },
              {
                "cidr_blocks": [],
                "description": "Cluster API to node 6443/tcp webhook",
                "from_port": 6443,
                "ipv6_cidr_blocks": [],
                "prefix_list_ids": [],
                "protocol": "tcp",
                "security_groups": [
                  "sg-0f2c6006fcc20dd77"
                ],
                "self": false,
                "to_port": 6443
              },
              {
                "cidr_blocks": [],
                "description": "Cluster API to node 8443/tcp webhook",
                "from_port": 8443,
                "ipv6_cidr_blocks": [],
                "prefix_list_ids": [],
                "protocol": "tcp",
                "security_groups": [
                  "sg-0f2c6006fcc20dd77"
                ],
                "self": false,
                "to_port": 8443
              },
              {
                "cidr_blocks": [],
                "description": "Cluster API to node 9443/tcp webhook",
                "from_port": 9443,
                "ipv6_cidr_blocks": [],
                "prefix_list_ids": [],
                "protocol": "tcp",
                "security_groups": [
                  "sg-0f2c6006fcc20dd77"
                ],
                "self": false,
                "to_port": 9443
              },
              {
                "cidr_blocks": [],
                "description": "Cluster API to node groups",
                "from_port": 443,
                "ipv6_cidr_blocks": [],
                "prefix_list_ids": [],
                "protocol": "tcp",
                "security_groups": [
                  "sg-0f2c6006fcc20dd77"
                ],
                "self": false,
                "to_port": 443
              },
              {
                "cidr_blocks": [],
                "description": "Cluster API to node kubelets",
                "from_port": 10250,
                "ipv6_cidr_blocks": [],
                "prefix_list_ids": [],
                "protocol": "tcp",
                "security_groups": [
                  "sg-0f2c6006fcc20dd77"
                ],
                "self": false,
                "to_port": 10250
              },
              {
                "cidr_blocks": [],
                "description": "Node to node CoreDNS UDP",
                "from_port": 53,
                "ipv6_cidr_blocks": [],
                "prefix_list_ids": [],
                "protocol": "udp",
                "security_groups": [],
                "self": true,
                "to_port": 53
              },
              {
                "cidr_blocks": [],
                "description": "Node to node CoreDNS",
                "from_port": 53,
                "ipv6_cidr_blocks": [],
                "prefix_list_ids": [],
                "protocol": "tcp",
                "security_groups": [],
                "self": true,
                "to_port": 53
              },
              {
                "cidr_blocks": [],
                "description": "Node to node ingress on ephemeral ports",
                "from_port": 1025,
                "ipv6_cidr_blocks": [],
                "prefix_list_ids": [],
                "protocol": "tcp",
                "security_groups": [],
                "self": true,
                "to_port": 65535
              }
            ],
            "name": "dev-eks-lab-node-2024061222270404700000001e",
            "name_prefix": "dev-eks-lab-node-",
            "owner_id": "628042573059",
            "revoke_rules_on_delete": false,
            "tags": {
              "Environment": "dev",
              "Name": "dev-eks-lab-node",
              "Terraform": "true",
              "kubernetes.io/cluster/dev-eks-lab": "owned"
            },
            "tags_all": {
              "Environment": "dev",
              "Name": "dev-eks-lab-node",
              "Terraform": "true",
              "kubernetes.io/cluster/dev-eks-lab": "owned"
            },
            "timeouts": null,
            "vpc_id": "vpc-0f428588a50a2b847"
          },
          "sensitive_attributes": [],
          "private": "eyJlMmJmYjczMC1lY2FhLTExZTYtOGY4OC0zNDM2M2JjN2M0YzAiOnsiY3JlYXRlIjo2MDAwMDAwMDAwMDAsImRlbGV0ZSI6OTAwMDAwMDAwMDAwfSwic2NoZW1hX3ZlcnNpb24iOiIxIn0=",
          "dependencies": [
            "module.vpc.aws_vpc.this"
          ],
          "create_before_destroy": true
        }
      ]
    },
    {
      "module": "module.this[\"dev\"]",
      "mode": "managed",
      "type": "aws_security_group_rule",
      "name": "cluster",
      "provider": "provider[\"registry.terraform.io/hashicorp/aws\"]",
      "instances": [
        {
          "index_key": "ingress_nodes_443",
          "schema_version": 2,
          "attributes": {
            "cidr_blocks": null,
            "description": "Node groups to cluster API",
            "from_port": 443,
            "id": "sgrule-3060002626",
            "ipv6_cidr_blocks": null,
            "prefix_list_ids": null,
            "protocol": "tcp",
            "security_group_id": "sg-0f2c6006fcc20dd77",
            "security_group_rule_id": "sgr-02ffba1ea4577ef98",
            "self": false,
            "source_security_group_id": "sg-08d510d918fb5baab",
            "timeouts": null,
            "to_port": 443,
            "type": "ingress"
          },
          "sensitive_attributes": [],
          "private": "eyJlMmJmYjczMC1lY2FhLTExZTYtOGY4OC0zNDM2M2JjN2M0YzAiOnsiY3JlYXRlIjozMDAwMDAwMDAwMDB9LCJzY2hlbWFfdmVyc2lvbiI6IjIifQ==",
          "dependencies": [
            "module.this.aws_security_group.cluster",
            "module.this.aws_security_group.node",
            "module.vpc.aws_vpc.this"
          ],
          "create_before_destroy": true
        }
      ]
    },
    {
      "module": "module.this[\"dev\"]",
      "mode": "managed",
      "type": "aws_security_group_rule",
      "name": "node",
      "provider": "provider[\"registry.terraform.io/hashicorp/aws\"]",
      "instances": [
        {
          "index_key": "egress_all",
          "schema_version": 2,
          "attributes": {
            "cidr_blocks": [
              "0.0.0.0/0"
            ],
            "description": "Allow all egress",
            "from_port": 0,
            "id": "sgrule-763749655",
            "ipv6_cidr_blocks": null,
            "prefix_list_ids": [],
            "protocol": "-1",
            "security_group_id": "sg-08d510d918fb5baab",
            "security_group_rule_id": "sgr-07a0646680ff2ea72",
            "self": false,
            "source_security_group_id": null,
            "timeouts": null,
            "to_port": 0,
            "type": "egress"
          },
          "sensitive_attributes": [],
          "private": "eyJlMmJmYjczMC1lY2FhLTExZTYtOGY4OC0zNDM2M2JjN2M0YzAiOnsiY3JlYXRlIjozMDAwMDAwMDAwMDB9LCJzY2hlbWFfdmVyc2lvbiI6IjIifQ==",
          "dependencies": [
            "module.this.aws_security_group.cluster",
            "module.this.aws_security_group.node",
            "module.vpc.aws_vpc.this"
          ],
          "create_before_destroy": true
        },
        {
          "index_key": "ingress_cluster_443",
          "schema_version": 2,
          "attributes": {
            "cidr_blocks": null,
            "description": "Cluster API to node groups",
            "from_port": 443,
            "id": "sgrule-1284688754",
            "ipv6_cidr_blocks": null,
            "prefix_list_ids": [],
            "protocol": "tcp",
            "security_group_id": "sg-08d510d918fb5baab",
            "security_group_rule_id": "sgr-0d49f85586ac137cd",
            "self": false,
            "source_security_group_id": "sg-0f2c6006fcc20dd77",
            "timeouts": null,
            "to_port": 443,
            "type": "ingress"
          },
          "sensitive_attributes": [],
          "private": "eyJlMmJmYjczMC1lY2FhLTExZTYtOGY4OC0zNDM2M2JjN2M0YzAiOnsiY3JlYXRlIjozMDAwMDAwMDAwMDB9LCJzY2hlbWFfdmVyc2lvbiI6IjIifQ==",
          "dependencies": [
            "module.this.aws_security_group.cluster",
            "module.this.aws_security_group.node",
            "module.vpc.aws_vpc.this"
          ],
          "create_before_destroy": true
        },
        {
          "index_key": "ingress_cluster_4443_webhook",
          "schema_version": 2,
          "attributes": {
            "cidr_blocks": null,
            "description": "Cluster API to node 4443/tcp webhook",
            "from_port": 4443,
            "id": "sgrule-2776861236",
            "ipv6_cidr_blocks": null,
            "prefix_list_ids": [],
            "protocol": "tcp",
            "security_group_id": "sg-08d510d918fb5baab",
            "security_group_rule_id": "sgr-07f27841b7bd23ee8",
            "self": false,
            "source_security_group_id": "sg-0f2c6006fcc20dd77",
            "timeouts": null,
            "to_port": 4443,
            "type": "ingress"
          },
          "sensitive_attributes": [],
          "private": "eyJlMmJmYjczMC1lY2FhLTExZTYtOGY4OC0zNDM2M2JjN2M0YzAiOnsiY3JlYXRlIjozMDAwMDAwMDAwMDB9LCJzY2hlbWFfdmVyc2lvbiI6IjIifQ==",
          "dependencies": [
            "module.this.aws_security_group.cluster",
            "module.this.aws_security_group.node",
            "module.vpc.aws_vpc.this"
          ],
          "create_before_destroy": true
        },
        {
          "index_key": "ingress_cluster_6443_webhook",
          "schema_version": 2,
          "attributes": {
            "cidr_blocks": null,
            "description": "Cluster API to node 6443/tcp webhook",
            "from_port": 6443,
            "id": "sgrule-1824648610",
            "ipv6_cidr_blocks": null,
            "prefix_list_ids": [],
            "protocol": "tcp",
            "security_group_id": "sg-08d510d918fb5baab",
            "security_group_rule_id": "sgr-0acf95caefb1ff770",
            "self": false,
            "source_security_group_id": "sg-0f2c6006fcc20dd77",
            "timeouts": null,
            "to_port": 6443,
            "type": "ingress"
          },
          "sensitive_attributes": [],
          "private": "eyJlMmJmYjczMC1lY2FhLTExZTYtOGY4OC0zNDM2M2JjN2M0YzAiOnsiY3JlYXRlIjozMDAwMDAwMDAwMDB9LCJzY2hlbWFfdmVyc2lvbiI6IjIifQ==",
          "dependencies": [
            "module.this.aws_security_group.cluster",
            "module.this.aws_security_group.node",
            "module.vpc.aws_vpc.this"
          ],
          "create_before_destroy": true
        },
        {
          "index_key": "ingress_cluster_8443_webhook",
          "schema_version": 2,
          "attributes": {
            "cidr_blocks": null,
            "description": "Cluster API to node 8443/tcp webhook",
            "from_port": 8443,
            "id": "sgrule-2141049219",
            "ipv6_cidr_blocks": null,
            "prefix_list_ids": [],
            "protocol": "tcp",
            "security_group_id": "sg-08d510d918fb5baab",
            "security_group_rule_id": "sgr-00b24ab32ef4e7e26",
            "self": false,
            "source_security_group_id": "sg-0f2c6006fcc20dd77",
            "timeouts": null,
            "to_port": 8443,
            "type": "ingress"
          },
          "sensitive_attributes": [],
          "private": "eyJlMmJmYjczMC1lY2FhLTExZTYtOGY4OC0zNDM2M2JjN2M0YzAiOnsiY3JlYXRlIjozMDAwMDAwMDAwMDB9LCJzY2hlbWFfdmVyc2lvbiI6IjIifQ==",
          "dependencies": [
            "module.this.aws_security_group.cluster",
            "module.this.aws_security_group.node",
            "module.vpc.aws_vpc.this"
          ],
          "create_before_destroy": true
        },
        {
          "index_key": "ingress_cluster_9443_webhook",
          "schema_version": 2,
          "attributes": {
            "cidr_blocks": null,
            "description": "Cluster API to node 9443/tcp webhook",
            "from_port": 9443,
            "id": "sgrule-456974920",
            "ipv6_cidr_blocks": null,
            "prefix_list_ids": [],
            "protocol": "tcp",
            "security_group_id": "sg-08d510d918fb5baab",
            "security_group_rule_id": "sgr-08e2c022462cc5638",
            "self": false,
            "source_security_group_id": "sg-0f2c6006fcc20dd77",
            "timeouts": null,
            "to_port": 9443,
            "type": "ingress"
          },
          "sensitive_attributes": [],
          "private": "eyJlMmJmYjczMC1lY2FhLTExZTYtOGY4OC0zNDM2M2JjN2M0YzAiOnsiY3JlYXRlIjozMDAwMDAwMDAwMDB9LCJzY2hlbWFfdmVyc2lvbiI6IjIifQ==",
          "dependencies": [
            "module.this.aws_security_group.cluster",
            "module.this.aws_security_group.node",
            "module.vpc.aws_vpc.this"
          ],
          "create_before_destroy": true
        },
        {
          "index_key": "ingress_cluster_kubelet",
          "schema_version": 2,
          "attributes": {
            "cidr_blocks": null,
            "description": "Cluster API to node kubelets",
            "from_port": 10250,
            "id": "sgrule-3105697070",
            "ipv6_cidr_blocks": null,
            "prefix_list_ids": [],
            "protocol": "tcp",
            "security_group_id": "sg-08d510d918fb5baab",
            "security_group_rule_id": "sgr-0b1cc954cedb9a731",
            "self": false,
            "source_security_group_id": "sg-0f2c6006fcc20dd77",
            "timeouts": null,
            "to_port": 10250,
            "type": "ingress"
          },
          "sensitive_attributes": [],
          "private": "eyJlMmJmYjczMC1lY2FhLTExZTYtOGY4OC0zNDM2M2JjN2M0YzAiOnsiY3JlYXRlIjozMDAwMDAwMDAwMDB9LCJzY2hlbWFfdmVyc2lvbiI6IjIifQ==",
          "dependencies": [
            "module.this.aws_security_group.cluster",
            "module.this.aws_security_group.node",
            "module.vpc.aws_vpc.this"
          ],
          "create_before_destroy": true
        },
        {
          "index_key": "ingress_nodes_ephemeral",
          "schema_version": 2,
          "attributes": {
            "cidr_blocks": null,
            "description": "Node to node ingress on ephemeral ports",
            "from_port": 1025,
            "id": "sgrule-776960100",
            "ipv6_cidr_blocks": null,
            "prefix_list_ids": [],
            "protocol": "tcp",
            "security_group_id": "sg-08d510d918fb5baab",
            "security_group_rule_id": "sgr-0ca4586ff04d4978a",
            "self": true,
            "source_security_group_id": null,
            "timeouts": null,
            "to_port": 65535,
            "type": "ingress"
          },
          "sensitive_attributes": [],
          "private": "eyJlMmJmYjczMC1lY2FhLTExZTYtOGY4OC0zNDM2M2JjN2M0YzAiOnsiY3JlYXRlIjozMDAwMDAwMDAwMDB9LCJzY2hlbWFfdmVyc2lvbiI6IjIifQ==",
          "dependencies": [
            "module.this.aws_security_group.cluster",
            "module.this.aws_security_group.node",
            "module.vpc.aws_vpc.this"
          ],
          "create_before_destroy": true
        },
        {
          "index_key": "ingress_self_coredns_tcp",
          "schema_version": 2,
          "attributes": {
            "cidr_blocks": null,
            "description": "Node to node CoreDNS",
            "from_port": 53,
            "id": "sgrule-717697917",
            "ipv6_cidr_blocks": null,
            "prefix_list_ids": [],
            "protocol": "tcp",
            "security_group_id": "sg-08d510d918fb5baab",
            "security_group_rule_id": "sgr-07a8ebd3317363a7c",
            "self": true,
            "source_security_group_id": null,
            "timeouts": null,
            "to_port": 53,
            "type": "ingress"
          },
          "sensitive_attributes": [],
          "private": "eyJlMmJmYjczMC1lY2FhLTExZTYtOGY4OC0zNDM2M2JjN2M0YzAiOnsiY3JlYXRlIjozMDAwMDAwMDAwMDB9LCJzY2hlbWFfdmVyc2lvbiI6IjIifQ==",
          "dependencies": [
            "module.this.aws_security_group.cluster",
            "module.this.aws_security_group.node",
            "module.vpc.aws_vpc.this"
          ],
          "create_before_destroy": true
        },
        {
          "index_key": "ingress_self_coredns_udp",
          "schema_version": 2,
          "attributes": {
            "cidr_blocks": null,
            "description": "Node to node CoreDNS UDP",
            "from_port": 53,
            "id": "sgrule-2392363154",
            "ipv6_cidr_blocks": null,
            "prefix_list_ids": [],
            "protocol": "udp",
            "security_group_id": "sg-08d510d918fb5baab",
            "security_group_rule_id": "sgr-0c823f27e3e918e1a",
            "self": true,
            "source_security_group_id": null,
            "timeouts": null,
            "to_port": 53,
            "type": "ingress"
          },
          "sensitive_attributes": [],
          "private": "eyJlMmJmYjczMC1lY2FhLTExZTYtOGY4OC0zNDM2M2JjN2M0YzAiOnsiY3JlYXRlIjozMDAwMDAwMDAwMDB9LCJzY2hlbWFfdmVyc2lvbiI6IjIifQ==",
          "dependencies": [
            "module.this.aws_security_group.cluster",
            "module.this.aws_security_group.node",
            "module.vpc.aws_vpc.this"
          ],
          "create_before_destroy": true
        }
      ]
    },
    {
      "module": "module.this[\"dev\"]",
      "mode": "managed",
      "type": "time_sleep",
      "name": "this",
      "provider": "provider[\"registry.terraform.io/hashicorp/time\"]",
      "instances": [
        {
          "index_key": 0,
          "schema_version": 0,
          "attributes": {
            "create_duration": "30s",
            "destroy_duration": null,
            "id": "2024-06-12T22:36:51Z",
            "triggers": {
              "cluster_certificate_authority_data": "LS0tLS1CRUdJTiBDRVJUSUZJQ0FURS0tLS0tCk1JSURCVENDQWUyZ0F3SUJBZ0lJU2RkQTg5U3lPTTR3RFFZSktvWklodmNOQVFFTEJRQXdGVEVUTUJFR0ExVUUKQXhNS2EzVmlaWEp1WlhSbGN6QWVGdzB5TkRBMk1USXlNakkyTkRWYUZ3MHpOREEyTVRBeU1qTXhORFZhTUJVeApFekFSQmdOVkJBTVRDbXQxWW1WeWJtVjBaWE13Z2dFaU1BMEdDU3FHU0liM0RRRUJBUVVBQTRJQkR3QXdnZ0VLCkFvSUJBUUR4aTl2WVg4eVR2MjVSSW5WNG5zRXdQSEhrdkNXSmJPQzNhbXUzNWwvSkxKNXNOQzNNdEowbk1iNGMKVEpYRUhsS1B5VEJDL0dyMEdYMWE4L0FxZHV3VkJWRDlGYkRmazd1U3dHQ0xYMjl3UDRrc2ZVTE9XUzljeWV5WQpYUTViZm1CbmJKOGNIUDlUQmFNWmhlai9OOE4wY1E5aFlLdmQ5NEJ1V3ZUaHVBTzY5cDE1MWQrSVNycTAvNExYCmVvdkJMUDVCR09HcFVRZ1pURkJ3YjJGYmQxbFEyckpJejltVG5YOFZEWmxSNm9BZnhNMmZwSDVhOXBKTDN4OXIKd2cveWRhNEVoVVpXWlRxQURHRkNGS0hPM1RLZGVCSkdaVUlVelhEb0VoTEhYN3dNN3FBekxTcGs5ck40a3lzZQp3UTJycG81a2RpRWtpdFlqQzhha2lGSUVMTWNSQWdNQkFBR2pXVEJYTUE0R0ExVWREd0VCL3dRRUF3SUNwREFQCkJnTlZIUk1CQWY4RUJUQURBUUgvTUIwR0ExVWREZ1FXQkJTQ0dMUVIvbmxjUEV2V3M2UGRFNG1oUFJXMUlqQVYKQmdOVkhSRUVEakFNZ2dwcmRXSmxjbTVsZEdWek1BMEdDU3FHU0liM0RRRUJDd1VBQTRJQkFRQVh4bmRRemlzNgpBQmYvbnNGN1JtTTBmaElYSWl5d0h3N1FPcnpyL2tHcUMxVjRnMElxamU3ZUxtV3RoZ0Y3bHViZHk1RXNHTEFwCkJXMnZoTE04dHB5RDl3clNXREZrVDF3MEdwRjVnaEJwMzB1THQ0eENpVnEzZ1FoT21JWUtzM3U0MUROZ3JEemsKbW42MkhKV09qQkdaYmxadTJCLy84RlN5bW5sRUx3aHZoOUJjOTVQOXpKKzZRc0ZuSDFFUUM3VkpOUFJES0g1bgpTdXNUbkd3cStRVGNmR2tlN2dDVHNRN3hKQ0daSm5pUEtsbXFJckk1SVBvb3dHV05uSkIwbGg1Kzl2Sjk4djEyCm1ackFGL0pEcmo4VzM1dGkwbXFaVG5DMlM5Z21lWFdjRzhKdzZiSmpiWis1WlYvRm45MzdKbjNvTnpEbnhoc0wKMU1DS0hNZHRHYllOCi0tLS0tRU5EIENFUlRJRklDQVRFLS0tLS0K",
              "cluster_endpoint": "https://C796A090D2FE43B6382D22A0B0E97251.gr7.us-east-1.eks.amazonaws.com",
              "cluster_name": "dev-eks-lab",
              "cluster_service_cidr": "172.20.0.0/16",
              "cluster_version": "1.29"
            }
          },
          "sensitive_attributes": [],
          "dependencies": [
            "module.this.aws_cloudwatch_log_group.this",
            "module.this.aws_eks_cluster.this",
            "module.this.aws_iam_policy.cni_ipv6_policy",
            "module.this.aws_iam_role.this",
            "module.this.aws_iam_role_policy_attachment.this",
            "module.this.aws_security_group.cluster",
            "module.this.aws_security_group.node",
            "module.this.aws_security_group_rule.cluster",
            "module.this.aws_security_group_rule.node",
            "module.this.data.aws_caller_identity.current",
            "module.this.data.aws_iam_policy_document.assume_role_policy",
            "module.this.data.aws_iam_policy_document.cni_ipv6_policy",
            "module.this.data.aws_iam_session_context.current",
            "module.this.data.aws_partition.current",
            "module.this.module.kms.aws_kms_external_key.this",
            "module.this.module.kms.aws_kms_key.this",
            "module.this.module.kms.aws_kms_replica_external_key.this",
            "module.this.module.kms.aws_kms_replica_key.this",
            "module.this.module.kms.data.aws_caller_identity.current",
            "module.this.module.kms.data.aws_iam_policy_document.this",
            "module.this.module.kms.data.aws_partition.current",
            "module.vpc.aws_subnet.private",
            "module.vpc.aws_vpc.this",
            "module.vpc.aws_vpc_ipv4_cidr_block_association.this"
          ],
          "create_before_destroy": true
        }
      ]
    },
    {
      "module": "module.this[\"dev\"].module.eks_managed_node_group[\"eks_nodes\"]",
      "mode": "data",
      "type": "aws_caller_identity",
      "name": "current",
      "provider": "provider[\"registry.terraform.io/hashicorp/aws\"]",
      "instances": [
        {
          "schema_version": 0,
          "attributes": {
            "account_id": "628042573059",
            "arn": "arn:aws:iam::628042573059:user/Bernardo",
            "id": "628042573059",
            "user_id": "AIDAZEOSBEUBQASQAWFQ3"
          },
          "sensitive_attributes": []
        }
      ]
    },
    {
      "module": "module.this[\"dev\"].module.eks_managed_node_group[\"eks_nodes\"]",
      "mode": "data",
      "type": "aws_iam_policy_document",
      "name": "assume_role_policy",
      "provider": "provider[\"registry.terraform.io/hashicorp/aws\"]",
      "instances": [
        {
          "index_key": 0,
          "schema_version": 0,
          "attributes": {
            "id": "2560088296",
            "json": "{\n  \"Version\": \"2012-10-17\",\n  \"Statement\": [\n    {\n      \"Sid\": \"EKSNodeAssumeRole\",\n      \"Effect\": \"Allow\",\n      \"Action\": \"sts:AssumeRole\",\n      \"Principal\": {\n        \"Service\": \"ec2.amazonaws.com\"\n      }\n    }\n  ]\n}",
            "minified_json": "{\"Version\":\"2012-10-17\",\"Statement\":[{\"Sid\":\"EKSNodeAssumeRole\",\"Effect\":\"Allow\",\"Action\":\"sts:AssumeRole\",\"Principal\":{\"Service\":\"ec2.amazonaws.com\"}}]}",
            "override_json": null,
            "override_policy_documents": null,
            "policy_id": null,
            "source_json": null,
            "source_policy_documents": null,
            "statement": [
              {
                "actions": [
                  "sts:AssumeRole"
                ],
                "condition": [],
                "effect": "Allow",
                "not_actions": [],
                "not_principals": [],
                "not_resources": [],
                "principals": [
                  {
                    "identifiers": [
                      "ec2.amazonaws.com"
                    ],
                    "type": "Service"
                  }
                ],
                "resources": [],
                "sid": "EKSNodeAssumeRole"
              }
            ],
            "version": "2012-10-17"
          },
          "sensitive_attributes": []
        }
      ]
    },
    {
      "module": "module.this[\"dev\"].module.eks_managed_node_group[\"eks_nodes\"]",
      "mode": "data",
      "type": "aws_partition",
      "name": "current",
      "provider": "provider[\"registry.terraform.io/hashicorp/aws\"]",
      "instances": [
        {
          "schema_version": 0,
          "attributes": {
            "dns_suffix": "amazonaws.com",
            "id": "aws",
            "partition": "aws",
            "reverse_dns_prefix": "com.amazonaws"
          },
          "sensitive_attributes": []
        }
      ]
    },
    {
      "module": "module.this[\"dev\"].module.eks_managed_node_group[\"eks_nodes\"]",
      "mode": "managed",
      "type": "aws_eks_node_group",
      "name": "this",
      "provider": "provider[\"registry.terraform.io/hashicorp/aws\"]",
      "instances": [
        {
          "index_key": 0,
          "schema_version": 0,
          "attributes": {
            "ami_type": "AL2_x86_64",
            "arn": "arn:aws:eks:us-east-1:628042573059:nodegroup/dev-eks-lab/eks_nodes-20240612223652987700000031/20c8074c-75f4-44b2-cccd-1bfde252b4f7",
            "capacity_type": "ON_DEMAND",
            "cluster_name": "dev-eks-lab",
            "disk_size": 0,
            "force_update_version": null,
            "id": "dev-eks-lab:eks_nodes-20240612223652987700000031",
            "instance_types": [
              "t3.medium",
              "t3a.medium"
            ],
            "labels": {},
            "launch_template": [
              {
                "id": "lt-0b8c4137c0a1422ad",
                "name": "eks_nodes-2024061222365160700000002b",
                "version": "1"
              }
            ],
            "node_group_name": "eks_nodes-20240612223652987700000031",
            "node_group_name_prefix": "eks_nodes-",
            "node_role_arn": "arn:aws:iam::628042573059:role/eks_nodes-eks-node-group-20240612222647151900000003",
            "release_version": "1.29.3-20240605",
            "remote_access": [],
            "resources": [
              {
                "autoscaling_groups": [
                  {
                    "name": "eks-eks_nodes-20240612223652987700000031-20c8074c-75f4-44b2-cccd-1bfde252b4f7"
                  }
                ],
                "remote_access_security_group_id": ""
              }
            ],
            "scaling_config": [
              {
                "desired_size": 1,
                "max_size": 3,
                "min_size": 1
              }
            ],
            "status": "ACTIVE",
            "subnet_ids": [
              "subnet-000b973781340dec4",
              "subnet-0a0ec2b81080edb7e",
              "subnet-0e7ea0297b4296393"
            ],
            "tags": {
              "Environment": "dev",
              "Name": "eks_nodes",
              "Terraform": "true"
            },
            "tags_all": {
              "Environment": "dev",
              "Name": "eks_nodes",
              "Terraform": "true"
            },
            "taint": [],
            "timeouts": {
              "create": null,
              "delete": null,
              "update": null
            },
            "update_config": [
              {
                "max_unavailable": 0,
                "max_unavailable_percentage": 33
              }
            ],
            "version": "1.29"
          },
          "sensitive_attributes": [],
          "private": "eyJlMmJmYjczMC1lY2FhLTExZTYtOGY4OC0zNDM2M2JjN2M0YzAiOnsiY3JlYXRlIjozNjAwMDAwMDAwMDAwLCJkZWxldGUiOjM2MDAwMDAwMDAwMDAsInVwZGF0ZSI6MzYwMDAwMDAwMDAwMH19",
          "dependencies": [
            "module.this.aws_cloudwatch_log_group.this",
            "module.this.aws_eks_cluster.this",
            "module.this.aws_iam_policy.cni_ipv6_policy",
            "module.this.aws_iam_role.this",
            "module.this.aws_iam_role_policy_attachment.this",
            "module.this.aws_security_group.cluster",
            "module.this.aws_security_group.node",
            "module.this.aws_security_group_rule.cluster",
            "module.this.aws_security_group_rule.node",
            "module.this.data.aws_caller_identity.current",
            "module.this.data.aws_iam_policy_document.assume_role_policy",
            "module.this.data.aws_iam_policy_document.cni_ipv6_policy",
            "module.this.data.aws_iam_session_context.current",
            "module.this.data.aws_partition.current",
            "module.this.module.eks_managed_node_group.aws_iam_role.this",
            "module.this.module.eks_managed_node_group.aws_iam_role_policy_attachment.this",
            "module.this.module.eks_managed_node_group.aws_launch_template.this",
            "module.this.module.eks_managed_node_group.aws_placement_group.this",
            "module.this.module.eks_managed_node_group.data.aws_caller_identity.current",
            "module.this.module.eks_managed_node_group.data.aws_ec2_instance_type.this",
            "module.this.module.eks_managed_node_group.data.aws_ec2_instance_type_offerings.this",
            "module.this.module.eks_managed_node_group.data.aws_iam_policy_document.assume_role_policy",
            "module.this.module.eks_managed_node_group.data.aws_partition.current",
            "module.this.module.eks_managed_node_group.data.aws_ssm_parameter.ami",
            "module.this.module.eks_managed_node_group.data.aws_subnets.efa",
            "module.this.module.eks_managed_node_group.module.user_data.data.cloudinit_config.al2023_eks_managed_node_group",
            "module.this.module.eks_managed_node_group.module.user_data.data.cloudinit_config.linux_eks_managed_node_group",
            "module.this.module.kms.aws_kms_external_key.this",
            "module.this.module.kms.aws_kms_key.this",
            "module.this.module.kms.aws_kms_replica_external_key.this",
            "module.this.module.kms.aws_kms_replica_key.this",
            "module.this.module.kms.data.aws_caller_identity.current",
            "module.this.module.kms.data.aws_iam_policy_document.this",
            "module.this.module.kms.data.aws_partition.current",
            "module.this.time_sleep.this",
            "module.vpc.aws_subnet.private",
            "module.vpc.aws_vpc.this",
            "module.vpc.aws_vpc_ipv4_cidr_block_association.this"
          ],
          "create_before_destroy": true
        }
      ]
    },
    {
      "module": "module.this[\"dev\"].module.eks_managed_node_group[\"eks_nodes\"]",
      "mode": "managed",
      "type": "aws_iam_role",
      "name": "this",
      "provider": "provider[\"registry.terraform.io/hashicorp/aws\"]",
      "instances": [
        {
          "index_key": 0,
          "schema_version": 0,
          "attributes": {
            "arn": "arn:aws:iam::628042573059:role/eks_nodes-eks-node-group-20240612222647151900000003",
            "assume_role_policy": "{\"Statement\":[{\"Action\":\"sts:AssumeRole\",\"Effect\":\"Allow\",\"Principal\":{\"Service\":\"ec2.amazonaws.com\"},\"Sid\":\"EKSNodeAssumeRole\"}],\"Version\":\"2012-10-17\"}",
            "create_date": "2024-06-12T22:26:56Z",
            "description": "EKS managed node group IAM role",
            "force_detach_policies": true,
            "id": "eks_nodes-eks-node-group-20240612222647151900000003",
            "inline_policy": [],
            "managed_policy_arns": [
              "arn:aws:iam::aws:policy/AmazonEC2ContainerRegistryReadOnly",
              "arn:aws:iam::aws:policy/AmazonEKSWorkerNodePolicy",
              "arn:aws:iam::aws:policy/AmazonEKS_CNI_Policy"
            ],
            "max_session_duration": 3600,
            "name": "eks_nodes-eks-node-group-20240612222647151900000003",
            "name_prefix": "eks_nodes-eks-node-group-",
            "path": "/",
            "permissions_boundary": "",
            "tags": {
              "Environment": "dev",
              "Terraform": "true"
            },
            "tags_all": {
              "Environment": "dev",
              "Terraform": "true"
            },
            "unique_id": "AROAZEOSBEUBWHDARUZX6"
          },
          "sensitive_attributes": [],
          "private": "bnVsbA==",
          "dependencies": [
            "module.this.module.eks_managed_node_group.data.aws_iam_policy_document.assume_role_policy"
          ],
          "create_before_destroy": true
        }
      ]
    },
    {
      "module": "module.this[\"dev\"].module.eks_managed_node_group[\"eks_nodes\"]",
      "mode": "managed",
      "type": "aws_iam_role_policy_attachment",
      "name": "this",
      "provider": "provider[\"registry.terraform.io/hashicorp/aws\"]",
      "instances": [
        {
          "index_key": "AmazonEC2ContainerRegistryReadOnly",
          "schema_version": 0,
          "attributes": {
            "id": "eks_nodes-eks-node-group-20240612222647151900000003-20240612222649957700000013",
            "policy_arn": "arn:aws:iam::aws:policy/AmazonEC2ContainerRegistryReadOnly",
            "role": "eks_nodes-eks-node-group-20240612222647151900000003"
          },
          "sensitive_attributes": [],
          "private": "bnVsbA==",
          "dependencies": [
            "module.this.module.eks_managed_node_group.aws_iam_role.this",
            "module.this.module.eks_managed_node_group.data.aws_caller_identity.current",
            "module.this.module.eks_managed_node_group.data.aws_iam_policy_document.assume_role_policy",
            "module.this.module.eks_managed_node_group.data.aws_partition.current"
          ],
          "create_before_destroy": true
        },
        {
          "index_key": "AmazonEKSWorkerNodePolicy",
          "schema_version": 0,
          "attributes": {
            "id": "eks_nodes-eks-node-group-20240612222647151900000003-20240612222649701100000011",
            "policy_arn": "arn:aws:iam::aws:policy/AmazonEKSWorkerNodePolicy",
            "role": "eks_nodes-eks-node-group-20240612222647151900000003"
          },
          "sensitive_attributes": [],
          "private": "bnVsbA==",
          "dependencies": [
            "module.this.module.eks_managed_node_group.aws_iam_role.this",
            "module.this.module.eks_managed_node_group.data.aws_caller_identity.current",
            "module.this.module.eks_managed_node_group.data.aws_iam_policy_document.assume_role_policy",
            "module.this.module.eks_managed_node_group.data.aws_partition.current"
          ],
          "create_before_destroy": true
        },
        {
          "index_key": "AmazonEKS_CNI_Policy",
          "schema_version": 0,
          "attributes": {
            "id": "eks_nodes-eks-node-group-20240612222647151900000003-20240612222649955100000012",
            "policy_arn": "arn:aws:iam::aws:policy/AmazonEKS_CNI_Policy",
            "role": "eks_nodes-eks-node-group-20240612222647151900000003"
          },
          "sensitive_attributes": [],
          "private": "bnVsbA==",
          "dependencies": [
            "module.this.module.eks_managed_node_group.aws_iam_role.this",
            "module.this.module.eks_managed_node_group.data.aws_caller_identity.current",
            "module.this.module.eks_managed_node_group.data.aws_iam_policy_document.assume_role_policy",
            "module.this.module.eks_managed_node_group.data.aws_partition.current"
          ],
          "create_before_destroy": true
        }
      ]
    },
    {
      "module": "module.this[\"dev\"].module.eks_managed_node_group[\"eks_nodes\"]",
      "mode": "managed",
      "type": "aws_launch_template",
      "name": "this",
      "provider": "provider[\"registry.terraform.io/hashicorp/aws\"]",
      "instances": [
        {
          "index_key": 0,
          "schema_version": 0,
          "attributes": {
            "arn": "arn:aws:ec2:us-east-1:628042573059:launch-template/lt-0b8c4137c0a1422ad",
            "block_device_mappings": [],
            "capacity_reservation_specification": [],
            "cpu_options": [],
            "credit_specification": [],
            "default_version": 1,
            "description": "Custom launch template for eks_nodes EKS managed node group",
            "disable_api_stop": false,
            "disable_api_termination": false,
            "ebs_optimized": "",
            "elastic_gpu_specifications": [],
            "elastic_inference_accelerator": [],
            "enclave_options": [],
            "hibernation_options": [],
            "iam_instance_profile": [],
            "id": "lt-0b8c4137c0a1422ad",
            "image_id": "",
            "instance_initiated_shutdown_behavior": "",
            "instance_market_options": [],
            "instance_requirements": [],
            "instance_type": "",
            "kernel_id": "",
            "key_name": "",
            "latest_version": 1,
            "license_specification": [],
            "maintenance_options": [],
            "metadata_options": [
              {
                "http_endpoint": "enabled",
                "http_protocol_ipv6": "",
                "http_put_response_hop_limit": 2,
                "http_tokens": "required",
                "instance_metadata_tags": ""
              }
            ],
            "monitoring": [
              {
                "enabled": true
              }
            ],
            "name": "eks_nodes-2024061222365160700000002b",
            "name_prefix": "eks_nodes-",
            "network_interfaces": [],
            "placement": [],
            "private_dns_name_options": [],
            "ram_disk_id": "",
            "security_group_names": [],
            "tag_specifications": [
              {
                "resource_type": "instance",
                "tags": {
                  "Environment": "dev",
                  "Name": "eks_nodes",
                  "Terraform": "true"
                }
              },
              {
                "resource_type": "network-interface",
                "tags": {
                  "Environment": "dev",
                  "Name": "eks_nodes",
                  "Terraform": "true"
                }
              },
              {
                "resource_type": "volume",
                "tags": {
                  "Environment": "dev",
                  "Name": "eks_nodes",
                  "Terraform": "true"
                }
              }
            ],
            "tags": {
              "Environment": "dev",
              "Terraform": "true"
            },
            "tags_all": {
              "Environment": "dev",
              "Terraform": "true"
            },
            "update_default_version": true,
            "user_data": "",
            "vpc_security_group_ids": [
              "sg-08d510d918fb5baab"
            ]
          },
          "sensitive_attributes": [],
          "private": "bnVsbA==",
          "dependencies": [
            "module.this.aws_cloudwatch_log_group.this",
            "module.this.aws_eks_cluster.this",
            "module.this.aws_iam_policy.cni_ipv6_policy",
            "module.this.aws_iam_role.this",
            "module.this.aws_iam_role_policy_attachment.this",
            "module.this.aws_security_group.cluster",
            "module.this.aws_security_group.node",
            "module.this.aws_security_group_rule.cluster",
            "module.this.aws_security_group_rule.node",
            "module.this.data.aws_caller_identity.current",
            "module.this.data.aws_iam_policy_document.assume_role_policy",
            "module.this.data.aws_iam_policy_document.cni_ipv6_policy",
            "module.this.data.aws_iam_session_context.current",
            "module.this.data.aws_partition.current",
            "module.this.module.eks_managed_node_group.aws_iam_role.this",
            "module.this.module.eks_managed_node_group.aws_iam_role_policy_attachment.this",
            "module.this.module.eks_managed_node_group.aws_placement_group.this",
            "module.this.module.eks_managed_node_group.data.aws_caller_identity.current",
            "module.this.module.eks_managed_node_group.data.aws_ec2_instance_type.this",
            "module.this.module.eks_managed_node_group.data.aws_iam_policy_document.assume_role_policy",
            "module.this.module.eks_managed_node_group.data.aws_partition.current",
            "module.this.module.eks_managed_node_group.module.user_data.data.cloudinit_config.al2023_eks_managed_node_group",
            "module.this.module.eks_managed_node_group.module.user_data.data.cloudinit_config.linux_eks_managed_node_group",
            "module.this.module.kms.aws_kms_external_key.this",
            "module.this.module.kms.aws_kms_key.this",
            "module.this.module.kms.aws_kms_replica_external_key.this",
            "module.this.module.kms.aws_kms_replica_key.this",
            "module.this.module.kms.data.aws_caller_identity.current",
            "module.this.module.kms.data.aws_iam_policy_document.this",
            "module.this.module.kms.data.aws_partition.current",
            "module.this.time_sleep.this",
            "module.vpc.aws_subnet.private",
            "module.vpc.aws_vpc.this",
            "module.vpc.aws_vpc_ipv4_cidr_block_association.this"
          ],
          "create_before_destroy": true
        }
      ]
    },
    {
      "module": "module.this[\"dev\"].module.eks_managed_node_group[\"eks_nodes\"].module.user_data",
      "mode": "managed",
      "type": "null_resource",
      "name": "validate_cluster_service_cidr",
      "provider": "provider[\"registry.terraform.io/hashicorp/null\"]",
      "instances": [
        {
          "schema_version": 0,
          "attributes": {
            "id": "2571119345747026926",
            "triggers": null
          },
          "sensitive_attributes": [],
          "dependencies": [
            "module.this.aws_cloudwatch_log_group.this",
            "module.this.aws_eks_cluster.this",
            "module.this.aws_iam_policy.cni_ipv6_policy",
            "module.this.aws_iam_role.this",
            "module.this.aws_iam_role_policy_attachment.this",
            "module.this.aws_security_group.cluster",
            "module.this.aws_security_group.node",
            "module.this.aws_security_group_rule.cluster",
            "module.this.aws_security_group_rule.node",
            "module.this.data.aws_caller_identity.current",
            "module.this.data.aws_iam_policy_document.assume_role_policy",
            "module.this.data.aws_iam_policy_document.cni_ipv6_policy",
            "module.this.data.aws_iam_session_context.current",
            "module.this.data.aws_partition.current",
            "module.this.module.kms.aws_kms_external_key.this",
            "module.this.module.kms.aws_kms_key.this",
            "module.this.module.kms.aws_kms_replica_external_key.this",
            "module.this.module.kms.aws_kms_replica_key.this",
            "module.this.module.kms.data.aws_caller_identity.current",
            "module.this.module.kms.data.aws_iam_policy_document.this",
            "module.this.module.kms.data.aws_partition.current",
            "module.this.time_sleep.this",
            "module.vpc.aws_subnet.private",
            "module.vpc.aws_vpc.this",
            "module.vpc.aws_vpc_ipv4_cidr_block_association.this"
          ]
        }
      ]
    },
    {
      "module": "module.this[\"dev\"].module.kms",
      "mode": "data",
      "type": "aws_caller_identity",
      "name": "current",
      "provider": "provider[\"registry.terraform.io/hashicorp/aws\"]",
      "instances": [
        {
          "index_key": 0,
          "schema_version": 0,
          "attributes": {
            "account_id": "628042573059",
            "arn": "arn:aws:iam::628042573059:user/Bernardo",
            "id": "628042573059",
            "user_id": "AIDAZEOSBEUBQASQAWFQ3"
          },
          "sensitive_attributes": []
        }
      ]
    },
    {
      "module": "module.this[\"dev\"].module.kms",
      "mode": "data",
      "type": "aws_iam_policy_document",
      "name": "this",
      "provider": "provider[\"registry.terraform.io/hashicorp/aws\"]",
      "instances": [
        {
          "index_key": 0,
          "schema_version": 0,
          "attributes": {
            "id": "2262026154",
            "json": "{\n  \"Version\": \"2012-10-17\",\n  \"Statement\": [\n    {\n      \"Sid\": \"Default\",\n      \"Effect\": \"Allow\",\n      \"Action\": \"kms:*\",\n      \"Resource\": \"*\",\n      \"Principal\": {\n        \"AWS\": \"arn:aws:iam::628042573059:root\"\n      }\n    },\n    {\n      \"Sid\": \"KeyAdministration\",\n      \"Effect\": \"Allow\",\n      \"Action\": [\n        \"kms:Update*\",\n        \"kms:UntagResource\",\n        \"kms:TagResource\",\n        \"kms:ScheduleKeyDeletion\",\n        \"kms:Revoke*\",\n        \"kms:ReplicateKey\",\n        \"kms:Put*\",\n        \"kms:List*\",\n        \"kms:ImportKeyMaterial\",\n        \"kms:Get*\",\n        \"kms:Enable*\",\n        \"kms:Disable*\",\n        \"kms:Describe*\",\n        \"kms:Delete*\",\n        \"kms:Create*\",\n        \"kms:CancelKeyDeletion\"\n      ],\n      \"Resource\": \"*\",\n      \"Principal\": {\n        \"AWS\": \"arn:aws:iam::628042573059:user/Bernardo\"\n      }\n    },\n    {\n      \"Sid\": \"KeyUsage\",\n      \"Effect\": \"Allow\",\n      \"Action\": [\n        \"kms:ReEncrypt*\",\n        \"kms:GenerateDataKey*\",\n        \"kms:Encrypt\",\n        \"kms:DescribeKey\",\n        \"kms:Decrypt\"\n      ],\n      \"Resource\": \"*\",\n      \"Principal\": {\n        \"AWS\": \"arn:aws:iam::628042573059:role/dev-eks-lab-cluster-20240612222648470500000009\"\n      }\n    }\n  ]\n}",
            "minified_json": "{\"Version\":\"2012-10-17\",\"Statement\":[{\"Sid\":\"Default\",\"Effect\":\"Allow\",\"Action\":\"kms:*\",\"Resource\":\"*\",\"Principal\":{\"AWS\":\"arn:aws:iam::628042573059:root\"}},{\"Sid\":\"KeyAdministration\",\"Effect\":\"Allow\",\"Action\":[\"kms:Update*\",\"kms:UntagResource\",\"kms:TagResource\",\"kms:ScheduleKeyDeletion\",\"kms:Revoke*\",\"kms:ReplicateKey\",\"kms:Put*\",\"kms:List*\",\"kms:ImportKeyMaterial\",\"kms:Get*\",\"kms:Enable*\",\"kms:Disable*\",\"kms:Describe*\",\"kms:Delete*\",\"kms:Create*\",\"kms:CancelKeyDeletion\"],\"Resource\":\"*\",\"Principal\":{\"AWS\":\"arn:aws:iam::628042573059:user/Bernardo\"}},{\"Sid\":\"KeyUsage\",\"Effect\":\"Allow\",\"Action\":[\"kms:ReEncrypt*\",\"kms:GenerateDataKey*\",\"kms:Encrypt\",\"kms:DescribeKey\",\"kms:Decrypt\"],\"Resource\":\"*\",\"Principal\":{\"AWS\":\"arn:aws:iam::628042573059:role/dev-eks-lab-cluster-20240612222648470500000009\"}}]}",
            "override_json": null,
            "override_policy_documents": null,
            "policy_id": null,
            "source_json": null,
            "source_policy_documents": null,
            "statement": [
              {
                "actions": [
                  "kms:*"
                ],
                "condition": [],
                "effect": "Allow",
                "not_actions": [],
                "not_principals": [],
                "not_resources": [],
                "principals": [
                  {
                    "identifiers": [
                      "arn:aws:iam::628042573059:root"
                    ],
                    "type": "AWS"
                  }
                ],
                "resources": [
                  "*"
                ],
                "sid": "Default"
              },
              {
                "actions": [
                  "kms:CancelKeyDeletion",
                  "kms:Create*",
                  "kms:Delete*",
                  "kms:Describe*",
                  "kms:Disable*",
                  "kms:Enable*",
                  "kms:Get*",
                  "kms:ImportKeyMaterial",
                  "kms:List*",
                  "kms:Put*",
                  "kms:ReplicateKey",
                  "kms:Revoke*",
                  "kms:ScheduleKeyDeletion",
                  "kms:TagResource",
                  "kms:UntagResource",
                  "kms:Update*"
                ],
                "condition": [],
                "effect": "Allow",
                "not_actions": [],
                "not_principals": [],
                "not_resources": [],
                "principals": [
                  {
                    "identifiers": [
                      "arn:aws:iam::628042573059:user/Bernardo"
                    ],
                    "type": "AWS"
                  }
                ],
                "resources": [
                  "*"
                ],
                "sid": "KeyAdministration"
              },
              {
                "actions": [
                  "kms:Decrypt",
                  "kms:DescribeKey",
                  "kms:Encrypt",
                  "kms:GenerateDataKey*",
                  "kms:ReEncrypt*"
                ],
                "condition": [],
                "effect": "Allow",
                "not_actions": [],
                "not_principals": [],
                "not_resources": [],
                "principals": [
                  {
                    "identifiers": [
                      "arn:aws:iam::628042573059:role/dev-eks-lab-cluster-20240612222648470500000009"
                    ],
                    "type": "AWS"
                  }
                ],
                "resources": [
                  "*"
                ],
                "sid": "KeyUsage"
              }
            ],
            "version": "2012-10-17"
          },
          "sensitive_attributes": []
        }
      ]
    },
    {
      "module": "module.this[\"dev\"].module.kms",
      "mode": "data",
      "type": "aws_partition",
      "name": "current",
      "provider": "provider[\"registry.terraform.io/hashicorp/aws\"]",
      "instances": [
        {
          "index_key": 0,
          "schema_version": 0,
          "attributes": {
            "dns_suffix": "amazonaws.com",
            "id": "aws",
            "partition": "aws",
            "reverse_dns_prefix": "com.amazonaws"
          },
          "sensitive_attributes": []
        }
      ]
    },
    {
      "module": "module.this[\"dev\"].module.kms",
      "mode": "managed",
      "type": "aws_kms_alias",
      "name": "this",
      "provider": "provider[\"registry.terraform.io/hashicorp/aws\"]",
      "instances": [
        {
          "index_key": "cluster",
          "schema_version": 0,
          "attributes": {
            "arn": "arn:aws:kms:us-east-1:628042573059:alias/eks/dev-eks-lab",
            "id": "alias/eks/dev-eks-lab",
            "name": "alias/eks/dev-eks-lab",
            "name_prefix": "",
            "target_key_arn": "arn:aws:kms:us-east-1:628042573059:key/860cd0e3-ddb4-4b0d-a344-4e5d471514d8",
            "target_key_id": "860cd0e3-ddb4-4b0d-a344-4e5d471514d8"
          },
          "sensitive_attributes": [],
          "private": "bnVsbA==",
          "dependencies": [
            "module.this.aws_iam_role.this",
            "module.this.data.aws_caller_identity.current",
            "module.this.data.aws_iam_policy_document.assume_role_policy",
            "module.this.data.aws_iam_session_context.current",
            "module.this.module.kms.aws_kms_external_key.this",
            "module.this.module.kms.aws_kms_key.this",
            "module.this.module.kms.aws_kms_replica_external_key.this",
            "module.this.module.kms.aws_kms_replica_key.this",
            "module.this.module.kms.data.aws_caller_identity.current",
            "module.this.module.kms.data.aws_iam_policy_document.this",
            "module.this.module.kms.data.aws_partition.current"
          ]
        }
      ]
    },
    {
      "module": "module.this[\"dev\"].module.kms",
      "mode": "managed",
      "type": "aws_kms_key",
      "name": "this",
      "provider": "provider[\"registry.terraform.io/hashicorp/aws\"]",
      "instances": [
        {
          "index_key": 0,
          "schema_version": 0,
          "attributes": {
            "arn": "arn:aws:kms:us-east-1:628042573059:key/860cd0e3-ddb4-4b0d-a344-4e5d471514d8",
            "bypass_policy_lockout_safety_check": false,
            "custom_key_store_id": "",
            "customer_master_key_spec": "SYMMETRIC_DEFAULT",
            "deletion_window_in_days": null,
            "description": "dev-eks-lab cluster encryption key",
            "enable_key_rotation": true,
            "id": "860cd0e3-ddb4-4b0d-a344-4e5d471514d8",
            "is_enabled": true,
            "key_id": "860cd0e3-ddb4-4b0d-a344-4e5d471514d8",
            "key_usage": "ENCRYPT_DECRYPT",
            "multi_region": false,
            "policy": "{\"Statement\":[{\"Action\":\"kms:*\",\"Effect\":\"Allow\",\"Principal\":{\"AWS\":\"arn:aws:iam::628042573059:root\"},\"Resource\":\"*\",\"Sid\":\"Default\"},{\"Action\":[\"kms:Update*\",\"kms:UntagResource\",\"kms:TagResource\",\"kms:ScheduleKeyDeletion\",\"kms:Revoke*\",\"kms:ReplicateKey\",\"kms:Put*\",\"kms:List*\",\"kms:ImportKeyMaterial\",\"kms:Get*\",\"kms:Enable*\",\"kms:Disable*\",\"kms:Describe*\",\"kms:Delete*\",\"kms:Create*\",\"kms:CancelKeyDeletion\"],\"Effect\":\"Allow\",\"Principal\":{\"AWS\":\"arn:aws:iam::628042573059:user/Bernardo\"},\"Resource\":\"*\",\"Sid\":\"KeyAdministration\"},{\"Action\":[\"kms:ReEncrypt*\",\"kms:GenerateDataKey*\",\"kms:Encrypt\",\"kms:DescribeKey\",\"kms:Decrypt\"],\"Effect\":\"Allow\",\"Principal\":{\"AWS\":\"arn:aws:iam::628042573059:role/dev-eks-lab-cluster-20240612222648470500000009\"},\"Resource\":\"*\",\"Sid\":\"KeyUsage\"}],\"Version\":\"2012-10-17\"}",
            "rotation_period_in_days": 365,
            "tags": {
              "Environment": "dev",
              "Terraform": "true",
              "terraform-aws-modules": "eks"
            },
            "tags_all": {
              "Environment": "dev",
              "Terraform": "true",
              "terraform-aws-modules": "eks"
            },
            "timeouts": null,
            "xks_key_id": ""
          },
          "sensitive_attributes": [],
          "private": "eyJlMmJmYjczMC1lY2FhLTExZTYtOGY4OC0zNDM2M2JjN2M0YzAiOnsiY3JlYXRlIjoxMjAwMDAwMDAwMDB9fQ==",
          "dependencies": [
            "module.this.aws_iam_role.this",
            "module.this.data.aws_caller_identity.current",
            "module.this.data.aws_iam_policy_document.assume_role_policy",
            "module.this.data.aws_iam_session_context.current",
            "module.this.module.kms.data.aws_caller_identity.current",
            "module.this.module.kms.data.aws_iam_policy_document.this",
            "module.this.module.kms.data.aws_partition.current"
          ],
          "create_before_destroy": true
        }
      ]
    },
    {
      "module": "module.this[\"infra\"]",
      "mode": "data",
      "type": "aws_caller_identity",
      "name": "current",
      "provider": "provider[\"registry.terraform.io/hashicorp/aws\"]",
      "instances": [
        {
          "schema_version": 0,
          "attributes": {
            "account_id": "628042573059",
            "arn": "arn:aws:iam::628042573059:user/Bernardo",
            "id": "628042573059",
            "user_id": "AIDAZEOSBEUBQASQAWFQ3"
          },
          "sensitive_attributes": []
        }
      ]
    },
    {
      "module": "module.this[\"infra\"]",
      "mode": "data",
      "type": "aws_eks_addon_version",
      "name": "this",
      "provider": "provider[\"registry.terraform.io/hashicorp/aws\"]",
      "instances": [
        {
          "index_key": "coredns",
          "schema_version": 0,
          "attributes": {
            "addon_name": "coredns",
            "id": "coredns",
            "kubernetes_version": "1.29",
            "most_recent": false,
            "version": "v1.11.1-eksbuild.4"
          },
          "sensitive_attributes": []
        },
        {
          "index_key": "eks-pod-identity-agent",
          "schema_version": 0,
          "attributes": {
            "addon_name": "eks-pod-identity-agent",
            "id": "eks-pod-identity-agent",
            "kubernetes_version": "1.29",
            "most_recent": false,
            "version": "v1.2.0-eksbuild.1"
          },
          "sensitive_attributes": []
        },
        {
          "index_key": "kube-proxy",
          "schema_version": 0,
          "attributes": {
            "addon_name": "kube-proxy",
            "id": "kube-proxy",
            "kubernetes_version": "1.29",
            "most_recent": false,
            "version": "v1.29.0-eksbuild.1"
          },
          "sensitive_attributes": []
        },
        {
          "index_key": "vpc-cni",
          "schema_version": 0,
          "attributes": {
            "addon_name": "vpc-cni",
            "id": "vpc-cni",
            "kubernetes_version": "1.29",
            "most_recent": false,
            "version": "v1.16.0-eksbuild.1"
          },
          "sensitive_attributes": []
        }
      ]
    },
    {
      "module": "module.this[\"infra\"]",
      "mode": "data",
      "type": "aws_iam_policy_document",
      "name": "assume_role_policy",
      "provider": "provider[\"registry.terraform.io/hashicorp/aws\"]",
      "instances": [
        {
          "index_key": 0,
          "schema_version": 0,
          "attributes": {
            "id": "2764486067",
            "json": "{\n  \"Version\": \"2012-10-17\",\n  \"Statement\": [\n    {\n      \"Sid\": \"EKSClusterAssumeRole\",\n      \"Effect\": \"Allow\",\n      \"Action\": \"sts:AssumeRole\",\n      \"Principal\": {\n        \"Service\": \"eks.amazonaws.com\"\n      }\n    }\n  ]\n}",
            "minified_json": "{\"Version\":\"2012-10-17\",\"Statement\":[{\"Sid\":\"EKSClusterAssumeRole\",\"Effect\":\"Allow\",\"Action\":\"sts:AssumeRole\",\"Principal\":{\"Service\":\"eks.amazonaws.com\"}}]}",
            "override_json": null,
            "override_policy_documents": null,
            "policy_id": null,
            "source_json": null,
            "source_policy_documents": null,
            "statement": [
              {
                "actions": [
                  "sts:AssumeRole"
                ],
                "condition": [],
                "effect": "Allow",
                "not_actions": [],
                "not_principals": [],
                "not_resources": [],
                "principals": [
                  {
                    "identifiers": [
                      "eks.amazonaws.com"
                    ],
                    "type": "Service"
                  }
                ],
                "resources": [],
                "sid": "EKSClusterAssumeRole"
              }
            ],
            "version": "2012-10-17"
          },
          "sensitive_attributes": []
        }
      ]
    },
    {
      "module": "module.this[\"infra\"]",
      "mode": "data",
      "type": "aws_iam_session_context",
      "name": "current",
      "provider": "provider[\"registry.terraform.io/hashicorp/aws\"]",
      "instances": [
        {
          "schema_version": 0,
          "attributes": {
            "arn": "arn:aws:iam::628042573059:user/Bernardo",
            "id": "arn:aws:iam::628042573059:user/Bernardo",
            "issuer_arn": "arn:aws:iam::628042573059:user/Bernardo",
            "issuer_id": "",
            "issuer_name": "",
            "session_name": ""
          },
          "sensitive_attributes": []
        }
      ]
    },
    {
      "module": "module.this[\"infra\"]",
      "mode": "data",
      "type": "aws_partition",
      "name": "current",
      "provider": "provider[\"registry.terraform.io/hashicorp/aws\"]",
      "instances": [
        {
          "schema_version": 0,
          "attributes": {
            "dns_suffix": "amazonaws.com",
            "id": "aws",
            "partition": "aws",
            "reverse_dns_prefix": "com.amazonaws"
          },
          "sensitive_attributes": []
        }
      ]
    },
    {
      "module": "module.this[\"infra\"]",
      "mode": "data",
      "type": "tls_certificate",
      "name": "this",
      "provider": "provider[\"registry.terraform.io/hashicorp/tls\"]",
      "instances": [
        {
          "index_key": 0,
          "schema_version": 0,
          "attributes": {
            "certificates": [
              {
                "cert_pem": "-----BEGIN CERTIFICATE-----\nMIIEdTCCA12gAwIBAgIJAKcOSkw0grd/MA0GCSqGSIb3DQEBCwUAMGgxCzAJBgNV\nBAYTAlVTMSUwIwYDVQQKExxTdGFyZmllbGQgVGVjaG5vbG9naWVzLCBJbmMuMTIw\nMAYDVQQLEylTdGFyZmllbGQgQ2xhc3MgMiBDZXJ0aWZpY2F0aW9uIEF1dGhvcml0\neTAeFw0wOTA5MDIwMDAwMDBaFw0zNDA2MjgxNzM5MTZaMIGYMQswCQYDVQQGEwJV\nUzEQMA4GA1UECBMHQXJpem9uYTETMBEGA1UEBxMKU2NvdHRzZGFsZTElMCMGA1UE\nChMcU3RhcmZpZWxkIFRlY2hub2xvZ2llcywgSW5jLjE7MDkGA1UEAxMyU3RhcmZp\nZWxkIFNlcnZpY2VzIFJvb3QgQ2VydGlmaWNhdGUgQXV0aG9yaXR5IC0gRzIwggEi\nMA0GCSqGSIb3DQEBAQUAA4IBDwAwggEKAoIBAQDVDDrEKvlO4vW+GZdfjohTsR8/\ny8+fIBNtKTrID30892t2OGPZNmCom15cAICyL1l/9of5JUOG52kbUpqQ4XHj2C0N\nTm/2yEnZtvMaVq4rtnQU68/7JuMauh2WLmo7WJSJR1b/JaCTcFOD2oR0FMNnngRo\nOt+OQFodSk7PQ5E751bWAHDLUu57fa4657wx+UX2wmDPE1kCK4DMNEffud6QZW0C\nzyyRpqbn3oUYSXxmTqM6bam17jQuug0DuDPfR+uxa40l2ZvOgdFFRjKWcIfeAg5J\nQ4W2bHO7ZOphQazJ1FTfhy/HIrImzJ9ZVGif/L4qL8RVHHVAYBeFAlU5i38FAgMB\nAAGjgfAwge0wDwYDVR0TAQH/BAUwAwEB/zAOBgNVHQ8BAf8EBAMCAYYwHQYDVR0O\nBBYEFJxfAN+qAdcwKziIorhtSpzyEZGDMB8GA1UdIwQYMBaAFL9ft9HO3R+G9FtV\nrNzXEMIOqYjnME8GCCsGAQUFBwEBBEMwQTAcBggrBgEFBQcwAYYQaHR0cDovL28u\nc3MyLnVzLzAhBggrBgEFBQcwAoYVaHR0cDovL3guc3MyLnVzL3guY2VyMCYGA1Ud\nHwQfMB0wG6AZoBeGFWh0dHA6Ly9zLnNzMi51cy9yLmNybDARBgNVHSAECjAIMAYG\nBFUdIAAwDQYJKoZIhvcNAQELBQADggEBACMd44pXyn3pF3lM8R5V/cxTbj5HD9/G\nVfKyBDbtgB9TxF00KGu+x1X8Z+rLP3+QsjPNG1gQggL4+C/1E2DUBc7xgQjB3ad1\nl08YuW3e95ORCLp+QCztweq7dp4zBncdDQh/U90bZKuCJ/Fp1U1ervShw3WnWEQt\n8jxwmKy6abaVd38PMV4s/KCHOkdp8Hlf9BRUpJVeEXgSYCfOn8J3/yNTd126/+pZ\n59vPr5KW7ySaNRB6nJHGDn2Z9j8Z3/VyVOEVqQdZe4O/Ui5GjLIAZHYcSNPYeehu\nVsyuLAOQ1xk4meTKCRlb/weWsKh/NEnfVqn3sF/tM+2MR7cwA130A4w=\n-----END CERTIFICATE-----\n",
                "is_ca": true,
                "issuer": "OU=Starfield Class 2 Certification Authority,O=Starfield Technologies\\, Inc.,C=US",
                "not_after": "2034-06-28T17:39:16Z",
                "not_before": "2009-09-02T00:00:00Z",
                "public_key_algorithm": "RSA",
                "serial_number": "12037640545166866303",
                "sha1_fingerprint": "9e99a48a9960b14926bb7f3b02e22da2b0ab7280",
                "signature_algorithm": "SHA256-RSA",
                "subject": "CN=Starfield Services Root Certificate Authority - G2,O=Starfield Technologies\\, Inc.,L=Scottsdale,ST=Arizona,C=US",
                "version": 3
              },
              {
                "cert_pem": "-----BEGIN CERTIFICATE-----\nMIIEkjCCA3qgAwIBAgITBn+USionzfP6wq4rAfkI7rnExjANBgkqhkiG9w0BAQsF\nADCBmDELMAkGA1UEBhMCVVMxEDAOBgNVBAgTB0FyaXpvbmExEzARBgNVBAcTClNj\nb3R0c2RhbGUxJTAjBgNVBAoTHFN0YXJmaWVsZCBUZWNobm9sb2dpZXMsIEluYy4x\nOzA5BgNVBAMTMlN0YXJmaWVsZCBTZXJ2aWNlcyBSb290IENlcnRpZmljYXRlIEF1\ndGhvcml0eSAtIEcyMB4XDTE1MDUyNTEyMDAwMFoXDTM3MTIzMTAxMDAwMFowOTEL\nMAkGA1UEBhMCVVMxDzANBgNVBAoTBkFtYXpvbjEZMBcGA1UEAxMQQW1hem9uIFJv\nb3QgQ0EgMTCCASIwDQYJKoZIhvcNAQEBBQADggEPADCCAQoCggEBALJ4gHHKeNXj\nca9HgFB0fW7Y14h29Jlo91ghYPl0hAEvrAIthtOgQ3pOsqTQNroBvo3bSMgHFzZM\n9O6II8c+6zf1tRn4SWiw3te5djgdYZ6k/oI2peVKVuRF4fn9tBb6dNqcmzU5L/qw\nIFAGbHrQgLKm+a/sRxmPUDgH3KKHOVj4utWp+UhnMJbulHheb4mjUcAwhmahRWa6\nVOujw5H5SNz/0egwLX0tdHA114gk957EWW67c4cX8jJGKLhD+rcdqsq08p8kDi1L\n93FcXmn/6pUCyziKrlA4b9v7LWIbxcceVOF34GfID5yHI9Y/QCB/IIDEgEw+OyQm\njgSubJrIqg0CAwEAAaOCATEwggEtMA8GA1UdEwEB/wQFMAMBAf8wDgYDVR0PAQH/\nBAQDAgGGMB0GA1UdDgQWBBSEGMyFNOy8DJSULghZnMeyEE4KCDAfBgNVHSMEGDAW\ngBScXwDfqgHXMCs4iKK4bUqc8hGRgzB4BggrBgEFBQcBAQRsMGowLgYIKwYBBQUH\nMAGGImh0dHA6Ly9vY3NwLnJvb3RnMi5hbWF6b250cnVzdC5jb20wOAYIKwYBBQUH\nMAKGLGh0dHA6Ly9jcnQucm9vdGcyLmFtYXpvbnRydXN0LmNvbS9yb290ZzIuY2Vy\nMD0GA1UdHwQ2MDQwMqAwoC6GLGh0dHA6Ly9jcmwucm9vdGcyLmFtYXpvbnRydXN0\nLmNvbS9yb290ZzIuY3JsMBEGA1UdIAQKMAgwBgYEVR0gADANBgkqhkiG9w0BAQsF\nAAOCAQEAYjdCXLwQtT6LLOkMm2xF4gcAevnFWAu5CIw+7bMlPLVvUOTNNWqnkzSW\nMiGpSESrnO09tKpzbeR/FoCJbM8oAxiDR3mjEH4wW6w7sGDgd9QIpuEdfF7Au/ma\neyKdpwAJfqxGF4PcnCZXmTA5YpaP7dreqsXMGz7KQ2hsVxa81Q4gLv7/wmpdLqBK\nbRRYh5TmOTFffHPLkIhqhBGWJ6bt2YFGpn6jcgAKUj6DiAdjd4lpFw85hdKrCEVN\n0FE6/V1dN2RMfjCyVSRCnTawXZwXgWHxyvkQAiSr6w10kY17RSlQOYiypok1JR4U\nakcjMS9cmvqtmg5iUaQqqcT5NJ0hGA==\n-----END CERTIFICATE-----\n",
                "is_ca": true,
                "issuer": "CN=Starfield Services Root Certificate Authority - G2,O=Starfield Technologies\\, Inc.,L=Scottsdale,ST=Arizona,C=US",
                "not_after": "2037-12-31T01:00:00Z",
                "not_before": "2015-05-25T12:00:00Z",
                "public_key_algorithm": "RSA",
                "serial_number": "144918191876577076464031512351042010504348870",
                "sha1_fingerprint": "06b25927c42a721631c1efd9431e648fa62e1e39",
                "signature_algorithm": "SHA256-RSA",
                "subject": "CN=Amazon Root CA 1,O=Amazon,C=US",
                "version": 3
              },
              {
                "cert_pem": "-----BEGIN CERTIFICATE-----\nMIIEXjCCA0agAwIBAgITB3MSSkvL1E7HtTvq8ZSELToPoTANBgkqhkiG9w0BAQsF\nADA5MQswCQYDVQQGEwJVUzEPMA0GA1UEChMGQW1hem9uMRkwFwYDVQQDExBBbWF6\nb24gUm9vdCBDQSAxMB4XDTIyMDgyMzIyMjUzMFoXDTMwMDgyMzIyMjUzMFowPDEL\nMAkGA1UEBhMCVVMxDzANBgNVBAoTBkFtYXpvbjEcMBoGA1UEAxMTQW1hem9uIFJT\nQSAyMDQ4IE0wMjCCASIwDQYJKoZIhvcNAQEBBQADggEPADCCAQoCggEBALtDGMZa\nqHneKei1by6+pUPPLljTB143Si6VpEWPc6mSkFhZb/6qrkZyoHlQLbDYnI2D7hD0\nsdzEqfnuAjIsuXQLG3A8TvX6V3oFNBFVe8NlLJHvBseKY88saLwufxkZVwk74g4n\nWlNMXzla9Y5F3wwRHwMVH443xGz6UtGSZSqQ94eFx5X7Tlqt8whi8qCaKdZ5rNak\n+r9nUThOeClqFd4oXych//Rc7Y0eX1KNWHYSI1Nk31mYgiK3JvH063g+K9tHA63Z\neTgKgndlh+WI+zv7i44HepRZjA1FYwYZ9Vv/9UkC5Yz8/yU65fgjaE+wVHM4e/Yy\nC2osrPWE7gJ+dXMCAwEAAaOCAVowggFWMBIGA1UdEwEB/wQIMAYBAf8CAQAwDgYD\nVR0PAQH/BAQDAgGGMB0GA1UdJQQWMBQGCCsGAQUFBwMBBggrBgEFBQcDAjAdBgNV\nHQ4EFgQUwDFSzVpQw4J8dHHOy+mc+XrrguIwHwYDVR0jBBgwFoAUhBjMhTTsvAyU\nlC4IWZzHshBOCggwewYIKwYBBQUHAQEEbzBtMC8GCCsGAQUFBzABhiNodHRwOi8v\nb2NzcC5yb290Y2ExLmFtYXpvbnRydXN0LmNvbTA6BggrBgEFBQcwAoYuaHR0cDov\nL2NydC5yb290Y2ExLmFtYXpvbnRydXN0LmNvbS9yb290Y2ExLmNlcjA/BgNVHR8E\nODA2MDSgMqAwhi5odHRwOi8vY3JsLnJvb3RjYTEuYW1hem9udHJ1c3QuY29tL3Jv\nb3RjYTEuY3JsMBMGA1UdIAQMMAowCAYGZ4EMAQIBMA0GCSqGSIb3DQEBCwUAA4IB\nAQAtTi6Fs0Azfi+iwm7jrz+CSxHH+uHl7Law3MQSXVtR8RV53PtR6r/6gNpqlzdo\nZq4FKbADi1v9Bun8RY8D51uedRfjsbeodizeBB8nXmeyD33Ep7VATj4ozcd31YFV\nfgRhvTSxNrrTlNpWkUk0m3BMPv8sg381HhA6uEYokE5q9uws/3YkKqRiEz3TsaWm\nJqIRZhMbgAfp7O7FUwFIb7UIspogZSKxPIWJpxiPo3TcBambbVtQOcNRWz5qCQdD\nslI2yayq0n2TXoHyNCLEH8rpsJRVILFsg0jc7BaFrMnF462+ajSehgj12IidNeRN\n4zl+EoNaWdpnWndvSpAEkq2P\n-----END CERTIFICATE-----\n",
                "is_ca": true,
                "issuer": "CN=Amazon Root CA 1,O=Amazon,C=US",
                "not_after": "2030-08-23T22:25:30Z",
                "not_before": "2022-08-23T22:25:30Z",
                "public_key_algorithm": "RSA",
                "serial_number": "166129353110899469622597955040406457904926625",
                "sha1_fingerprint": "414a2060b738c635cc7fc243e052615592830c53",
                "signature_algorithm": "SHA256-RSA",
                "subject": "CN=Amazon RSA 2048 M02,O=Amazon,C=US",
                "version": 3
              },
              {
                "cert_pem": "-----BEGIN CERTIFICATE-----\nMIIF5TCCBM2gAwIBAgIQCJL9XGbawpZ6IsGGvDqdyDANBgkqhkiG9w0BAQsFADA8\nMQswCQYDVQQGEwJVUzEPMA0GA1UEChMGQW1hem9uMRwwGgYDVQQDExNBbWF6b24g\nUlNBIDIwNDggTTAyMB4XDTI0MDMyODAwMDAwMFoXDTI1MDQyNjIzNTk1OVowKDEm\nMCQGA1UEAwwdKi5la3MudXMtZWFzdC0xLmFtYXpvbmF3cy5jb20wggEiMA0GCSqG\nSIb3DQEBAQUAA4IBDwAwggEKAoIBAQC4iVpgxjgOmMKdC2tYTHa9yzuuLdYCjpC6\nxN1VgI71uTiSxUGf6R3N/Rdk5vjz2COu3fsVgMh6cCpqrPlxU/5uP0/DFfQGdVxB\nbZ4vYRC9jIbgyKmwqOEJMD/9B3iGHz3KpBpnXDcuulqWsCtuuqxjnMLL4h1UdOeA\nPNwhOyQxKMHl+LfrCZeCuehKch+XM/8lhdKgYyLp8o1Nm7IsNG1aN6iNoZ6rxEyU\nVw6fV+pZDaIrxkYf7unQrAfUWR122pXGzWRtv5VGZLjrci8ev4ZpgGViIzb2LOqT\nFm8gde6aURlAm4uMDFzmZ/iOqEV+52vO9Z0E6Yo5M3dJZqQo7uUpAgMBAAGjggL1\nMIIC8TAfBgNVHSMEGDAWgBTAMVLNWlDDgnx0cc7L6Zz5euuC4jAdBgNVHQ4EFgQU\nhG1ZDKa76htLZVXP+E3P3GnYHjEwKAYDVR0RBCEwH4IdKi5la3MudXMtZWFzdC0x\nLmFtYXpvbmF3cy5jb20wEwYDVR0gBAwwCjAIBgZngQwBAgEwDgYDVR0PAQH/BAQD\nAgWgMB0GA1UdJQQWMBQGCCsGAQUFBwMBBggrBgEFBQcDAjA7BgNVHR8ENDAyMDCg\nLqAshipodHRwOi8vY3JsLnIybTAyLmFtYXpvbnRydXN0LmNvbS9yMm0wMi5jcmww\ndQYIKwYBBQUHAQEEaTBnMC0GCCsGAQUFBzABhiFodHRwOi8vb2NzcC5yMm0wMi5h\nbWF6b250cnVzdC5jb20wNgYIKwYBBQUHMAKGKmh0dHA6Ly9jcnQucjJtMDIuYW1h\nem9udHJ1c3QuY29tL3IybTAyLmNlcjAMBgNVHRMBAf8EAjAAMIIBfQYKKwYBBAHW\neQIEAgSCAW0EggFpAWcAdgDPEVbu1S58r/OHW9lpLpvpGnFnSrAX7KwB0lt3zsw7\nCAAAAY6HAoTcAAAEAwBHMEUCIHI392+k5Ds777nM4CwNr+xjjCr49CQ/vHIJDZJX\nokM7AiEA++VPDyyMLijPy0GR8ZBIvAcrYbjfJXTF3GkizeJLVJIAdgB9WR4S4Xgq\nexxhZ3xe/fjQh1wUoE6VnrkDL9kOjC55uAAAAY6HAoTeAAAEAwBHMEUCICBkhMaf\n9gdR3bCbLxXFbHNEXUh7t3P/SxaUKDcE6UmIAiEA25zZ9aBt/mrhDcMc155V8qnw\nadTEqttLdP4XMEmMsPAAdQDm0jFjQHeMwRBBBtdxuc7B0kD2loSG+7qHMh39HjeO\nUAAAAY6HAoTxAAAEAwBGMEQCIFFF4kpqcNgHFzRi2cnL4HbNApZlnlc+Re9IyYXi\nCldqAiBkZUgs12iu2uWGU97VUAICt2+zZkhjUV3i+O3kYh1yrTANBgkqhkiG9w0B\nAQsFAAOCAQEAWY5OxR7rWtYFS09xAYYIHlBF7wdUxQH60zi/IqAHZIRCFI1xHdsJ\n0BUv30lLyiGtVr4DheBo81/IErBRpXmSkdoDJA+5d/Jz3EFtbrVogjESALAgBfSG\nuJX0QLshjyTl9O2r00qkxIhbKmSPSl9JQVxqt2jTaB6pD3SjWX6U+l397Ns1L6pI\nb1418oVo7LeHwEeEx6APMIyjzlfcXdCHA6lVKeiNF8SH+QW+h6ZOpGXJIU6llBjg\nWAhscqrGRj1APpuKWGVkVCweAjIOcEuWV8Fqmfp1h9jmeUkG6SoBifrl41PvhK0o\nqQ3LlAF6Op6n7JLa2rlXkf6LienZDVlSuQ==\n-----END CERTIFICATE-----\n",
                "is_ca": false,
                "issuer": "CN=Amazon RSA 2048 M02,O=Amazon,C=US",
                "not_after": "2025-04-26T23:59:59Z",
                "not_before": "2024-03-28T00:00:00Z",
                "public_key_algorithm": "RSA",
                "serial_number": "11397038078078022747295509550808604104",
                "sha1_fingerprint": "9451ad2b53c7f41fab22886cc07d482085336561",
                "signature_algorithm": "SHA256-RSA",
                "subject": "CN=*.eks.us-east-1.amazonaws.com",
                "version": 3
              }
            ],
            "content": null,
            "id": "99d41e43229a4cdaf4141f3e8310e6d95c31dab9",
            "url": "https://oidc.eks.us-east-1.amazonaws.com/id/47B3CAC19E2C405FC2426857460800F9",
            "verify_chain": true
          },
          "sensitive_attributes": []
        }
      ]
    },
    {
      "module": "module.this[\"infra\"]",
      "mode": "managed",
      "type": "aws_cloudwatch_log_group",
      "name": "this",
      "provider": "provider[\"registry.terraform.io/hashicorp/aws\"]",
      "instances": [
        {
          "index_key": 0,
          "schema_version": 0,
          "attributes": {
            "arn": "arn:aws:logs:us-east-1:628042573059:log-group:/aws/eks/infra-eks-lab/cluster",
            "id": "/aws/eks/infra-eks-lab/cluster",
            "kms_key_id": "",
            "log_group_class": "STANDARD",
            "name": "/aws/eks/infra-eks-lab/cluster",
            "name_prefix": "",
            "retention_in_days": 90,
            "skip_destroy": false,
            "tags": {
              "Environment": "infra",
              "Name": "/aws/eks/infra-eks-lab/cluster",
              "Terraform": "true"
            },
            "tags_all": {
              "Environment": "infra",
              "Name": "/aws/eks/infra-eks-lab/cluster",
              "Terraform": "true"
            }
          },
          "sensitive_attributes": [],
          "private": "bnVsbA==",
          "create_before_destroy": true
        }
      ]
    },
    {
      "module": "module.this[\"infra\"]",
      "mode": "managed",
      "type": "aws_ec2_tag",
      "name": "cluster_primary_security_group",
      "provider": "provider[\"registry.terraform.io/hashicorp/aws\"]",
      "instances": [
        {
          "index_key": "Environment",
          "schema_version": 0,
          "attributes": {
            "id": "sg-04a7d147863f78d85,Environment",
            "key": "Environment",
            "resource_id": "sg-04a7d147863f78d85",
            "value": "infra"
          },
          "sensitive_attributes": [],
          "private": "bnVsbA==",
          "dependencies": [
            "module.this.aws_cloudwatch_log_group.this",
            "module.this.aws_eks_cluster.this",
            "module.this.aws_iam_policy.cni_ipv6_policy",
            "module.this.aws_iam_role.this",
            "module.this.aws_iam_role_policy_attachment.this",
            "module.this.aws_security_group.cluster",
            "module.this.aws_security_group.node",
            "module.this.aws_security_group_rule.cluster",
            "module.this.aws_security_group_rule.node",
            "module.this.data.aws_caller_identity.current",
            "module.this.data.aws_iam_policy_document.assume_role_policy",
            "module.this.data.aws_iam_policy_document.cni_ipv6_policy",
            "module.this.data.aws_iam_session_context.current",
            "module.this.data.aws_partition.current",
            "module.this.module.kms.aws_kms_external_key.this",
            "module.this.module.kms.aws_kms_key.this",
            "module.this.module.kms.aws_kms_replica_external_key.this",
            "module.this.module.kms.aws_kms_replica_key.this",
            "module.this.module.kms.data.aws_caller_identity.current",
            "module.this.module.kms.data.aws_iam_policy_document.this",
            "module.this.module.kms.data.aws_partition.current",
            "module.vpc.aws_subnet.private",
            "module.vpc.aws_vpc.this",
            "module.vpc.aws_vpc_ipv4_cidr_block_association.this"
          ]
        },
        {
          "index_key": "Terraform",
          "schema_version": 0,
          "attributes": {
            "id": "sg-04a7d147863f78d85,Terraform",
            "key": "Terraform",
            "resource_id": "sg-04a7d147863f78d85",
            "value": "true"
          },
          "sensitive_attributes": [],
          "private": "bnVsbA==",
          "dependencies": [
            "module.this.aws_cloudwatch_log_group.this",
            "module.this.aws_eks_cluster.this",
            "module.this.aws_iam_policy.cni_ipv6_policy",
            "module.this.aws_iam_role.this",
            "module.this.aws_iam_role_policy_attachment.this",
            "module.this.aws_security_group.cluster",
            "module.this.aws_security_group.node",
            "module.this.aws_security_group_rule.cluster",
            "module.this.aws_security_group_rule.node",
            "module.this.data.aws_caller_identity.current",
            "module.this.data.aws_iam_policy_document.assume_role_policy",
            "module.this.data.aws_iam_policy_document.cni_ipv6_policy",
            "module.this.data.aws_iam_session_context.current",
            "module.this.data.aws_partition.current",
            "module.this.module.kms.aws_kms_external_key.this",
            "module.this.module.kms.aws_kms_key.this",
            "module.this.module.kms.aws_kms_replica_external_key.this",
            "module.this.module.kms.aws_kms_replica_key.this",
            "module.this.module.kms.data.aws_caller_identity.current",
            "module.this.module.kms.data.aws_iam_policy_document.this",
            "module.this.module.kms.data.aws_partition.current",
            "module.vpc.aws_subnet.private",
            "module.vpc.aws_vpc.this",
            "module.vpc.aws_vpc_ipv4_cidr_block_association.this"
          ]
        }
      ]
    },
    {
      "module": "module.this[\"infra\"]",
      "mode": "managed",
      "type": "aws_eks_access_entry",
      "name": "this",
      "provider": "provider[\"registry.terraform.io/hashicorp/aws\"]",
      "instances": [
        {
          "index_key": "cluster_creator",
          "schema_version": 0,
          "attributes": {
            "access_entry_arn": "arn:aws:eks:us-east-1:628042573059:access-entry/infra-eks-lab/user/628042573059/Bernardo/28c8074b-a684-f807-f3bc-b7f53f1a899f",
            "cluster_name": "infra-eks-lab",
            "created_at": "2024-06-12T22:35:15Z",
            "id": "infra-eks-lab:arn:aws:iam::628042573059:user/Bernardo",
            "kubernetes_groups": [],
            "modified_at": "2024-06-12T22:35:15Z",
            "principal_arn": "arn:aws:iam::628042573059:user/Bernardo",
            "tags": {
              "Environment": "infra",
              "Terraform": "true"
            },
            "tags_all": {
              "Environment": "infra",
              "Terraform": "true"
            },
            "timeouts": null,
            "type": "STANDARD",
            "user_name": "arn:aws:iam::628042573059:user/Bernardo"
          },
          "sensitive_attributes": [],
          "private": "eyJlMmJmYjczMC1lY2FhLTExZTYtOGY4OC0zNDM2M2JjN2M0YzAiOnsiY3JlYXRlIjo2MDAwMDAwMDAwMDAsImRlbGV0ZSI6NjAwMDAwMDAwMDAwfX0=",
          "dependencies": [
            "module.this.aws_cloudwatch_log_group.this",
            "module.this.aws_eks_cluster.this",
            "module.this.aws_iam_policy.cni_ipv6_policy",
            "module.this.aws_iam_role.this",
            "module.this.aws_iam_role_policy_attachment.this",
            "module.this.aws_security_group.cluster",
            "module.this.aws_security_group.node",
            "module.this.aws_security_group_rule.cluster",
            "module.this.aws_security_group_rule.node",
            "module.this.data.aws_caller_identity.current",
            "module.this.data.aws_iam_policy_document.assume_role_policy",
            "module.this.data.aws_iam_policy_document.cni_ipv6_policy",
            "module.this.data.aws_iam_session_context.current",
            "module.this.data.aws_partition.current",
            "module.this.module.kms.aws_kms_external_key.this",
            "module.this.module.kms.aws_kms_key.this",
            "module.this.module.kms.aws_kms_replica_external_key.this",
            "module.this.module.kms.aws_kms_replica_key.this",
            "module.this.module.kms.data.aws_caller_identity.current",
            "module.this.module.kms.data.aws_iam_policy_document.this",
            "module.this.module.kms.data.aws_partition.current",
            "module.vpc.aws_subnet.private",
            "module.vpc.aws_vpc.this",
            "module.vpc.aws_vpc_ipv4_cidr_block_association.this"
          ]
        }
      ]
    },
    {
      "module": "module.this[\"infra\"]",
      "mode": "managed",
      "type": "aws_eks_access_policy_association",
      "name": "this",
      "provider": "provider[\"registry.terraform.io/hashicorp/aws\"]",
      "instances": [
        {
          "index_key": "cluster_creator_admin",
          "schema_version": 0,
          "attributes": {
            "access_scope": [
              {
                "namespaces": [],
                "type": "cluster"
              }
            ],
            "associated_at": "2024-06-12 22:35:16.332 +0000 UTC",
            "cluster_name": "infra-eks-lab",
            "id": "infra-eks-lab#arn:aws:iam::628042573059:user/Bernardo#arn:aws:eks::aws:cluster-access-policy/AmazonEKSClusterAdminPolicy",
            "modified_at": "2024-06-12 22:35:16.332 +0000 UTC",
            "policy_arn": "arn:aws:eks::aws:cluster-access-policy/AmazonEKSClusterAdminPolicy",
            "principal_arn": "arn:aws:iam::628042573059:user/Bernardo",
            "timeouts": null
          },
          "sensitive_attributes": [],
          "private": "eyJlMmJmYjczMC1lY2FhLTExZTYtOGY4OC0zNDM2M2JjN2M0YzAiOnsiY3JlYXRlIjo2MDAwMDAwMDAwMDAsImRlbGV0ZSI6NjAwMDAwMDAwMDAwfX0=",
          "dependencies": [
            "module.this.aws_cloudwatch_log_group.this",
            "module.this.aws_eks_access_entry.this",
            "module.this.aws_eks_cluster.this",
            "module.this.aws_iam_policy.cni_ipv6_policy",
            "module.this.aws_iam_role.this",
            "module.this.aws_iam_role_policy_attachment.this",
            "module.this.aws_security_group.cluster",
            "module.this.aws_security_group.node",
            "module.this.aws_security_group_rule.cluster",
            "module.this.aws_security_group_rule.node",
            "module.this.data.aws_caller_identity.current",
            "module.this.data.aws_iam_policy_document.assume_role_policy",
            "module.this.data.aws_iam_policy_document.cni_ipv6_policy",
            "module.this.data.aws_iam_session_context.current",
            "module.this.data.aws_partition.current",
            "module.this.module.kms.aws_kms_external_key.this",
            "module.this.module.kms.aws_kms_key.this",
            "module.this.module.kms.aws_kms_replica_external_key.this",
            "module.this.module.kms.aws_kms_replica_key.this",
            "module.this.module.kms.data.aws_caller_identity.current",
            "module.this.module.kms.data.aws_iam_policy_document.this",
            "module.this.module.kms.data.aws_partition.current",
            "module.vpc.aws_subnet.private",
            "module.vpc.aws_vpc.this",
            "module.vpc.aws_vpc_ipv4_cidr_block_association.this"
          ]
        }
      ]
    },
    {
      "module": "module.this[\"infra\"]",
      "mode": "managed",
      "type": "aws_eks_addon",
      "name": "this",
      "provider": "provider[\"registry.terraform.io/hashicorp/aws\"]",
      "instances": [
        {
          "index_key": "coredns",
          "schema_version": 0,
          "attributes": {
            "addon_name": "coredns",
            "addon_version": "v1.11.1-eksbuild.4",
            "arn": "arn:aws:eks:us-east-1:628042573059:addon/infra-eks-lab/coredns/4ac8074d-4bdc-7fb6-6ed4-80753ebffa76",
            "cluster_name": "infra-eks-lab",
            "configuration_values": "",
            "created_at": "2024-06-12T22:38:51Z",
            "id": "infra-eks-lab:coredns",
            "modified_at": "2024-06-12T22:39:04Z",
            "preserve": true,
            "resolve_conflicts": null,
            "resolve_conflicts_on_create": "OVERWRITE",
            "resolve_conflicts_on_update": "OVERWRITE",
            "service_account_role_arn": "",
            "tags": {
              "Environment": "infra",
              "Terraform": "true"
            },
            "tags_all": {
              "Environment": "infra",
              "Terraform": "true"
            },
            "timeouts": {
              "create": null,
              "delete": null,
              "update": null
            }
          },
          "sensitive_attributes": [],
          "private": "eyJlMmJmYjczMC1lY2FhLTExZTYtOGY4OC0zNDM2M2JjN2M0YzAiOnsiY3JlYXRlIjoxMjAwMDAwMDAwMDAwLCJkZWxldGUiOjI0MDAwMDAwMDAwMDAsInVwZGF0ZSI6MTIwMDAwMDAwMDAwMH19",
          "dependencies": [
            "module.this.aws_cloudwatch_log_group.this",
            "module.this.aws_eks_cluster.this",
            "module.this.aws_iam_policy.cni_ipv6_policy",
            "module.this.aws_iam_role.this",
            "module.this.aws_iam_role_policy_attachment.this",
            "module.this.aws_security_group.cluster",
            "module.this.aws_security_group.node",
            "module.this.aws_security_group_rule.cluster",
            "module.this.aws_security_group_rule.node",
            "module.this.data.aws_caller_identity.current",
            "module.this.data.aws_eks_addon_version.this",
            "module.this.data.aws_iam_policy_document.assume_role_policy",
            "module.this.data.aws_iam_policy_document.cni_ipv6_policy",
            "module.this.data.aws_iam_session_context.current",
            "module.this.data.aws_partition.current",
            "module.this.module.eks_managed_node_group.aws_autoscaling_schedule.this",
            "module.this.module.eks_managed_node_group.aws_eks_node_group.this",
            "module.this.module.eks_managed_node_group.aws_iam_role.this",
            "module.this.module.eks_managed_node_group.aws_iam_role_policy_attachment.additional",
            "module.this.module.eks_managed_node_group.aws_iam_role_policy_attachment.this",
            "module.this.module.eks_managed_node_group.aws_launch_template.this",
            "module.this.module.eks_managed_node_group.aws_placement_group.this",
            "module.this.module.eks_managed_node_group.data.aws_caller_identity.current",
            "module.this.module.eks_managed_node_group.data.aws_ec2_instance_type.this",
            "module.this.module.eks_managed_node_group.data.aws_ec2_instance_type_offerings.this",
            "module.this.module.eks_managed_node_group.data.aws_iam_policy_document.assume_role_policy",
            "module.this.module.eks_managed_node_group.data.aws_partition.current",
            "module.this.module.eks_managed_node_group.data.aws_ssm_parameter.ami",
            "module.this.module.eks_managed_node_group.data.aws_subnets.efa",
            "module.this.module.eks_managed_node_group.module.user_data.data.cloudinit_config.al2023_eks_managed_node_group",
            "module.this.module.eks_managed_node_group.module.user_data.data.cloudinit_config.linux_eks_managed_node_group",
            "module.this.module.eks_managed_node_group.module.user_data.null_resource.validate_cluster_service_cidr",
            "module.this.module.fargate_profile.aws_eks_fargate_profile.this",
            "module.this.module.fargate_profile.aws_iam_role.this",
            "module.this.module.fargate_profile.aws_iam_role_policy_attachment.additional",
            "module.this.module.fargate_profile.aws_iam_role_policy_attachment.this",
            "module.this.module.fargate_profile.data.aws_caller_identity.current",
            "module.this.module.fargate_profile.data.aws_iam_policy_document.assume_role_policy",
            "module.this.module.fargate_profile.data.aws_partition.current",
            "module.this.module.fargate_profile.data.aws_region.current",
            "module.this.module.kms.aws_kms_external_key.this",
            "module.this.module.kms.aws_kms_key.this",
            "module.this.module.kms.aws_kms_replica_external_key.this",
            "module.this.module.kms.aws_kms_replica_key.this",
            "module.this.module.kms.data.aws_caller_identity.current",
            "module.this.module.kms.data.aws_iam_policy_document.this",
            "module.this.module.kms.data.aws_partition.current",
            "module.this.module.self_managed_node_group.aws_autoscaling_group.this",
            "module.this.module.self_managed_node_group.aws_autoscaling_schedule.this",
            "module.this.module.self_managed_node_group.aws_eks_access_entry.this",
            "module.this.module.self_managed_node_group.aws_iam_instance_profile.this",
            "module.this.module.self_managed_node_group.aws_iam_role.this",
            "module.this.module.self_managed_node_group.aws_iam_role_policy_attachment.additional",
            "module.this.module.self_managed_node_group.aws_iam_role_policy_attachment.this",
            "module.this.module.self_managed_node_group.aws_launch_template.this",
            "module.this.module.self_managed_node_group.aws_placement_group.this",
            "module.this.module.self_managed_node_group.data.aws_caller_identity.current",
            "module.this.module.self_managed_node_group.data.aws_ec2_instance_type.this",
            "module.this.module.self_managed_node_group.data.aws_ec2_instance_type_offerings.this",
            "module.this.module.self_managed_node_group.data.aws_iam_policy_document.assume_role_policy",
            "module.this.module.self_managed_node_group.data.aws_partition.current",
            "module.this.module.self_managed_node_group.data.aws_ssm_parameter.ami",
            "module.this.module.self_managed_node_group.data.aws_subnets.efa",
            "module.this.module.self_managed_node_group.module.user_data.data.cloudinit_config.al2023_eks_managed_node_group",
            "module.this.module.self_managed_node_group.module.user_data.data.cloudinit_config.linux_eks_managed_node_group",
            "module.this.module.self_managed_node_group.module.user_data.null_resource.validate_cluster_service_cidr",
            "module.this.time_sleep.this",
            "module.vpc.aws_subnet.private",
            "module.vpc.aws_vpc.this",
            "module.vpc.aws_vpc_ipv4_cidr_block_association.this"
          ]
        },
        {
          "index_key": "eks-pod-identity-agent",
          "schema_version": 0,
          "attributes": {
            "addon_name": "eks-pod-identity-agent",
            "addon_version": "v1.2.0-eksbuild.1",
            "arn": "arn:aws:eks:us-east-1:628042573059:addon/infra-eks-lab/eks-pod-identity-agent/24c8074d-5ca9-bd9d-326d-827fd50b11dd",
            "cluster_name": "infra-eks-lab",
            "configuration_values": "",
            "created_at": "2024-06-12T22:38:59Z",
            "id": "infra-eks-lab:eks-pod-identity-agent",
            "modified_at": "2024-06-12T22:39:36Z",
            "preserve": true,
            "resolve_conflicts": null,
            "resolve_conflicts_on_create": "OVERWRITE",
            "resolve_conflicts_on_update": "OVERWRITE",
            "service_account_role_arn": "",
            "tags": {
              "Environment": "infra",
              "Terraform": "true"
            },
            "tags_all": {
              "Environment": "infra",
              "Terraform": "true"
            },
            "timeouts": {
              "create": null,
              "delete": null,
              "update": null
            }
          },
          "sensitive_attributes": [],
          "private": "eyJlMmJmYjczMC1lY2FhLTExZTYtOGY4OC0zNDM2M2JjN2M0YzAiOnsiY3JlYXRlIjoxMjAwMDAwMDAwMDAwLCJkZWxldGUiOjI0MDAwMDAwMDAwMDAsInVwZGF0ZSI6MTIwMDAwMDAwMDAwMH19",
          "dependencies": [
            "module.this.aws_cloudwatch_log_group.this",
            "module.this.aws_eks_cluster.this",
            "module.this.aws_iam_policy.cni_ipv6_policy",
            "module.this.aws_iam_role.this",
            "module.this.aws_iam_role_policy_attachment.this",
            "module.this.aws_security_group.cluster",
            "module.this.aws_security_group.node",
            "module.this.aws_security_group_rule.cluster",
            "module.this.aws_security_group_rule.node",
            "module.this.data.aws_caller_identity.current",
            "module.this.data.aws_eks_addon_version.this",
            "module.this.data.aws_iam_policy_document.assume_role_policy",
            "module.this.data.aws_iam_policy_document.cni_ipv6_policy",
            "module.this.data.aws_iam_session_context.current",
            "module.this.data.aws_partition.current",
            "module.this.module.eks_managed_node_group.aws_autoscaling_schedule.this",
            "module.this.module.eks_managed_node_group.aws_eks_node_group.this",
            "module.this.module.eks_managed_node_group.aws_iam_role.this",
            "module.this.module.eks_managed_node_group.aws_iam_role_policy_attachment.additional",
            "module.this.module.eks_managed_node_group.aws_iam_role_policy_attachment.this",
            "module.this.module.eks_managed_node_group.aws_launch_template.this",
            "module.this.module.eks_managed_node_group.aws_placement_group.this",
            "module.this.module.eks_managed_node_group.data.aws_caller_identity.current",
            "module.this.module.eks_managed_node_group.data.aws_ec2_instance_type.this",
            "module.this.module.eks_managed_node_group.data.aws_ec2_instance_type_offerings.this",
            "module.this.module.eks_managed_node_group.data.aws_iam_policy_document.assume_role_policy",
            "module.this.module.eks_managed_node_group.data.aws_partition.current",
            "module.this.module.eks_managed_node_group.data.aws_ssm_parameter.ami",
            "module.this.module.eks_managed_node_group.data.aws_subnets.efa",
            "module.this.module.eks_managed_node_group.module.user_data.data.cloudinit_config.al2023_eks_managed_node_group",
            "module.this.module.eks_managed_node_group.module.user_data.data.cloudinit_config.linux_eks_managed_node_group",
            "module.this.module.eks_managed_node_group.module.user_data.null_resource.validate_cluster_service_cidr",
            "module.this.module.fargate_profile.aws_eks_fargate_profile.this",
            "module.this.module.fargate_profile.aws_iam_role.this",
            "module.this.module.fargate_profile.aws_iam_role_policy_attachment.additional",
            "module.this.module.fargate_profile.aws_iam_role_policy_attachment.this",
            "module.this.module.fargate_profile.data.aws_caller_identity.current",
            "module.this.module.fargate_profile.data.aws_iam_policy_document.assume_role_policy",
            "module.this.module.fargate_profile.data.aws_partition.current",
            "module.this.module.fargate_profile.data.aws_region.current",
            "module.this.module.kms.aws_kms_external_key.this",
            "module.this.module.kms.aws_kms_key.this",
            "module.this.module.kms.aws_kms_replica_external_key.this",
            "module.this.module.kms.aws_kms_replica_key.this",
            "module.this.module.kms.data.aws_caller_identity.current",
            "module.this.module.kms.data.aws_iam_policy_document.this",
            "module.this.module.kms.data.aws_partition.current",
            "module.this.module.self_managed_node_group.aws_autoscaling_group.this",
            "module.this.module.self_managed_node_group.aws_autoscaling_schedule.this",
            "module.this.module.self_managed_node_group.aws_eks_access_entry.this",
            "module.this.module.self_managed_node_group.aws_iam_instance_profile.this",
            "module.this.module.self_managed_node_group.aws_iam_role.this",
            "module.this.module.self_managed_node_group.aws_iam_role_policy_attachment.additional",
            "module.this.module.self_managed_node_group.aws_iam_role_policy_attachment.this",
            "module.this.module.self_managed_node_group.aws_launch_template.this",
            "module.this.module.self_managed_node_group.aws_placement_group.this",
            "module.this.module.self_managed_node_group.data.aws_caller_identity.current",
            "module.this.module.self_managed_node_group.data.aws_ec2_instance_type.this",
            "module.this.module.self_managed_node_group.data.aws_ec2_instance_type_offerings.this",
            "module.this.module.self_managed_node_group.data.aws_iam_policy_document.assume_role_policy",
            "module.this.module.self_managed_node_group.data.aws_partition.current",
            "module.this.module.self_managed_node_group.data.aws_ssm_parameter.ami",
            "module.this.module.self_managed_node_group.data.aws_subnets.efa",
            "module.this.module.self_managed_node_group.module.user_data.data.cloudinit_config.al2023_eks_managed_node_group",
            "module.this.module.self_managed_node_group.module.user_data.data.cloudinit_config.linux_eks_managed_node_group",
            "module.this.module.self_managed_node_group.module.user_data.null_resource.validate_cluster_service_cidr",
            "module.this.time_sleep.this",
            "module.vpc.aws_subnet.private",
            "module.vpc.aws_vpc.this",
            "module.vpc.aws_vpc_ipv4_cidr_block_association.this"
          ]
        },
        {
          "index_key": "kube-proxy",
          "schema_version": 0,
          "attributes": {
            "addon_name": "kube-proxy",
            "addon_version": "v1.29.0-eksbuild.1",
            "arn": "arn:aws:eks:us-east-1:628042573059:addon/infra-eks-lab/kube-proxy/36c8074d-4bdb-9d3f-53f9-4d0872ce76fe",
            "cluster_name": "infra-eks-lab",
            "configuration_values": "",
            "created_at": "2024-06-12T22:38:51Z",
            "id": "infra-eks-lab:kube-proxy",
            "modified_at": "2024-06-12T22:38:58Z",
            "preserve": true,
            "resolve_conflicts": null,
            "resolve_conflicts_on_create": "OVERWRITE",
            "resolve_conflicts_on_update": "OVERWRITE",
            "service_account_role_arn": "",
            "tags": {
              "Environment": "infra",
              "Terraform": "true"
            },
            "tags_all": {
              "Environment": "infra",
              "Terraform": "true"
            },
            "timeouts": {
              "create": null,
              "delete": null,
              "update": null
            }
          },
          "sensitive_attributes": [],
          "private": "eyJlMmJmYjczMC1lY2FhLTExZTYtOGY4OC0zNDM2M2JjN2M0YzAiOnsiY3JlYXRlIjoxMjAwMDAwMDAwMDAwLCJkZWxldGUiOjI0MDAwMDAwMDAwMDAsInVwZGF0ZSI6MTIwMDAwMDAwMDAwMH19",
          "dependencies": [
            "module.this.aws_cloudwatch_log_group.this",
            "module.this.aws_eks_cluster.this",
            "module.this.aws_iam_policy.cni_ipv6_policy",
            "module.this.aws_iam_role.this",
            "module.this.aws_iam_role_policy_attachment.this",
            "module.this.aws_security_group.cluster",
            "module.this.aws_security_group.node",
            "module.this.aws_security_group_rule.cluster",
            "module.this.aws_security_group_rule.node",
            "module.this.data.aws_caller_identity.current",
            "module.this.data.aws_eks_addon_version.this",
            "module.this.data.aws_iam_policy_document.assume_role_policy",
            "module.this.data.aws_iam_policy_document.cni_ipv6_policy",
            "module.this.data.aws_iam_session_context.current",
            "module.this.data.aws_partition.current",
            "module.this.module.eks_managed_node_group.aws_autoscaling_schedule.this",
            "module.this.module.eks_managed_node_group.aws_eks_node_group.this",
            "module.this.module.eks_managed_node_group.aws_iam_role.this",
            "module.this.module.eks_managed_node_group.aws_iam_role_policy_attachment.additional",
            "module.this.module.eks_managed_node_group.aws_iam_role_policy_attachment.this",
            "module.this.module.eks_managed_node_group.aws_launch_template.this",
            "module.this.module.eks_managed_node_group.aws_placement_group.this",
            "module.this.module.eks_managed_node_group.data.aws_caller_identity.current",
            "module.this.module.eks_managed_node_group.data.aws_ec2_instance_type.this",
            "module.this.module.eks_managed_node_group.data.aws_ec2_instance_type_offerings.this",
            "module.this.module.eks_managed_node_group.data.aws_iam_policy_document.assume_role_policy",
            "module.this.module.eks_managed_node_group.data.aws_partition.current",
            "module.this.module.eks_managed_node_group.data.aws_ssm_parameter.ami",
            "module.this.module.eks_managed_node_group.data.aws_subnets.efa",
            "module.this.module.eks_managed_node_group.module.user_data.data.cloudinit_config.al2023_eks_managed_node_group",
            "module.this.module.eks_managed_node_group.module.user_data.data.cloudinit_config.linux_eks_managed_node_group",
            "module.this.module.eks_managed_node_group.module.user_data.null_resource.validate_cluster_service_cidr",
            "module.this.module.fargate_profile.aws_eks_fargate_profile.this",
            "module.this.module.fargate_profile.aws_iam_role.this",
            "module.this.module.fargate_profile.aws_iam_role_policy_attachment.additional",
            "module.this.module.fargate_profile.aws_iam_role_policy_attachment.this",
            "module.this.module.fargate_profile.data.aws_caller_identity.current",
            "module.this.module.fargate_profile.data.aws_iam_policy_document.assume_role_policy",
            "module.this.module.fargate_profile.data.aws_partition.current",
            "module.this.module.fargate_profile.data.aws_region.current",
            "module.this.module.kms.aws_kms_external_key.this",
            "module.this.module.kms.aws_kms_key.this",
            "module.this.module.kms.aws_kms_replica_external_key.this",
            "module.this.module.kms.aws_kms_replica_key.this",
            "module.this.module.kms.data.aws_caller_identity.current",
            "module.this.module.kms.data.aws_iam_policy_document.this",
            "module.this.module.kms.data.aws_partition.current",
            "module.this.module.self_managed_node_group.aws_autoscaling_group.this",
            "module.this.module.self_managed_node_group.aws_autoscaling_schedule.this",
            "module.this.module.self_managed_node_group.aws_eks_access_entry.this",
            "module.this.module.self_managed_node_group.aws_iam_instance_profile.this",
            "module.this.module.self_managed_node_group.aws_iam_role.this",
            "module.this.module.self_managed_node_group.aws_iam_role_policy_attachment.additional",
            "module.this.module.self_managed_node_group.aws_iam_role_policy_attachment.this",
            "module.this.module.self_managed_node_group.aws_launch_template.this",
            "module.this.module.self_managed_node_group.aws_placement_group.this",
            "module.this.module.self_managed_node_group.data.aws_caller_identity.current",
            "module.this.module.self_managed_node_group.data.aws_ec2_instance_type.this",
            "module.this.module.self_managed_node_group.data.aws_ec2_instance_type_offerings.this",
            "module.this.module.self_managed_node_group.data.aws_iam_policy_document.assume_role_policy",
            "module.this.module.self_managed_node_group.data.aws_partition.current",
            "module.this.module.self_managed_node_group.data.aws_ssm_parameter.ami",
            "module.this.module.self_managed_node_group.data.aws_subnets.efa",
            "module.this.module.self_managed_node_group.module.user_data.data.cloudinit_config.al2023_eks_managed_node_group",
            "module.this.module.self_managed_node_group.module.user_data.data.cloudinit_config.linux_eks_managed_node_group",
            "module.this.module.self_managed_node_group.module.user_data.null_resource.validate_cluster_service_cidr",
            "module.this.time_sleep.this",
            "module.vpc.aws_subnet.private",
            "module.vpc.aws_vpc.this",
            "module.vpc.aws_vpc_ipv4_cidr_block_association.this"
          ]
        },
        {
          "index_key": "vpc-cni",
          "schema_version": 0,
          "attributes": {
            "addon_name": "vpc-cni",
            "addon_version": "v1.16.0-eksbuild.1",
            "arn": "arn:aws:eks:us-east-1:628042573059:addon/infra-eks-lab/vpc-cni/12c8074d-4bdc-4fb9-b9d8-112a49549861",
            "cluster_name": "infra-eks-lab",
            "configuration_values": "",
            "created_at": "2024-06-12T22:38:50Z",
            "id": "infra-eks-lab:vpc-cni",
            "modified_at": "2024-06-12T22:39:29Z",
            "preserve": true,
            "resolve_conflicts": null,
            "resolve_conflicts_on_create": "OVERWRITE",
            "resolve_conflicts_on_update": "OVERWRITE",
            "service_account_role_arn": "",
            "tags": {
              "Environment": "infra",
              "Terraform": "true"
            },
            "tags_all": {
              "Environment": "infra",
              "Terraform": "true"
            },
            "timeouts": {
              "create": null,
              "delete": null,
              "update": null
            }
          },
          "sensitive_attributes": [],
          "private": "eyJlMmJmYjczMC1lY2FhLTExZTYtOGY4OC0zNDM2M2JjN2M0YzAiOnsiY3JlYXRlIjoxMjAwMDAwMDAwMDAwLCJkZWxldGUiOjI0MDAwMDAwMDAwMDAsInVwZGF0ZSI6MTIwMDAwMDAwMDAwMH19",
          "dependencies": [
            "module.this.aws_cloudwatch_log_group.this",
            "module.this.aws_eks_cluster.this",
            "module.this.aws_iam_policy.cni_ipv6_policy",
            "module.this.aws_iam_role.this",
            "module.this.aws_iam_role_policy_attachment.this",
            "module.this.aws_security_group.cluster",
            "module.this.aws_security_group.node",
            "module.this.aws_security_group_rule.cluster",
            "module.this.aws_security_group_rule.node",
            "module.this.data.aws_caller_identity.current",
            "module.this.data.aws_eks_addon_version.this",
            "module.this.data.aws_iam_policy_document.assume_role_policy",
            "module.this.data.aws_iam_policy_document.cni_ipv6_policy",
            "module.this.data.aws_iam_session_context.current",
            "module.this.data.aws_partition.current",
            "module.this.module.eks_managed_node_group.aws_autoscaling_schedule.this",
            "module.this.module.eks_managed_node_group.aws_eks_node_group.this",
            "module.this.module.eks_managed_node_group.aws_iam_role.this",
            "module.this.module.eks_managed_node_group.aws_iam_role_policy_attachment.additional",
            "module.this.module.eks_managed_node_group.aws_iam_role_policy_attachment.this",
            "module.this.module.eks_managed_node_group.aws_launch_template.this",
            "module.this.module.eks_managed_node_group.aws_placement_group.this",
            "module.this.module.eks_managed_node_group.data.aws_caller_identity.current",
            "module.this.module.eks_managed_node_group.data.aws_ec2_instance_type.this",
            "module.this.module.eks_managed_node_group.data.aws_ec2_instance_type_offerings.this",
            "module.this.module.eks_managed_node_group.data.aws_iam_policy_document.assume_role_policy",
            "module.this.module.eks_managed_node_group.data.aws_partition.current",
            "module.this.module.eks_managed_node_group.data.aws_ssm_parameter.ami",
            "module.this.module.eks_managed_node_group.data.aws_subnets.efa",
            "module.this.module.eks_managed_node_group.module.user_data.data.cloudinit_config.al2023_eks_managed_node_group",
            "module.this.module.eks_managed_node_group.module.user_data.data.cloudinit_config.linux_eks_managed_node_group",
            "module.this.module.eks_managed_node_group.module.user_data.null_resource.validate_cluster_service_cidr",
            "module.this.module.fargate_profile.aws_eks_fargate_profile.this",
            "module.this.module.fargate_profile.aws_iam_role.this",
            "module.this.module.fargate_profile.aws_iam_role_policy_attachment.additional",
            "module.this.module.fargate_profile.aws_iam_role_policy_attachment.this",
            "module.this.module.fargate_profile.data.aws_caller_identity.current",
            "module.this.module.fargate_profile.data.aws_iam_policy_document.assume_role_policy",
            "module.this.module.fargate_profile.data.aws_partition.current",
            "module.this.module.fargate_profile.data.aws_region.current",
            "module.this.module.kms.aws_kms_external_key.this",
            "module.this.module.kms.aws_kms_key.this",
            "module.this.module.kms.aws_kms_replica_external_key.this",
            "module.this.module.kms.aws_kms_replica_key.this",
            "module.this.module.kms.data.aws_caller_identity.current",
            "module.this.module.kms.data.aws_iam_policy_document.this",
            "module.this.module.kms.data.aws_partition.current",
            "module.this.module.self_managed_node_group.aws_autoscaling_group.this",
            "module.this.module.self_managed_node_group.aws_autoscaling_schedule.this",
            "module.this.module.self_managed_node_group.aws_eks_access_entry.this",
            "module.this.module.self_managed_node_group.aws_iam_instance_profile.this",
            "module.this.module.self_managed_node_group.aws_iam_role.this",
            "module.this.module.self_managed_node_group.aws_iam_role_policy_attachment.additional",
            "module.this.module.self_managed_node_group.aws_iam_role_policy_attachment.this",
            "module.this.module.self_managed_node_group.aws_launch_template.this",
            "module.this.module.self_managed_node_group.aws_placement_group.this",
            "module.this.module.self_managed_node_group.data.aws_caller_identity.current",
            "module.this.module.self_managed_node_group.data.aws_ec2_instance_type.this",
            "module.this.module.self_managed_node_group.data.aws_ec2_instance_type_offerings.this",
            "module.this.module.self_managed_node_group.data.aws_iam_policy_document.assume_role_policy",
            "module.this.module.self_managed_node_group.data.aws_partition.current",
            "module.this.module.self_managed_node_group.data.aws_ssm_parameter.ami",
            "module.this.module.self_managed_node_group.data.aws_subnets.efa",
            "module.this.module.self_managed_node_group.module.user_data.data.cloudinit_config.al2023_eks_managed_node_group",
            "module.this.module.self_managed_node_group.module.user_data.data.cloudinit_config.linux_eks_managed_node_group",
            "module.this.module.self_managed_node_group.module.user_data.null_resource.validate_cluster_service_cidr",
            "module.this.time_sleep.this",
            "module.vpc.aws_subnet.private",
            "module.vpc.aws_vpc.this",
            "module.vpc.aws_vpc_ipv4_cidr_block_association.this"
          ]
        }
      ]
    },
    {
      "module": "module.this[\"infra\"]",
      "mode": "managed",
      "type": "aws_eks_cluster",
      "name": "this",
      "provider": "provider[\"registry.terraform.io/hashicorp/aws\"]",
      "instances": [
        {
          "index_key": 0,
          "schema_version": 0,
          "attributes": {
            "access_config": [
              {
                "authentication_mode": "API_AND_CONFIG_MAP",
                "bootstrap_cluster_creator_admin_permissions": false
              }
            ],
            "arn": "arn:aws:eks:us-east-1:628042573059:cluster/infra-eks-lab",
            "certificate_authority": [
              {
                "data": "LS0tLS1CRUdJTiBDRVJUSUZJQ0FURS0tLS0tCk1JSURCVENDQWUyZ0F3SUJBZ0lJUEhua2lCV09aOWN3RFFZSktvWklodmNOQVFFTEJRQXdGVEVUTUJFR0ExVUUKQXhNS2EzVmlaWEp1WlhSbGN6QWVGdzB5TkRBMk1USXlNakkzTVRoYUZ3MHpOREEyTVRBeU1qTXlNVGhhTUJVeApFekFSQmdOVkJBTVRDbXQxWW1WeWJtVjBaWE13Z2dFaU1BMEdDU3FHU0liM0RRRUJBUVVBQTRJQkR3QXdnZ0VLCkFvSUJBUUM0bThmNS9Ba2ZCZjVYU09zTmFrRmNnNVNaM0NTWTNaNHBoSExYbzUrR1paY0ZRWTZzcDFoV1FSTnIKcDI1d2RXN3RSRk0xd093TU5NckdLTFhuUTNyWS9OWE1pdFFNczNEQlo2OXpHc0tYY3hmT2Jya0UzTExKQWh0QwoveW1nTU9Cek5SUHIrd1J4RkV0eTZYdHM1cDJNRnBMNDRPREhPaUQ5Z2FoVDJNb3NHbXR0NGdPbG4rZkpXK2FPCnBQc1pGUkVkbjMrNzc4bjZTdzNYcFNiQkZMSVNOL1VXRjY3K0IwSnhVbGNCWDdIamZSRE9Vb01rWi9vMkMwLzMKN0M0LzA4azl1RFNiYmpyM1ZmSTFJblJBT0JxSU9iRkZkTzFlaEt2NXFpQlRsV2hoMms3WGwyRmtoaVVITnBzOQpZencyODRKc1l5ZE5nSkNyREJyOHM2eHkyYVpaQWdNQkFBR2pXVEJYTUE0R0ExVWREd0VCL3dRRUF3SUNwREFQCkJnTlZIUk1CQWY4RUJUQURBUUgvTUIwR0ExVWREZ1FXQkJUWWd6YWFOKzRUeXlvcnlvajJFeFFIbzArUGZqQVYKQmdOVkhSRUVEakFNZ2dwcmRXSmxjbTVsZEdWek1BMEdDU3FHU0liM0RRRUJDd1VBQTRJQkFRQnNpTmExRjJhdQpLQzFYVUNRWThkaURnNE8yQlJVeTFiREdUOThRRko4TVMvUFF6WmhBZjZjaS92RDMrVXFBbmk3N2J4T1A2c1pTCkJ1d2RMRGx5dldJVjJ2T01rMGlJOFJPbjJ1dHNGVXAyZU9UdW9mM1JpZEg1Y1ArdU1WMGNYcjY1RFRlYWU2SHcKQXFNOHlLMTFyTU43aUw1eWEzeFpaVk54enBVcnFNYlFmTHJNNjBjOW9FcFVjY1dzTDRFdElKVDA4VUkyS1c2bAo5QW8zQUNKTXdWbDRHVUpPVGZKZE9NODVoVXd5bmsrY1hNbGNaZlZUVDJpL043NGVONStGaGlnTnRFb21SaGliClNXNEFhV3ZSaytMUWozZkRXa2JnajJtT0dnK2x2OTJiQWlQeUh5QitIeTRtcUZOSlR3YmRQZTlGTWVLZHgwK2QKaVJaMHZkVXRuU005Ci0tLS0tRU5EIENFUlRJRklDQVRFLS0tLS0K"
              }
            ],
            "cluster_id": null,
            "created_at": "2024-06-12 22:27:31.373 +0000 UTC",
            "enabled_cluster_log_types": [
              "api",
              "audit",
              "authenticator"
            ],
            "encryption_config": [
              {
                "provider": [
                  {
                    "key_arn": "arn:aws:kms:us-east-1:628042573059:key/70b73f5a-3135-4adc-a389-b044e21e8564"
                  }
                ],
                "resources": [
                  "secrets"
                ]
              }
            ],
            "endpoint": "https://47B3CAC19E2C405FC2426857460800F9.gr7.us-east-1.eks.amazonaws.com",
            "id": "infra-eks-lab",
            "identity": [
              {
                "oidc": [
                  {
                    "issuer": "https://oidc.eks.us-east-1.amazonaws.com/id/47B3CAC19E2C405FC2426857460800F9"
                  }
                ]
              }
            ],
            "kubernetes_network_config": [
              {
                "ip_family": "ipv4",
                "service_ipv4_cidr": "172.20.0.0/16",
                "service_ipv6_cidr": ""
              }
            ],
            "name": "infra-eks-lab",
            "outpost_config": [],
            "platform_version": "eks.7",
            "role_arn": "arn:aws:iam::628042573059:role/infra-eks-lab-cluster-20240612222648463400000008",
            "status": "ACTIVE",
            "tags": {
              "Environment": "infra",
              "Terraform": "true",
              "terraform-aws-modules": "eks"
            },
            "tags_all": {
              "Environment": "infra",
              "Terraform": "true",
              "terraform-aws-modules": "eks"
            },
            "timeouts": {
              "create": null,
              "delete": null,
              "update": null
            },
            "version": "1.29",
            "vpc_config": [
              {
                "cluster_security_group_id": "sg-04a7d147863f78d85",
                "endpoint_private_access": false,
                "endpoint_public_access": true,
                "public_access_cidrs": [
                  "0.0.0.0/0"
                ],
                "security_group_ids": [
                  "sg-0f36c52525cd76281"
                ],
                "subnet_ids": [
                  "subnet-000b973781340dec4",
                  "subnet-0a0ec2b81080edb7e",
                  "subnet-0e7ea0297b4296393"
                ],
                "vpc_id": "vpc-0f428588a50a2b847"
              }
            ]
          },
          "sensitive_attributes": [],
          "private": "eyJlMmJmYjczMC1lY2FhLTExZTYtOGY4OC0zNDM2M2JjN2M0YzAiOnsiY3JlYXRlIjoxODAwMDAwMDAwMDAwLCJkZWxldGUiOjkwMDAwMDAwMDAwMCwidXBkYXRlIjozNjAwMDAwMDAwMDAwfX0=",
          "dependencies": [
            "module.this.aws_cloudwatch_log_group.this",
            "module.this.aws_iam_policy.cni_ipv6_policy",
            "module.this.aws_iam_role.this",
            "module.this.aws_iam_role_policy_attachment.this",
            "module.this.aws_security_group.cluster",
            "module.this.aws_security_group.node",
            "module.this.aws_security_group_rule.cluster",
            "module.this.aws_security_group_rule.node",
            "module.this.data.aws_caller_identity.current",
            "module.this.data.aws_iam_policy_document.assume_role_policy",
            "module.this.data.aws_iam_policy_document.cni_ipv6_policy",
            "module.this.data.aws_iam_session_context.current",
            "module.this.data.aws_partition.current",
            "module.this.module.kms.aws_kms_external_key.this",
            "module.this.module.kms.aws_kms_key.this",
            "module.this.module.kms.aws_kms_replica_external_key.this",
            "module.this.module.kms.aws_kms_replica_key.this",
            "module.this.module.kms.data.aws_caller_identity.current",
            "module.this.module.kms.data.aws_iam_policy_document.this",
            "module.this.module.kms.data.aws_partition.current",
            "module.vpc.aws_subnet.private",
            "module.vpc.aws_vpc.this",
            "module.vpc.aws_vpc_ipv4_cidr_block_association.this"
          ],
          "create_before_destroy": true
        }
      ]
    },
    {
      "module": "module.this[\"infra\"]",
      "mode": "managed",
      "type": "aws_iam_openid_connect_provider",
      "name": "oidc_provider",
      "provider": "provider[\"registry.terraform.io/hashicorp/aws\"]",
      "instances": [
        {
          "index_key": 0,
          "schema_version": 0,
          "attributes": {
            "arn": "arn:aws:iam::628042573059:oidc-provider/oidc.eks.us-east-1.amazonaws.com/id/47B3CAC19E2C405FC2426857460800F9",
            "client_id_list": [
              "sts.amazonaws.com"
            ],
            "id": "arn:aws:iam::628042573059:oidc-provider/oidc.eks.us-east-1.amazonaws.com/id/47B3CAC19E2C405FC2426857460800F9",
            "tags": {
              "Environment": "infra",
              "Name": "infra-eks-lab-eks-irsa",
              "Terraform": "true"
            },
            "tags_all": {
              "Environment": "infra",
              "Name": "infra-eks-lab-eks-irsa",
              "Terraform": "true"
            },
            "thumbprint_list": [
              "9e99a48a9960b14926bb7f3b02e22da2b0ab7280"
            ],
            "url": "oidc.eks.us-east-1.amazonaws.com/id/47B3CAC19E2C405FC2426857460800F9"
          },
          "sensitive_attributes": [],
          "private": "bnVsbA==",
          "dependencies": [
            "module.this.aws_cloudwatch_log_group.this",
            "module.this.aws_eks_cluster.this",
            "module.this.aws_iam_policy.cni_ipv6_policy",
            "module.this.aws_iam_role.this",
            "module.this.aws_iam_role_policy_attachment.this",
            "module.this.aws_security_group.cluster",
            "module.this.aws_security_group.node",
            "module.this.aws_security_group_rule.cluster",
            "module.this.aws_security_group_rule.node",
            "module.this.data.aws_caller_identity.current",
            "module.this.data.aws_iam_policy_document.assume_role_policy",
            "module.this.data.aws_iam_policy_document.cni_ipv6_policy",
            "module.this.data.aws_iam_session_context.current",
            "module.this.data.aws_partition.current",
            "module.this.data.tls_certificate.this",
            "module.this.module.kms.aws_kms_external_key.this",
            "module.this.module.kms.aws_kms_key.this",
            "module.this.module.kms.aws_kms_replica_external_key.this",
            "module.this.module.kms.aws_kms_replica_key.this",
            "module.this.module.kms.data.aws_caller_identity.current",
            "module.this.module.kms.data.aws_iam_policy_document.this",
            "module.this.module.kms.data.aws_partition.current",
            "module.vpc.aws_subnet.private",
            "module.vpc.aws_vpc.this",
            "module.vpc.aws_vpc_ipv4_cidr_block_association.this"
          ]
        }
      ]
    },
    {
      "module": "module.this[\"infra\"]",
      "mode": "managed",
      "type": "aws_iam_policy",
      "name": "cluster_encryption",
      "provider": "provider[\"registry.terraform.io/hashicorp/aws\"]",
      "instances": [
        {
          "index_key": 0,
          "schema_version": 0,
          "attributes": {
            "arn": "arn:aws:iam::628042573059:policy/infra-eks-lab-cluster-ClusterEncryption20240612222720693800000024",
            "attachment_count": 1,
            "description": "Cluster encryption policy to allow cluster role to utilize CMK provided",
            "id": "arn:aws:iam::628042573059:policy/infra-eks-lab-cluster-ClusterEncryption20240612222720693800000024",
            "name": "infra-eks-lab-cluster-ClusterEncryption20240612222720693800000024",
            "name_prefix": "infra-eks-lab-cluster-ClusterEncryption",
            "path": "/",
            "policy": "{\"Statement\":[{\"Action\":[\"kms:Encrypt\",\"kms:Decrypt\",\"kms:ListGrants\",\"kms:DescribeKey\"],\"Effect\":\"Allow\",\"Resource\":\"arn:aws:kms:us-east-1:628042573059:key/70b73f5a-3135-4adc-a389-b044e21e8564\"}],\"Version\":\"2012-10-17\"}",
            "policy_id": "ANPAZEOSBEUBV6RLGYCF7",
            "tags": {
              "Environment": "infra",
              "Terraform": "true"
            },
            "tags_all": {
              "Environment": "infra",
              "Terraform": "true"
            }
          },
          "sensitive_attributes": [],
          "private": "bnVsbA==",
          "dependencies": [
            "module.this.aws_iam_role.this",
            "module.this.data.aws_caller_identity.current",
            "module.this.data.aws_iam_policy_document.assume_role_policy",
            "module.this.data.aws_iam_session_context.current",
            "module.this.module.kms.aws_kms_external_key.this",
            "module.this.module.kms.aws_kms_key.this",
            "module.this.module.kms.aws_kms_replica_external_key.this",
            "module.this.module.kms.aws_kms_replica_key.this",
            "module.this.module.kms.data.aws_caller_identity.current",
            "module.this.module.kms.data.aws_iam_policy_document.this",
            "module.this.module.kms.data.aws_partition.current"
          ]
        }
      ]
    },
    {
      "module": "module.this[\"infra\"]",
      "mode": "managed",
      "type": "aws_iam_role",
      "name": "this",
      "provider": "provider[\"registry.terraform.io/hashicorp/aws\"]",
      "instances": [
        {
          "index_key": 0,
          "schema_version": 0,
          "attributes": {
            "arn": "arn:aws:iam::628042573059:role/infra-eks-lab-cluster-20240612222648463400000008",
            "assume_role_policy": "{\"Statement\":[{\"Action\":\"sts:AssumeRole\",\"Effect\":\"Allow\",\"Principal\":{\"Service\":\"eks.amazonaws.com\"},\"Sid\":\"EKSClusterAssumeRole\"}],\"Version\":\"2012-10-17\"}",
            "create_date": "2024-06-12T22:26:56Z",
            "description": "",
            "force_detach_policies": true,
            "id": "infra-eks-lab-cluster-20240612222648463400000008",
            "inline_policy": [
              {
                "name": "infra-eks-lab-cluster",
                "policy": "{\"Version\":\"2012-10-17\",\"Statement\":[{\"Action\":[\"logs:CreateLogGroup\"],\"Effect\":\"Deny\",\"Resource\":\"*\"}]}"
              }
            ],
            "managed_policy_arns": [
              "arn:aws:iam::628042573059:policy/infra-eks-lab-cluster-ClusterEncryption20240612222720693800000024",
              "arn:aws:iam::aws:policy/AmazonEKSClusterPolicy",
              "arn:aws:iam::aws:policy/AmazonEKSVPCResourceController"
            ],
            "max_session_duration": 3600,
            "name": "infra-eks-lab-cluster-20240612222648463400000008",
            "name_prefix": "infra-eks-lab-cluster-",
            "path": "/",
            "permissions_boundary": "",
            "tags": {
              "Environment": "infra",
              "Terraform": "true"
            },
            "tags_all": {
              "Environment": "infra",
              "Terraform": "true"
            },
            "unique_id": "AROAZEOSBEUB4KQ54F3EX"
          },
          "sensitive_attributes": [],
          "private": "bnVsbA==",
          "dependencies": [
            "module.this.data.aws_iam_policy_document.assume_role_policy"
          ],
          "create_before_destroy": true
        }
      ]
    },
    {
      "module": "module.this[\"infra\"]",
      "mode": "managed",
      "type": "aws_iam_role_policy_attachment",
      "name": "cluster_encryption",
      "provider": "provider[\"registry.terraform.io/hashicorp/aws\"]",
      "instances": [
        {
          "index_key": 0,
          "schema_version": 0,
          "attributes": {
            "id": "infra-eks-lab-cluster-20240612222648463400000008-20240612222721631400000027",
            "policy_arn": "arn:aws:iam::628042573059:policy/infra-eks-lab-cluster-ClusterEncryption20240612222720693800000024",
            "role": "infra-eks-lab-cluster-20240612222648463400000008"
          },
          "sensitive_attributes": [],
          "private": "bnVsbA==",
          "dependencies": [
            "module.this.aws_iam_policy.cluster_encryption",
            "module.this.aws_iam_role.this",
            "module.this.data.aws_caller_identity.current",
            "module.this.data.aws_iam_policy_document.assume_role_policy",
            "module.this.data.aws_iam_session_context.current",
            "module.this.module.kms.aws_kms_external_key.this",
            "module.this.module.kms.aws_kms_key.this",
            "module.this.module.kms.aws_kms_replica_external_key.this",
            "module.this.module.kms.aws_kms_replica_key.this",
            "module.this.module.kms.data.aws_caller_identity.current",
            "module.this.module.kms.data.aws_iam_policy_document.this",
            "module.this.module.kms.data.aws_partition.current"
          ]
        }
      ]
    },
    {
      "module": "module.this[\"infra\"]",
      "mode": "managed",
      "type": "aws_iam_role_policy_attachment",
      "name": "this",
      "provider": "provider[\"registry.terraform.io/hashicorp/aws\"]",
      "instances": [
        {
          "index_key": "AmazonEKSClusterPolicy",
          "schema_version": 0,
          "attributes": {
            "id": "infra-eks-lab-cluster-20240612222648463400000008-2024061222265039500000001a",
            "policy_arn": "arn:aws:iam::aws:policy/AmazonEKSClusterPolicy",
            "role": "infra-eks-lab-cluster-20240612222648463400000008"
          },
          "sensitive_attributes": [],
          "private": "bnVsbA==",
          "dependencies": [
            "module.this.aws_iam_role.this",
            "module.this.data.aws_iam_policy_document.assume_role_policy",
            "module.this.data.aws_partition.current"
          ],
          "create_before_destroy": true
        },
        {
          "index_key": "AmazonEKSVPCResourceController",
          "schema_version": 0,
          "attributes": {
            "id": "infra-eks-lab-cluster-20240612222648463400000008-20240612222650362100000019",
            "policy_arn": "arn:aws:iam::aws:policy/AmazonEKSVPCResourceController",
            "role": "infra-eks-lab-cluster-20240612222648463400000008"
          },
          "sensitive_attributes": [],
          "private": "bnVsbA==",
          "dependencies": [
            "module.this.aws_iam_role.this",
            "module.this.data.aws_iam_policy_document.assume_role_policy",
            "module.this.data.aws_partition.current"
          ],
          "create_before_destroy": true
        }
      ]
    },
    {
      "module": "module.this[\"infra\"]",
      "mode": "managed",
      "type": "aws_security_group",
      "name": "cluster",
      "provider": "provider[\"registry.terraform.io/hashicorp/aws\"]",
      "instances": [
        {
          "index_key": 0,
          "schema_version": 1,
          "attributes": {
            "arn": "arn:aws:ec2:us-east-1:628042573059:security-group/sg-0f36c52525cd76281",
            "description": "EKS cluster security group",
            "egress": [],
            "id": "sg-0f36c52525cd76281",
            "ingress": [
              {
                "cidr_blocks": [],
                "description": "Node groups to cluster API",
                "from_port": 443,
                "ipv6_cidr_blocks": [],
                "prefix_list_ids": [],
                "protocol": "tcp",
                "security_groups": [
                  "sg-0234f48bdb87808f7"
                ],
                "self": false,
                "to_port": 443
              }
            ],
            "name": "infra-eks-lab-cluster-20240612222706882800000022",
            "name_prefix": "infra-eks-lab-cluster-",
            "owner_id": "628042573059",
            "revoke_rules_on_delete": false,
            "tags": {
              "Environment": "infra",
              "Name": "infra-eks-lab-cluster",
              "Terraform": "true"
            },
            "tags_all": {
              "Environment": "infra",
              "Name": "infra-eks-lab-cluster",
              "Terraform": "true"
            },
            "timeouts": null,
            "vpc_id": "vpc-0f428588a50a2b847"
          },
          "sensitive_attributes": [],
          "private": "eyJlMmJmYjczMC1lY2FhLTExZTYtOGY4OC0zNDM2M2JjN2M0YzAiOnsiY3JlYXRlIjo2MDAwMDAwMDAwMDAsImRlbGV0ZSI6OTAwMDAwMDAwMDAwfSwic2NoZW1hX3ZlcnNpb24iOiIxIn0=",
          "dependencies": [
            "module.vpc.aws_vpc.this"
          ],
          "create_before_destroy": true
        }
      ]
    },
    {
      "module": "module.this[\"infra\"]",
      "mode": "managed",
      "type": "aws_security_group",
      "name": "node",
      "provider": "provider[\"registry.terraform.io/hashicorp/aws\"]",
      "instances": [
        {
          "index_key": 0,
          "schema_version": 1,
          "attributes": {
            "arn": "arn:aws:ec2:us-east-1:628042573059:security-group/sg-0234f48bdb87808f7",
            "description": "EKS node shared security group",
            "egress": [
              {
                "cidr_blocks": [
                  "0.0.0.0/0"
                ],
                "description": "Allow all egress",
                "from_port": 0,
                "ipv6_cidr_blocks": [],
                "prefix_list_ids": [],
                "protocol": "-1",
                "security_groups": [],
                "self": false,
                "to_port": 0
              }
            ],
            "id": "sg-0234f48bdb87808f7",
            "ingress": [
              {
                "cidr_blocks": [],
                "description": "Cluster API to node 4443/tcp webhook",
                "from_port": 4443,
                "ipv6_cidr_blocks": [],
                "prefix_list_ids": [],
                "protocol": "tcp",
                "security_groups": [
                  "sg-0f36c52525cd76281"
                ],
                "self": false,
                "to_port": 4443
              },
              {
                "cidr_blocks": [],
                "description": "Cluster API to node 6443/tcp webhook",
                "from_port": 6443,
                "ipv6_cidr_blocks": [],
                "prefix_list_ids": [],
                "protocol": "tcp",
                "security_groups": [
                  "sg-0f36c52525cd76281"
                ],
                "self": false,
                "to_port": 6443
              },
              {
                "cidr_blocks": [],
                "description": "Cluster API to node 8443/tcp webhook",
                "from_port": 8443,
                "ipv6_cidr_blocks": [],
                "prefix_list_ids": [],
                "protocol": "tcp",
                "security_groups": [
                  "sg-0f36c52525cd76281"
                ],
                "self": false,
                "to_port": 8443
              },
              {
                "cidr_blocks": [],
                "description": "Cluster API to node 9443/tcp webhook",
                "from_port": 9443,
                "ipv6_cidr_blocks": [],
                "prefix_list_ids": [],
                "protocol": "tcp",
                "security_groups": [
                  "sg-0f36c52525cd76281"
                ],
                "self": false,
                "to_port": 9443
              },
              {
                "cidr_blocks": [],
                "description": "Cluster API to node groups",
                "from_port": 443,
                "ipv6_cidr_blocks": [],
                "prefix_list_ids": [],
                "protocol": "tcp",
                "security_groups": [
                  "sg-0f36c52525cd76281"
                ],
                "self": false,
                "to_port": 443
              },
              {
                "cidr_blocks": [],
                "description": "Cluster API to node kubelets",
                "from_port": 10250,
                "ipv6_cidr_blocks": [],
                "prefix_list_ids": [],
                "protocol": "tcp",
                "security_groups": [
                  "sg-0f36c52525cd76281"
                ],
                "self": false,
                "to_port": 10250
              },
              {
                "cidr_blocks": [],
                "description": "Node to node CoreDNS UDP",
                "from_port": 53,
                "ipv6_cidr_blocks": [],
                "prefix_list_ids": [],
                "protocol": "udp",
                "security_groups": [],
                "self": true,
                "to_port": 53
              },
              {
                "cidr_blocks": [],
                "description": "Node to node CoreDNS",
                "from_port": 53,
                "ipv6_cidr_blocks": [],
                "prefix_list_ids": [],
                "protocol": "tcp",
                "security_groups": [],
                "self": true,
                "to_port": 53
              },
              {
                "cidr_blocks": [],
                "description": "Node to node ingress on ephemeral ports",
                "from_port": 1025,
                "ipv6_cidr_blocks": [],
                "prefix_list_ids": [],
                "protocol": "tcp",
                "security_groups": [],
                "self": true,
                "to_port": 65535
              }
            ],
            "name": "infra-eks-lab-node-20240612222704939600000021",
            "name_prefix": "infra-eks-lab-node-",
            "owner_id": "628042573059",
            "revoke_rules_on_delete": false,
            "tags": {
              "Environment": "infra",
              "Name": "infra-eks-lab-node",
              "Terraform": "true",
              "kubernetes.io/cluster/infra-eks-lab": "owned"
            },
            "tags_all": {
              "Environment": "infra",
              "Name": "infra-eks-lab-node",
              "Terraform": "true",
              "kubernetes.io/cluster/infra-eks-lab": "owned"
            },
            "timeouts": null,
            "vpc_id": "vpc-0f428588a50a2b847"
          },
          "sensitive_attributes": [],
          "private": "eyJlMmJmYjczMC1lY2FhLTExZTYtOGY4OC0zNDM2M2JjN2M0YzAiOnsiY3JlYXRlIjo2MDAwMDAwMDAwMDAsImRlbGV0ZSI6OTAwMDAwMDAwMDAwfSwic2NoZW1hX3ZlcnNpb24iOiIxIn0=",
          "dependencies": [
            "module.vpc.aws_vpc.this"
          ],
          "create_before_destroy": true
        }
      ]
    },
    {
      "module": "module.this[\"infra\"]",
      "mode": "managed",
      "type": "aws_security_group_rule",
      "name": "cluster",
      "provider": "provider[\"registry.terraform.io/hashicorp/aws\"]",
      "instances": [
        {
          "index_key": "ingress_nodes_443",
          "schema_version": 2,
          "attributes": {
            "cidr_blocks": null,
            "description": "Node groups to cluster API",
            "from_port": 443,
            "id": "sgrule-288693748",
            "ipv6_cidr_blocks": null,
            "prefix_list_ids": null,
            "protocol": "tcp",
            "security_group_id": "sg-0f36c52525cd76281",
            "security_group_rule_id": "sgr-04247c982fb150e92",
            "self": false,
            "source_security_group_id": "sg-0234f48bdb87808f7",
            "timeouts": null,
            "to_port": 443,
            "type": "ingress"
          },
          "sensitive_attributes": [],
          "private": "eyJlMmJmYjczMC1lY2FhLTExZTYtOGY4OC0zNDM2M2JjN2M0YzAiOnsiY3JlYXRlIjozMDAwMDAwMDAwMDB9LCJzY2hlbWFfdmVyc2lvbiI6IjIifQ==",
          "dependencies": [
            "module.this.aws_security_group.cluster",
            "module.this.aws_security_group.node",
            "module.vpc.aws_vpc.this"
          ],
          "create_before_destroy": true
        }
      ]
    },
    {
      "module": "module.this[\"infra\"]",
      "mode": "managed",
      "type": "aws_security_group_rule",
      "name": "node",
      "provider": "provider[\"registry.terraform.io/hashicorp/aws\"]",
      "instances": [
        {
          "index_key": "egress_all",
          "schema_version": 2,
          "attributes": {
            "cidr_blocks": [
              "0.0.0.0/0"
            ],
            "description": "Allow all egress",
            "from_port": 0,
            "id": "sgrule-2372220301",
            "ipv6_cidr_blocks": null,
            "prefix_list_ids": [],
            "protocol": "-1",
            "security_group_id": "sg-0234f48bdb87808f7",
            "security_group_rule_id": "sgr-0a07d32f2d56f5007",
            "self": false,
            "source_security_group_id": null,
            "timeouts": null,
            "to_port": 0,
            "type": "egress"
          },
          "sensitive_attributes": [],
          "private": "eyJlMmJmYjczMC1lY2FhLTExZTYtOGY4OC0zNDM2M2JjN2M0YzAiOnsiY3JlYXRlIjozMDAwMDAwMDAwMDB9LCJzY2hlbWFfdmVyc2lvbiI6IjIifQ==",
          "dependencies": [
            "module.this.aws_security_group.cluster",
            "module.this.aws_security_group.node",
            "module.vpc.aws_vpc.this"
          ],
          "create_before_destroy": true
        },
        {
          "index_key": "ingress_cluster_443",
          "schema_version": 2,
          "attributes": {
            "cidr_blocks": null,
            "description": "Cluster API to node groups",
            "from_port": 443,
            "id": "sgrule-3555466748",
            "ipv6_cidr_blocks": null,
            "prefix_list_ids": [],
            "protocol": "tcp",
            "security_group_id": "sg-0234f48bdb87808f7",
            "security_group_rule_id": "sgr-08db17681fd789bde",
            "self": false,
            "source_security_group_id": "sg-0f36c52525cd76281",
            "timeouts": null,
            "to_port": 443,
            "type": "ingress"
          },
          "sensitive_attributes": [],
          "private": "eyJlMmJmYjczMC1lY2FhLTExZTYtOGY4OC0zNDM2M2JjN2M0YzAiOnsiY3JlYXRlIjozMDAwMDAwMDAwMDB9LCJzY2hlbWFfdmVyc2lvbiI6IjIifQ==",
          "dependencies": [
            "module.this.aws_security_group.cluster",
            "module.this.aws_security_group.node",
            "module.vpc.aws_vpc.this"
          ],
          "create_before_destroy": true
        },
        {
          "index_key": "ingress_cluster_4443_webhook",
          "schema_version": 2,
          "attributes": {
            "cidr_blocks": null,
            "description": "Cluster API to node 4443/tcp webhook",
            "from_port": 4443,
            "id": "sgrule-2695756597",
            "ipv6_cidr_blocks": null,
            "prefix_list_ids": [],
            "protocol": "tcp",
            "security_group_id": "sg-0234f48bdb87808f7",
            "security_group_rule_id": "sgr-0316f241e15bb4439",
            "self": false,
            "source_security_group_id": "sg-0f36c52525cd76281",
            "timeouts": null,
            "to_port": 4443,
            "type": "ingress"
          },
          "sensitive_attributes": [],
          "private": "eyJlMmJmYjczMC1lY2FhLTExZTYtOGY4OC0zNDM2M2JjN2M0YzAiOnsiY3JlYXRlIjozMDAwMDAwMDAwMDB9LCJzY2hlbWFfdmVyc2lvbiI6IjIifQ==",
          "dependencies": [
            "module.this.aws_security_group.cluster",
            "module.this.aws_security_group.node",
            "module.vpc.aws_vpc.this"
          ],
          "create_before_destroy": true
        },
        {
          "index_key": "ingress_cluster_6443_webhook",
          "schema_version": 2,
          "attributes": {
            "cidr_blocks": null,
            "description": "Cluster API to node 6443/tcp webhook",
            "from_port": 6443,
            "id": "sgrule-1777310883",
            "ipv6_cidr_blocks": null,
            "prefix_list_ids": [],
            "protocol": "tcp",
            "security_group_id": "sg-0234f48bdb87808f7",
            "security_group_rule_id": "sgr-082ffc52d55e682b7",
            "self": false,
            "source_security_group_id": "sg-0f36c52525cd76281",
            "timeouts": null,
            "to_port": 6443,
            "type": "ingress"
          },
          "sensitive_attributes": [],
          "private": "eyJlMmJmYjczMC1lY2FhLTExZTYtOGY4OC0zNDM2M2JjN2M0YzAiOnsiY3JlYXRlIjozMDAwMDAwMDAwMDB9LCJzY2hlbWFfdmVyc2lvbiI6IjIifQ==",
          "dependencies": [
            "module.this.aws_security_group.cluster",
            "module.this.aws_security_group.node",
            "module.vpc.aws_vpc.this"
          ],
          "create_before_destroy": true
        },
        {
          "index_key": "ingress_cluster_8443_webhook",
          "schema_version": 2,
          "attributes": {
            "cidr_blocks": null,
            "description": "Cluster API to node 8443/tcp webhook",
            "from_port": 8443,
            "id": "sgrule-2058592386",
            "ipv6_cidr_blocks": null,
            "prefix_list_ids": [],
            "protocol": "tcp",
            "security_group_id": "sg-0234f48bdb87808f7",
            "security_group_rule_id": "sgr-07bfd4a733e12556e",
            "self": false,
            "source_security_group_id": "sg-0f36c52525cd76281",
            "timeouts": null,
            "to_port": 8443,
            "type": "ingress"
          },
          "sensitive_attributes": [],
          "private": "eyJlMmJmYjczMC1lY2FhLTExZTYtOGY4OC0zNDM2M2JjN2M0YzAiOnsiY3JlYXRlIjozMDAwMDAwMDAwMDB9LCJzY2hlbWFfdmVyc2lvbiI6IjIifQ==",
          "dependencies": [
            "module.this.aws_security_group.cluster",
            "module.this.aws_security_group.node",
            "module.vpc.aws_vpc.this"
          ],
          "create_before_destroy": true
        },
        {
          "index_key": "ingress_cluster_9443_webhook",
          "schema_version": 2,
          "attributes": {
            "cidr_blocks": null,
            "description": "Cluster API to node 9443/tcp webhook",
            "from_port": 9443,
            "id": "sgrule-504533833",
            "ipv6_cidr_blocks": null,
            "prefix_list_ids": [],
            "protocol": "tcp",
            "security_group_id": "sg-0234f48bdb87808f7",
            "security_group_rule_id": "sgr-0bef3f248aab672ba",
            "self": false,
            "source_security_group_id": "sg-0f36c52525cd76281",
            "timeouts": null,
            "to_port": 9443,
            "type": "ingress"
          },
          "sensitive_attributes": [],
          "private": "eyJlMmJmYjczMC1lY2FhLTExZTYtOGY4OC0zNDM2M2JjN2M0YzAiOnsiY3JlYXRlIjozMDAwMDAwMDAwMDB9LCJzY2hlbWFfdmVyc2lvbiI6IjIifQ==",
          "dependencies": [
            "module.this.aws_security_group.cluster",
            "module.this.aws_security_group.node",
            "module.vpc.aws_vpc.this"
          ],
          "create_before_destroy": true
        },
        {
          "index_key": "ingress_cluster_kubelet",
          "schema_version": 2,
          "attributes": {
            "cidr_blocks": null,
            "description": "Cluster API to node kubelets",
            "from_port": 10250,
            "id": "sgrule-1218081968",
            "ipv6_cidr_blocks": null,
            "prefix_list_ids": [],
            "protocol": "tcp",
            "security_group_id": "sg-0234f48bdb87808f7",
            "security_group_rule_id": "sgr-052cfd8b1be37b24f",
            "self": false,
            "source_security_group_id": "sg-0f36c52525cd76281",
            "timeouts": null,
            "to_port": 10250,
            "type": "ingress"
          },
          "sensitive_attributes": [],
          "private": "eyJlMmJmYjczMC1lY2FhLTExZTYtOGY4OC0zNDM2M2JjN2M0YzAiOnsiY3JlYXRlIjozMDAwMDAwMDAwMDB9LCJzY2hlbWFfdmVyc2lvbiI6IjIifQ==",
          "dependencies": [
            "module.this.aws_security_group.cluster",
            "module.this.aws_security_group.node",
            "module.vpc.aws_vpc.this"
          ],
          "create_before_destroy": true
        },
        {
          "index_key": "ingress_nodes_ephemeral",
          "schema_version": 2,
          "attributes": {
            "cidr_blocks": null,
            "description": "Node to node ingress on ephemeral ports",
            "from_port": 1025,
            "id": "sgrule-1592143575",
            "ipv6_cidr_blocks": null,
            "prefix_list_ids": [],
            "protocol": "tcp",
            "security_group_id": "sg-0234f48bdb87808f7",
            "security_group_rule_id": "sgr-0e7d70fbd9534f2b2",
            "self": true,
            "source_security_group_id": null,
            "timeouts": null,
            "to_port": 65535,
            "type": "ingress"
          },
          "sensitive_attributes": [],
          "private": "eyJlMmJmYjczMC1lY2FhLTExZTYtOGY4OC0zNDM2M2JjN2M0YzAiOnsiY3JlYXRlIjozMDAwMDAwMDAwMDB9LCJzY2hlbWFfdmVyc2lvbiI6IjIifQ==",
          "dependencies": [
            "module.this.aws_security_group.cluster",
            "module.this.aws_security_group.node",
            "module.vpc.aws_vpc.this"
          ],
          "create_before_destroy": true
        },
        {
          "index_key": "ingress_self_coredns_tcp",
          "schema_version": 2,
          "attributes": {
            "cidr_blocks": null,
            "description": "Node to node CoreDNS",
            "from_port": 53,
            "id": "sgrule-152031577",
            "ipv6_cidr_blocks": null,
            "prefix_list_ids": [],
            "protocol": "tcp",
            "security_group_id": "sg-0234f48bdb87808f7",
            "security_group_rule_id": "sgr-0a2eaa47cea25cab6",
            "self": true,
            "source_security_group_id": null,
            "timeouts": null,
            "to_port": 53,
            "type": "ingress"
          },
          "sensitive_attributes": [],
          "private": "eyJlMmJmYjczMC1lY2FhLTExZTYtOGY4OC0zNDM2M2JjN2M0YzAiOnsiY3JlYXRlIjozMDAwMDAwMDAwMDB9LCJzY2hlbWFfdmVyc2lvbiI6IjIifQ==",
          "dependencies": [
            "module.this.aws_security_group.cluster",
            "module.this.aws_security_group.node",
            "module.vpc.aws_vpc.this"
          ],
          "create_before_destroy": true
        },
        {
          "index_key": "ingress_self_coredns_udp",
          "schema_version": 2,
          "attributes": {
            "cidr_blocks": null,
            "description": "Node to node CoreDNS UDP",
            "from_port": 53,
            "id": "sgrule-2907730614",
            "ipv6_cidr_blocks": null,
            "prefix_list_ids": [],
            "protocol": "udp",
            "security_group_id": "sg-0234f48bdb87808f7",
            "security_group_rule_id": "sgr-068d60bac2d5a31d0",
            "self": true,
            "source_security_group_id": null,
            "timeouts": null,
            "to_port": 53,
            "type": "ingress"
          },
          "sensitive_attributes": [],
          "private": "eyJlMmJmYjczMC1lY2FhLTExZTYtOGY4OC0zNDM2M2JjN2M0YzAiOnsiY3JlYXRlIjozMDAwMDAwMDAwMDB9LCJzY2hlbWFfdmVyc2lvbiI6IjIifQ==",
          "dependencies": [
            "module.this.aws_security_group.cluster",
            "module.this.aws_security_group.node",
            "module.vpc.aws_vpc.this"
          ],
          "create_before_destroy": true
        }
      ]
    },
    {
      "module": "module.this[\"infra\"]",
      "mode": "managed",
      "type": "time_sleep",
      "name": "this",
      "provider": "provider[\"registry.terraform.io/hashicorp/time\"]",
      "instances": [
        {
          "index_key": 0,
          "schema_version": 0,
          "attributes": {
            "create_duration": "30s",
            "destroy_duration": null,
            "id": "2024-06-12T22:36:51Z",
            "triggers": {
              "cluster_certificate_authority_data": "LS0tLS1CRUdJTiBDRVJUSUZJQ0FURS0tLS0tCk1JSURCVENDQWUyZ0F3SUJBZ0lJUEhua2lCV09aOWN3RFFZSktvWklodmNOQVFFTEJRQXdGVEVUTUJFR0ExVUUKQXhNS2EzVmlaWEp1WlhSbGN6QWVGdzB5TkRBMk1USXlNakkzTVRoYUZ3MHpOREEyTVRBeU1qTXlNVGhhTUJVeApFekFSQmdOVkJBTVRDbXQxWW1WeWJtVjBaWE13Z2dFaU1BMEdDU3FHU0liM0RRRUJBUVVBQTRJQkR3QXdnZ0VLCkFvSUJBUUM0bThmNS9Ba2ZCZjVYU09zTmFrRmNnNVNaM0NTWTNaNHBoSExYbzUrR1paY0ZRWTZzcDFoV1FSTnIKcDI1d2RXN3RSRk0xd093TU5NckdLTFhuUTNyWS9OWE1pdFFNczNEQlo2OXpHc0tYY3hmT2Jya0UzTExKQWh0QwoveW1nTU9Cek5SUHIrd1J4RkV0eTZYdHM1cDJNRnBMNDRPREhPaUQ5Z2FoVDJNb3NHbXR0NGdPbG4rZkpXK2FPCnBQc1pGUkVkbjMrNzc4bjZTdzNYcFNiQkZMSVNOL1VXRjY3K0IwSnhVbGNCWDdIamZSRE9Vb01rWi9vMkMwLzMKN0M0LzA4azl1RFNiYmpyM1ZmSTFJblJBT0JxSU9iRkZkTzFlaEt2NXFpQlRsV2hoMms3WGwyRmtoaVVITnBzOQpZencyODRKc1l5ZE5nSkNyREJyOHM2eHkyYVpaQWdNQkFBR2pXVEJYTUE0R0ExVWREd0VCL3dRRUF3SUNwREFQCkJnTlZIUk1CQWY4RUJUQURBUUgvTUIwR0ExVWREZ1FXQkJUWWd6YWFOKzRUeXlvcnlvajJFeFFIbzArUGZqQVYKQmdOVkhSRUVEakFNZ2dwcmRXSmxjbTVsZEdWek1BMEdDU3FHU0liM0RRRUJDd1VBQTRJQkFRQnNpTmExRjJhdQpLQzFYVUNRWThkaURnNE8yQlJVeTFiREdUOThRRko4TVMvUFF6WmhBZjZjaS92RDMrVXFBbmk3N2J4T1A2c1pTCkJ1d2RMRGx5dldJVjJ2T01rMGlJOFJPbjJ1dHNGVXAyZU9UdW9mM1JpZEg1Y1ArdU1WMGNYcjY1RFRlYWU2SHcKQXFNOHlLMTFyTU43aUw1eWEzeFpaVk54enBVcnFNYlFmTHJNNjBjOW9FcFVjY1dzTDRFdElKVDA4VUkyS1c2bAo5QW8zQUNKTXdWbDRHVUpPVGZKZE9NODVoVXd5bmsrY1hNbGNaZlZUVDJpL043NGVONStGaGlnTnRFb21SaGliClNXNEFhV3ZSaytMUWozZkRXa2JnajJtT0dnK2x2OTJiQWlQeUh5QitIeTRtcUZOSlR3YmRQZTlGTWVLZHgwK2QKaVJaMHZkVXRuU005Ci0tLS0tRU5EIENFUlRJRklDQVRFLS0tLS0K",
              "cluster_endpoint": "https://47B3CAC19E2C405FC2426857460800F9.gr7.us-east-1.eks.amazonaws.com",
              "cluster_name": "infra-eks-lab",
              "cluster_service_cidr": "172.20.0.0/16",
              "cluster_version": "1.29"
            }
          },
          "sensitive_attributes": [],
          "dependencies": [
            "module.this.aws_cloudwatch_log_group.this",
            "module.this.aws_eks_cluster.this",
            "module.this.aws_iam_policy.cni_ipv6_policy",
            "module.this.aws_iam_role.this",
            "module.this.aws_iam_role_policy_attachment.this",
            "module.this.aws_security_group.cluster",
            "module.this.aws_security_group.node",
            "module.this.aws_security_group_rule.cluster",
            "module.this.aws_security_group_rule.node",
            "module.this.data.aws_caller_identity.current",
            "module.this.data.aws_iam_policy_document.assume_role_policy",
            "module.this.data.aws_iam_policy_document.cni_ipv6_policy",
            "module.this.data.aws_iam_session_context.current",
            "module.this.data.aws_partition.current",
            "module.this.module.kms.aws_kms_external_key.this",
            "module.this.module.kms.aws_kms_key.this",
            "module.this.module.kms.aws_kms_replica_external_key.this",
            "module.this.module.kms.aws_kms_replica_key.this",
            "module.this.module.kms.data.aws_caller_identity.current",
            "module.this.module.kms.data.aws_iam_policy_document.this",
            "module.this.module.kms.data.aws_partition.current",
            "module.vpc.aws_subnet.private",
            "module.vpc.aws_vpc.this",
            "module.vpc.aws_vpc_ipv4_cidr_block_association.this"
          ],
          "create_before_destroy": true
        }
      ]
    },
    {
      "module": "module.this[\"infra\"].module.eks_managed_node_group[\"eks_nodes\"]",
      "mode": "data",
      "type": "aws_caller_identity",
      "name": "current",
      "provider": "provider[\"registry.terraform.io/hashicorp/aws\"]",
      "instances": [
        {
          "schema_version": 0,
          "attributes": {
            "account_id": "628042573059",
            "arn": "arn:aws:iam::628042573059:user/Bernardo",
            "id": "628042573059",
            "user_id": "AIDAZEOSBEUBQASQAWFQ3"
          },
          "sensitive_attributes": []
        }
      ]
    },
    {
      "module": "module.this[\"infra\"].module.eks_managed_node_group[\"eks_nodes\"]",
      "mode": "data",
      "type": "aws_iam_policy_document",
      "name": "assume_role_policy",
      "provider": "provider[\"registry.terraform.io/hashicorp/aws\"]",
      "instances": [
        {
          "index_key": 0,
          "schema_version": 0,
          "attributes": {
            "id": "2560088296",
            "json": "{\n  \"Version\": \"2012-10-17\",\n  \"Statement\": [\n    {\n      \"Sid\": \"EKSNodeAssumeRole\",\n      \"Effect\": \"Allow\",\n      \"Action\": \"sts:AssumeRole\",\n      \"Principal\": {\n        \"Service\": \"ec2.amazonaws.com\"\n      }\n    }\n  ]\n}",
            "minified_json": "{\"Version\":\"2012-10-17\",\"Statement\":[{\"Sid\":\"EKSNodeAssumeRole\",\"Effect\":\"Allow\",\"Action\":\"sts:AssumeRole\",\"Principal\":{\"Service\":\"ec2.amazonaws.com\"}}]}",
            "override_json": null,
            "override_policy_documents": null,
            "policy_id": null,
            "source_json": null,
            "source_policy_documents": null,
            "statement": [
              {
                "actions": [
                  "sts:AssumeRole"
                ],
                "condition": [],
                "effect": "Allow",
                "not_actions": [],
                "not_principals": [],
                "not_resources": [],
                "principals": [
                  {
                    "identifiers": [
                      "ec2.amazonaws.com"
                    ],
                    "type": "Service"
                  }
                ],
                "resources": [],
                "sid": "EKSNodeAssumeRole"
              }
            ],
            "version": "2012-10-17"
          },
          "sensitive_attributes": []
        }
      ]
    },
    {
      "module": "module.this[\"infra\"].module.eks_managed_node_group[\"eks_nodes\"]",
      "mode": "data",
      "type": "aws_partition",
      "name": "current",
      "provider": "provider[\"registry.terraform.io/hashicorp/aws\"]",
      "instances": [
        {
          "schema_version": 0,
          "attributes": {
            "dns_suffix": "amazonaws.com",
            "id": "aws",
            "partition": "aws",
            "reverse_dns_prefix": "com.amazonaws"
          },
          "sensitive_attributes": []
        }
      ]
    },
    {
      "module": "module.this[\"infra\"].module.eks_managed_node_group[\"eks_nodes\"]",
      "mode": "managed",
      "type": "aws_eks_node_group",
      "name": "this",
      "provider": "provider[\"registry.terraform.io/hashicorp/aws\"]",
      "instances": [
        {
          "index_key": 0,
          "schema_version": 0,
          "attributes": {
            "ami_type": "AL2_x86_64",
            "arn": "arn:aws:eks:us-east-1:628042573059:nodegroup/infra-eks-lab/eks_nodes-20240612223652987800000033/bac8074c-75f7-bbb4-915f-7c6c62ac2ed3",
            "capacity_type": "ON_DEMAND",
            "cluster_name": "infra-eks-lab",
            "disk_size": 0,
            "force_update_version": null,
            "id": "infra-eks-lab:eks_nodes-20240612223652987800000033",
            "instance_types": [
              "t3.medium",
              "t3a.medium"
            ],
            "labels": {},
            "launch_template": [
              {
                "id": "lt-058b7b23f949e5796",
                "name": "eks_nodes-2024061222365161970000002f",
                "version": "1"
              }
            ],
            "node_group_name": "eks_nodes-20240612223652987800000033",
            "node_group_name_prefix": "eks_nodes-",
            "node_role_arn": "arn:aws:iam::628042573059:role/eks_nodes-eks-node-group-20240612222647151900000004",
            "release_version": "1.29.3-20240605",
            "remote_access": [],
            "resources": [
              {
                "autoscaling_groups": [
                  {
                    "name": "eks-eks_nodes-20240612223652987800000033-bac8074c-75f7-bbb4-915f-7c6c62ac2ed3"
                  }
                ],
                "remote_access_security_group_id": ""
              }
            ],
            "scaling_config": [
              {
                "desired_size": 1,
                "max_size": 3,
                "min_size": 1
              }
            ],
            "status": "ACTIVE",
            "subnet_ids": [
              "subnet-000b973781340dec4",
              "subnet-0a0ec2b81080edb7e",
              "subnet-0e7ea0297b4296393"
            ],
            "tags": {
              "Environment": "infra",
              "Name": "eks_nodes",
              "Terraform": "true"
            },
            "tags_all": {
              "Environment": "infra",
              "Name": "eks_nodes",
              "Terraform": "true"
            },
            "taint": [],
            "timeouts": {
              "create": null,
              "delete": null,
              "update": null
            },
            "update_config": [
              {
                "max_unavailable": 0,
                "max_unavailable_percentage": 33
              }
            ],
            "version": "1.29"
          },
          "sensitive_attributes": [],
          "private": "eyJlMmJmYjczMC1lY2FhLTExZTYtOGY4OC0zNDM2M2JjN2M0YzAiOnsiY3JlYXRlIjozNjAwMDAwMDAwMDAwLCJkZWxldGUiOjM2MDAwMDAwMDAwMDAsInVwZGF0ZSI6MzYwMDAwMDAwMDAwMH19",
          "dependencies": [
            "module.this.aws_cloudwatch_log_group.this",
            "module.this.aws_eks_cluster.this",
            "module.this.aws_iam_policy.cni_ipv6_policy",
            "module.this.aws_iam_role.this",
            "module.this.aws_iam_role_policy_attachment.this",
            "module.this.aws_security_group.cluster",
            "module.this.aws_security_group.node",
            "module.this.aws_security_group_rule.cluster",
            "module.this.aws_security_group_rule.node",
            "module.this.data.aws_caller_identity.current",
            "module.this.data.aws_iam_policy_document.assume_role_policy",
            "module.this.data.aws_iam_policy_document.cni_ipv6_policy",
            "module.this.data.aws_iam_session_context.current",
            "module.this.data.aws_partition.current",
            "module.this.module.eks_managed_node_group.aws_iam_role.this",
            "module.this.module.eks_managed_node_group.aws_iam_role_policy_attachment.this",
            "module.this.module.eks_managed_node_group.aws_launch_template.this",
            "module.this.module.eks_managed_node_group.aws_placement_group.this",
            "module.this.module.eks_managed_node_group.data.aws_caller_identity.current",
            "module.this.module.eks_managed_node_group.data.aws_ec2_instance_type.this",
            "module.this.module.eks_managed_node_group.data.aws_ec2_instance_type_offerings.this",
            "module.this.module.eks_managed_node_group.data.aws_iam_policy_document.assume_role_policy",
            "module.this.module.eks_managed_node_group.data.aws_partition.current",
            "module.this.module.eks_managed_node_group.data.aws_ssm_parameter.ami",
            "module.this.module.eks_managed_node_group.data.aws_subnets.efa",
            "module.this.module.eks_managed_node_group.module.user_data.data.cloudinit_config.al2023_eks_managed_node_group",
            "module.this.module.eks_managed_node_group.module.user_data.data.cloudinit_config.linux_eks_managed_node_group",
            "module.this.module.kms.aws_kms_external_key.this",
            "module.this.module.kms.aws_kms_key.this",
            "module.this.module.kms.aws_kms_replica_external_key.this",
            "module.this.module.kms.aws_kms_replica_key.this",
            "module.this.module.kms.data.aws_caller_identity.current",
            "module.this.module.kms.data.aws_iam_policy_document.this",
            "module.this.module.kms.data.aws_partition.current",
            "module.this.time_sleep.this",
            "module.vpc.aws_subnet.private",
            "module.vpc.aws_vpc.this",
            "module.vpc.aws_vpc_ipv4_cidr_block_association.this"
          ],
          "create_before_destroy": true
        }
      ]
    },
    {
      "module": "module.this[\"infra\"].module.eks_managed_node_group[\"eks_nodes\"]",
      "mode": "managed",
      "type": "aws_iam_role",
      "name": "this",
      "provider": "provider[\"registry.terraform.io/hashicorp/aws\"]",
      "instances": [
        {
          "index_key": 0,
          "schema_version": 0,
          "attributes": {
            "arn": "arn:aws:iam::628042573059:role/eks_nodes-eks-node-group-20240612222647151900000004",
            "assume_role_policy": "{\"Statement\":[{\"Action\":\"sts:AssumeRole\",\"Effect\":\"Allow\",\"Principal\":{\"Service\":\"ec2.amazonaws.com\"},\"Sid\":\"EKSNodeAssumeRole\"}],\"Version\":\"2012-10-17\"}",
            "create_date": "2024-06-12T22:26:56Z",
            "description": "EKS managed node group IAM role",
            "force_detach_policies": true,
            "id": "eks_nodes-eks-node-group-20240612222647151900000004",
            "inline_policy": [],
            "managed_policy_arns": [
              "arn:aws:iam::aws:policy/AmazonEC2ContainerRegistryReadOnly",
              "arn:aws:iam::aws:policy/AmazonEKSWorkerNodePolicy",
              "arn:aws:iam::aws:policy/AmazonEKS_CNI_Policy"
            ],
            "max_session_duration": 3600,
            "name": "eks_nodes-eks-node-group-20240612222647151900000004",
            "name_prefix": "eks_nodes-eks-node-group-",
            "path": "/",
            "permissions_boundary": "",
            "tags": {
              "Environment": "infra",
              "Terraform": "true"
            },
            "tags_all": {
              "Environment": "infra",
              "Terraform": "true"
            },
            "unique_id": "AROAZEOSBEUB4ENZNUNOB"
          },
          "sensitive_attributes": [],
          "private": "bnVsbA==",
          "dependencies": [
            "module.this.module.eks_managed_node_group.data.aws_iam_policy_document.assume_role_policy"
          ],
          "create_before_destroy": true
        }
      ]
    },
    {
      "module": "module.this[\"infra\"].module.eks_managed_node_group[\"eks_nodes\"]",
      "mode": "managed",
      "type": "aws_iam_role_policy_attachment",
      "name": "this",
      "provider": "provider[\"registry.terraform.io/hashicorp/aws\"]",
      "instances": [
        {
          "index_key": "AmazonEC2ContainerRegistryReadOnly",
          "schema_version": 0,
          "attributes": {
            "id": "eks_nodes-eks-node-group-20240612222647151900000004-2024061222264912380000000d",
            "policy_arn": "arn:aws:iam::aws:policy/AmazonEC2ContainerRegistryReadOnly",
            "role": "eks_nodes-eks-node-group-20240612222647151900000004"
          },
          "sensitive_attributes": [],
          "private": "bnVsbA==",
          "dependencies": [
            "module.this.module.eks_managed_node_group.aws_iam_role.this",
            "module.this.module.eks_managed_node_group.data.aws_caller_identity.current",
            "module.this.module.eks_managed_node_group.data.aws_iam_policy_document.assume_role_policy",
            "module.this.module.eks_managed_node_group.data.aws_partition.current"
          ],
          "create_before_destroy": true
        },
        {
          "index_key": "AmazonEKSWorkerNodePolicy",
          "schema_version": 0,
          "attributes": {
            "id": "eks_nodes-eks-node-group-20240612222647151900000004-2024061222264948380000000e",
            "policy_arn": "arn:aws:iam::aws:policy/AmazonEKSWorkerNodePolicy",
            "role": "eks_nodes-eks-node-group-20240612222647151900000004"
          },
          "sensitive_attributes": [],
          "private": "bnVsbA==",
          "dependencies": [
            "module.this.module.eks_managed_node_group.aws_iam_role.this",
            "module.this.module.eks_managed_node_group.data.aws_caller_identity.current",
            "module.this.module.eks_managed_node_group.data.aws_iam_policy_document.assume_role_policy",
            "module.this.module.eks_managed_node_group.data.aws_partition.current"
          ],
          "create_before_destroy": true
        },
        {
          "index_key": "AmazonEKS_CNI_Policy",
          "schema_version": 0,
          "attributes": {
            "id": "eks_nodes-eks-node-group-20240612222647151900000004-2024061222264907470000000c",
            "policy_arn": "arn:aws:iam::aws:policy/AmazonEKS_CNI_Policy",
            "role": "eks_nodes-eks-node-group-20240612222647151900000004"
          },
          "sensitive_attributes": [],
          "private": "bnVsbA==",
          "dependencies": [
            "module.this.module.eks_managed_node_group.aws_iam_role.this",
            "module.this.module.eks_managed_node_group.data.aws_caller_identity.current",
            "module.this.module.eks_managed_node_group.data.aws_iam_policy_document.assume_role_policy",
            "module.this.module.eks_managed_node_group.data.aws_partition.current"
          ],
          "create_before_destroy": true
        }
      ]
    },
    {
      "module": "module.this[\"infra\"].module.eks_managed_node_group[\"eks_nodes\"]",
      "mode": "managed",
      "type": "aws_launch_template",
      "name": "this",
      "provider": "provider[\"registry.terraform.io/hashicorp/aws\"]",
      "instances": [
        {
          "index_key": 0,
          "schema_version": 0,
          "attributes": {
            "arn": "arn:aws:ec2:us-east-1:628042573059:launch-template/lt-058b7b23f949e5796",
            "block_device_mappings": [],
            "capacity_reservation_specification": [],
            "cpu_options": [],
            "credit_specification": [],
            "default_version": 1,
            "description": "Custom launch template for eks_nodes EKS managed node group",
            "disable_api_stop": false,
            "disable_api_termination": false,
            "ebs_optimized": "",
            "elastic_gpu_specifications": [],
            "elastic_inference_accelerator": [],
            "enclave_options": [],
            "hibernation_options": [],
            "iam_instance_profile": [],
            "id": "lt-058b7b23f949e5796",
            "image_id": "",
            "instance_initiated_shutdown_behavior": "",
            "instance_market_options": [],
            "instance_requirements": [],
            "instance_type": "",
            "kernel_id": "",
            "key_name": "",
            "latest_version": 1,
            "license_specification": [],
            "maintenance_options": [],
            "metadata_options": [
              {
                "http_endpoint": "enabled",
                "http_protocol_ipv6": "",
                "http_put_response_hop_limit": 2,
                "http_tokens": "required",
                "instance_metadata_tags": ""
              }
            ],
            "monitoring": [
              {
                "enabled": true
              }
            ],
            "name": "eks_nodes-2024061222365161970000002f",
            "name_prefix": "eks_nodes-",
            "network_interfaces": [],
            "placement": [],
            "private_dns_name_options": [],
            "ram_disk_id": "",
            "security_group_names": [],
            "tag_specifications": [
              {
                "resource_type": "instance",
                "tags": {
                  "Environment": "infra",
                  "Name": "eks_nodes",
                  "Terraform": "true"
                }
              },
              {
                "resource_type": "network-interface",
                "tags": {
                  "Environment": "infra",
                  "Name": "eks_nodes",
                  "Terraform": "true"
                }
              },
              {
                "resource_type": "volume",
                "tags": {
                  "Environment": "infra",
                  "Name": "eks_nodes",
                  "Terraform": "true"
                }
              }
            ],
            "tags": {
              "Environment": "infra",
              "Terraform": "true"
            },
            "tags_all": {
              "Environment": "infra",
              "Terraform": "true"
            },
            "update_default_version": true,
            "user_data": "",
            "vpc_security_group_ids": [
              "sg-0234f48bdb87808f7"
            ]
          },
          "sensitive_attributes": [],
          "private": "bnVsbA==",
          "dependencies": [
            "module.this.aws_cloudwatch_log_group.this",
            "module.this.aws_eks_cluster.this",
            "module.this.aws_iam_policy.cni_ipv6_policy",
            "module.this.aws_iam_role.this",
            "module.this.aws_iam_role_policy_attachment.this",
            "module.this.aws_security_group.cluster",
            "module.this.aws_security_group.node",
            "module.this.aws_security_group_rule.cluster",
            "module.this.aws_security_group_rule.node",
            "module.this.data.aws_caller_identity.current",
            "module.this.data.aws_iam_policy_document.assume_role_policy",
            "module.this.data.aws_iam_policy_document.cni_ipv6_policy",
            "module.this.data.aws_iam_session_context.current",
            "module.this.data.aws_partition.current",
            "module.this.module.eks_managed_node_group.aws_iam_role.this",
            "module.this.module.eks_managed_node_group.aws_iam_role_policy_attachment.this",
            "module.this.module.eks_managed_node_group.aws_placement_group.this",
            "module.this.module.eks_managed_node_group.data.aws_caller_identity.current",
            "module.this.module.eks_managed_node_group.data.aws_ec2_instance_type.this",
            "module.this.module.eks_managed_node_group.data.aws_iam_policy_document.assume_role_policy",
            "module.this.module.eks_managed_node_group.data.aws_partition.current",
            "module.this.module.eks_managed_node_group.module.user_data.data.cloudinit_config.al2023_eks_managed_node_group",
            "module.this.module.eks_managed_node_group.module.user_data.data.cloudinit_config.linux_eks_managed_node_group",
            "module.this.module.kms.aws_kms_external_key.this",
            "module.this.module.kms.aws_kms_key.this",
            "module.this.module.kms.aws_kms_replica_external_key.this",
            "module.this.module.kms.aws_kms_replica_key.this",
            "module.this.module.kms.data.aws_caller_identity.current",
            "module.this.module.kms.data.aws_iam_policy_document.this",
            "module.this.module.kms.data.aws_partition.current",
            "module.this.time_sleep.this",
            "module.vpc.aws_subnet.private",
            "module.vpc.aws_vpc.this",
            "module.vpc.aws_vpc_ipv4_cidr_block_association.this"
          ],
          "create_before_destroy": true
        }
      ]
    },
    {
      "module": "module.this[\"infra\"].module.eks_managed_node_group[\"eks_nodes\"].module.user_data",
      "mode": "managed",
      "type": "null_resource",
      "name": "validate_cluster_service_cidr",
      "provider": "provider[\"registry.terraform.io/hashicorp/null\"]",
      "instances": [
        {
          "schema_version": 0,
          "attributes": {
            "id": "3863477326031713753",
            "triggers": null
          },
          "sensitive_attributes": [],
          "dependencies": [
            "module.this.aws_cloudwatch_log_group.this",
            "module.this.aws_eks_cluster.this",
            "module.this.aws_iam_policy.cni_ipv6_policy",
            "module.this.aws_iam_role.this",
            "module.this.aws_iam_role_policy_attachment.this",
            "module.this.aws_security_group.cluster",
            "module.this.aws_security_group.node",
            "module.this.aws_security_group_rule.cluster",
            "module.this.aws_security_group_rule.node",
            "module.this.data.aws_caller_identity.current",
            "module.this.data.aws_iam_policy_document.assume_role_policy",
            "module.this.data.aws_iam_policy_document.cni_ipv6_policy",
            "module.this.data.aws_iam_session_context.current",
            "module.this.data.aws_partition.current",
            "module.this.module.kms.aws_kms_external_key.this",
            "module.this.module.kms.aws_kms_key.this",
            "module.this.module.kms.aws_kms_replica_external_key.this",
            "module.this.module.kms.aws_kms_replica_key.this",
            "module.this.module.kms.data.aws_caller_identity.current",
            "module.this.module.kms.data.aws_iam_policy_document.this",
            "module.this.module.kms.data.aws_partition.current",
            "module.this.time_sleep.this",
            "module.vpc.aws_subnet.private",
            "module.vpc.aws_vpc.this",
            "module.vpc.aws_vpc_ipv4_cidr_block_association.this"
          ]
        }
      ]
    },
    {
      "module": "module.this[\"infra\"].module.kms",
      "mode": "data",
      "type": "aws_caller_identity",
      "name": "current",
      "provider": "provider[\"registry.terraform.io/hashicorp/aws\"]",
      "instances": [
        {
          "index_key": 0,
          "schema_version": 0,
          "attributes": {
            "account_id": "628042573059",
            "arn": "arn:aws:iam::628042573059:user/Bernardo",
            "id": "628042573059",
            "user_id": "AIDAZEOSBEUBQASQAWFQ3"
          },
          "sensitive_attributes": []
        }
      ]
    },
    {
      "module": "module.this[\"infra\"].module.kms",
      "mode": "data",
      "type": "aws_iam_policy_document",
      "name": "this",
      "provider": "provider[\"registry.terraform.io/hashicorp/aws\"]",
      "instances": [
        {
          "index_key": 0,
          "schema_version": 0,
          "attributes": {
            "id": "572854942",
            "json": "{\n  \"Version\": \"2012-10-17\",\n  \"Statement\": [\n    {\n      \"Sid\": \"Default\",\n      \"Effect\": \"Allow\",\n      \"Action\": \"kms:*\",\n      \"Resource\": \"*\",\n      \"Principal\": {\n        \"AWS\": \"arn:aws:iam::628042573059:root\"\n      }\n    },\n    {\n      \"Sid\": \"KeyAdministration\",\n      \"Effect\": \"Allow\",\n      \"Action\": [\n        \"kms:Update*\",\n        \"kms:UntagResource\",\n        \"kms:TagResource\",\n        \"kms:ScheduleKeyDeletion\",\n        \"kms:Revoke*\",\n        \"kms:ReplicateKey\",\n        \"kms:Put*\",\n        \"kms:List*\",\n        \"kms:ImportKeyMaterial\",\n        \"kms:Get*\",\n        \"kms:Enable*\",\n        \"kms:Disable*\",\n        \"kms:Describe*\",\n        \"kms:Delete*\",\n        \"kms:Create*\",\n        \"kms:CancelKeyDeletion\"\n      ],\n      \"Resource\": \"*\",\n      \"Principal\": {\n        \"AWS\": \"arn:aws:iam::628042573059:user/Bernardo\"\n      }\n    },\n    {\n      \"Sid\": \"KeyUsage\",\n      \"Effect\": \"Allow\",\n      \"Action\": [\n        \"kms:ReEncrypt*\",\n        \"kms:GenerateDataKey*\",\n        \"kms:Encrypt\",\n        \"kms:DescribeKey\",\n        \"kms:Decrypt\"\n      ],\n      \"Resource\": \"*\",\n      \"Principal\": {\n        \"AWS\": \"arn:aws:iam::628042573059:role/infra-eks-lab-cluster-20240612222648463400000008\"\n      }\n    }\n  ]\n}",
            "minified_json": "{\"Version\":\"2012-10-17\",\"Statement\":[{\"Sid\":\"Default\",\"Effect\":\"Allow\",\"Action\":\"kms:*\",\"Resource\":\"*\",\"Principal\":{\"AWS\":\"arn:aws:iam::628042573059:root\"}},{\"Sid\":\"KeyAdministration\",\"Effect\":\"Allow\",\"Action\":[\"kms:Update*\",\"kms:UntagResource\",\"kms:TagResource\",\"kms:ScheduleKeyDeletion\",\"kms:Revoke*\",\"kms:ReplicateKey\",\"kms:Put*\",\"kms:List*\",\"kms:ImportKeyMaterial\",\"kms:Get*\",\"kms:Enable*\",\"kms:Disable*\",\"kms:Describe*\",\"kms:Delete*\",\"kms:Create*\",\"kms:CancelKeyDeletion\"],\"Resource\":\"*\",\"Principal\":{\"AWS\":\"arn:aws:iam::628042573059:user/Bernardo\"}},{\"Sid\":\"KeyUsage\",\"Effect\":\"Allow\",\"Action\":[\"kms:ReEncrypt*\",\"kms:GenerateDataKey*\",\"kms:Encrypt\",\"kms:DescribeKey\",\"kms:Decrypt\"],\"Resource\":\"*\",\"Principal\":{\"AWS\":\"arn:aws:iam::628042573059:role/infra-eks-lab-cluster-20240612222648463400000008\"}}]}",
            "override_json": null,
            "override_policy_documents": null,
            "policy_id": null,
            "source_json": null,
            "source_policy_documents": null,
            "statement": [
              {
                "actions": [
                  "kms:*"
                ],
                "condition": [],
                "effect": "Allow",
                "not_actions": [],
                "not_principals": [],
                "not_resources": [],
                "principals": [
                  {
                    "identifiers": [
                      "arn:aws:iam::628042573059:root"
                    ],
                    "type": "AWS"
                  }
                ],
                "resources": [
                  "*"
                ],
                "sid": "Default"
              },
              {
                "actions": [
                  "kms:CancelKeyDeletion",
                  "kms:Create*",
                  "kms:Delete*",
                  "kms:Describe*",
                  "kms:Disable*",
                  "kms:Enable*",
                  "kms:Get*",
                  "kms:ImportKeyMaterial",
                  "kms:List*",
                  "kms:Put*",
                  "kms:ReplicateKey",
                  "kms:Revoke*",
                  "kms:ScheduleKeyDeletion",
                  "kms:TagResource",
                  "kms:UntagResource",
                  "kms:Update*"
                ],
                "condition": [],
                "effect": "Allow",
                "not_actions": [],
                "not_principals": [],
                "not_resources": [],
                "principals": [
                  {
                    "identifiers": [
                      "arn:aws:iam::628042573059:user/Bernardo"
                    ],
                    "type": "AWS"
                  }
                ],
                "resources": [
                  "*"
                ],
                "sid": "KeyAdministration"
              },
              {
                "actions": [
                  "kms:Decrypt",
                  "kms:DescribeKey",
                  "kms:Encrypt",
                  "kms:GenerateDataKey*",
                  "kms:ReEncrypt*"
                ],
                "condition": [],
                "effect": "Allow",
                "not_actions": [],
                "not_principals": [],
                "not_resources": [],
                "principals": [
                  {
                    "identifiers": [
                      "arn:aws:iam::628042573059:role/infra-eks-lab-cluster-20240612222648463400000008"
                    ],
                    "type": "AWS"
                  }
                ],
                "resources": [
                  "*"
                ],
                "sid": "KeyUsage"
              }
            ],
            "version": "2012-10-17"
          },
          "sensitive_attributes": []
        }
      ]
    },
    {
      "module": "module.this[\"infra\"].module.kms",
      "mode": "data",
      "type": "aws_partition",
      "name": "current",
      "provider": "provider[\"registry.terraform.io/hashicorp/aws\"]",
      "instances": [
        {
          "index_key": 0,
          "schema_version": 0,
          "attributes": {
            "dns_suffix": "amazonaws.com",
            "id": "aws",
            "partition": "aws",
            "reverse_dns_prefix": "com.amazonaws"
          },
          "sensitive_attributes": []
        }
      ]
    },
    {
      "module": "module.this[\"infra\"].module.kms",
      "mode": "managed",
      "type": "aws_kms_alias",
      "name": "this",
      "provider": "provider[\"registry.terraform.io/hashicorp/aws\"]",
      "instances": [
        {
          "index_key": "cluster",
          "schema_version": 0,
          "attributes": {
            "arn": "arn:aws:kms:us-east-1:628042573059:alias/eks/infra-eks-lab",
            "id": "alias/eks/infra-eks-lab",
            "name": "alias/eks/infra-eks-lab",
            "name_prefix": "",
            "target_key_arn": "arn:aws:kms:us-east-1:628042573059:key/70b73f5a-3135-4adc-a389-b044e21e8564",
            "target_key_id": "70b73f5a-3135-4adc-a389-b044e21e8564"
          },
          "sensitive_attributes": [],
          "private": "bnVsbA==",
          "dependencies": [
            "module.this.aws_iam_role.this",
            "module.this.data.aws_caller_identity.current",
            "module.this.data.aws_iam_policy_document.assume_role_policy",
            "module.this.data.aws_iam_session_context.current",
            "module.this.module.kms.aws_kms_external_key.this",
            "module.this.module.kms.aws_kms_key.this",
            "module.this.module.kms.aws_kms_replica_external_key.this",
            "module.this.module.kms.aws_kms_replica_key.this",
            "module.this.module.kms.data.aws_caller_identity.current",
            "module.this.module.kms.data.aws_iam_policy_document.this",
            "module.this.module.kms.data.aws_partition.current"
          ]
        }
      ]
    },
    {
      "module": "module.this[\"infra\"].module.kms",
      "mode": "managed",
      "type": "aws_kms_key",
      "name": "this",
      "provider": "provider[\"registry.terraform.io/hashicorp/aws\"]",
      "instances": [
        {
          "index_key": 0,
          "schema_version": 0,
          "attributes": {
            "arn": "arn:aws:kms:us-east-1:628042573059:key/70b73f5a-3135-4adc-a389-b044e21e8564",
            "bypass_policy_lockout_safety_check": false,
            "custom_key_store_id": "",
            "customer_master_key_spec": "SYMMETRIC_DEFAULT",
            "deletion_window_in_days": null,
            "description": "infra-eks-lab cluster encryption key",
            "enable_key_rotation": true,
            "id": "70b73f5a-3135-4adc-a389-b044e21e8564",
            "is_enabled": true,
            "key_id": "70b73f5a-3135-4adc-a389-b044e21e8564",
            "key_usage": "ENCRYPT_DECRYPT",
            "multi_region": false,
            "policy": "{\"Statement\":[{\"Action\":\"kms:*\",\"Effect\":\"Allow\",\"Principal\":{\"AWS\":\"arn:aws:iam::628042573059:root\"},\"Resource\":\"*\",\"Sid\":\"Default\"},{\"Action\":[\"kms:Update*\",\"kms:UntagResource\",\"kms:TagResource\",\"kms:ScheduleKeyDeletion\",\"kms:Revoke*\",\"kms:ReplicateKey\",\"kms:Put*\",\"kms:List*\",\"kms:ImportKeyMaterial\",\"kms:Get*\",\"kms:Enable*\",\"kms:Disable*\",\"kms:Describe*\",\"kms:Delete*\",\"kms:Create*\",\"kms:CancelKeyDeletion\"],\"Effect\":\"Allow\",\"Principal\":{\"AWS\":\"arn:aws:iam::628042573059:user/Bernardo\"},\"Resource\":\"*\",\"Sid\":\"KeyAdministration\"},{\"Action\":[\"kms:ReEncrypt*\",\"kms:GenerateDataKey*\",\"kms:Encrypt\",\"kms:DescribeKey\",\"kms:Decrypt\"],\"Effect\":\"Allow\",\"Principal\":{\"AWS\":\"arn:aws:iam::628042573059:role/infra-eks-lab-cluster-20240612222648463400000008\"},\"Resource\":\"*\",\"Sid\":\"KeyUsage\"}],\"Version\":\"2012-10-17\"}",
            "rotation_period_in_days": 365,
            "tags": {
              "Environment": "infra",
              "Terraform": "true",
              "terraform-aws-modules": "eks"
            },
            "tags_all": {
              "Environment": "infra",
              "Terraform": "true",
              "terraform-aws-modules": "eks"
            },
            "timeouts": null,
            "xks_key_id": ""
          },
          "sensitive_attributes": [],
          "private": "eyJlMmJmYjczMC1lY2FhLTExZTYtOGY4OC0zNDM2M2JjN2M0YzAiOnsiY3JlYXRlIjoxMjAwMDAwMDAwMDB9fQ==",
          "dependencies": [
            "module.this.aws_iam_role.this",
            "module.this.data.aws_caller_identity.current",
            "module.this.data.aws_iam_policy_document.assume_role_policy",
            "module.this.data.aws_iam_session_context.current",
            "module.this.module.kms.data.aws_caller_identity.current",
            "module.this.module.kms.data.aws_iam_policy_document.this",
            "module.this.module.kms.data.aws_partition.current"
          ],
          "create_before_destroy": true
        }
      ]
    },
    {
      "module": "module.this[\"prod\"]",
      "mode": "data",
      "type": "aws_caller_identity",
      "name": "current",
      "provider": "provider[\"registry.terraform.io/hashicorp/aws\"]",
      "instances": [
        {
          "schema_version": 0,
          "attributes": {
            "account_id": "628042573059",
            "arn": "arn:aws:iam::628042573059:user/Bernardo",
            "id": "628042573059",
            "user_id": "AIDAZEOSBEUBQASQAWFQ3"
          },
          "sensitive_attributes": []
        }
      ]
    },
    {
      "module": "module.this[\"prod\"]",
      "mode": "data",
      "type": "aws_eks_addon_version",
      "name": "this",
      "provider": "provider[\"registry.terraform.io/hashicorp/aws\"]",
      "instances": [
        {
          "index_key": "coredns",
          "schema_version": 0,
          "attributes": {
            "addon_name": "coredns",
            "id": "coredns",
            "kubernetes_version": "1.29",
            "most_recent": false,
            "version": "v1.11.1-eksbuild.4"
          },
          "sensitive_attributes": []
        },
        {
          "index_key": "eks-pod-identity-agent",
          "schema_version": 0,
          "attributes": {
            "addon_name": "eks-pod-identity-agent",
            "id": "eks-pod-identity-agent",
            "kubernetes_version": "1.29",
            "most_recent": false,
            "version": "v1.2.0-eksbuild.1"
          },
          "sensitive_attributes": []
        },
        {
          "index_key": "kube-proxy",
          "schema_version": 0,
          "attributes": {
            "addon_name": "kube-proxy",
            "id": "kube-proxy",
            "kubernetes_version": "1.29",
            "most_recent": false,
            "version": "v1.29.0-eksbuild.1"
          },
          "sensitive_attributes": []
        },
        {
          "index_key": "vpc-cni",
          "schema_version": 0,
          "attributes": {
            "addon_name": "vpc-cni",
            "id": "vpc-cni",
            "kubernetes_version": "1.29",
            "most_recent": false,
            "version": "v1.16.0-eksbuild.1"
          },
          "sensitive_attributes": []
        }
      ]
    },
    {
      "module": "module.this[\"prod\"]",
      "mode": "data",
      "type": "aws_iam_policy_document",
      "name": "assume_role_policy",
      "provider": "provider[\"registry.terraform.io/hashicorp/aws\"]",
      "instances": [
        {
          "index_key": 0,
          "schema_version": 0,
          "attributes": {
            "id": "2764486067",
            "json": "{\n  \"Version\": \"2012-10-17\",\n  \"Statement\": [\n    {\n      \"Sid\": \"EKSClusterAssumeRole\",\n      \"Effect\": \"Allow\",\n      \"Action\": \"sts:AssumeRole\",\n      \"Principal\": {\n        \"Service\": \"eks.amazonaws.com\"\n      }\n    }\n  ]\n}",
            "minified_json": "{\"Version\":\"2012-10-17\",\"Statement\":[{\"Sid\":\"EKSClusterAssumeRole\",\"Effect\":\"Allow\",\"Action\":\"sts:AssumeRole\",\"Principal\":{\"Service\":\"eks.amazonaws.com\"}}]}",
            "override_json": null,
            "override_policy_documents": null,
            "policy_id": null,
            "source_json": null,
            "source_policy_documents": null,
            "statement": [
              {
                "actions": [
                  "sts:AssumeRole"
                ],
                "condition": [],
                "effect": "Allow",
                "not_actions": [],
                "not_principals": [],
                "not_resources": [],
                "principals": [
                  {
                    "identifiers": [
                      "eks.amazonaws.com"
                    ],
                    "type": "Service"
                  }
                ],
                "resources": [],
                "sid": "EKSClusterAssumeRole"
              }
            ],
            "version": "2012-10-17"
          },
          "sensitive_attributes": []
        }
      ]
    },
    {
      "module": "module.this[\"prod\"]",
      "mode": "data",
      "type": "aws_iam_session_context",
      "name": "current",
      "provider": "provider[\"registry.terraform.io/hashicorp/aws\"]",
      "instances": [
        {
          "schema_version": 0,
          "attributes": {
            "arn": "arn:aws:iam::628042573059:user/Bernardo",
            "id": "arn:aws:iam::628042573059:user/Bernardo",
            "issuer_arn": "arn:aws:iam::628042573059:user/Bernardo",
            "issuer_id": "",
            "issuer_name": "",
            "session_name": ""
          },
          "sensitive_attributes": []
        }
      ]
    },
    {
      "module": "module.this[\"prod\"]",
      "mode": "data",
      "type": "aws_partition",
      "name": "current",
      "provider": "provider[\"registry.terraform.io/hashicorp/aws\"]",
      "instances": [
        {
          "schema_version": 0,
          "attributes": {
            "dns_suffix": "amazonaws.com",
            "id": "aws",
            "partition": "aws",
            "reverse_dns_prefix": "com.amazonaws"
          },
          "sensitive_attributes": []
        }
      ]
    },
    {
      "module": "module.this[\"prod\"]",
      "mode": "data",
      "type": "tls_certificate",
      "name": "this",
      "provider": "provider[\"registry.terraform.io/hashicorp/tls\"]",
      "instances": [
        {
          "index_key": 0,
          "schema_version": 0,
          "attributes": {
            "certificates": [
              {
                "cert_pem": "-----BEGIN CERTIFICATE-----\nMIIEdTCCA12gAwIBAgIJAKcOSkw0grd/MA0GCSqGSIb3DQEBCwUAMGgxCzAJBgNV\nBAYTAlVTMSUwIwYDVQQKExxTdGFyZmllbGQgVGVjaG5vbG9naWVzLCBJbmMuMTIw\nMAYDVQQLEylTdGFyZmllbGQgQ2xhc3MgMiBDZXJ0aWZpY2F0aW9uIEF1dGhvcml0\neTAeFw0wOTA5MDIwMDAwMDBaFw0zNDA2MjgxNzM5MTZaMIGYMQswCQYDVQQGEwJV\nUzEQMA4GA1UECBMHQXJpem9uYTETMBEGA1UEBxMKU2NvdHRzZGFsZTElMCMGA1UE\nChMcU3RhcmZpZWxkIFRlY2hub2xvZ2llcywgSW5jLjE7MDkGA1UEAxMyU3RhcmZp\nZWxkIFNlcnZpY2VzIFJvb3QgQ2VydGlmaWNhdGUgQXV0aG9yaXR5IC0gRzIwggEi\nMA0GCSqGSIb3DQEBAQUAA4IBDwAwggEKAoIBAQDVDDrEKvlO4vW+GZdfjohTsR8/\ny8+fIBNtKTrID30892t2OGPZNmCom15cAICyL1l/9of5JUOG52kbUpqQ4XHj2C0N\nTm/2yEnZtvMaVq4rtnQU68/7JuMauh2WLmo7WJSJR1b/JaCTcFOD2oR0FMNnngRo\nOt+OQFodSk7PQ5E751bWAHDLUu57fa4657wx+UX2wmDPE1kCK4DMNEffud6QZW0C\nzyyRpqbn3oUYSXxmTqM6bam17jQuug0DuDPfR+uxa40l2ZvOgdFFRjKWcIfeAg5J\nQ4W2bHO7ZOphQazJ1FTfhy/HIrImzJ9ZVGif/L4qL8RVHHVAYBeFAlU5i38FAgMB\nAAGjgfAwge0wDwYDVR0TAQH/BAUwAwEB/zAOBgNVHQ8BAf8EBAMCAYYwHQYDVR0O\nBBYEFJxfAN+qAdcwKziIorhtSpzyEZGDMB8GA1UdIwQYMBaAFL9ft9HO3R+G9FtV\nrNzXEMIOqYjnME8GCCsGAQUFBwEBBEMwQTAcBggrBgEFBQcwAYYQaHR0cDovL28u\nc3MyLnVzLzAhBggrBgEFBQcwAoYVaHR0cDovL3guc3MyLnVzL3guY2VyMCYGA1Ud\nHwQfMB0wG6AZoBeGFWh0dHA6Ly9zLnNzMi51cy9yLmNybDARBgNVHSAECjAIMAYG\nBFUdIAAwDQYJKoZIhvcNAQELBQADggEBACMd44pXyn3pF3lM8R5V/cxTbj5HD9/G\nVfKyBDbtgB9TxF00KGu+x1X8Z+rLP3+QsjPNG1gQggL4+C/1E2DUBc7xgQjB3ad1\nl08YuW3e95ORCLp+QCztweq7dp4zBncdDQh/U90bZKuCJ/Fp1U1ervShw3WnWEQt\n8jxwmKy6abaVd38PMV4s/KCHOkdp8Hlf9BRUpJVeEXgSYCfOn8J3/yNTd126/+pZ\n59vPr5KW7ySaNRB6nJHGDn2Z9j8Z3/VyVOEVqQdZe4O/Ui5GjLIAZHYcSNPYeehu\nVsyuLAOQ1xk4meTKCRlb/weWsKh/NEnfVqn3sF/tM+2MR7cwA130A4w=\n-----END CERTIFICATE-----\n",
                "is_ca": true,
                "issuer": "OU=Starfield Class 2 Certification Authority,O=Starfield Technologies\\, Inc.,C=US",
                "not_after": "2034-06-28T17:39:16Z",
                "not_before": "2009-09-02T00:00:00Z",
                "public_key_algorithm": "RSA",
                "serial_number": "12037640545166866303",
                "sha1_fingerprint": "9e99a48a9960b14926bb7f3b02e22da2b0ab7280",
                "signature_algorithm": "SHA256-RSA",
                "subject": "CN=Starfield Services Root Certificate Authority - G2,O=Starfield Technologies\\, Inc.,L=Scottsdale,ST=Arizona,C=US",
                "version": 3
              },
              {
                "cert_pem": "-----BEGIN CERTIFICATE-----\nMIIEkjCCA3qgAwIBAgITBn+USionzfP6wq4rAfkI7rnExjANBgkqhkiG9w0BAQsF\nADCBmDELMAkGA1UEBhMCVVMxEDAOBgNVBAgTB0FyaXpvbmExEzARBgNVBAcTClNj\nb3R0c2RhbGUxJTAjBgNVBAoTHFN0YXJmaWVsZCBUZWNobm9sb2dpZXMsIEluYy4x\nOzA5BgNVBAMTMlN0YXJmaWVsZCBTZXJ2aWNlcyBSb290IENlcnRpZmljYXRlIEF1\ndGhvcml0eSAtIEcyMB4XDTE1MDUyNTEyMDAwMFoXDTM3MTIzMTAxMDAwMFowOTEL\nMAkGA1UEBhMCVVMxDzANBgNVBAoTBkFtYXpvbjEZMBcGA1UEAxMQQW1hem9uIFJv\nb3QgQ0EgMTCCASIwDQYJKoZIhvcNAQEBBQADggEPADCCAQoCggEBALJ4gHHKeNXj\nca9HgFB0fW7Y14h29Jlo91ghYPl0hAEvrAIthtOgQ3pOsqTQNroBvo3bSMgHFzZM\n9O6II8c+6zf1tRn4SWiw3te5djgdYZ6k/oI2peVKVuRF4fn9tBb6dNqcmzU5L/qw\nIFAGbHrQgLKm+a/sRxmPUDgH3KKHOVj4utWp+UhnMJbulHheb4mjUcAwhmahRWa6\nVOujw5H5SNz/0egwLX0tdHA114gk957EWW67c4cX8jJGKLhD+rcdqsq08p8kDi1L\n93FcXmn/6pUCyziKrlA4b9v7LWIbxcceVOF34GfID5yHI9Y/QCB/IIDEgEw+OyQm\njgSubJrIqg0CAwEAAaOCATEwggEtMA8GA1UdEwEB/wQFMAMBAf8wDgYDVR0PAQH/\nBAQDAgGGMB0GA1UdDgQWBBSEGMyFNOy8DJSULghZnMeyEE4KCDAfBgNVHSMEGDAW\ngBScXwDfqgHXMCs4iKK4bUqc8hGRgzB4BggrBgEFBQcBAQRsMGowLgYIKwYBBQUH\nMAGGImh0dHA6Ly9vY3NwLnJvb3RnMi5hbWF6b250cnVzdC5jb20wOAYIKwYBBQUH\nMAKGLGh0dHA6Ly9jcnQucm9vdGcyLmFtYXpvbnRydXN0LmNvbS9yb290ZzIuY2Vy\nMD0GA1UdHwQ2MDQwMqAwoC6GLGh0dHA6Ly9jcmwucm9vdGcyLmFtYXpvbnRydXN0\nLmNvbS9yb290ZzIuY3JsMBEGA1UdIAQKMAgwBgYEVR0gADANBgkqhkiG9w0BAQsF\nAAOCAQEAYjdCXLwQtT6LLOkMm2xF4gcAevnFWAu5CIw+7bMlPLVvUOTNNWqnkzSW\nMiGpSESrnO09tKpzbeR/FoCJbM8oAxiDR3mjEH4wW6w7sGDgd9QIpuEdfF7Au/ma\neyKdpwAJfqxGF4PcnCZXmTA5YpaP7dreqsXMGz7KQ2hsVxa81Q4gLv7/wmpdLqBK\nbRRYh5TmOTFffHPLkIhqhBGWJ6bt2YFGpn6jcgAKUj6DiAdjd4lpFw85hdKrCEVN\n0FE6/V1dN2RMfjCyVSRCnTawXZwXgWHxyvkQAiSr6w10kY17RSlQOYiypok1JR4U\nakcjMS9cmvqtmg5iUaQqqcT5NJ0hGA==\n-----END CERTIFICATE-----\n",
                "is_ca": true,
                "issuer": "CN=Starfield Services Root Certificate Authority - G2,O=Starfield Technologies\\, Inc.,L=Scottsdale,ST=Arizona,C=US",
                "not_after": "2037-12-31T01:00:00Z",
                "not_before": "2015-05-25T12:00:00Z",
                "public_key_algorithm": "RSA",
                "serial_number": "144918191876577076464031512351042010504348870",
                "sha1_fingerprint": "06b25927c42a721631c1efd9431e648fa62e1e39",
                "signature_algorithm": "SHA256-RSA",
                "subject": "CN=Amazon Root CA 1,O=Amazon,C=US",
                "version": 3
              },
              {
                "cert_pem": "-----BEGIN CERTIFICATE-----\nMIIEXjCCA0agAwIBAgITB3MSSkvL1E7HtTvq8ZSELToPoTANBgkqhkiG9w0BAQsF\nADA5MQswCQYDVQQGEwJVUzEPMA0GA1UEChMGQW1hem9uMRkwFwYDVQQDExBBbWF6\nb24gUm9vdCBDQSAxMB4XDTIyMDgyMzIyMjUzMFoXDTMwMDgyMzIyMjUzMFowPDEL\nMAkGA1UEBhMCVVMxDzANBgNVBAoTBkFtYXpvbjEcMBoGA1UEAxMTQW1hem9uIFJT\nQSAyMDQ4IE0wMjCCASIwDQYJKoZIhvcNAQEBBQADggEPADCCAQoCggEBALtDGMZa\nqHneKei1by6+pUPPLljTB143Si6VpEWPc6mSkFhZb/6qrkZyoHlQLbDYnI2D7hD0\nsdzEqfnuAjIsuXQLG3A8TvX6V3oFNBFVe8NlLJHvBseKY88saLwufxkZVwk74g4n\nWlNMXzla9Y5F3wwRHwMVH443xGz6UtGSZSqQ94eFx5X7Tlqt8whi8qCaKdZ5rNak\n+r9nUThOeClqFd4oXych//Rc7Y0eX1KNWHYSI1Nk31mYgiK3JvH063g+K9tHA63Z\neTgKgndlh+WI+zv7i44HepRZjA1FYwYZ9Vv/9UkC5Yz8/yU65fgjaE+wVHM4e/Yy\nC2osrPWE7gJ+dXMCAwEAAaOCAVowggFWMBIGA1UdEwEB/wQIMAYBAf8CAQAwDgYD\nVR0PAQH/BAQDAgGGMB0GA1UdJQQWMBQGCCsGAQUFBwMBBggrBgEFBQcDAjAdBgNV\nHQ4EFgQUwDFSzVpQw4J8dHHOy+mc+XrrguIwHwYDVR0jBBgwFoAUhBjMhTTsvAyU\nlC4IWZzHshBOCggwewYIKwYBBQUHAQEEbzBtMC8GCCsGAQUFBzABhiNodHRwOi8v\nb2NzcC5yb290Y2ExLmFtYXpvbnRydXN0LmNvbTA6BggrBgEFBQcwAoYuaHR0cDov\nL2NydC5yb290Y2ExLmFtYXpvbnRydXN0LmNvbS9yb290Y2ExLmNlcjA/BgNVHR8E\nODA2MDSgMqAwhi5odHRwOi8vY3JsLnJvb3RjYTEuYW1hem9udHJ1c3QuY29tL3Jv\nb3RjYTEuY3JsMBMGA1UdIAQMMAowCAYGZ4EMAQIBMA0GCSqGSIb3DQEBCwUAA4IB\nAQAtTi6Fs0Azfi+iwm7jrz+CSxHH+uHl7Law3MQSXVtR8RV53PtR6r/6gNpqlzdo\nZq4FKbADi1v9Bun8RY8D51uedRfjsbeodizeBB8nXmeyD33Ep7VATj4ozcd31YFV\nfgRhvTSxNrrTlNpWkUk0m3BMPv8sg381HhA6uEYokE5q9uws/3YkKqRiEz3TsaWm\nJqIRZhMbgAfp7O7FUwFIb7UIspogZSKxPIWJpxiPo3TcBambbVtQOcNRWz5qCQdD\nslI2yayq0n2TXoHyNCLEH8rpsJRVILFsg0jc7BaFrMnF462+ajSehgj12IidNeRN\n4zl+EoNaWdpnWndvSpAEkq2P\n-----END CERTIFICATE-----\n",
                "is_ca": true,
                "issuer": "CN=Amazon Root CA 1,O=Amazon,C=US",
                "not_after": "2030-08-23T22:25:30Z",
                "not_before": "2022-08-23T22:25:30Z",
                "public_key_algorithm": "RSA",
                "serial_number": "166129353110899469622597955040406457904926625",
                "sha1_fingerprint": "414a2060b738c635cc7fc243e052615592830c53",
                "signature_algorithm": "SHA256-RSA",
                "subject": "CN=Amazon RSA 2048 M02,O=Amazon,C=US",
                "version": 3
              },
              {
                "cert_pem": "-----BEGIN CERTIFICATE-----\nMIIF5TCCBM2gAwIBAgIQCJL9XGbawpZ6IsGGvDqdyDANBgkqhkiG9w0BAQsFADA8\nMQswCQYDVQQGEwJVUzEPMA0GA1UEChMGQW1hem9uMRwwGgYDVQQDExNBbWF6b24g\nUlNBIDIwNDggTTAyMB4XDTI0MDMyODAwMDAwMFoXDTI1MDQyNjIzNTk1OVowKDEm\nMCQGA1UEAwwdKi5la3MudXMtZWFzdC0xLmFtYXpvbmF3cy5jb20wggEiMA0GCSqG\nSIb3DQEBAQUAA4IBDwAwggEKAoIBAQC4iVpgxjgOmMKdC2tYTHa9yzuuLdYCjpC6\nxN1VgI71uTiSxUGf6R3N/Rdk5vjz2COu3fsVgMh6cCpqrPlxU/5uP0/DFfQGdVxB\nbZ4vYRC9jIbgyKmwqOEJMD/9B3iGHz3KpBpnXDcuulqWsCtuuqxjnMLL4h1UdOeA\nPNwhOyQxKMHl+LfrCZeCuehKch+XM/8lhdKgYyLp8o1Nm7IsNG1aN6iNoZ6rxEyU\nVw6fV+pZDaIrxkYf7unQrAfUWR122pXGzWRtv5VGZLjrci8ev4ZpgGViIzb2LOqT\nFm8gde6aURlAm4uMDFzmZ/iOqEV+52vO9Z0E6Yo5M3dJZqQo7uUpAgMBAAGjggL1\nMIIC8TAfBgNVHSMEGDAWgBTAMVLNWlDDgnx0cc7L6Zz5euuC4jAdBgNVHQ4EFgQU\nhG1ZDKa76htLZVXP+E3P3GnYHjEwKAYDVR0RBCEwH4IdKi5la3MudXMtZWFzdC0x\nLmFtYXpvbmF3cy5jb20wEwYDVR0gBAwwCjAIBgZngQwBAgEwDgYDVR0PAQH/BAQD\nAgWgMB0GA1UdJQQWMBQGCCsGAQUFBwMBBggrBgEFBQcDAjA7BgNVHR8ENDAyMDCg\nLqAshipodHRwOi8vY3JsLnIybTAyLmFtYXpvbnRydXN0LmNvbS9yMm0wMi5jcmww\ndQYIKwYBBQUHAQEEaTBnMC0GCCsGAQUFBzABhiFodHRwOi8vb2NzcC5yMm0wMi5h\nbWF6b250cnVzdC5jb20wNgYIKwYBBQUHMAKGKmh0dHA6Ly9jcnQucjJtMDIuYW1h\nem9udHJ1c3QuY29tL3IybTAyLmNlcjAMBgNVHRMBAf8EAjAAMIIBfQYKKwYBBAHW\neQIEAgSCAW0EggFpAWcAdgDPEVbu1S58r/OHW9lpLpvpGnFnSrAX7KwB0lt3zsw7\nCAAAAY6HAoTcAAAEAwBHMEUCIHI392+k5Ds777nM4CwNr+xjjCr49CQ/vHIJDZJX\nokM7AiEA++VPDyyMLijPy0GR8ZBIvAcrYbjfJXTF3GkizeJLVJIAdgB9WR4S4Xgq\nexxhZ3xe/fjQh1wUoE6VnrkDL9kOjC55uAAAAY6HAoTeAAAEAwBHMEUCICBkhMaf\n9gdR3bCbLxXFbHNEXUh7t3P/SxaUKDcE6UmIAiEA25zZ9aBt/mrhDcMc155V8qnw\nadTEqttLdP4XMEmMsPAAdQDm0jFjQHeMwRBBBtdxuc7B0kD2loSG+7qHMh39HjeO\nUAAAAY6HAoTxAAAEAwBGMEQCIFFF4kpqcNgHFzRi2cnL4HbNApZlnlc+Re9IyYXi\nCldqAiBkZUgs12iu2uWGU97VUAICt2+zZkhjUV3i+O3kYh1yrTANBgkqhkiG9w0B\nAQsFAAOCAQEAWY5OxR7rWtYFS09xAYYIHlBF7wdUxQH60zi/IqAHZIRCFI1xHdsJ\n0BUv30lLyiGtVr4DheBo81/IErBRpXmSkdoDJA+5d/Jz3EFtbrVogjESALAgBfSG\nuJX0QLshjyTl9O2r00qkxIhbKmSPSl9JQVxqt2jTaB6pD3SjWX6U+l397Ns1L6pI\nb1418oVo7LeHwEeEx6APMIyjzlfcXdCHA6lVKeiNF8SH+QW+h6ZOpGXJIU6llBjg\nWAhscqrGRj1APpuKWGVkVCweAjIOcEuWV8Fqmfp1h9jmeUkG6SoBifrl41PvhK0o\nqQ3LlAF6Op6n7JLa2rlXkf6LienZDVlSuQ==\n-----END CERTIFICATE-----\n",
                "is_ca": false,
                "issuer": "CN=Amazon RSA 2048 M02,O=Amazon,C=US",
                "not_after": "2025-04-26T23:59:59Z",
                "not_before": "2024-03-28T00:00:00Z",
                "public_key_algorithm": "RSA",
                "serial_number": "11397038078078022747295509550808604104",
                "sha1_fingerprint": "9451ad2b53c7f41fab22886cc07d482085336561",
                "signature_algorithm": "SHA256-RSA",
                "subject": "CN=*.eks.us-east-1.amazonaws.com",
                "version": 3
              }
            ],
            "content": null,
            "id": "99d41e43229a4cdaf4141f3e8310e6d95c31dab9",
            "url": "https://oidc.eks.us-east-1.amazonaws.com/id/09C7C3267FC4EDF38B8A98B48FAEB620",
            "verify_chain": true
          },
          "sensitive_attributes": []
        }
      ]
    },
    {
      "module": "module.this[\"prod\"]",
      "mode": "managed",
      "type": "aws_cloudwatch_log_group",
      "name": "this",
      "provider": "provider[\"registry.terraform.io/hashicorp/aws\"]",
      "instances": [
        {
          "index_key": 0,
          "schema_version": 0,
          "attributes": {
            "arn": "arn:aws:logs:us-east-1:628042573059:log-group:/aws/eks/prod-eks-lab/cluster",
            "id": "/aws/eks/prod-eks-lab/cluster",
            "kms_key_id": "",
            "log_group_class": "STANDARD",
            "name": "/aws/eks/prod-eks-lab/cluster",
            "name_prefix": "",
            "retention_in_days": 90,
            "skip_destroy": false,
            "tags": {
              "Environment": "prod",
              "Name": "/aws/eks/prod-eks-lab/cluster",
              "Terraform": "true"
            },
            "tags_all": {
              "Environment": "prod",
              "Name": "/aws/eks/prod-eks-lab/cluster",
              "Terraform": "true"
            }
          },
          "sensitive_attributes": [],
          "private": "bnVsbA==",
          "create_before_destroy": true
        }
      ]
    },
    {
      "module": "module.this[\"prod\"]",
      "mode": "managed",
      "type": "aws_ec2_tag",
      "name": "cluster_primary_security_group",
      "provider": "provider[\"registry.terraform.io/hashicorp/aws\"]",
      "instances": [
        {
          "index_key": "Environment",
          "schema_version": 0,
          "attributes": {
            "id": "sg-0f9f0a23489cf39f0,Environment",
            "key": "Environment",
            "resource_id": "sg-0f9f0a23489cf39f0",
            "value": "prod"
          },
          "sensitive_attributes": [],
          "private": "bnVsbA==",
          "dependencies": [
            "module.this.aws_cloudwatch_log_group.this",
            "module.this.aws_eks_cluster.this",
            "module.this.aws_iam_policy.cni_ipv6_policy",
            "module.this.aws_iam_role.this",
            "module.this.aws_iam_role_policy_attachment.this",
            "module.this.aws_security_group.cluster",
            "module.this.aws_security_group.node",
            "module.this.aws_security_group_rule.cluster",
            "module.this.aws_security_group_rule.node",
            "module.this.data.aws_caller_identity.current",
            "module.this.data.aws_iam_policy_document.assume_role_policy",
            "module.this.data.aws_iam_policy_document.cni_ipv6_policy",
            "module.this.data.aws_iam_session_context.current",
            "module.this.data.aws_partition.current",
            "module.this.module.kms.aws_kms_external_key.this",
            "module.this.module.kms.aws_kms_key.this",
            "module.this.module.kms.aws_kms_replica_external_key.this",
            "module.this.module.kms.aws_kms_replica_key.this",
            "module.this.module.kms.data.aws_caller_identity.current",
            "module.this.module.kms.data.aws_iam_policy_document.this",
            "module.this.module.kms.data.aws_partition.current",
            "module.vpc.aws_subnet.private",
            "module.vpc.aws_vpc.this",
            "module.vpc.aws_vpc_ipv4_cidr_block_association.this"
          ]
        },
        {
          "index_key": "Terraform",
          "schema_version": 0,
          "attributes": {
            "id": "sg-0f9f0a23489cf39f0,Terraform",
            "key": "Terraform",
            "resource_id": "sg-0f9f0a23489cf39f0",
            "value": "true"
          },
          "sensitive_attributes": [],
          "private": "bnVsbA==",
          "dependencies": [
            "module.this.aws_cloudwatch_log_group.this",
            "module.this.aws_eks_cluster.this",
            "module.this.aws_iam_policy.cni_ipv6_policy",
            "module.this.aws_iam_role.this",
            "module.this.aws_iam_role_policy_attachment.this",
            "module.this.aws_security_group.cluster",
            "module.this.aws_security_group.node",
            "module.this.aws_security_group_rule.cluster",
            "module.this.aws_security_group_rule.node",
            "module.this.data.aws_caller_identity.current",
            "module.this.data.aws_iam_policy_document.assume_role_policy",
            "module.this.data.aws_iam_policy_document.cni_ipv6_policy",
            "module.this.data.aws_iam_session_context.current",
            "module.this.data.aws_partition.current",
            "module.this.module.kms.aws_kms_external_key.this",
            "module.this.module.kms.aws_kms_key.this",
            "module.this.module.kms.aws_kms_replica_external_key.this",
            "module.this.module.kms.aws_kms_replica_key.this",
            "module.this.module.kms.data.aws_caller_identity.current",
            "module.this.module.kms.data.aws_iam_policy_document.this",
            "module.this.module.kms.data.aws_partition.current",
            "module.vpc.aws_subnet.private",
            "module.vpc.aws_vpc.this",
            "module.vpc.aws_vpc_ipv4_cidr_block_association.this"
          ]
        }
      ]
    },
    {
      "module": "module.this[\"prod\"]",
      "mode": "managed",
      "type": "aws_eks_access_entry",
      "name": "this",
      "provider": "provider[\"registry.terraform.io/hashicorp/aws\"]",
      "instances": [
        {
          "index_key": "cluster_creator",
          "schema_version": 0,
          "attributes": {
            "access_entry_arn": "arn:aws:eks:us-east-1:628042573059:access-entry/prod-eks-lab/user/628042573059/Bernardo/e6c8074c-3806-f465-1cad-9df5e64258d9",
            "cluster_name": "prod-eks-lab",
            "created_at": "2024-06-12T22:36:29Z",
            "id": "prod-eks-lab:arn:aws:iam::628042573059:user/Bernardo",
            "kubernetes_groups": [],
            "modified_at": "2024-06-12T22:36:29Z",
            "principal_arn": "arn:aws:iam::628042573059:user/Bernardo",
            "tags": {
              "Environment": "prod",
              "Terraform": "true"
            },
            "tags_all": {
              "Environment": "prod",
              "Terraform": "true"
            },
            "timeouts": null,
            "type": "STANDARD",
            "user_name": "arn:aws:iam::628042573059:user/Bernardo"
          },
          "sensitive_attributes": [],
          "private": "eyJlMmJmYjczMC1lY2FhLTExZTYtOGY4OC0zNDM2M2JjN2M0YzAiOnsiY3JlYXRlIjo2MDAwMDAwMDAwMDAsImRlbGV0ZSI6NjAwMDAwMDAwMDAwfX0=",
          "dependencies": [
            "module.this.aws_cloudwatch_log_group.this",
            "module.this.aws_eks_cluster.this",
            "module.this.aws_iam_policy.cni_ipv6_policy",
            "module.this.aws_iam_role.this",
            "module.this.aws_iam_role_policy_attachment.this",
            "module.this.aws_security_group.cluster",
            "module.this.aws_security_group.node",
            "module.this.aws_security_group_rule.cluster",
            "module.this.aws_security_group_rule.node",
            "module.this.data.aws_caller_identity.current",
            "module.this.data.aws_iam_policy_document.assume_role_policy",
            "module.this.data.aws_iam_policy_document.cni_ipv6_policy",
            "module.this.data.aws_iam_session_context.current",
            "module.this.data.aws_partition.current",
            "module.this.module.kms.aws_kms_external_key.this",
            "module.this.module.kms.aws_kms_key.this",
            "module.this.module.kms.aws_kms_replica_external_key.this",
            "module.this.module.kms.aws_kms_replica_key.this",
            "module.this.module.kms.data.aws_caller_identity.current",
            "module.this.module.kms.data.aws_iam_policy_document.this",
            "module.this.module.kms.data.aws_partition.current",
            "module.vpc.aws_subnet.private",
            "module.vpc.aws_vpc.this",
            "module.vpc.aws_vpc_ipv4_cidr_block_association.this"
          ]
        }
      ]
    },
    {
      "module": "module.this[\"prod\"]",
      "mode": "managed",
      "type": "aws_eks_access_policy_association",
      "name": "this",
      "provider": "provider[\"registry.terraform.io/hashicorp/aws\"]",
      "instances": [
        {
          "index_key": "cluster_creator_admin",
          "schema_version": 0,
          "attributes": {
            "access_scope": [
              {
                "namespaces": [],
                "type": "cluster"
              }
            ],
            "associated_at": "2024-06-12 22:36:30.881 +0000 UTC",
            "cluster_name": "prod-eks-lab",
            "id": "prod-eks-lab#arn:aws:iam::628042573059:user/Bernardo#arn:aws:eks::aws:cluster-access-policy/AmazonEKSClusterAdminPolicy",
            "modified_at": "2024-06-12 22:36:30.881 +0000 UTC",
            "policy_arn": "arn:aws:eks::aws:cluster-access-policy/AmazonEKSClusterAdminPolicy",
            "principal_arn": "arn:aws:iam::628042573059:user/Bernardo",
            "timeouts": null
          },
          "sensitive_attributes": [],
          "private": "eyJlMmJmYjczMC1lY2FhLTExZTYtOGY4OC0zNDM2M2JjN2M0YzAiOnsiY3JlYXRlIjo2MDAwMDAwMDAwMDAsImRlbGV0ZSI6NjAwMDAwMDAwMDAwfX0=",
          "dependencies": [
            "module.this.aws_cloudwatch_log_group.this",
            "module.this.aws_eks_access_entry.this",
            "module.this.aws_eks_cluster.this",
            "module.this.aws_iam_policy.cni_ipv6_policy",
            "module.this.aws_iam_role.this",
            "module.this.aws_iam_role_policy_attachment.this",
            "module.this.aws_security_group.cluster",
            "module.this.aws_security_group.node",
            "module.this.aws_security_group_rule.cluster",
            "module.this.aws_security_group_rule.node",
            "module.this.data.aws_caller_identity.current",
            "module.this.data.aws_iam_policy_document.assume_role_policy",
            "module.this.data.aws_iam_policy_document.cni_ipv6_policy",
            "module.this.data.aws_iam_session_context.current",
            "module.this.data.aws_partition.current",
            "module.this.module.kms.aws_kms_external_key.this",
            "module.this.module.kms.aws_kms_key.this",
            "module.this.module.kms.aws_kms_replica_external_key.this",
            "module.this.module.kms.aws_kms_replica_key.this",
            "module.this.module.kms.data.aws_caller_identity.current",
            "module.this.module.kms.data.aws_iam_policy_document.this",
            "module.this.module.kms.data.aws_partition.current",
            "module.vpc.aws_subnet.private",
            "module.vpc.aws_vpc.this",
            "module.vpc.aws_vpc_ipv4_cidr_block_association.this"
          ]
        }
      ]
    },
    {
      "module": "module.this[\"prod\"]",
      "mode": "managed",
      "type": "aws_eks_addon",
      "name": "this",
      "provider": "provider[\"registry.terraform.io/hashicorp/aws\"]",
      "instances": [
        {
          "index_key": "coredns",
          "schema_version": 0,
          "attributes": {
            "addon_name": "coredns",
            "addon_version": "v1.11.1-eksbuild.4",
            "arn": "arn:aws:eks:us-east-1:628042573059:addon/prod-eks-lab/coredns/1cc8074d-4bda-0c91-7d96-4bfd783024ff",
            "cluster_name": "prod-eks-lab",
            "configuration_values": "",
            "created_at": "2024-06-12T22:38:51Z",
            "id": "prod-eks-lab:coredns",
            "modified_at": "2024-06-12T22:39:04Z",
            "preserve": true,
            "resolve_conflicts": null,
            "resolve_conflicts_on_create": "OVERWRITE",
            "resolve_conflicts_on_update": "OVERWRITE",
            "service_account_role_arn": "",
            "tags": {
              "Environment": "prod",
              "Terraform": "true"
            },
            "tags_all": {
              "Environment": "prod",
              "Terraform": "true"
            },
            "timeouts": {
              "create": null,
              "delete": null,
              "update": null
            }
          },
          "sensitive_attributes": [],
          "private": "eyJlMmJmYjczMC1lY2FhLTExZTYtOGY4OC0zNDM2M2JjN2M0YzAiOnsiY3JlYXRlIjoxMjAwMDAwMDAwMDAwLCJkZWxldGUiOjI0MDAwMDAwMDAwMDAsInVwZGF0ZSI6MTIwMDAwMDAwMDAwMH19",
          "dependencies": [
            "module.this.aws_cloudwatch_log_group.this",
            "module.this.aws_eks_cluster.this",
            "module.this.aws_iam_policy.cni_ipv6_policy",
            "module.this.aws_iam_role.this",
            "module.this.aws_iam_role_policy_attachment.this",
            "module.this.aws_security_group.cluster",
            "module.this.aws_security_group.node",
            "module.this.aws_security_group_rule.cluster",
            "module.this.aws_security_group_rule.node",
            "module.this.data.aws_caller_identity.current",
            "module.this.data.aws_eks_addon_version.this",
            "module.this.data.aws_iam_policy_document.assume_role_policy",
            "module.this.data.aws_iam_policy_document.cni_ipv6_policy",
            "module.this.data.aws_iam_session_context.current",
            "module.this.data.aws_partition.current",
            "module.this.module.eks_managed_node_group.aws_autoscaling_schedule.this",
            "module.this.module.eks_managed_node_group.aws_eks_node_group.this",
            "module.this.module.eks_managed_node_group.aws_iam_role.this",
            "module.this.module.eks_managed_node_group.aws_iam_role_policy_attachment.additional",
            "module.this.module.eks_managed_node_group.aws_iam_role_policy_attachment.this",
            "module.this.module.eks_managed_node_group.aws_launch_template.this",
            "module.this.module.eks_managed_node_group.aws_placement_group.this",
            "module.this.module.eks_managed_node_group.data.aws_caller_identity.current",
            "module.this.module.eks_managed_node_group.data.aws_ec2_instance_type.this",
            "module.this.module.eks_managed_node_group.data.aws_ec2_instance_type_offerings.this",
            "module.this.module.eks_managed_node_group.data.aws_iam_policy_document.assume_role_policy",
            "module.this.module.eks_managed_node_group.data.aws_partition.current",
            "module.this.module.eks_managed_node_group.data.aws_ssm_parameter.ami",
            "module.this.module.eks_managed_node_group.data.aws_subnets.efa",
            "module.this.module.eks_managed_node_group.module.user_data.data.cloudinit_config.al2023_eks_managed_node_group",
            "module.this.module.eks_managed_node_group.module.user_data.data.cloudinit_config.linux_eks_managed_node_group",
            "module.this.module.eks_managed_node_group.module.user_data.null_resource.validate_cluster_service_cidr",
            "module.this.module.fargate_profile.aws_eks_fargate_profile.this",
            "module.this.module.fargate_profile.aws_iam_role.this",
            "module.this.module.fargate_profile.aws_iam_role_policy_attachment.additional",
            "module.this.module.fargate_profile.aws_iam_role_policy_attachment.this",
            "module.this.module.fargate_profile.data.aws_caller_identity.current",
            "module.this.module.fargate_profile.data.aws_iam_policy_document.assume_role_policy",
            "module.this.module.fargate_profile.data.aws_partition.current",
            "module.this.module.fargate_profile.data.aws_region.current",
            "module.this.module.kms.aws_kms_external_key.this",
            "module.this.module.kms.aws_kms_key.this",
            "module.this.module.kms.aws_kms_replica_external_key.this",
            "module.this.module.kms.aws_kms_replica_key.this",
            "module.this.module.kms.data.aws_caller_identity.current",
            "module.this.module.kms.data.aws_iam_policy_document.this",
            "module.this.module.kms.data.aws_partition.current",
            "module.this.module.self_managed_node_group.aws_autoscaling_group.this",
            "module.this.module.self_managed_node_group.aws_autoscaling_schedule.this",
            "module.this.module.self_managed_node_group.aws_eks_access_entry.this",
            "module.this.module.self_managed_node_group.aws_iam_instance_profile.this",
            "module.this.module.self_managed_node_group.aws_iam_role.this",
            "module.this.module.self_managed_node_group.aws_iam_role_policy_attachment.additional",
            "module.this.module.self_managed_node_group.aws_iam_role_policy_attachment.this",
            "module.this.module.self_managed_node_group.aws_launch_template.this",
            "module.this.module.self_managed_node_group.aws_placement_group.this",
            "module.this.module.self_managed_node_group.data.aws_caller_identity.current",
            "module.this.module.self_managed_node_group.data.aws_ec2_instance_type.this",
            "module.this.module.self_managed_node_group.data.aws_ec2_instance_type_offerings.this",
            "module.this.module.self_managed_node_group.data.aws_iam_policy_document.assume_role_policy",
            "module.this.module.self_managed_node_group.data.aws_partition.current",
            "module.this.module.self_managed_node_group.data.aws_ssm_parameter.ami",
            "module.this.module.self_managed_node_group.data.aws_subnets.efa",
            "module.this.module.self_managed_node_group.module.user_data.data.cloudinit_config.al2023_eks_managed_node_group",
            "module.this.module.self_managed_node_group.module.user_data.data.cloudinit_config.linux_eks_managed_node_group",
            "module.this.module.self_managed_node_group.module.user_data.null_resource.validate_cluster_service_cidr",
            "module.this.time_sleep.this",
            "module.vpc.aws_subnet.private",
            "module.vpc.aws_vpc.this",
            "module.vpc.aws_vpc_ipv4_cidr_block_association.this"
          ]
        },
        {
          "index_key": "eks-pod-identity-agent",
          "schema_version": 0,
          "attributes": {
            "addon_name": "eks-pod-identity-agent",
            "addon_version": "v1.2.0-eksbuild.1",
            "arn": "arn:aws:eks:us-east-1:628042573059:addon/prod-eks-lab/eks-pod-identity-agent/36c8074d-4bd9-bf12-f9f0-1363eede916f",
            "cluster_name": "prod-eks-lab",
            "configuration_values": "",
            "created_at": "2024-06-12T22:38:51Z",
            "id": "prod-eks-lab:eks-pod-identity-agent",
            "modified_at": "2024-06-12T22:39:27Z",
            "preserve": true,
            "resolve_conflicts": null,
            "resolve_conflicts_on_create": "OVERWRITE",
            "resolve_conflicts_on_update": "OVERWRITE",
            "service_account_role_arn": "",
            "tags": {
              "Environment": "prod",
              "Terraform": "true"
            },
            "tags_all": {
              "Environment": "prod",
              "Terraform": "true"
            },
            "timeouts": {
              "create": null,
              "delete": null,
              "update": null
            }
          },
          "sensitive_attributes": [],
          "private": "eyJlMmJmYjczMC1lY2FhLTExZTYtOGY4OC0zNDM2M2JjN2M0YzAiOnsiY3JlYXRlIjoxMjAwMDAwMDAwMDAwLCJkZWxldGUiOjI0MDAwMDAwMDAwMDAsInVwZGF0ZSI6MTIwMDAwMDAwMDAwMH19",
          "dependencies": [
            "module.this.aws_cloudwatch_log_group.this",
            "module.this.aws_eks_cluster.this",
            "module.this.aws_iam_policy.cni_ipv6_policy",
            "module.this.aws_iam_role.this",
            "module.this.aws_iam_role_policy_attachment.this",
            "module.this.aws_security_group.cluster",
            "module.this.aws_security_group.node",
            "module.this.aws_security_group_rule.cluster",
            "module.this.aws_security_group_rule.node",
            "module.this.data.aws_caller_identity.current",
            "module.this.data.aws_eks_addon_version.this",
            "module.this.data.aws_iam_policy_document.assume_role_policy",
            "module.this.data.aws_iam_policy_document.cni_ipv6_policy",
            "module.this.data.aws_iam_session_context.current",
            "module.this.data.aws_partition.current",
            "module.this.module.eks_managed_node_group.aws_autoscaling_schedule.this",
            "module.this.module.eks_managed_node_group.aws_eks_node_group.this",
            "module.this.module.eks_managed_node_group.aws_iam_role.this",
            "module.this.module.eks_managed_node_group.aws_iam_role_policy_attachment.additional",
            "module.this.module.eks_managed_node_group.aws_iam_role_policy_attachment.this",
            "module.this.module.eks_managed_node_group.aws_launch_template.this",
            "module.this.module.eks_managed_node_group.aws_placement_group.this",
            "module.this.module.eks_managed_node_group.data.aws_caller_identity.current",
            "module.this.module.eks_managed_node_group.data.aws_ec2_instance_type.this",
            "module.this.module.eks_managed_node_group.data.aws_ec2_instance_type_offerings.this",
            "module.this.module.eks_managed_node_group.data.aws_iam_policy_document.assume_role_policy",
            "module.this.module.eks_managed_node_group.data.aws_partition.current",
            "module.this.module.eks_managed_node_group.data.aws_ssm_parameter.ami",
            "module.this.module.eks_managed_node_group.data.aws_subnets.efa",
            "module.this.module.eks_managed_node_group.module.user_data.data.cloudinit_config.al2023_eks_managed_node_group",
            "module.this.module.eks_managed_node_group.module.user_data.data.cloudinit_config.linux_eks_managed_node_group",
            "module.this.module.eks_managed_node_group.module.user_data.null_resource.validate_cluster_service_cidr",
            "module.this.module.fargate_profile.aws_eks_fargate_profile.this",
            "module.this.module.fargate_profile.aws_iam_role.this",
            "module.this.module.fargate_profile.aws_iam_role_policy_attachment.additional",
            "module.this.module.fargate_profile.aws_iam_role_policy_attachment.this",
            "module.this.module.fargate_profile.data.aws_caller_identity.current",
            "module.this.module.fargate_profile.data.aws_iam_policy_document.assume_role_policy",
            "module.this.module.fargate_profile.data.aws_partition.current",
            "module.this.module.fargate_profile.data.aws_region.current",
            "module.this.module.kms.aws_kms_external_key.this",
            "module.this.module.kms.aws_kms_key.this",
            "module.this.module.kms.aws_kms_replica_external_key.this",
            "module.this.module.kms.aws_kms_replica_key.this",
            "module.this.module.kms.data.aws_caller_identity.current",
            "module.this.module.kms.data.aws_iam_policy_document.this",
            "module.this.module.kms.data.aws_partition.current",
            "module.this.module.self_managed_node_group.aws_autoscaling_group.this",
            "module.this.module.self_managed_node_group.aws_autoscaling_schedule.this",
            "module.this.module.self_managed_node_group.aws_eks_access_entry.this",
            "module.this.module.self_managed_node_group.aws_iam_instance_profile.this",
            "module.this.module.self_managed_node_group.aws_iam_role.this",
            "module.this.module.self_managed_node_group.aws_iam_role_policy_attachment.additional",
            "module.this.module.self_managed_node_group.aws_iam_role_policy_attachment.this",
            "module.this.module.self_managed_node_group.aws_launch_template.this",
            "module.this.module.self_managed_node_group.aws_placement_group.this",
            "module.this.module.self_managed_node_group.data.aws_caller_identity.current",
            "module.this.module.self_managed_node_group.data.aws_ec2_instance_type.this",
            "module.this.module.self_managed_node_group.data.aws_ec2_instance_type_offerings.this",
            "module.this.module.self_managed_node_group.data.aws_iam_policy_document.assume_role_policy",
            "module.this.module.self_managed_node_group.data.aws_partition.current",
            "module.this.module.self_managed_node_group.data.aws_ssm_parameter.ami",
            "module.this.module.self_managed_node_group.data.aws_subnets.efa",
            "module.this.module.self_managed_node_group.module.user_data.data.cloudinit_config.al2023_eks_managed_node_group",
            "module.this.module.self_managed_node_group.module.user_data.data.cloudinit_config.linux_eks_managed_node_group",
            "module.this.module.self_managed_node_group.module.user_data.null_resource.validate_cluster_service_cidr",
            "module.this.time_sleep.this",
            "module.vpc.aws_subnet.private",
            "module.vpc.aws_vpc.this",
            "module.vpc.aws_vpc_ipv4_cidr_block_association.this"
          ]
        },
        {
          "index_key": "kube-proxy",
          "schema_version": 0,
          "attributes": {
            "addon_name": "kube-proxy",
            "addon_version": "v1.29.0-eksbuild.1",
            "arn": "arn:aws:eks:us-east-1:628042573059:addon/prod-eks-lab/kube-proxy/ccc8074d-5caa-08be-72e0-a2055a841a60",
            "cluster_name": "prod-eks-lab",
            "configuration_values": "",
            "created_at": "2024-06-12T22:38:59Z",
            "id": "prod-eks-lab:kube-proxy",
            "modified_at": "2024-06-12T22:39:06Z",
            "preserve": true,
            "resolve_conflicts": null,
            "resolve_conflicts_on_create": "OVERWRITE",
            "resolve_conflicts_on_update": "OVERWRITE",
            "service_account_role_arn": "",
            "tags": {
              "Environment": "prod",
              "Terraform": "true"
            },
            "tags_all": {
              "Environment": "prod",
              "Terraform": "true"
            },
            "timeouts": {
              "create": null,
              "delete": null,
              "update": null
            }
          },
          "sensitive_attributes": [],
          "private": "eyJlMmJmYjczMC1lY2FhLTExZTYtOGY4OC0zNDM2M2JjN2M0YzAiOnsiY3JlYXRlIjoxMjAwMDAwMDAwMDAwLCJkZWxldGUiOjI0MDAwMDAwMDAwMDAsInVwZGF0ZSI6MTIwMDAwMDAwMDAwMH19",
          "dependencies": [
            "module.this.aws_cloudwatch_log_group.this",
            "module.this.aws_eks_cluster.this",
            "module.this.aws_iam_policy.cni_ipv6_policy",
            "module.this.aws_iam_role.this",
            "module.this.aws_iam_role_policy_attachment.this",
            "module.this.aws_security_group.cluster",
            "module.this.aws_security_group.node",
            "module.this.aws_security_group_rule.cluster",
            "module.this.aws_security_group_rule.node",
            "module.this.data.aws_caller_identity.current",
            "module.this.data.aws_eks_addon_version.this",
            "module.this.data.aws_iam_policy_document.assume_role_policy",
            "module.this.data.aws_iam_policy_document.cni_ipv6_policy",
            "module.this.data.aws_iam_session_context.current",
            "module.this.data.aws_partition.current",
            "module.this.module.eks_managed_node_group.aws_autoscaling_schedule.this",
            "module.this.module.eks_managed_node_group.aws_eks_node_group.this",
            "module.this.module.eks_managed_node_group.aws_iam_role.this",
            "module.this.module.eks_managed_node_group.aws_iam_role_policy_attachment.additional",
            "module.this.module.eks_managed_node_group.aws_iam_role_policy_attachment.this",
            "module.this.module.eks_managed_node_group.aws_launch_template.this",
            "module.this.module.eks_managed_node_group.aws_placement_group.this",
            "module.this.module.eks_managed_node_group.data.aws_caller_identity.current",
            "module.this.module.eks_managed_node_group.data.aws_ec2_instance_type.this",
            "module.this.module.eks_managed_node_group.data.aws_ec2_instance_type_offerings.this",
            "module.this.module.eks_managed_node_group.data.aws_iam_policy_document.assume_role_policy",
            "module.this.module.eks_managed_node_group.data.aws_partition.current",
            "module.this.module.eks_managed_node_group.data.aws_ssm_parameter.ami",
            "module.this.module.eks_managed_node_group.data.aws_subnets.efa",
            "module.this.module.eks_managed_node_group.module.user_data.data.cloudinit_config.al2023_eks_managed_node_group",
            "module.this.module.eks_managed_node_group.module.user_data.data.cloudinit_config.linux_eks_managed_node_group",
            "module.this.module.eks_managed_node_group.module.user_data.null_resource.validate_cluster_service_cidr",
            "module.this.module.fargate_profile.aws_eks_fargate_profile.this",
            "module.this.module.fargate_profile.aws_iam_role.this",
            "module.this.module.fargate_profile.aws_iam_role_policy_attachment.additional",
            "module.this.module.fargate_profile.aws_iam_role_policy_attachment.this",
            "module.this.module.fargate_profile.data.aws_caller_identity.current",
            "module.this.module.fargate_profile.data.aws_iam_policy_document.assume_role_policy",
            "module.this.module.fargate_profile.data.aws_partition.current",
            "module.this.module.fargate_profile.data.aws_region.current",
            "module.this.module.kms.aws_kms_external_key.this",
            "module.this.module.kms.aws_kms_key.this",
            "module.this.module.kms.aws_kms_replica_external_key.this",
            "module.this.module.kms.aws_kms_replica_key.this",
            "module.this.module.kms.data.aws_caller_identity.current",
            "module.this.module.kms.data.aws_iam_policy_document.this",
            "module.this.module.kms.data.aws_partition.current",
            "module.this.module.self_managed_node_group.aws_autoscaling_group.this",
            "module.this.module.self_managed_node_group.aws_autoscaling_schedule.this",
            "module.this.module.self_managed_node_group.aws_eks_access_entry.this",
            "module.this.module.self_managed_node_group.aws_iam_instance_profile.this",
            "module.this.module.self_managed_node_group.aws_iam_role.this",
            "module.this.module.self_managed_node_group.aws_iam_role_policy_attachment.additional",
            "module.this.module.self_managed_node_group.aws_iam_role_policy_attachment.this",
            "module.this.module.self_managed_node_group.aws_launch_template.this",
            "module.this.module.self_managed_node_group.aws_placement_group.this",
            "module.this.module.self_managed_node_group.data.aws_caller_identity.current",
            "module.this.module.self_managed_node_group.data.aws_ec2_instance_type.this",
            "module.this.module.self_managed_node_group.data.aws_ec2_instance_type_offerings.this",
            "module.this.module.self_managed_node_group.data.aws_iam_policy_document.assume_role_policy",
            "module.this.module.self_managed_node_group.data.aws_partition.current",
            "module.this.module.self_managed_node_group.data.aws_ssm_parameter.ami",
            "module.this.module.self_managed_node_group.data.aws_subnets.efa",
            "module.this.module.self_managed_node_group.module.user_data.data.cloudinit_config.al2023_eks_managed_node_group",
            "module.this.module.self_managed_node_group.module.user_data.data.cloudinit_config.linux_eks_managed_node_group",
            "module.this.module.self_managed_node_group.module.user_data.null_resource.validate_cluster_service_cidr",
            "module.this.time_sleep.this",
            "module.vpc.aws_subnet.private",
            "module.vpc.aws_vpc.this",
            "module.vpc.aws_vpc_ipv4_cidr_block_association.this"
          ]
        },
        {
          "index_key": "vpc-cni",
          "schema_version": 0,
          "attributes": {
            "addon_name": "vpc-cni",
            "addon_version": "v1.16.0-eksbuild.1",
            "arn": "arn:aws:eks:us-east-1:628042573059:addon/prod-eks-lab/vpc-cni/76c8074d-4c1f-4988-d212-ca6c2396e3e0",
            "cluster_name": "prod-eks-lab",
            "configuration_values": "",
            "created_at": "2024-06-12T22:38:51Z",
            "id": "prod-eks-lab:vpc-cni",
            "modified_at": "2024-06-12T22:39:29Z",
            "preserve": true,
            "resolve_conflicts": null,
            "resolve_conflicts_on_create": "OVERWRITE",
            "resolve_conflicts_on_update": "OVERWRITE",
            "service_account_role_arn": "",
            "tags": {
              "Environment": "prod",
              "Terraform": "true"
            },
            "tags_all": {
              "Environment": "prod",
              "Terraform": "true"
            },
            "timeouts": {
              "create": null,
              "delete": null,
              "update": null
            }
          },
          "sensitive_attributes": [],
          "private": "eyJlMmJmYjczMC1lY2FhLTExZTYtOGY4OC0zNDM2M2JjN2M0YzAiOnsiY3JlYXRlIjoxMjAwMDAwMDAwMDAwLCJkZWxldGUiOjI0MDAwMDAwMDAwMDAsInVwZGF0ZSI6MTIwMDAwMDAwMDAwMH19",
          "dependencies": [
            "module.this.aws_cloudwatch_log_group.this",
            "module.this.aws_eks_cluster.this",
            "module.this.aws_iam_policy.cni_ipv6_policy",
            "module.this.aws_iam_role.this",
            "module.this.aws_iam_role_policy_attachment.this",
            "module.this.aws_security_group.cluster",
            "module.this.aws_security_group.node",
            "module.this.aws_security_group_rule.cluster",
            "module.this.aws_security_group_rule.node",
            "module.this.data.aws_caller_identity.current",
            "module.this.data.aws_eks_addon_version.this",
            "module.this.data.aws_iam_policy_document.assume_role_policy",
            "module.this.data.aws_iam_policy_document.cni_ipv6_policy",
            "module.this.data.aws_iam_session_context.current",
            "module.this.data.aws_partition.current",
            "module.this.module.eks_managed_node_group.aws_autoscaling_schedule.this",
            "module.this.module.eks_managed_node_group.aws_eks_node_group.this",
            "module.this.module.eks_managed_node_group.aws_iam_role.this",
            "module.this.module.eks_managed_node_group.aws_iam_role_policy_attachment.additional",
            "module.this.module.eks_managed_node_group.aws_iam_role_policy_attachment.this",
            "module.this.module.eks_managed_node_group.aws_launch_template.this",
            "module.this.module.eks_managed_node_group.aws_placement_group.this",
            "module.this.module.eks_managed_node_group.data.aws_caller_identity.current",
            "module.this.module.eks_managed_node_group.data.aws_ec2_instance_type.this",
            "module.this.module.eks_managed_node_group.data.aws_ec2_instance_type_offerings.this",
            "module.this.module.eks_managed_node_group.data.aws_iam_policy_document.assume_role_policy",
            "module.this.module.eks_managed_node_group.data.aws_partition.current",
            "module.this.module.eks_managed_node_group.data.aws_ssm_parameter.ami",
            "module.this.module.eks_managed_node_group.data.aws_subnets.efa",
            "module.this.module.eks_managed_node_group.module.user_data.data.cloudinit_config.al2023_eks_managed_node_group",
            "module.this.module.eks_managed_node_group.module.user_data.data.cloudinit_config.linux_eks_managed_node_group",
            "module.this.module.eks_managed_node_group.module.user_data.null_resource.validate_cluster_service_cidr",
            "module.this.module.fargate_profile.aws_eks_fargate_profile.this",
            "module.this.module.fargate_profile.aws_iam_role.this",
            "module.this.module.fargate_profile.aws_iam_role_policy_attachment.additional",
            "module.this.module.fargate_profile.aws_iam_role_policy_attachment.this",
            "module.this.module.fargate_profile.data.aws_caller_identity.current",
            "module.this.module.fargate_profile.data.aws_iam_policy_document.assume_role_policy",
            "module.this.module.fargate_profile.data.aws_partition.current",
            "module.this.module.fargate_profile.data.aws_region.current",
            "module.this.module.kms.aws_kms_external_key.this",
            "module.this.module.kms.aws_kms_key.this",
            "module.this.module.kms.aws_kms_replica_external_key.this",
            "module.this.module.kms.aws_kms_replica_key.this",
            "module.this.module.kms.data.aws_caller_identity.current",
            "module.this.module.kms.data.aws_iam_policy_document.this",
            "module.this.module.kms.data.aws_partition.current",
            "module.this.module.self_managed_node_group.aws_autoscaling_group.this",
            "module.this.module.self_managed_node_group.aws_autoscaling_schedule.this",
            "module.this.module.self_managed_node_group.aws_eks_access_entry.this",
            "module.this.module.self_managed_node_group.aws_iam_instance_profile.this",
            "module.this.module.self_managed_node_group.aws_iam_role.this",
            "module.this.module.self_managed_node_group.aws_iam_role_policy_attachment.additional",
            "module.this.module.self_managed_node_group.aws_iam_role_policy_attachment.this",
            "module.this.module.self_managed_node_group.aws_launch_template.this",
            "module.this.module.self_managed_node_group.aws_placement_group.this",
            "module.this.module.self_managed_node_group.data.aws_caller_identity.current",
            "module.this.module.self_managed_node_group.data.aws_ec2_instance_type.this",
            "module.this.module.self_managed_node_group.data.aws_ec2_instance_type_offerings.this",
            "module.this.module.self_managed_node_group.data.aws_iam_policy_document.assume_role_policy",
            "module.this.module.self_managed_node_group.data.aws_partition.current",
            "module.this.module.self_managed_node_group.data.aws_ssm_parameter.ami",
            "module.this.module.self_managed_node_group.data.aws_subnets.efa",
            "module.this.module.self_managed_node_group.module.user_data.data.cloudinit_config.al2023_eks_managed_node_group",
            "module.this.module.self_managed_node_group.module.user_data.data.cloudinit_config.linux_eks_managed_node_group",
            "module.this.module.self_managed_node_group.module.user_data.null_resource.validate_cluster_service_cidr",
            "module.this.time_sleep.this",
            "module.vpc.aws_subnet.private",
            "module.vpc.aws_vpc.this",
            "module.vpc.aws_vpc_ipv4_cidr_block_association.this"
          ]
        }
      ]
    },
    {
      "module": "module.this[\"prod\"]",
      "mode": "managed",
      "type": "aws_eks_cluster",
      "name": "this",
      "provider": "provider[\"registry.terraform.io/hashicorp/aws\"]",
      "instances": [
        {
          "index_key": 0,
          "schema_version": 0,
          "attributes": {
            "access_config": [
              {
                "authentication_mode": "API_AND_CONFIG_MAP",
                "bootstrap_cluster_creator_admin_permissions": false
              }
            ],
            "arn": "arn:aws:eks:us-east-1:628042573059:cluster/prod-eks-lab",
            "certificate_authority": [
              {
                "data": "LS0tLS1CRUdJTiBDRVJUSUZJQ0FURS0tLS0tCk1JSURCVENDQWUyZ0F3SUJBZ0lJWEpDdmU1ZG0relF3RFFZSktvWklodmNOQVFFTEJRQXdGVEVUTUJFR0ExVUUKQXhNS2EzVmlaWEp1WlhSbGN6QWVGdzB5TkRBMk1USXlNakkzTkRkYUZ3MHpOREEyTVRBeU1qTXlORGRhTUJVeApFekFSQmdOVkJBTVRDbXQxWW1WeWJtVjBaWE13Z2dFaU1BMEdDU3FHU0liM0RRRUJBUVVBQTRJQkR3QXdnZ0VLCkFvSUJBUURDbmdGVmlZTlI0THJYODlCMFRMSDhQSUFoZk10ZE5VY2FYaURPVFBpcUdsRVFXOWltdHJGdlJDTTAKSmdLNitwWmRrOTQ5bzg5NGRYeDlmcGZMRE9iSGFJZ2ZWUFRKUFZzSXU0RUUyT1NqQmlhYVBORnJoOERVTEpBbwoyVzlVdDJlY2M3V000MkZxQ0hGS3lwN1ZGcXlDcUk5NEN0eHVMdWpsMDh2eWdsc2F1ZW5JdEpEUjRDUXJCMXVkCjRxUDRTSzhOTHpiMitubnUwd1BZV1NhdnRTZm04WUlXMmtQVDlRcGxEVmJMQ2RFR0wrZnBuVXNTZlV4a3FQY2cKNHZ6ekdodm1Zc0xNQnVqaWltMmN3d3NjWlJ0U1hVWEY3QS85MWJ5MlJtSnd5OFBjM3ZiclArU1RKRHdub2gxTwpVSy83aDA0dWNBRkQ2cEkrSHNqYkNPb3lVMXV6QWdNQkFBR2pXVEJYTUE0R0ExVWREd0VCL3dRRUF3SUNwREFQCkJnTlZIUk1CQWY4RUJUQURBUUgvTUIwR0ExVWREZ1FXQkJUdEFld0k0TC9jaGdRRk9qMzJlWkJvbjR5QWdUQVYKQmdOVkhSRUVEakFNZ2dwcmRXSmxjbTVsZEdWek1BMEdDU3FHU0liM0RRRUJDd1VBQTRJQkFRQkUvUG8vNmxZRgpCamRGZFNFU3hGYjVoLzhIZVpLTDFYRk1JS1lrUGpFblcxcFIxMFZnSlVGaEM3dFYvdVJlc25rZ2U4czJMdmlxCmVhcGN2SnI5UElNTEZhMzJxWmxHdkJOcjdnV1ZaTWsvdk84T21oS0ovQndSNXlCaWhIOGlOR084dDBYVlN5THQKSHdWOFRLMmJSSFJXUVhURXBrWWJyYUlYbGw0S09reExHUmRQVWNERW1oWk1TQW0zSERTc2hkZko3bzYvcTh2RgpzcnZaZWordkhyV2kxMnBGS3ZIZThEZGdDMk16SHVNcUtrbmNHWG90RFhRT0xHZm9UbnJuc25xUnRudjhQMHRVCitFanVGeFdzZXpRWFRGdEJxK0JUZUhSaExuVGdmbmVySGNCL2ZEd2JGMm5yUWEyNWhOYTNuWlIzYi8wSDh2bm0Kbk54MHprYit2WUllCi0tLS0tRU5EIENFUlRJRklDQVRFLS0tLS0K"
              }
            ],
            "cluster_id": null,
            "created_at": "2024-06-12 22:27:34.084 +0000 UTC",
            "enabled_cluster_log_types": [
              "api",
              "audit",
              "authenticator"
            ],
            "encryption_config": [
              {
                "provider": [
                  {
                    "key_arn": "arn:aws:kms:us-east-1:628042573059:key/286c795e-ceb2-436f-a0d2-4f88362c64f5"
                  }
                ],
                "resources": [
                  "secrets"
                ]
              }
            ],
            "endpoint": "https://09C7C3267FC4EDF38B8A98B48FAEB620.gr7.us-east-1.eks.amazonaws.com",
            "id": "prod-eks-lab",
            "identity": [
              {
                "oidc": [
                  {
                    "issuer": "https://oidc.eks.us-east-1.amazonaws.com/id/09C7C3267FC4EDF38B8A98B48FAEB620"
                  }
                ]
              }
            ],
            "kubernetes_network_config": [
              {
                "ip_family": "ipv4",
                "service_ipv4_cidr": "172.20.0.0/16",
                "service_ipv6_cidr": ""
              }
            ],
            "name": "prod-eks-lab",
            "outpost_config": [],
            "platform_version": "eks.7",
            "role_arn": "arn:aws:iam::628042573059:role/prod-eks-lab-cluster-2024061222264860020000000a",
            "status": "ACTIVE",
            "tags": {
              "Environment": "prod",
              "Terraform": "true",
              "terraform-aws-modules": "eks"
            },
            "tags_all": {
              "Environment": "prod",
              "Terraform": "true",
              "terraform-aws-modules": "eks"
            },
            "timeouts": {
              "create": null,
              "delete": null,
              "update": null
            },
            "version": "1.29",
            "vpc_config": [
              {
                "cluster_security_group_id": "sg-0f9f0a23489cf39f0",
                "endpoint_private_access": false,
                "endpoint_public_access": true,
                "public_access_cidrs": [
                  "0.0.0.0/0"
                ],
                "security_group_ids": [
                  "sg-0a4481a10c52e92fc"
                ],
                "subnet_ids": [
                  "subnet-000b973781340dec4",
                  "subnet-0a0ec2b81080edb7e",
                  "subnet-0e7ea0297b4296393"
                ],
                "vpc_id": "vpc-0f428588a50a2b847"
              }
            ]
          },
          "sensitive_attributes": [],
          "private": "eyJlMmJmYjczMC1lY2FhLTExZTYtOGY4OC0zNDM2M2JjN2M0YzAiOnsiY3JlYXRlIjoxODAwMDAwMDAwMDAwLCJkZWxldGUiOjkwMDAwMDAwMDAwMCwidXBkYXRlIjozNjAwMDAwMDAwMDAwfX0=",
          "dependencies": [
            "module.this.aws_cloudwatch_log_group.this",
            "module.this.aws_iam_policy.cni_ipv6_policy",
            "module.this.aws_iam_role.this",
            "module.this.aws_iam_role_policy_attachment.this",
            "module.this.aws_security_group.cluster",
            "module.this.aws_security_group.node",
            "module.this.aws_security_group_rule.cluster",
            "module.this.aws_security_group_rule.node",
            "module.this.data.aws_caller_identity.current",
            "module.this.data.aws_iam_policy_document.assume_role_policy",
            "module.this.data.aws_iam_policy_document.cni_ipv6_policy",
            "module.this.data.aws_iam_session_context.current",
            "module.this.data.aws_partition.current",
            "module.this.module.kms.aws_kms_external_key.this",
            "module.this.module.kms.aws_kms_key.this",
            "module.this.module.kms.aws_kms_replica_external_key.this",
            "module.this.module.kms.aws_kms_replica_key.this",
            "module.this.module.kms.data.aws_caller_identity.current",
            "module.this.module.kms.data.aws_iam_policy_document.this",
            "module.this.module.kms.data.aws_partition.current",
            "module.vpc.aws_subnet.private",
            "module.vpc.aws_vpc.this",
            "module.vpc.aws_vpc_ipv4_cidr_block_association.this"
          ],
          "create_before_destroy": true
        }
      ]
    },
    {
      "module": "module.this[\"prod\"]",
      "mode": "managed",
      "type": "aws_iam_openid_connect_provider",
      "name": "oidc_provider",
      "provider": "provider[\"registry.terraform.io/hashicorp/aws\"]",
      "instances": [
        {
          "index_key": 0,
          "schema_version": 0,
          "attributes": {
            "arn": "arn:aws:iam::628042573059:oidc-provider/oidc.eks.us-east-1.amazonaws.com/id/09C7C3267FC4EDF38B8A98B48FAEB620",
            "client_id_list": [
              "sts.amazonaws.com"
            ],
            "id": "arn:aws:iam::628042573059:oidc-provider/oidc.eks.us-east-1.amazonaws.com/id/09C7C3267FC4EDF38B8A98B48FAEB620",
            "tags": {
              "Environment": "prod",
              "Name": "prod-eks-lab-eks-irsa",
              "Terraform": "true"
            },
            "tags_all": {
              "Environment": "prod",
              "Name": "prod-eks-lab-eks-irsa",
              "Terraform": "true"
            },
            "thumbprint_list": [
              "9e99a48a9960b14926bb7f3b02e22da2b0ab7280"
            ],
            "url": "oidc.eks.us-east-1.amazonaws.com/id/09C7C3267FC4EDF38B8A98B48FAEB620"
          },
          "sensitive_attributes": [],
          "private": "bnVsbA==",
          "dependencies": [
            "module.this.aws_cloudwatch_log_group.this",
            "module.this.aws_eks_cluster.this",
            "module.this.aws_iam_policy.cni_ipv6_policy",
            "module.this.aws_iam_role.this",
            "module.this.aws_iam_role_policy_attachment.this",
            "module.this.aws_security_group.cluster",
            "module.this.aws_security_group.node",
            "module.this.aws_security_group_rule.cluster",
            "module.this.aws_security_group_rule.node",
            "module.this.data.aws_caller_identity.current",
            "module.this.data.aws_iam_policy_document.assume_role_policy",
            "module.this.data.aws_iam_policy_document.cni_ipv6_policy",
            "module.this.data.aws_iam_session_context.current",
            "module.this.data.aws_partition.current",
            "module.this.data.tls_certificate.this",
            "module.this.module.kms.aws_kms_external_key.this",
            "module.this.module.kms.aws_kms_key.this",
            "module.this.module.kms.aws_kms_replica_external_key.this",
            "module.this.module.kms.aws_kms_replica_key.this",
            "module.this.module.kms.data.aws_caller_identity.current",
            "module.this.module.kms.data.aws_iam_policy_document.this",
            "module.this.module.kms.data.aws_partition.current",
            "module.vpc.aws_subnet.private",
            "module.vpc.aws_vpc.this",
            "module.vpc.aws_vpc_ipv4_cidr_block_association.this"
          ]
        }
      ]
    },
    {
      "module": "module.this[\"prod\"]",
      "mode": "managed",
      "type": "aws_iam_policy",
      "name": "cluster_encryption",
      "provider": "provider[\"registry.terraform.io/hashicorp/aws\"]",
      "instances": [
        {
          "index_key": 0,
          "schema_version": 0,
          "attributes": {
            "arn": "arn:aws:iam::628042573059:policy/prod-eks-lab-cluster-ClusterEncryption20240612222721306300000026",
            "attachment_count": 1,
            "description": "Cluster encryption policy to allow cluster role to utilize CMK provided",
            "id": "arn:aws:iam::628042573059:policy/prod-eks-lab-cluster-ClusterEncryption20240612222721306300000026",
            "name": "prod-eks-lab-cluster-ClusterEncryption20240612222721306300000026",
            "name_prefix": "prod-eks-lab-cluster-ClusterEncryption",
            "path": "/",
            "policy": "{\"Statement\":[{\"Action\":[\"kms:Encrypt\",\"kms:Decrypt\",\"kms:ListGrants\",\"kms:DescribeKey\"],\"Effect\":\"Allow\",\"Resource\":\"arn:aws:kms:us-east-1:628042573059:key/286c795e-ceb2-436f-a0d2-4f88362c64f5\"}],\"Version\":\"2012-10-17\"}",
            "policy_id": "ANPAZEOSBEUBQTTGEC467",
            "tags": {
              "Environment": "prod",
              "Terraform": "true"
            },
            "tags_all": {
              "Environment": "prod",
              "Terraform": "true"
            }
          },
          "sensitive_attributes": [],
          "private": "bnVsbA==",
          "dependencies": [
            "module.this.aws_iam_role.this",
            "module.this.data.aws_caller_identity.current",
            "module.this.data.aws_iam_policy_document.assume_role_policy",
            "module.this.data.aws_iam_session_context.current",
            "module.this.module.kms.aws_kms_external_key.this",
            "module.this.module.kms.aws_kms_key.this",
            "module.this.module.kms.aws_kms_replica_external_key.this",
            "module.this.module.kms.aws_kms_replica_key.this",
            "module.this.module.kms.data.aws_caller_identity.current",
            "module.this.module.kms.data.aws_iam_policy_document.this",
            "module.this.module.kms.data.aws_partition.current"
          ]
        }
      ]
    },
    {
      "module": "module.this[\"prod\"]",
      "mode": "managed",
      "type": "aws_iam_role",
      "name": "this",
      "provider": "provider[\"registry.terraform.io/hashicorp/aws\"]",
      "instances": [
        {
          "index_key": 0,
          "schema_version": 0,
          "attributes": {
            "arn": "arn:aws:iam::628042573059:role/prod-eks-lab-cluster-2024061222264860020000000a",
            "assume_role_policy": "{\"Statement\":[{\"Action\":\"sts:AssumeRole\",\"Effect\":\"Allow\",\"Principal\":{\"Service\":\"eks.amazonaws.com\"},\"Sid\":\"EKSClusterAssumeRole\"}],\"Version\":\"2012-10-17\"}",
            "create_date": "2024-06-12T22:26:56Z",
            "description": "",
            "force_detach_policies": true,
            "id": "prod-eks-lab-cluster-2024061222264860020000000a",
            "inline_policy": [
              {
                "name": "prod-eks-lab-cluster",
                "policy": "{\"Version\":\"2012-10-17\",\"Statement\":[{\"Action\":[\"logs:CreateLogGroup\"],\"Effect\":\"Deny\",\"Resource\":\"*\"}]}"
              }
            ],
            "managed_policy_arns": [
              "arn:aws:iam::628042573059:policy/prod-eks-lab-cluster-ClusterEncryption20240612222721306300000026",
              "arn:aws:iam::aws:policy/AmazonEKSClusterPolicy",
              "arn:aws:iam::aws:policy/AmazonEKSVPCResourceController"
            ],
            "max_session_duration": 3600,
            "name": "prod-eks-lab-cluster-2024061222264860020000000a",
            "name_prefix": "prod-eks-lab-cluster-",
            "path": "/",
            "permissions_boundary": "",
            "tags": {
              "Environment": "prod",
              "Terraform": "true"
            },
            "tags_all": {
              "Environment": "prod",
              "Terraform": "true"
            },
            "unique_id": "AROAZEOSBEUB4YFI5RNPT"
          },
          "sensitive_attributes": [],
          "private": "bnVsbA==",
          "dependencies": [
            "module.this.data.aws_iam_policy_document.assume_role_policy"
          ],
          "create_before_destroy": true
        }
      ]
    },
    {
      "module": "module.this[\"prod\"]",
      "mode": "managed",
      "type": "aws_iam_role_policy_attachment",
      "name": "cluster_encryption",
      "provider": "provider[\"registry.terraform.io/hashicorp/aws\"]",
      "instances": [
        {
          "index_key": 0,
          "schema_version": 0,
          "attributes": {
            "id": "prod-eks-lab-cluster-2024061222264860020000000a-20240612222722339600000029",
            "policy_arn": "arn:aws:iam::628042573059:policy/prod-eks-lab-cluster-ClusterEncryption20240612222721306300000026",
            "role": "prod-eks-lab-cluster-2024061222264860020000000a"
          },
          "sensitive_attributes": [],
          "private": "bnVsbA==",
          "dependencies": [
            "module.this.aws_iam_policy.cluster_encryption",
            "module.this.aws_iam_role.this",
            "module.this.data.aws_caller_identity.current",
            "module.this.data.aws_iam_policy_document.assume_role_policy",
            "module.this.data.aws_iam_session_context.current",
            "module.this.module.kms.aws_kms_external_key.this",
            "module.this.module.kms.aws_kms_key.this",
            "module.this.module.kms.aws_kms_replica_external_key.this",
            "module.this.module.kms.aws_kms_replica_key.this",
            "module.this.module.kms.data.aws_caller_identity.current",
            "module.this.module.kms.data.aws_iam_policy_document.this",
            "module.this.module.kms.data.aws_partition.current"
          ]
        }
      ]
    },
    {
      "module": "module.this[\"prod\"]",
      "mode": "managed",
      "type": "aws_iam_role_policy_attachment",
      "name": "this",
      "provider": "provider[\"registry.terraform.io/hashicorp/aws\"]",
      "instances": [
        {
          "index_key": "AmazonEKSClusterPolicy",
          "schema_version": 0,
          "attributes": {
            "id": "prod-eks-lab-cluster-2024061222264860020000000a-20240612222650191900000018",
            "policy_arn": "arn:aws:iam::aws:policy/AmazonEKSClusterPolicy",
            "role": "prod-eks-lab-cluster-2024061222264860020000000a"
          },
          "sensitive_attributes": [],
          "private": "bnVsbA==",
          "dependencies": [
            "module.this.aws_iam_role.this",
            "module.this.data.aws_iam_policy_document.assume_role_policy",
            "module.this.data.aws_partition.current"
          ],
          "create_before_destroy": true
        },
        {
          "index_key": "AmazonEKSVPCResourceController",
          "schema_version": 0,
          "attributes": {
            "id": "prod-eks-lab-cluster-2024061222264860020000000a-20240612222650190100000017",
            "policy_arn": "arn:aws:iam::aws:policy/AmazonEKSVPCResourceController",
            "role": "prod-eks-lab-cluster-2024061222264860020000000a"
          },
          "sensitive_attributes": [],
          "private": "bnVsbA==",
          "dependencies": [
            "module.this.aws_iam_role.this",
            "module.this.data.aws_iam_policy_document.assume_role_policy",
            "module.this.data.aws_partition.current"
          ],
          "create_before_destroy": true
        }
      ]
    },
    {
      "module": "module.this[\"prod\"]",
      "mode": "managed",
      "type": "aws_security_group",
      "name": "cluster",
      "provider": "provider[\"registry.terraform.io/hashicorp/aws\"]",
      "instances": [
        {
          "index_key": 0,
          "schema_version": 1,
          "attributes": {
            "arn": "arn:aws:ec2:us-east-1:628042573059:security-group/sg-0a4481a10c52e92fc",
            "description": "EKS cluster security group",
            "egress": [],
            "id": "sg-0a4481a10c52e92fc",
            "ingress": [
              {
                "cidr_blocks": [],
                "description": "Node groups to cluster API",
                "from_port": 443,
                "ipv6_cidr_blocks": [],
                "prefix_list_ids": [],
                "protocol": "tcp",
                "security_groups": [
                  "sg-08b958df85a7857ba"
                ],
                "self": false,
                "to_port": 443
              }
            ],
            "name": "prod-eks-lab-cluster-20240612222704864000000020",
            "name_prefix": "prod-eks-lab-cluster-",
            "owner_id": "628042573059",
            "revoke_rules_on_delete": false,
            "tags": {
              "Environment": "prod",
              "Name": "prod-eks-lab-cluster",
              "Terraform": "true"
            },
            "tags_all": {
              "Environment": "prod",
              "Name": "prod-eks-lab-cluster",
              "Terraform": "true"
            },
            "timeouts": null,
            "vpc_id": "vpc-0f428588a50a2b847"
          },
          "sensitive_attributes": [],
          "private": "eyJlMmJmYjczMC1lY2FhLTExZTYtOGY4OC0zNDM2M2JjN2M0YzAiOnsiY3JlYXRlIjo2MDAwMDAwMDAwMDAsImRlbGV0ZSI6OTAwMDAwMDAwMDAwfSwic2NoZW1hX3ZlcnNpb24iOiIxIn0=",
          "dependencies": [
            "module.vpc.aws_vpc.this"
          ],
          "create_before_destroy": true
        }
      ]
    },
    {
      "module": "module.this[\"prod\"]",
      "mode": "managed",
      "type": "aws_security_group",
      "name": "node",
      "provider": "provider[\"registry.terraform.io/hashicorp/aws\"]",
      "instances": [
        {
          "index_key": 0,
          "schema_version": 1,
          "attributes": {
            "arn": "arn:aws:ec2:us-east-1:628042573059:security-group/sg-08b958df85a7857ba",
            "description": "EKS node shared security group",
            "egress": [
              {
                "cidr_blocks": [
                  "0.0.0.0/0"
                ],
                "description": "Allow all egress",
                "from_port": 0,
                "ipv6_cidr_blocks": [],
                "prefix_list_ids": [],
                "protocol": "-1",
                "security_groups": [],
                "self": false,
                "to_port": 0
              }
            ],
            "id": "sg-08b958df85a7857ba",
            "ingress": [
              {
                "cidr_blocks": [],
                "description": "Cluster API to node 4443/tcp webhook",
                "from_port": 4443,
                "ipv6_cidr_blocks": [],
                "prefix_list_ids": [],
                "protocol": "tcp",
                "security_groups": [
                  "sg-0a4481a10c52e92fc"
                ],
                "self": false,
                "to_port": 4443
              },
              {
                "cidr_blocks": [],
                "description": "Cluster API to node 6443/tcp webhook",
                "from_port": 6443,
                "ipv6_cidr_blocks": [],
                "prefix_list_ids": [],
                "protocol": "tcp",
                "security_groups": [
                  "sg-0a4481a10c52e92fc"
                ],
                "self": false,
                "to_port": 6443
              },
              {
                "cidr_blocks": [],
                "description": "Cluster API to node 8443/tcp webhook",
                "from_port": 8443,
                "ipv6_cidr_blocks": [],
                "prefix_list_ids": [],
                "protocol": "tcp",
                "security_groups": [
                  "sg-0a4481a10c52e92fc"
                ],
                "self": false,
                "to_port": 8443
              },
              {
                "cidr_blocks": [],
                "description": "Cluster API to node 9443/tcp webhook",
                "from_port": 9443,
                "ipv6_cidr_blocks": [],
                "prefix_list_ids": [],
                "protocol": "tcp",
                "security_groups": [
                  "sg-0a4481a10c52e92fc"
                ],
                "self": false,
                "to_port": 9443
              },
              {
                "cidr_blocks": [],
                "description": "Cluster API to node groups",
                "from_port": 443,
                "ipv6_cidr_blocks": [],
                "prefix_list_ids": [],
                "protocol": "tcp",
                "security_groups": [
                  "sg-0a4481a10c52e92fc"
                ],
                "self": false,
                "to_port": 443
              },
              {
                "cidr_blocks": [],
                "description": "Cluster API to node kubelets",
                "from_port": 10250,
                "ipv6_cidr_blocks": [],
                "prefix_list_ids": [],
                "protocol": "tcp",
                "security_groups": [
                  "sg-0a4481a10c52e92fc"
                ],
                "self": false,
                "to_port": 10250
              },
              {
                "cidr_blocks": [],
                "description": "Node to node CoreDNS UDP",
                "from_port": 53,
                "ipv6_cidr_blocks": [],
                "prefix_list_ids": [],
                "protocol": "udp",
                "security_groups": [],
                "self": true,
                "to_port": 53
              },
              {
                "cidr_blocks": [],
                "description": "Node to node CoreDNS",
                "from_port": 53,
                "ipv6_cidr_blocks": [],
                "prefix_list_ids": [],
                "protocol": "tcp",
                "security_groups": [],
                "self": true,
                "to_port": 53
              },
              {
                "cidr_blocks": [],
                "description": "Node to node ingress on ephemeral ports",
                "from_port": 1025,
                "ipv6_cidr_blocks": [],
                "prefix_list_ids": [],
                "protocol": "tcp",
                "security_groups": [],
                "self": true,
                "to_port": 65535
              }
            ],
            "name": "prod-eks-lab-node-2024061222270485200000001f",
            "name_prefix": "prod-eks-lab-node-",
            "owner_id": "628042573059",
            "revoke_rules_on_delete": false,
            "tags": {
              "Environment": "prod",
              "Name": "prod-eks-lab-node",
              "Terraform": "true",
              "kubernetes.io/cluster/prod-eks-lab": "owned"
            },
            "tags_all": {
              "Environment": "prod",
              "Name": "prod-eks-lab-node",
              "Terraform": "true",
              "kubernetes.io/cluster/prod-eks-lab": "owned"
            },
            "timeouts": null,
            "vpc_id": "vpc-0f428588a50a2b847"
          },
          "sensitive_attributes": [],
          "private": "eyJlMmJmYjczMC1lY2FhLTExZTYtOGY4OC0zNDM2M2JjN2M0YzAiOnsiY3JlYXRlIjo2MDAwMDAwMDAwMDAsImRlbGV0ZSI6OTAwMDAwMDAwMDAwfSwic2NoZW1hX3ZlcnNpb24iOiIxIn0=",
          "dependencies": [
            "module.vpc.aws_vpc.this"
          ],
          "create_before_destroy": true
        }
      ]
    },
    {
      "module": "module.this[\"prod\"]",
      "mode": "managed",
      "type": "aws_security_group_rule",
      "name": "cluster",
      "provider": "provider[\"registry.terraform.io/hashicorp/aws\"]",
      "instances": [
        {
          "index_key": "ingress_nodes_443",
          "schema_version": 2,
          "attributes": {
            "cidr_blocks": null,
            "description": "Node groups to cluster API",
            "from_port": 443,
            "id": "sgrule-1987806308",
            "ipv6_cidr_blocks": null,
            "prefix_list_ids": null,
            "protocol": "tcp",
            "security_group_id": "sg-0a4481a10c52e92fc",
            "security_group_rule_id": "sgr-05d4676aae5fa57da",
            "self": false,
            "source_security_group_id": "sg-08b958df85a7857ba",
            "timeouts": null,
            "to_port": 443,
            "type": "ingress"
          },
          "sensitive_attributes": [],
          "private": "eyJlMmJmYjczMC1lY2FhLTExZTYtOGY4OC0zNDM2M2JjN2M0YzAiOnsiY3JlYXRlIjozMDAwMDAwMDAwMDB9LCJzY2hlbWFfdmVyc2lvbiI6IjIifQ==",
          "dependencies": [
            "module.this.aws_security_group.cluster",
            "module.this.aws_security_group.node",
            "module.vpc.aws_vpc.this"
          ],
          "create_before_destroy": true
        }
      ]
    },
    {
      "module": "module.this[\"prod\"]",
      "mode": "managed",
      "type": "aws_security_group_rule",
      "name": "node",
      "provider": "provider[\"registry.terraform.io/hashicorp/aws\"]",
      "instances": [
        {
          "index_key": "egress_all",
          "schema_version": 2,
          "attributes": {
            "cidr_blocks": [
              "0.0.0.0/0"
            ],
            "description": "Allow all egress",
            "from_port": 0,
            "id": "sgrule-2633323014",
            "ipv6_cidr_blocks": null,
            "prefix_list_ids": [],
            "protocol": "-1",
            "security_group_id": "sg-08b958df85a7857ba",
            "security_group_rule_id": "sgr-0ad9e94961fe6687f",
            "self": false,
            "source_security_group_id": null,
            "timeouts": null,
            "to_port": 0,
            "type": "egress"
          },
          "sensitive_attributes": [],
          "private": "eyJlMmJmYjczMC1lY2FhLTExZTYtOGY4OC0zNDM2M2JjN2M0YzAiOnsiY3JlYXRlIjozMDAwMDAwMDAwMDB9LCJzY2hlbWFfdmVyc2lvbiI6IjIifQ==",
          "dependencies": [
            "module.this.aws_security_group.cluster",
            "module.this.aws_security_group.node",
            "module.vpc.aws_vpc.this"
          ],
          "create_before_destroy": true
        },
        {
          "index_key": "ingress_cluster_443",
          "schema_version": 2,
          "attributes": {
            "cidr_blocks": null,
            "description": "Cluster API to node groups",
            "from_port": 443,
            "id": "sgrule-2657735285",
            "ipv6_cidr_blocks": null,
            "prefix_list_ids": [],
            "protocol": "tcp",
            "security_group_id": "sg-08b958df85a7857ba",
            "security_group_rule_id": "sgr-00458984426b80c14",
            "self": false,
            "source_security_group_id": "sg-0a4481a10c52e92fc",
            "timeouts": null,
            "to_port": 443,
            "type": "ingress"
          },
          "sensitive_attributes": [],
          "private": "eyJlMmJmYjczMC1lY2FhLTExZTYtOGY4OC0zNDM2M2JjN2M0YzAiOnsiY3JlYXRlIjozMDAwMDAwMDAwMDB9LCJzY2hlbWFfdmVyc2lvbiI6IjIifQ==",
          "dependencies": [
            "module.this.aws_security_group.cluster",
            "module.this.aws_security_group.node",
            "module.vpc.aws_vpc.this"
          ],
          "create_before_destroy": true
        },
        {
          "index_key": "ingress_cluster_4443_webhook",
          "schema_version": 2,
          "attributes": {
            "cidr_blocks": null,
            "description": "Cluster API to node 4443/tcp webhook",
            "from_port": 4443,
            "id": "sgrule-3820959519",
            "ipv6_cidr_blocks": null,
            "prefix_list_ids": [],
            "protocol": "tcp",
            "security_group_id": "sg-08b958df85a7857ba",
            "security_group_rule_id": "sgr-06f5b307dc0f60c71",
            "self": false,
            "source_security_group_id": "sg-0a4481a10c52e92fc",
            "timeouts": null,
            "to_port": 4443,
            "type": "ingress"
          },
          "sensitive_attributes": [],
          "private": "eyJlMmJmYjczMC1lY2FhLTExZTYtOGY4OC0zNDM2M2JjN2M0YzAiOnsiY3JlYXRlIjozMDAwMDAwMDAwMDB9LCJzY2hlbWFfdmVyc2lvbiI6IjIifQ==",
          "dependencies": [
            "module.this.aws_security_group.cluster",
            "module.this.aws_security_group.node",
            "module.vpc.aws_vpc.this"
          ],
          "create_before_destroy": true
        },
        {
          "index_key": "ingress_cluster_6443_webhook",
          "schema_version": 2,
          "attributes": {
            "cidr_blocks": null,
            "description": "Cluster API to node 6443/tcp webhook",
            "from_port": 6443,
            "id": "sgrule-721244297",
            "ipv6_cidr_blocks": null,
            "prefix_list_ids": [],
            "protocol": "tcp",
            "security_group_id": "sg-08b958df85a7857ba",
            "security_group_rule_id": "sgr-024f1785aa4815a28",
            "self": false,
            "source_security_group_id": "sg-0a4481a10c52e92fc",
            "timeouts": null,
            "to_port": 6443,
            "type": "ingress"
          },
          "sensitive_attributes": [],
          "private": "eyJlMmJmYjczMC1lY2FhLTExZTYtOGY4OC0zNDM2M2JjN2M0YzAiOnsiY3JlYXRlIjozMDAwMDAwMDAwMDB9LCJzY2hlbWFfdmVyc2lvbiI6IjIifQ==",
          "dependencies": [
            "module.this.aws_security_group.cluster",
            "module.this.aws_security_group.node",
            "module.vpc.aws_vpc.this"
          ],
          "create_before_destroy": true
        },
        {
          "index_key": "ingress_cluster_8443_webhook",
          "schema_version": 2,
          "attributes": {
            "cidr_blocks": null,
            "description": "Cluster API to node 8443/tcp webhook",
            "from_port": 8443,
            "id": "sgrule-966880424",
            "ipv6_cidr_blocks": null,
            "prefix_list_ids": [],
            "protocol": "tcp",
            "security_group_id": "sg-08b958df85a7857ba",
            "security_group_rule_id": "sgr-035c807d171d5b802",
            "self": false,
            "source_security_group_id": "sg-0a4481a10c52e92fc",
            "timeouts": null,
            "to_port": 8443,
            "type": "ingress"
          },
          "sensitive_attributes": [],
          "private": "eyJlMmJmYjczMC1lY2FhLTExZTYtOGY4OC0zNDM2M2JjN2M0YzAiOnsiY3JlYXRlIjozMDAwMDAwMDAwMDB9LCJzY2hlbWFfdmVyc2lvbiI6IjIifQ==",
          "dependencies": [
            "module.this.aws_security_group.cluster",
            "module.this.aws_security_group.node",
            "module.vpc.aws_vpc.this"
          ],
          "create_before_destroy": true
        },
        {
          "index_key": "ingress_cluster_9443_webhook",
          "schema_version": 2,
          "attributes": {
            "cidr_blocks": null,
            "description": "Cluster API to node 9443/tcp webhook",
            "from_port": 9443,
            "id": "sgrule-1560305507",
            "ipv6_cidr_blocks": null,
            "prefix_list_ids": [],
            "protocol": "tcp",
            "security_group_id": "sg-08b958df85a7857ba",
            "security_group_rule_id": "sgr-0c6f4385dfe31f5ed",
            "self": false,
            "source_security_group_id": "sg-0a4481a10c52e92fc",
            "timeouts": null,
            "to_port": 9443,
            "type": "ingress"
          },
          "sensitive_attributes": [],
          "private": "eyJlMmJmYjczMC1lY2FhLTExZTYtOGY4OC0zNDM2M2JjN2M0YzAiOnsiY3JlYXRlIjozMDAwMDAwMDAwMDB9LCJzY2hlbWFfdmVyc2lvbiI6IjIifQ==",
          "dependencies": [
            "module.this.aws_security_group.cluster",
            "module.this.aws_security_group.node",
            "module.vpc.aws_vpc.this"
          ],
          "create_before_destroy": true
        },
        {
          "index_key": "ingress_cluster_kubelet",
          "schema_version": 2,
          "attributes": {
            "cidr_blocks": null,
            "description": "Cluster API to node kubelets",
            "from_port": 10250,
            "id": "sgrule-397084829",
            "ipv6_cidr_blocks": null,
            "prefix_list_ids": [],
            "protocol": "tcp",
            "security_group_id": "sg-08b958df85a7857ba",
            "security_group_rule_id": "sgr-090f0dd40b68c8769",
            "self": false,
            "source_security_group_id": "sg-0a4481a10c52e92fc",
            "timeouts": null,
            "to_port": 10250,
            "type": "ingress"
          },
          "sensitive_attributes": [],
          "private": "eyJlMmJmYjczMC1lY2FhLTExZTYtOGY4OC0zNDM2M2JjN2M0YzAiOnsiY3JlYXRlIjozMDAwMDAwMDAwMDB9LCJzY2hlbWFfdmVyc2lvbiI6IjIifQ==",
          "dependencies": [
            "module.this.aws_security_group.cluster",
            "module.this.aws_security_group.node",
            "module.vpc.aws_vpc.this"
          ],
          "create_before_destroy": true
        },
        {
          "index_key": "ingress_nodes_ephemeral",
          "schema_version": 2,
          "attributes": {
            "cidr_blocks": null,
            "description": "Node to node ingress on ephemeral ports",
            "from_port": 1025,
            "id": "sgrule-2248896466",
            "ipv6_cidr_blocks": null,
            "prefix_list_ids": [],
            "protocol": "tcp",
            "security_group_id": "sg-08b958df85a7857ba",
            "security_group_rule_id": "sgr-06cbf81cf4dbbdf0c",
            "self": true,
            "source_security_group_id": null,
            "timeouts": null,
            "to_port": 65535,
            "type": "ingress"
          },
          "sensitive_attributes": [],
          "private": "eyJlMmJmYjczMC1lY2FhLTExZTYtOGY4OC0zNDM2M2JjN2M0YzAiOnsiY3JlYXRlIjozMDAwMDAwMDAwMDB9LCJzY2hlbWFfdmVyc2lvbiI6IjIifQ==",
          "dependencies": [
            "module.this.aws_security_group.cluster",
            "module.this.aws_security_group.node",
            "module.vpc.aws_vpc.this"
          ],
          "create_before_destroy": true
        },
        {
          "index_key": "ingress_self_coredns_tcp",
          "schema_version": 2,
          "attributes": {
            "cidr_blocks": null,
            "description": "Node to node CoreDNS",
            "from_port": 53,
            "id": "sgrule-1342902170",
            "ipv6_cidr_blocks": null,
            "prefix_list_ids": [],
            "protocol": "tcp",
            "security_group_id": "sg-08b958df85a7857ba",
            "security_group_rule_id": "sgr-0c9b3ffc50d6caea5",
            "self": true,
            "source_security_group_id": null,
            "timeouts": null,
            "to_port": 53,
            "type": "ingress"
          },
          "sensitive_attributes": [],
          "private": "eyJlMmJmYjczMC1lY2FhLTExZTYtOGY4OC0zNDM2M2JjN2M0YzAiOnsiY3JlYXRlIjozMDAwMDAwMDAwMDB9LCJzY2hlbWFfdmVyc2lvbiI6IjIifQ==",
          "dependencies": [
            "module.this.aws_security_group.cluster",
            "module.this.aws_security_group.node",
            "module.vpc.aws_vpc.this"
          ],
          "create_before_destroy": true
        },
        {
          "index_key": "ingress_self_coredns_udp",
          "schema_version": 2,
          "attributes": {
            "cidr_blocks": null,
            "description": "Node to node CoreDNS UDP",
            "from_port": 53,
            "id": "sgrule-4099189877",
            "ipv6_cidr_blocks": null,
            "prefix_list_ids": [],
            "protocol": "udp",
            "security_group_id": "sg-08b958df85a7857ba",
            "security_group_rule_id": "sgr-0b595ac776ccfae21",
            "self": true,
            "source_security_group_id": null,
            "timeouts": null,
            "to_port": 53,
            "type": "ingress"
          },
          "sensitive_attributes": [],
          "private": "eyJlMmJmYjczMC1lY2FhLTExZTYtOGY4OC0zNDM2M2JjN2M0YzAiOnsiY3JlYXRlIjozMDAwMDAwMDAwMDB9LCJzY2hlbWFfdmVyc2lvbiI6IjIifQ==",
          "dependencies": [
            "module.this.aws_security_group.cluster",
            "module.this.aws_security_group.node",
            "module.vpc.aws_vpc.this"
          ],
          "create_before_destroy": true
        }
      ]
    },
    {
      "module": "module.this[\"prod\"]",
      "mode": "managed",
      "type": "time_sleep",
      "name": "this",
      "provider": "provider[\"registry.terraform.io/hashicorp/time\"]",
      "instances": [
        {
          "index_key": 0,
          "schema_version": 0,
          "attributes": {
            "create_duration": "30s",
            "destroy_duration": null,
            "id": "2024-06-12T22:36:51Z",
            "triggers": {
              "cluster_certificate_authority_data": "LS0tLS1CRUdJTiBDRVJUSUZJQ0FURS0tLS0tCk1JSURCVENDQWUyZ0F3SUJBZ0lJWEpDdmU1ZG0relF3RFFZSktvWklodmNOQVFFTEJRQXdGVEVUTUJFR0ExVUUKQXhNS2EzVmlaWEp1WlhSbGN6QWVGdzB5TkRBMk1USXlNakkzTkRkYUZ3MHpOREEyTVRBeU1qTXlORGRhTUJVeApFekFSQmdOVkJBTVRDbXQxWW1WeWJtVjBaWE13Z2dFaU1BMEdDU3FHU0liM0RRRUJBUVVBQTRJQkR3QXdnZ0VLCkFvSUJBUURDbmdGVmlZTlI0THJYODlCMFRMSDhQSUFoZk10ZE5VY2FYaURPVFBpcUdsRVFXOWltdHJGdlJDTTAKSmdLNitwWmRrOTQ5bzg5NGRYeDlmcGZMRE9iSGFJZ2ZWUFRKUFZzSXU0RUUyT1NqQmlhYVBORnJoOERVTEpBbwoyVzlVdDJlY2M3V000MkZxQ0hGS3lwN1ZGcXlDcUk5NEN0eHVMdWpsMDh2eWdsc2F1ZW5JdEpEUjRDUXJCMXVkCjRxUDRTSzhOTHpiMitubnUwd1BZV1NhdnRTZm04WUlXMmtQVDlRcGxEVmJMQ2RFR0wrZnBuVXNTZlV4a3FQY2cKNHZ6ekdodm1Zc0xNQnVqaWltMmN3d3NjWlJ0U1hVWEY3QS85MWJ5MlJtSnd5OFBjM3ZiclArU1RKRHdub2gxTwpVSy83aDA0dWNBRkQ2cEkrSHNqYkNPb3lVMXV6QWdNQkFBR2pXVEJYTUE0R0ExVWREd0VCL3dRRUF3SUNwREFQCkJnTlZIUk1CQWY4RUJUQURBUUgvTUIwR0ExVWREZ1FXQkJUdEFld0k0TC9jaGdRRk9qMzJlWkJvbjR5QWdUQVYKQmdOVkhSRUVEakFNZ2dwcmRXSmxjbTVsZEdWek1BMEdDU3FHU0liM0RRRUJDd1VBQTRJQkFRQkUvUG8vNmxZRgpCamRGZFNFU3hGYjVoLzhIZVpLTDFYRk1JS1lrUGpFblcxcFIxMFZnSlVGaEM3dFYvdVJlc25rZ2U4czJMdmlxCmVhcGN2SnI5UElNTEZhMzJxWmxHdkJOcjdnV1ZaTWsvdk84T21oS0ovQndSNXlCaWhIOGlOR084dDBYVlN5THQKSHdWOFRLMmJSSFJXUVhURXBrWWJyYUlYbGw0S09reExHUmRQVWNERW1oWk1TQW0zSERTc2hkZko3bzYvcTh2RgpzcnZaZWordkhyV2kxMnBGS3ZIZThEZGdDMk16SHVNcUtrbmNHWG90RFhRT0xHZm9UbnJuc25xUnRudjhQMHRVCitFanVGeFdzZXpRWFRGdEJxK0JUZUhSaExuVGdmbmVySGNCL2ZEd2JGMm5yUWEyNWhOYTNuWlIzYi8wSDh2bm0Kbk54MHprYit2WUllCi0tLS0tRU5EIENFUlRJRklDQVRFLS0tLS0K",
              "cluster_endpoint": "https://09C7C3267FC4EDF38B8A98B48FAEB620.gr7.us-east-1.eks.amazonaws.com",
              "cluster_name": "prod-eks-lab",
              "cluster_service_cidr": "172.20.0.0/16",
              "cluster_version": "1.29"
            }
          },
          "sensitive_attributes": [],
          "dependencies": [
            "module.this.aws_cloudwatch_log_group.this",
            "module.this.aws_eks_cluster.this",
            "module.this.aws_iam_policy.cni_ipv6_policy",
            "module.this.aws_iam_role.this",
            "module.this.aws_iam_role_policy_attachment.this",
            "module.this.aws_security_group.cluster",
            "module.this.aws_security_group.node",
            "module.this.aws_security_group_rule.cluster",
            "module.this.aws_security_group_rule.node",
            "module.this.data.aws_caller_identity.current",
            "module.this.data.aws_iam_policy_document.assume_role_policy",
            "module.this.data.aws_iam_policy_document.cni_ipv6_policy",
            "module.this.data.aws_iam_session_context.current",
            "module.this.data.aws_partition.current",
            "module.this.module.kms.aws_kms_external_key.this",
            "module.this.module.kms.aws_kms_key.this",
            "module.this.module.kms.aws_kms_replica_external_key.this",
            "module.this.module.kms.aws_kms_replica_key.this",
            "module.this.module.kms.data.aws_caller_identity.current",
            "module.this.module.kms.data.aws_iam_policy_document.this",
            "module.this.module.kms.data.aws_partition.current",
            "module.vpc.aws_subnet.private",
            "module.vpc.aws_vpc.this",
            "module.vpc.aws_vpc_ipv4_cidr_block_association.this"
          ],
          "create_before_destroy": true
        }
      ]
    },
    {
      "module": "module.this[\"prod\"].module.eks_managed_node_group[\"eks_nodes\"]",
      "mode": "data",
      "type": "aws_caller_identity",
      "name": "current",
      "provider": "provider[\"registry.terraform.io/hashicorp/aws\"]",
      "instances": [
        {
          "schema_version": 0,
          "attributes": {
            "account_id": "628042573059",
            "arn": "arn:aws:iam::628042573059:user/Bernardo",
            "id": "628042573059",
            "user_id": "AIDAZEOSBEUBQASQAWFQ3"
          },
          "sensitive_attributes": []
        }
      ]
    },
    {
      "module": "module.this[\"prod\"].module.eks_managed_node_group[\"eks_nodes\"]",
      "mode": "data",
      "type": "aws_iam_policy_document",
      "name": "assume_role_policy",
      "provider": "provider[\"registry.terraform.io/hashicorp/aws\"]",
      "instances": [
        {
          "index_key": 0,
          "schema_version": 0,
          "attributes": {
            "id": "2560088296",
            "json": "{\n  \"Version\": \"2012-10-17\",\n  \"Statement\": [\n    {\n      \"Sid\": \"EKSNodeAssumeRole\",\n      \"Effect\": \"Allow\",\n      \"Action\": \"sts:AssumeRole\",\n      \"Principal\": {\n        \"Service\": \"ec2.amazonaws.com\"\n      }\n    }\n  ]\n}",
            "minified_json": "{\"Version\":\"2012-10-17\",\"Statement\":[{\"Sid\":\"EKSNodeAssumeRole\",\"Effect\":\"Allow\",\"Action\":\"sts:AssumeRole\",\"Principal\":{\"Service\":\"ec2.amazonaws.com\"}}]}",
            "override_json": null,
            "override_policy_documents": null,
            "policy_id": null,
            "source_json": null,
            "source_policy_documents": null,
            "statement": [
              {
                "actions": [
                  "sts:AssumeRole"
                ],
                "condition": [],
                "effect": "Allow",
                "not_actions": [],
                "not_principals": [],
                "not_resources": [],
                "principals": [
                  {
                    "identifiers": [
                      "ec2.amazonaws.com"
                    ],
                    "type": "Service"
                  }
                ],
                "resources": [],
                "sid": "EKSNodeAssumeRole"
              }
            ],
            "version": "2012-10-17"
          },
          "sensitive_attributes": []
        }
      ]
    },
    {
      "module": "module.this[\"prod\"].module.eks_managed_node_group[\"eks_nodes\"]",
      "mode": "data",
      "type": "aws_partition",
      "name": "current",
      "provider": "provider[\"registry.terraform.io/hashicorp/aws\"]",
      "instances": [
        {
          "schema_version": 0,
          "attributes": {
            "dns_suffix": "amazonaws.com",
            "id": "aws",
            "partition": "aws",
            "reverse_dns_prefix": "com.amazonaws"
          },
          "sensitive_attributes": []
        }
      ]
    },
    {
      "module": "module.this[\"prod\"].module.eks_managed_node_group[\"eks_nodes\"]",
      "mode": "managed",
      "type": "aws_eks_node_group",
      "name": "this",
      "provider": "provider[\"registry.terraform.io/hashicorp/aws\"]",
      "instances": [
        {
          "index_key": 0,
          "schema_version": 0,
          "attributes": {
            "ami_type": "AL2_x86_64",
            "arn": "arn:aws:eks:us-east-1:628042573059:nodegroup/prod-eks-lab/eks_nodes-20240612223652988000000035/5cc8074c-75f9-0f4f-4b65-813ed6d740e6",
            "capacity_type": "ON_DEMAND",
            "cluster_name": "prod-eks-lab",
            "disk_size": 0,
            "force_update_version": null,
            "id": "prod-eks-lab:eks_nodes-20240612223652988000000035",
            "instance_types": [
              "t3.medium",
              "t3a.medium"
            ],
            "labels": {},
            "launch_template": [
              {
                "id": "lt-0d54af866f1765b51",
                "name": "eks_nodes-2024061222365160710000002d",
                "version": "1"
              }
            ],
            "node_group_name": "eks_nodes-20240612223652988000000035",
            "node_group_name_prefix": "eks_nodes-",
            "node_role_arn": "arn:aws:iam::628042573059:role/eks_nodes-eks-node-group-20240612222647151900000005",
            "release_version": "1.29.3-20240605",
            "remote_access": [],
            "resources": [
              {
                "autoscaling_groups": [
                  {
                    "name": "eks-eks_nodes-20240612223652988000000035-5cc8074c-75f9-0f4f-4b65-813ed6d740e6"
                  }
                ],
                "remote_access_security_group_id": ""
              }
            ],
            "scaling_config": [
              {
                "desired_size": 1,
                "max_size": 3,
                "min_size": 1
              }
            ],
            "status": "ACTIVE",
            "subnet_ids": [
              "subnet-000b973781340dec4",
              "subnet-0a0ec2b81080edb7e",
              "subnet-0e7ea0297b4296393"
            ],
            "tags": {
              "Environment": "prod",
              "Name": "eks_nodes",
              "Terraform": "true"
            },
            "tags_all": {
              "Environment": "prod",
              "Name": "eks_nodes",
              "Terraform": "true"
            },
            "taint": [],
            "timeouts": {
              "create": null,
              "delete": null,
              "update": null
            },
            "update_config": [
              {
                "max_unavailable": 0,
                "max_unavailable_percentage": 33
              }
            ],
            "version": "1.29"
          },
          "sensitive_attributes": [],
          "private": "eyJlMmJmYjczMC1lY2FhLTExZTYtOGY4OC0zNDM2M2JjN2M0YzAiOnsiY3JlYXRlIjozNjAwMDAwMDAwMDAwLCJkZWxldGUiOjM2MDAwMDAwMDAwMDAsInVwZGF0ZSI6MzYwMDAwMDAwMDAwMH19",
          "dependencies": [
            "module.this.aws_cloudwatch_log_group.this",
            "module.this.aws_eks_cluster.this",
            "module.this.aws_iam_policy.cni_ipv6_policy",
            "module.this.aws_iam_role.this",
            "module.this.aws_iam_role_policy_attachment.this",
            "module.this.aws_security_group.cluster",
            "module.this.aws_security_group.node",
            "module.this.aws_security_group_rule.cluster",
            "module.this.aws_security_group_rule.node",
            "module.this.data.aws_caller_identity.current",
            "module.this.data.aws_iam_policy_document.assume_role_policy",
            "module.this.data.aws_iam_policy_document.cni_ipv6_policy",
            "module.this.data.aws_iam_session_context.current",
            "module.this.data.aws_partition.current",
            "module.this.module.eks_managed_node_group.aws_iam_role.this",
            "module.this.module.eks_managed_node_group.aws_iam_role_policy_attachment.this",
            "module.this.module.eks_managed_node_group.aws_launch_template.this",
            "module.this.module.eks_managed_node_group.aws_placement_group.this",
            "module.this.module.eks_managed_node_group.data.aws_caller_identity.current",
            "module.this.module.eks_managed_node_group.data.aws_ec2_instance_type.this",
            "module.this.module.eks_managed_node_group.data.aws_ec2_instance_type_offerings.this",
            "module.this.module.eks_managed_node_group.data.aws_iam_policy_document.assume_role_policy",
            "module.this.module.eks_managed_node_group.data.aws_partition.current",
            "module.this.module.eks_managed_node_group.data.aws_ssm_parameter.ami",
            "module.this.module.eks_managed_node_group.data.aws_subnets.efa",
            "module.this.module.eks_managed_node_group.module.user_data.data.cloudinit_config.al2023_eks_managed_node_group",
            "module.this.module.eks_managed_node_group.module.user_data.data.cloudinit_config.linux_eks_managed_node_group",
            "module.this.module.kms.aws_kms_external_key.this",
            "module.this.module.kms.aws_kms_key.this",
            "module.this.module.kms.aws_kms_replica_external_key.this",
            "module.this.module.kms.aws_kms_replica_key.this",
            "module.this.module.kms.data.aws_caller_identity.current",
            "module.this.module.kms.data.aws_iam_policy_document.this",
            "module.this.module.kms.data.aws_partition.current",
            "module.this.time_sleep.this",
            "module.vpc.aws_subnet.private",
            "module.vpc.aws_vpc.this",
            "module.vpc.aws_vpc_ipv4_cidr_block_association.this"
          ],
          "create_before_destroy": true
        }
      ]
    },
    {
      "module": "module.this[\"prod\"].module.eks_managed_node_group[\"eks_nodes\"]",
      "mode": "managed",
      "type": "aws_iam_role",
      "name": "this",
      "provider": "provider[\"registry.terraform.io/hashicorp/aws\"]",
      "instances": [
        {
          "index_key": 0,
          "schema_version": 0,
          "attributes": {
            "arn": "arn:aws:iam::628042573059:role/eks_nodes-eks-node-group-20240612222647151900000005",
            "assume_role_policy": "{\"Statement\":[{\"Action\":\"sts:AssumeRole\",\"Effect\":\"Allow\",\"Principal\":{\"Service\":\"ec2.amazonaws.com\"},\"Sid\":\"EKSNodeAssumeRole\"}],\"Version\":\"2012-10-17\"}",
            "create_date": "2024-06-12T22:26:56Z",
            "description": "EKS managed node group IAM role",
            "force_detach_policies": true,
            "id": "eks_nodes-eks-node-group-20240612222647151900000005",
            "inline_policy": [],
            "managed_policy_arns": [
              "arn:aws:iam::aws:policy/AmazonEC2ContainerRegistryReadOnly",
              "arn:aws:iam::aws:policy/AmazonEKSWorkerNodePolicy",
              "arn:aws:iam::aws:policy/AmazonEKS_CNI_Policy"
            ],
            "max_session_duration": 3600,
            "name": "eks_nodes-eks-node-group-20240612222647151900000005",
            "name_prefix": "eks_nodes-eks-node-group-",
            "path": "/",
            "permissions_boundary": "",
            "tags": {
              "Environment": "prod",
              "Terraform": "true"
            },
            "tags_all": {
              "Environment": "prod",
              "Terraform": "true"
            },
            "unique_id": "AROAZEOSBEUBWUGCTY5OY"
          },
          "sensitive_attributes": [],
          "private": "bnVsbA==",
          "dependencies": [
            "module.this.module.eks_managed_node_group.data.aws_iam_policy_document.assume_role_policy"
          ],
          "create_before_destroy": true
        }
      ]
    },
    {
      "module": "module.this[\"prod\"].module.eks_managed_node_group[\"eks_nodes\"]",
      "mode": "managed",
      "type": "aws_iam_role_policy_attachment",
      "name": "this",
      "provider": "provider[\"registry.terraform.io/hashicorp/aws\"]",
      "instances": [
        {
          "index_key": "AmazonEC2ContainerRegistryReadOnly",
          "schema_version": 0,
          "attributes": {
            "id": "eks_nodes-eks-node-group-20240612222647151900000005-20240612222649540700000010",
            "policy_arn": "arn:aws:iam::aws:policy/AmazonEC2ContainerRegistryReadOnly",
            "role": "eks_nodes-eks-node-group-20240612222647151900000005"
          },
          "sensitive_attributes": [],
          "private": "bnVsbA==",
          "dependencies": [
            "module.this.module.eks_managed_node_group.aws_iam_role.this",
            "module.this.module.eks_managed_node_group.data.aws_caller_identity.current",
            "module.this.module.eks_managed_node_group.data.aws_iam_policy_document.assume_role_policy",
            "module.this.module.eks_managed_node_group.data.aws_partition.current"
          ],
          "create_before_destroy": true
        },
        {
          "index_key": "AmazonEKSWorkerNodePolicy",
          "schema_version": 0,
          "attributes": {
            "id": "eks_nodes-eks-node-group-20240612222647151900000005-2024061222264950990000000f",
            "policy_arn": "arn:aws:iam::aws:policy/AmazonEKSWorkerNodePolicy",
            "role": "eks_nodes-eks-node-group-20240612222647151900000005"
          },
          "sensitive_attributes": [],
          "private": "bnVsbA==",
          "dependencies": [
            "module.this.module.eks_managed_node_group.aws_iam_role.this",
            "module.this.module.eks_managed_node_group.data.aws_caller_identity.current",
            "module.this.module.eks_managed_node_group.data.aws_iam_policy_document.assume_role_policy",
            "module.this.module.eks_managed_node_group.data.aws_partition.current"
          ],
          "create_before_destroy": true
        },
        {
          "index_key": "AmazonEKS_CNI_Policy",
          "schema_version": 0,
          "attributes": {
            "id": "eks_nodes-eks-node-group-20240612222647151900000005-2024061222264906850000000b",
            "policy_arn": "arn:aws:iam::aws:policy/AmazonEKS_CNI_Policy",
            "role": "eks_nodes-eks-node-group-20240612222647151900000005"
          },
          "sensitive_attributes": [],
          "private": "bnVsbA==",
          "dependencies": [
            "module.this.module.eks_managed_node_group.aws_iam_role.this",
            "module.this.module.eks_managed_node_group.data.aws_caller_identity.current",
            "module.this.module.eks_managed_node_group.data.aws_iam_policy_document.assume_role_policy",
            "module.this.module.eks_managed_node_group.data.aws_partition.current"
          ],
          "create_before_destroy": true
        }
      ]
    },
    {
      "module": "module.this[\"prod\"].module.eks_managed_node_group[\"eks_nodes\"]",
      "mode": "managed",
      "type": "aws_launch_template",
      "name": "this",
      "provider": "provider[\"registry.terraform.io/hashicorp/aws\"]",
      "instances": [
        {
          "index_key": 0,
          "schema_version": 0,
          "attributes": {
            "arn": "arn:aws:ec2:us-east-1:628042573059:launch-template/lt-0d54af866f1765b51",
            "block_device_mappings": [],
            "capacity_reservation_specification": [],
            "cpu_options": [],
            "credit_specification": [],
            "default_version": 1,
            "description": "Custom launch template for eks_nodes EKS managed node group",
            "disable_api_stop": false,
            "disable_api_termination": false,
            "ebs_optimized": "",
            "elastic_gpu_specifications": [],
            "elastic_inference_accelerator": [],
            "enclave_options": [],
            "hibernation_options": [],
            "iam_instance_profile": [],
            "id": "lt-0d54af866f1765b51",
            "image_id": "",
            "instance_initiated_shutdown_behavior": "",
            "instance_market_options": [],
            "instance_requirements": [],
            "instance_type": "",
            "kernel_id": "",
            "key_name": "",
            "latest_version": 1,
            "license_specification": [],
            "maintenance_options": [],
            "metadata_options": [
              {
                "http_endpoint": "enabled",
                "http_protocol_ipv6": "",
                "http_put_response_hop_limit": 2,
                "http_tokens": "required",
                "instance_metadata_tags": ""
              }
            ],
            "monitoring": [
              {
                "enabled": true
              }
            ],
            "name": "eks_nodes-2024061222365160710000002d",
            "name_prefix": "eks_nodes-",
            "network_interfaces": [],
            "placement": [],
            "private_dns_name_options": [],
            "ram_disk_id": "",
            "security_group_names": [],
            "tag_specifications": [
              {
                "resource_type": "instance",
                "tags": {
                  "Environment": "prod",
                  "Name": "eks_nodes",
                  "Terraform": "true"
                }
              },
              {
                "resource_type": "network-interface",
                "tags": {
                  "Environment": "prod",
                  "Name": "eks_nodes",
                  "Terraform": "true"
                }
              },
              {
                "resource_type": "volume",
                "tags": {
                  "Environment": "prod",
                  "Name": "eks_nodes",
                  "Terraform": "true"
                }
              }
            ],
            "tags": {
              "Environment": "prod",
              "Terraform": "true"
            },
            "tags_all": {
              "Environment": "prod",
              "Terraform": "true"
            },
            "update_default_version": true,
            "user_data": "",
            "vpc_security_group_ids": [
              "sg-08b958df85a7857ba"
            ]
          },
          "sensitive_attributes": [],
          "private": "bnVsbA==",
          "dependencies": [
            "module.this.aws_cloudwatch_log_group.this",
            "module.this.aws_eks_cluster.this",
            "module.this.aws_iam_policy.cni_ipv6_policy",
            "module.this.aws_iam_role.this",
            "module.this.aws_iam_role_policy_attachment.this",
            "module.this.aws_security_group.cluster",
            "module.this.aws_security_group.node",
            "module.this.aws_security_group_rule.cluster",
            "module.this.aws_security_group_rule.node",
            "module.this.data.aws_caller_identity.current",
            "module.this.data.aws_iam_policy_document.assume_role_policy",
            "module.this.data.aws_iam_policy_document.cni_ipv6_policy",
            "module.this.data.aws_iam_session_context.current",
            "module.this.data.aws_partition.current",
            "module.this.module.eks_managed_node_group.aws_iam_role.this",
            "module.this.module.eks_managed_node_group.aws_iam_role_policy_attachment.this",
            "module.this.module.eks_managed_node_group.aws_placement_group.this",
            "module.this.module.eks_managed_node_group.data.aws_caller_identity.current",
            "module.this.module.eks_managed_node_group.data.aws_ec2_instance_type.this",
            "module.this.module.eks_managed_node_group.data.aws_iam_policy_document.assume_role_policy",
            "module.this.module.eks_managed_node_group.data.aws_partition.current",
            "module.this.module.eks_managed_node_group.module.user_data.data.cloudinit_config.al2023_eks_managed_node_group",
            "module.this.module.eks_managed_node_group.module.user_data.data.cloudinit_config.linux_eks_managed_node_group",
            "module.this.module.kms.aws_kms_external_key.this",
            "module.this.module.kms.aws_kms_key.this",
            "module.this.module.kms.aws_kms_replica_external_key.this",
            "module.this.module.kms.aws_kms_replica_key.this",
            "module.this.module.kms.data.aws_caller_identity.current",
            "module.this.module.kms.data.aws_iam_policy_document.this",
            "module.this.module.kms.data.aws_partition.current",
            "module.this.time_sleep.this",
            "module.vpc.aws_subnet.private",
            "module.vpc.aws_vpc.this",
            "module.vpc.aws_vpc_ipv4_cidr_block_association.this"
          ],
          "create_before_destroy": true
        }
      ]
    },
    {
      "module": "module.this[\"prod\"].module.eks_managed_node_group[\"eks_nodes\"].module.user_data",
      "mode": "managed",
      "type": "null_resource",
      "name": "validate_cluster_service_cidr",
      "provider": "provider[\"registry.terraform.io/hashicorp/null\"]",
      "instances": [
        {
          "schema_version": 0,
          "attributes": {
            "id": "6178789276512537423",
            "triggers": null
          },
          "sensitive_attributes": [],
          "dependencies": [
            "module.this.aws_cloudwatch_log_group.this",
            "module.this.aws_eks_cluster.this",
            "module.this.aws_iam_policy.cni_ipv6_policy",
            "module.this.aws_iam_role.this",
            "module.this.aws_iam_role_policy_attachment.this",
            "module.this.aws_security_group.cluster",
            "module.this.aws_security_group.node",
            "module.this.aws_security_group_rule.cluster",
            "module.this.aws_security_group_rule.node",
            "module.this.data.aws_caller_identity.current",
            "module.this.data.aws_iam_policy_document.assume_role_policy",
            "module.this.data.aws_iam_policy_document.cni_ipv6_policy",
            "module.this.data.aws_iam_session_context.current",
            "module.this.data.aws_partition.current",
            "module.this.module.kms.aws_kms_external_key.this",
            "module.this.module.kms.aws_kms_key.this",
            "module.this.module.kms.aws_kms_replica_external_key.this",
            "module.this.module.kms.aws_kms_replica_key.this",
            "module.this.module.kms.data.aws_caller_identity.current",
            "module.this.module.kms.data.aws_iam_policy_document.this",
            "module.this.module.kms.data.aws_partition.current",
            "module.this.time_sleep.this",
            "module.vpc.aws_subnet.private",
            "module.vpc.aws_vpc.this",
            "module.vpc.aws_vpc_ipv4_cidr_block_association.this"
          ]
        }
      ]
    },
    {
      "module": "module.this[\"prod\"].module.kms",
      "mode": "data",
      "type": "aws_caller_identity",
      "name": "current",
      "provider": "provider[\"registry.terraform.io/hashicorp/aws\"]",
      "instances": [
        {
          "index_key": 0,
          "schema_version": 0,
          "attributes": {
            "account_id": "628042573059",
            "arn": "arn:aws:iam::628042573059:user/Bernardo",
            "id": "628042573059",
            "user_id": "AIDAZEOSBEUBQASQAWFQ3"
          },
          "sensitive_attributes": []
        }
      ]
    },
    {
      "module": "module.this[\"prod\"].module.kms",
      "mode": "data",
      "type": "aws_iam_policy_document",
      "name": "this",
      "provider": "provider[\"registry.terraform.io/hashicorp/aws\"]",
      "instances": [
        {
          "index_key": 0,
          "schema_version": 0,
          "attributes": {
            "id": "2783591208",
            "json": "{\n  \"Version\": \"2012-10-17\",\n  \"Statement\": [\n    {\n      \"Sid\": \"Default\",\n      \"Effect\": \"Allow\",\n      \"Action\": \"kms:*\",\n      \"Resource\": \"*\",\n      \"Principal\": {\n        \"AWS\": \"arn:aws:iam::628042573059:root\"\n      }\n    },\n    {\n      \"Sid\": \"KeyAdministration\",\n      \"Effect\": \"Allow\",\n      \"Action\": [\n        \"kms:Update*\",\n        \"kms:UntagResource\",\n        \"kms:TagResource\",\n        \"kms:ScheduleKeyDeletion\",\n        \"kms:Revoke*\",\n        \"kms:ReplicateKey\",\n        \"kms:Put*\",\n        \"kms:List*\",\n        \"kms:ImportKeyMaterial\",\n        \"kms:Get*\",\n        \"kms:Enable*\",\n        \"kms:Disable*\",\n        \"kms:Describe*\",\n        \"kms:Delete*\",\n        \"kms:Create*\",\n        \"kms:CancelKeyDeletion\"\n      ],\n      \"Resource\": \"*\",\n      \"Principal\": {\n        \"AWS\": \"arn:aws:iam::628042573059:user/Bernardo\"\n      }\n    },\n    {\n      \"Sid\": \"KeyUsage\",\n      \"Effect\": \"Allow\",\n      \"Action\": [\n        \"kms:ReEncrypt*\",\n        \"kms:GenerateDataKey*\",\n        \"kms:Encrypt\",\n        \"kms:DescribeKey\",\n        \"kms:Decrypt\"\n      ],\n      \"Resource\": \"*\",\n      \"Principal\": {\n        \"AWS\": \"arn:aws:iam::628042573059:role/prod-eks-lab-cluster-2024061222264860020000000a\"\n      }\n    }\n  ]\n}",
            "minified_json": "{\"Version\":\"2012-10-17\",\"Statement\":[{\"Sid\":\"Default\",\"Effect\":\"Allow\",\"Action\":\"kms:*\",\"Resource\":\"*\",\"Principal\":{\"AWS\":\"arn:aws:iam::628042573059:root\"}},{\"Sid\":\"KeyAdministration\",\"Effect\":\"Allow\",\"Action\":[\"kms:Update*\",\"kms:UntagResource\",\"kms:TagResource\",\"kms:ScheduleKeyDeletion\",\"kms:Revoke*\",\"kms:ReplicateKey\",\"kms:Put*\",\"kms:List*\",\"kms:ImportKeyMaterial\",\"kms:Get*\",\"kms:Enable*\",\"kms:Disable*\",\"kms:Describe*\",\"kms:Delete*\",\"kms:Create*\",\"kms:CancelKeyDeletion\"],\"Resource\":\"*\",\"Principal\":{\"AWS\":\"arn:aws:iam::628042573059:user/Bernardo\"}},{\"Sid\":\"KeyUsage\",\"Effect\":\"Allow\",\"Action\":[\"kms:ReEncrypt*\",\"kms:GenerateDataKey*\",\"kms:Encrypt\",\"kms:DescribeKey\",\"kms:Decrypt\"],\"Resource\":\"*\",\"Principal\":{\"AWS\":\"arn:aws:iam::628042573059:role/prod-eks-lab-cluster-2024061222264860020000000a\"}}]}",
            "override_json": null,
            "override_policy_documents": null,
            "policy_id": null,
            "source_json": null,
            "source_policy_documents": null,
            "statement": [
              {
                "actions": [
                  "kms:*"
                ],
                "condition": [],
                "effect": "Allow",
                "not_actions": [],
                "not_principals": [],
                "not_resources": [],
                "principals": [
                  {
                    "identifiers": [
                      "arn:aws:iam::628042573059:root"
                    ],
                    "type": "AWS"
                  }
                ],
                "resources": [
                  "*"
                ],
                "sid": "Default"
              },
              {
                "actions": [
                  "kms:CancelKeyDeletion",
                  "kms:Create*",
                  "kms:Delete*",
                  "kms:Describe*",
                  "kms:Disable*",
                  "kms:Enable*",
                  "kms:Get*",
                  "kms:ImportKeyMaterial",
                  "kms:List*",
                  "kms:Put*",
                  "kms:ReplicateKey",
                  "kms:Revoke*",
                  "kms:ScheduleKeyDeletion",
                  "kms:TagResource",
                  "kms:UntagResource",
                  "kms:Update*"
                ],
                "condition": [],
                "effect": "Allow",
                "not_actions": [],
                "not_principals": [],
                "not_resources": [],
                "principals": [
                  {
                    "identifiers": [
                      "arn:aws:iam::628042573059:user/Bernardo"
                    ],
                    "type": "AWS"
                  }
                ],
                "resources": [
                  "*"
                ],
                "sid": "KeyAdministration"
              },
              {
                "actions": [
                  "kms:Decrypt",
                  "kms:DescribeKey",
                  "kms:Encrypt",
                  "kms:GenerateDataKey*",
                  "kms:ReEncrypt*"
                ],
                "condition": [],
                "effect": "Allow",
                "not_actions": [],
                "not_principals": [],
                "not_resources": [],
                "principals": [
                  {
                    "identifiers": [
                      "arn:aws:iam::628042573059:role/prod-eks-lab-cluster-2024061222264860020000000a"
                    ],
                    "type": "AWS"
                  }
                ],
                "resources": [
                  "*"
                ],
                "sid": "KeyUsage"
              }
            ],
            "version": "2012-10-17"
          },
          "sensitive_attributes": []
        }
      ]
    },
    {
      "module": "module.this[\"prod\"].module.kms",
      "mode": "data",
      "type": "aws_partition",
      "name": "current",
      "provider": "provider[\"registry.terraform.io/hashicorp/aws\"]",
      "instances": [
        {
          "index_key": 0,
          "schema_version": 0,
          "attributes": {
            "dns_suffix": "amazonaws.com",
            "id": "aws",
            "partition": "aws",
            "reverse_dns_prefix": "com.amazonaws"
          },
          "sensitive_attributes": []
        }
      ]
    },
    {
      "module": "module.this[\"prod\"].module.kms",
      "mode": "managed",
      "type": "aws_kms_alias",
      "name": "this",
      "provider": "provider[\"registry.terraform.io/hashicorp/aws\"]",
      "instances": [
        {
          "index_key": "cluster",
          "schema_version": 0,
          "attributes": {
            "arn": "arn:aws:kms:us-east-1:628042573059:alias/eks/prod-eks-lab",
            "id": "alias/eks/prod-eks-lab",
            "name": "alias/eks/prod-eks-lab",
            "name_prefix": "",
            "target_key_arn": "arn:aws:kms:us-east-1:628042573059:key/286c795e-ceb2-436f-a0d2-4f88362c64f5",
            "target_key_id": "286c795e-ceb2-436f-a0d2-4f88362c64f5"
          },
          "sensitive_attributes": [],
          "private": "bnVsbA==",
          "dependencies": [
            "module.this.aws_iam_role.this",
            "module.this.data.aws_caller_identity.current",
            "module.this.data.aws_iam_policy_document.assume_role_policy",
            "module.this.data.aws_iam_session_context.current",
            "module.this.module.kms.aws_kms_external_key.this",
            "module.this.module.kms.aws_kms_key.this",
            "module.this.module.kms.aws_kms_replica_external_key.this",
            "module.this.module.kms.aws_kms_replica_key.this",
            "module.this.module.kms.data.aws_caller_identity.current",
            "module.this.module.kms.data.aws_iam_policy_document.this",
            "module.this.module.kms.data.aws_partition.current"
          ]
        }
      ]
    },
    {
      "module": "module.this[\"prod\"].module.kms",
      "mode": "managed",
      "type": "aws_kms_key",
      "name": "this",
      "provider": "provider[\"registry.terraform.io/hashicorp/aws\"]",
      "instances": [
        {
          "index_key": 0,
          "schema_version": 0,
          "attributes": {
            "arn": "arn:aws:kms:us-east-1:628042573059:key/286c795e-ceb2-436f-a0d2-4f88362c64f5",
            "bypass_policy_lockout_safety_check": false,
            "custom_key_store_id": "",
            "customer_master_key_spec": "SYMMETRIC_DEFAULT",
            "deletion_window_in_days": null,
            "description": "prod-eks-lab cluster encryption key",
            "enable_key_rotation": true,
            "id": "286c795e-ceb2-436f-a0d2-4f88362c64f5",
            "is_enabled": true,
            "key_id": "286c795e-ceb2-436f-a0d2-4f88362c64f5",
            "key_usage": "ENCRYPT_DECRYPT",
            "multi_region": false,
            "policy": "{\"Statement\":[{\"Action\":\"kms:*\",\"Effect\":\"Allow\",\"Principal\":{\"AWS\":\"arn:aws:iam::628042573059:root\"},\"Resource\":\"*\",\"Sid\":\"Default\"},{\"Action\":[\"kms:Update*\",\"kms:UntagResource\",\"kms:TagResource\",\"kms:ScheduleKeyDeletion\",\"kms:Revoke*\",\"kms:ReplicateKey\",\"kms:Put*\",\"kms:List*\",\"kms:ImportKeyMaterial\",\"kms:Get*\",\"kms:Enable*\",\"kms:Disable*\",\"kms:Describe*\",\"kms:Delete*\",\"kms:Create*\",\"kms:CancelKeyDeletion\"],\"Effect\":\"Allow\",\"Principal\":{\"AWS\":\"arn:aws:iam::628042573059:user/Bernardo\"},\"Resource\":\"*\",\"Sid\":\"KeyAdministration\"},{\"Action\":[\"kms:ReEncrypt*\",\"kms:GenerateDataKey*\",\"kms:Encrypt\",\"kms:DescribeKey\",\"kms:Decrypt\"],\"Effect\":\"Allow\",\"Principal\":{\"AWS\":\"arn:aws:iam::628042573059:role/prod-eks-lab-cluster-2024061222264860020000000a\"},\"Resource\":\"*\",\"Sid\":\"KeyUsage\"}],\"Version\":\"2012-10-17\"}",
            "rotation_period_in_days": 365,
            "tags": {
              "Environment": "prod",
              "Terraform": "true",
              "terraform-aws-modules": "eks"
            },
            "tags_all": {
              "Environment": "prod",
              "Terraform": "true",
              "terraform-aws-modules": "eks"
            },
            "timeouts": null,
            "xks_key_id": ""
          },
          "sensitive_attributes": [],
          "private": "eyJlMmJmYjczMC1lY2FhLTExZTYtOGY4OC0zNDM2M2JjN2M0YzAiOnsiY3JlYXRlIjoxMjAwMDAwMDAwMDB9fQ==",
          "dependencies": [
            "module.this.aws_iam_role.this",
            "module.this.data.aws_caller_identity.current",
            "module.this.data.aws_iam_policy_document.assume_role_policy",
            "module.this.data.aws_iam_session_context.current",
            "module.this.module.kms.data.aws_caller_identity.current",
            "module.this.module.kms.data.aws_iam_policy_document.this",
            "module.this.module.kms.data.aws_partition.current"
          ],
          "create_before_destroy": true
        }
      ]
    },
    {
      "module": "module.vpc",
      "mode": "managed",
      "type": "aws_default_network_acl",
      "name": "this",
      "provider": "provider[\"registry.terraform.io/hashicorp/aws\"]",
      "instances": [
        {
          "index_key": 0,
          "schema_version": 0,
          "attributes": {
            "arn": "arn:aws:ec2:us-east-1:628042573059:network-acl/acl-06b97ea718992e80f",
            "default_network_acl_id": "acl-06b97ea718992e80f",
            "egress": [
              {
                "action": "allow",
                "cidr_block": "",
                "from_port": 0,
                "icmp_code": 0,
                "icmp_type": 0,
                "ipv6_cidr_block": "::/0",
                "protocol": "-1",
                "rule_no": 101,
                "to_port": 0
              },
              {
                "action": "allow",
                "cidr_block": "0.0.0.0/0",
                "from_port": 0,
                "icmp_code": 0,
                "icmp_type": 0,
                "ipv6_cidr_block": "",
                "protocol": "-1",
                "rule_no": 100,
                "to_port": 0
              }
            ],
            "id": "acl-06b97ea718992e80f",
            "ingress": [
              {
                "action": "allow",
                "cidr_block": "",
                "from_port": 0,
                "icmp_code": 0,
                "icmp_type": 0,
                "ipv6_cidr_block": "::/0",
                "protocol": "-1",
                "rule_no": 101,
                "to_port": 0
              },
              {
                "action": "allow",
                "cidr_block": "0.0.0.0/0",
                "from_port": 0,
                "icmp_code": 0,
                "icmp_type": 0,
                "ipv6_cidr_block": "",
                "protocol": "-1",
                "rule_no": 100,
                "to_port": 0
              }
            ],
            "owner_id": "628042573059",
            "subnet_ids": [
              "subnet-000b973781340dec4",
              "subnet-0165585a46712815f",
              "subnet-08a52acf8c5ce5d7c",
              "subnet-0a0ec2b81080edb7e",
              "subnet-0b63022a1217dab31",
              "subnet-0e7ea0297b4296393"
            ],
            "tags": {
              "Environment": "dev",
              "Name": "eks-vpc-default",
              "Terraform": "true"
            },
            "tags_all": {
              "Environment": "dev",
              "Name": "eks-vpc-default",
              "Terraform": "true"
            },
            "vpc_id": "vpc-0f428588a50a2b847"
          },
          "sensitive_attributes": [],
          "private": "bnVsbA==",
          "dependencies": [
            "module.vpc.aws_vpc.this"
          ]
        }
      ]
    },
    {
      "module": "module.vpc",
      "mode": "managed",
      "type": "aws_default_route_table",
      "name": "default",
      "provider": "provider[\"registry.terraform.io/hashicorp/aws\"]",
      "instances": [
        {
          "index_key": 0,
          "schema_version": 0,
          "attributes": {
            "arn": "arn:aws:ec2:us-east-1:628042573059:route-table/rtb-04a4a089f1775fdc2",
            "default_route_table_id": "rtb-04a4a089f1775fdc2",
            "id": "rtb-04a4a089f1775fdc2",
            "owner_id": "628042573059",
            "propagating_vgws": [],
            "route": [],
            "tags": {
              "Environment": "dev",
              "Name": "eks-vpc-default",
              "Terraform": "true"
            },
            "tags_all": {
              "Environment": "dev",
              "Name": "eks-vpc-default",
              "Terraform": "true"
            },
            "timeouts": {
              "create": "5m",
              "update": "5m"
            },
            "vpc_id": "vpc-0f428588a50a2b847"
          },
          "sensitive_attributes": [],
          "private": "eyJlMmJmYjczMC1lY2FhLTExZTYtOGY4OC0zNDM2M2JjN2M0YzAiOnsiY3JlYXRlIjozMDAwMDAwMDAwMDAsInVwZGF0ZSI6MzAwMDAwMDAwMDAwfX0=",
          "dependencies": [
            "module.vpc.aws_vpc.this"
          ]
        }
      ]
    },
    {
      "module": "module.vpc",
      "mode": "managed",
      "type": "aws_default_security_group",
      "name": "this",
      "provider": "provider[\"registry.terraform.io/hashicorp/aws\"]",
      "instances": [
        {
          "index_key": 0,
          "schema_version": 1,
          "attributes": {
            "arn": "arn:aws:ec2:us-east-1:628042573059:security-group/sg-0197312c1829e74cb",
            "description": "default VPC security group",
            "egress": [],
            "id": "sg-0197312c1829e74cb",
            "ingress": [],
            "name": "default",
            "name_prefix": "",
            "owner_id": "628042573059",
            "revoke_rules_on_delete": false,
            "tags": {
              "Environment": "dev",
              "Name": "eks-vpc-default",
              "Terraform": "true"
            },
            "tags_all": {
              "Environment": "dev",
              "Name": "eks-vpc-default",
              "Terraform": "true"
            },
            "vpc_id": "vpc-0f428588a50a2b847"
          },
          "sensitive_attributes": [],
          "private": "eyJzY2hlbWFfdmVyc2lvbiI6IjEifQ==",
          "dependencies": [
            "module.vpc.aws_vpc.this"
          ]
        }
      ]
    },
    {
      "module": "module.vpc",
      "mode": "managed",
      "type": "aws_eip",
      "name": "nat",
      "provider": "provider[\"registry.terraform.io/hashicorp/aws\"]",
      "instances": [
        {
          "index_key": 0,
          "schema_version": 0,
          "attributes": {
            "address": null,
            "allocation_id": "eipalloc-03da29040c7773a4b",
            "arn": "arn:aws:ec2:us-east-1:628042573059:elastic-ip/eipalloc-03da29040c7773a4b",
            "associate_with_private_ip": null,
            "association_id": "eipassoc-0a817cf0bdb32ff95",
            "carrier_ip": "",
            "customer_owned_ip": "",
            "customer_owned_ipv4_pool": "",
            "domain": "vpc",
            "id": "eipalloc-03da29040c7773a4b",
            "instance": "",
            "network_border_group": "us-east-1",
            "network_interface": "eni-0182b591165162508",
            "private_dns": "ip-10-0-4-175.ec2.internal",
            "private_ip": "10.0.4.175",
            "ptr_record": "",
            "public_dns": "ec2-44-210-221-60.compute-1.amazonaws.com",
            "public_ip": "44.210.221.60",
            "public_ipv4_pool": "amazon",
            "tags": {
              "Environment": "dev",
              "Name": "eks-vpc-us-east-1a",
              "Terraform": "true"
            },
            "tags_all": {
              "Environment": "dev",
              "Name": "eks-vpc-us-east-1a",
              "Terraform": "true"
            },
            "timeouts": null,
            "vpc": true
          },
          "sensitive_attributes": [],
          "private": "eyJlMmJmYjczMC1lY2FhLTExZTYtOGY4OC0zNDM2M2JjN2M0YzAiOnsiZGVsZXRlIjoxODAwMDAwMDAwMDAsInJlYWQiOjkwMDAwMDAwMDAwMCwidXBkYXRlIjozMDAwMDAwMDAwMDB9fQ==",
          "dependencies": [
            "module.vpc.aws_internet_gateway.this",
            "module.vpc.aws_vpc.this",
            "module.vpc.aws_vpc_ipv4_cidr_block_association.this"
          ]
        }
      ]
    },
    {
      "module": "module.vpc",
      "mode": "managed",
      "type": "aws_internet_gateway",
      "name": "this",
      "provider": "provider[\"registry.terraform.io/hashicorp/aws\"]",
      "instances": [
        {
          "index_key": 0,
          "schema_version": 0,
          "attributes": {
            "arn": "arn:aws:ec2:us-east-1:628042573059:internet-gateway/igw-0f4fa401bfadfd53f",
            "id": "igw-0f4fa401bfadfd53f",
            "owner_id": "628042573059",
            "tags": {
              "Environment": "dev",
              "Name": "eks-vpc",
              "Terraform": "true"
            },
            "tags_all": {
              "Environment": "dev",
              "Name": "eks-vpc",
              "Terraform": "true"
            },
            "timeouts": null,
            "vpc_id": "vpc-0f428588a50a2b847"
          },
          "sensitive_attributes": [],
          "private": "eyJlMmJmYjczMC1lY2FhLTExZTYtOGY4OC0zNDM2M2JjN2M0YzAiOnsiY3JlYXRlIjoxMjAwMDAwMDAwMDAwLCJkZWxldGUiOjEyMDAwMDAwMDAwMDAsInVwZGF0ZSI6MTIwMDAwMDAwMDAwMH19",
          "dependencies": [
            "module.vpc.aws_vpc.this",
            "module.vpc.aws_vpc_ipv4_cidr_block_association.this"
          ]
        }
      ]
    },
    {
      "module": "module.vpc",
      "mode": "managed",
      "type": "aws_nat_gateway",
      "name": "this",
      "provider": "provider[\"registry.terraform.io/hashicorp/aws\"]",
      "instances": [
        {
          "index_key": 0,
          "schema_version": 0,
          "attributes": {
            "allocation_id": "eipalloc-03da29040c7773a4b",
            "association_id": "eipassoc-0a817cf0bdb32ff95",
            "connectivity_type": "public",
            "id": "nat-0254f352d56ccd5e5",
            "network_interface_id": "eni-0182b591165162508",
            "private_ip": "10.0.4.175",
            "public_ip": "44.210.221.60",
            "secondary_allocation_ids": [],
            "secondary_private_ip_address_count": 0,
            "secondary_private_ip_addresses": [],
            "subnet_id": "subnet-0b63022a1217dab31",
            "tags": {
              "Environment": "dev",
              "Name": "eks-vpc-us-east-1a",
              "Terraform": "true"
            },
            "tags_all": {
              "Environment": "dev",
              "Name": "eks-vpc-us-east-1a",
              "Terraform": "true"
            },
            "timeouts": null
          },
          "sensitive_attributes": [],
          "private": "eyJlMmJmYjczMC1lY2FhLTExZTYtOGY4OC0zNDM2M2JjN2M0YzAiOnsiY3JlYXRlIjo2MDAwMDAwMDAwMDAsImRlbGV0ZSI6MTgwMDAwMDAwMDAwMCwidXBkYXRlIjo2MDAwMDAwMDAwMDB9fQ==",
          "dependencies": [
            "module.vpc.aws_eip.nat",
            "module.vpc.aws_internet_gateway.this",
            "module.vpc.aws_subnet.public",
            "module.vpc.aws_vpc.this",
            "module.vpc.aws_vpc_ipv4_cidr_block_association.this"
          ]
        }
      ]
    },
    {
      "module": "module.vpc",
      "mode": "managed",
      "type": "aws_route",
      "name": "private_nat_gateway",
      "provider": "provider[\"registry.terraform.io/hashicorp/aws\"]",
      "instances": [
        {
          "index_key": 0,
          "schema_version": 0,
          "attributes": {
            "carrier_gateway_id": "",
            "core_network_arn": "",
            "destination_cidr_block": "0.0.0.0/0",
            "destination_ipv6_cidr_block": "",
            "destination_prefix_list_id": "",
            "egress_only_gateway_id": "",
            "gateway_id": "",
            "id": "r-rtb-0bb177500ac4c4c2d1080289494",
            "instance_id": "",
            "instance_owner_id": "",
            "local_gateway_id": "",
            "nat_gateway_id": "nat-0254f352d56ccd5e5",
            "network_interface_id": "",
            "origin": "CreateRoute",
            "route_table_id": "rtb-0bb177500ac4c4c2d",
            "state": "active",
            "timeouts": {
              "create": "5m",
              "delete": null,
              "update": null
            },
            "transit_gateway_id": "",
            "vpc_endpoint_id": "",
            "vpc_peering_connection_id": ""
          },
          "sensitive_attributes": [],
          "private": "eyJlMmJmYjczMC1lY2FhLTExZTYtOGY4OC0zNDM2M2JjN2M0YzAiOnsiY3JlYXRlIjozMDAwMDAwMDAwMDAsImRlbGV0ZSI6MzAwMDAwMDAwMDAwLCJ1cGRhdGUiOjEyMDAwMDAwMDAwMH19",
          "dependencies": [
            "module.vpc.aws_eip.nat",
            "module.vpc.aws_internet_gateway.this",
            "module.vpc.aws_nat_gateway.this",
            "module.vpc.aws_route_table.private",
            "module.vpc.aws_subnet.public",
            "module.vpc.aws_vpc.this",
            "module.vpc.aws_vpc_ipv4_cidr_block_association.this"
          ]
        }
      ]
    },
    {
      "module": "module.vpc",
      "mode": "managed",
      "type": "aws_route",
      "name": "public_internet_gateway",
      "provider": "provider[\"registry.terraform.io/hashicorp/aws\"]",
      "instances": [
        {
          "index_key": 0,
          "schema_version": 0,
          "attributes": {
            "carrier_gateway_id": "",
            "core_network_arn": "",
            "destination_cidr_block": "0.0.0.0/0",
            "destination_ipv6_cidr_block": "",
            "destination_prefix_list_id": "",
            "egress_only_gateway_id": "",
            "gateway_id": "igw-0f4fa401bfadfd53f",
            "id": "r-rtb-0060291b24ba317c31080289494",
            "instance_id": "",
            "instance_owner_id": "",
            "local_gateway_id": "",
            "nat_gateway_id": "",
            "network_interface_id": "",
            "origin": "CreateRoute",
            "route_table_id": "rtb-0060291b24ba317c3",
            "state": "active",
            "timeouts": {
              "create": "5m",
              "delete": null,
              "update": null
            },
            "transit_gateway_id": "",
            "vpc_endpoint_id": "",
            "vpc_peering_connection_id": ""
          },
          "sensitive_attributes": [],
          "private": "eyJlMmJmYjczMC1lY2FhLTExZTYtOGY4OC0zNDM2M2JjN2M0YzAiOnsiY3JlYXRlIjozMDAwMDAwMDAwMDAsImRlbGV0ZSI6MzAwMDAwMDAwMDAwLCJ1cGRhdGUiOjEyMDAwMDAwMDAwMH19",
          "dependencies": [
            "module.vpc.aws_internet_gateway.this",
            "module.vpc.aws_route_table.public",
            "module.vpc.aws_vpc.this",
            "module.vpc.aws_vpc_ipv4_cidr_block_association.this"
          ]
        }
      ]
    },
    {
      "module": "module.vpc",
      "mode": "managed",
      "type": "aws_route_table",
      "name": "private",
      "provider": "provider[\"registry.terraform.io/hashicorp/aws\"]",
      "instances": [
        {
          "index_key": 0,
          "schema_version": 0,
          "attributes": {
            "arn": "arn:aws:ec2:us-east-1:628042573059:route-table/rtb-0bb177500ac4c4c2d",
            "id": "rtb-0bb177500ac4c4c2d",
            "owner_id": "628042573059",
            "propagating_vgws": [],
            "route": [
              {
                "carrier_gateway_id": "",
                "cidr_block": "0.0.0.0/0",
                "core_network_arn": "",
                "destination_prefix_list_id": "",
                "egress_only_gateway_id": "",
                "gateway_id": "",
                "ipv6_cidr_block": "",
                "local_gateway_id": "",
                "nat_gateway_id": "nat-0254f352d56ccd5e5",
                "network_interface_id": "",
                "transit_gateway_id": "",
                "vpc_endpoint_id": "",
                "vpc_peering_connection_id": ""
              }
            ],
            "tags": {
              "Environment": "dev",
              "Name": "eks-vpc-private",
              "Terraform": "true"
            },
            "tags_all": {
              "Environment": "dev",
              "Name": "eks-vpc-private",
              "Terraform": "true"
            },
            "timeouts": null,
            "vpc_id": "vpc-0f428588a50a2b847"
          },
          "sensitive_attributes": [],
          "private": "eyJlMmJmYjczMC1lY2FhLTExZTYtOGY4OC0zNDM2M2JjN2M0YzAiOnsiY3JlYXRlIjozMDAwMDAwMDAwMDAsImRlbGV0ZSI6MzAwMDAwMDAwMDAwLCJ1cGRhdGUiOjEyMDAwMDAwMDAwMH19",
          "dependencies": [
            "module.vpc.aws_vpc.this",
            "module.vpc.aws_vpc_ipv4_cidr_block_association.this"
          ]
        }
      ]
    },
    {
      "module": "module.vpc",
      "mode": "managed",
      "type": "aws_route_table",
      "name": "public",
      "provider": "provider[\"registry.terraform.io/hashicorp/aws\"]",
      "instances": [
        {
          "index_key": 0,
          "schema_version": 0,
          "attributes": {
            "arn": "arn:aws:ec2:us-east-1:628042573059:route-table/rtb-0060291b24ba317c3",
            "id": "rtb-0060291b24ba317c3",
            "owner_id": "628042573059",
            "propagating_vgws": [],
            "route": [
              {
                "carrier_gateway_id": "",
                "cidr_block": "0.0.0.0/0",
                "core_network_arn": "",
                "destination_prefix_list_id": "",
                "egress_only_gateway_id": "",
                "gateway_id": "igw-0f4fa401bfadfd53f",
                "ipv6_cidr_block": "",
                "local_gateway_id": "",
                "nat_gateway_id": "",
                "network_interface_id": "",
                "transit_gateway_id": "",
                "vpc_endpoint_id": "",
                "vpc_peering_connection_id": ""
              }
            ],
            "tags": {
              "Environment": "dev",
              "Name": "eks-vpc-public",
              "Terraform": "true"
            },
            "tags_all": {
              "Environment": "dev",
              "Name": "eks-vpc-public",
              "Terraform": "true"
            },
            "timeouts": null,
            "vpc_id": "vpc-0f428588a50a2b847"
          },
          "sensitive_attributes": [],
          "private": "eyJlMmJmYjczMC1lY2FhLTExZTYtOGY4OC0zNDM2M2JjN2M0YzAiOnsiY3JlYXRlIjozMDAwMDAwMDAwMDAsImRlbGV0ZSI6MzAwMDAwMDAwMDAwLCJ1cGRhdGUiOjEyMDAwMDAwMDAwMH19",
          "dependencies": [
            "module.vpc.aws_vpc.this",
            "module.vpc.aws_vpc_ipv4_cidr_block_association.this"
          ]
        }
      ]
    },
    {
      "module": "module.vpc",
      "mode": "managed",
      "type": "aws_route_table_association",
      "name": "private",
      "provider": "provider[\"registry.terraform.io/hashicorp/aws\"]",
      "instances": [
        {
          "index_key": 0,
          "schema_version": 0,
          "attributes": {
            "gateway_id": "",
            "id": "rtbassoc-08ae07ffc50f7fa4a",
            "route_table_id": "rtb-0bb177500ac4c4c2d",
            "subnet_id": "subnet-0a0ec2b81080edb7e",
            "timeouts": null
          },
          "sensitive_attributes": [],
          "private": "eyJlMmJmYjczMC1lY2FhLTExZTYtOGY4OC0zNDM2M2JjN2M0YzAiOnsiY3JlYXRlIjozMDAwMDAwMDAwMDAsImRlbGV0ZSI6MzAwMDAwMDAwMDAwLCJ1cGRhdGUiOjEyMDAwMDAwMDAwMH19",
          "dependencies": [
            "module.vpc.aws_route_table.private",
            "module.vpc.aws_subnet.private",
            "module.vpc.aws_vpc.this",
            "module.vpc.aws_vpc_ipv4_cidr_block_association.this"
          ]
        },
        {
          "index_key": 1,
          "schema_version": 0,
          "attributes": {
            "gateway_id": "",
            "id": "rtbassoc-00cf4d914dabc1bd7",
            "route_table_id": "rtb-0bb177500ac4c4c2d",
            "subnet_id": "subnet-000b973781340dec4",
            "timeouts": null
          },
          "sensitive_attributes": [],
          "private": "eyJlMmJmYjczMC1lY2FhLTExZTYtOGY4OC0zNDM2M2JjN2M0YzAiOnsiY3JlYXRlIjozMDAwMDAwMDAwMDAsImRlbGV0ZSI6MzAwMDAwMDAwMDAwLCJ1cGRhdGUiOjEyMDAwMDAwMDAwMH19",
          "dependencies": [
            "module.vpc.aws_route_table.private",
            "module.vpc.aws_subnet.private",
            "module.vpc.aws_vpc.this",
            "module.vpc.aws_vpc_ipv4_cidr_block_association.this"
          ]
        },
        {
          "index_key": 2,
          "schema_version": 0,
          "attributes": {
            "gateway_id": "",
            "id": "rtbassoc-066cadd2fba081509",
            "route_table_id": "rtb-0bb177500ac4c4c2d",
            "subnet_id": "subnet-0e7ea0297b4296393",
            "timeouts": null
          },
          "sensitive_attributes": [],
          "private": "eyJlMmJmYjczMC1lY2FhLTExZTYtOGY4OC0zNDM2M2JjN2M0YzAiOnsiY3JlYXRlIjozMDAwMDAwMDAwMDAsImRlbGV0ZSI6MzAwMDAwMDAwMDAwLCJ1cGRhdGUiOjEyMDAwMDAwMDAwMH19",
          "dependencies": [
            "module.vpc.aws_route_table.private",
            "module.vpc.aws_subnet.private",
            "module.vpc.aws_vpc.this",
            "module.vpc.aws_vpc_ipv4_cidr_block_association.this"
          ]
        }
      ]
    },
    {
      "module": "module.vpc",
      "mode": "managed",
      "type": "aws_route_table_association",
      "name": "public",
      "provider": "provider[\"registry.terraform.io/hashicorp/aws\"]",
      "instances": [
        {
          "index_key": 0,
          "schema_version": 0,
          "attributes": {
            "gateway_id": "",
            "id": "rtbassoc-0fe0c9c3fdb7b06df",
            "route_table_id": "rtb-0060291b24ba317c3",
            "subnet_id": "subnet-0b63022a1217dab31",
            "timeouts": null
          },
          "sensitive_attributes": [],
          "private": "eyJlMmJmYjczMC1lY2FhLTExZTYtOGY4OC0zNDM2M2JjN2M0YzAiOnsiY3JlYXRlIjozMDAwMDAwMDAwMDAsImRlbGV0ZSI6MzAwMDAwMDAwMDAwLCJ1cGRhdGUiOjEyMDAwMDAwMDAwMH19",
          "dependencies": [
            "module.vpc.aws_route_table.public",
            "module.vpc.aws_subnet.public",
            "module.vpc.aws_vpc.this",
            "module.vpc.aws_vpc_ipv4_cidr_block_association.this"
          ]
        },
        {
          "index_key": 1,
          "schema_version": 0,
          "attributes": {
            "gateway_id": "",
            "id": "rtbassoc-02af3734600e3295f",
            "route_table_id": "rtb-0060291b24ba317c3",
            "subnet_id": "subnet-0165585a46712815f",
            "timeouts": null
          },
          "sensitive_attributes": [],
          "private": "eyJlMmJmYjczMC1lY2FhLTExZTYtOGY4OC0zNDM2M2JjN2M0YzAiOnsiY3JlYXRlIjozMDAwMDAwMDAwMDAsImRlbGV0ZSI6MzAwMDAwMDAwMDAwLCJ1cGRhdGUiOjEyMDAwMDAwMDAwMH19",
          "dependencies": [
            "module.vpc.aws_route_table.public",
            "module.vpc.aws_subnet.public",
            "module.vpc.aws_vpc.this",
            "module.vpc.aws_vpc_ipv4_cidr_block_association.this"
          ]
        },
        {
          "index_key": 2,
          "schema_version": 0,
          "attributes": {
            "gateway_id": "",
            "id": "rtbassoc-09d190cc6a9794eb5",
            "route_table_id": "rtb-0060291b24ba317c3",
            "subnet_id": "subnet-08a52acf8c5ce5d7c",
            "timeouts": null
          },
          "sensitive_attributes": [],
          "private": "eyJlMmJmYjczMC1lY2FhLTExZTYtOGY4OC0zNDM2M2JjN2M0YzAiOnsiY3JlYXRlIjozMDAwMDAwMDAwMDAsImRlbGV0ZSI6MzAwMDAwMDAwMDAwLCJ1cGRhdGUiOjEyMDAwMDAwMDAwMH19",
          "dependencies": [
            "module.vpc.aws_route_table.public",
            "module.vpc.aws_subnet.public",
            "module.vpc.aws_vpc.this",
            "module.vpc.aws_vpc_ipv4_cidr_block_association.this"
          ]
        }
      ]
    },
    {
      "module": "module.vpc",
      "mode": "managed",
      "type": "aws_subnet",
      "name": "private",
      "provider": "provider[\"registry.terraform.io/hashicorp/aws\"]",
      "instances": [
        {
          "index_key": 0,
          "schema_version": 1,
          "attributes": {
            "arn": "arn:aws:ec2:us-east-1:628042573059:subnet/subnet-0a0ec2b81080edb7e",
            "assign_ipv6_address_on_creation": false,
            "availability_zone": "us-east-1a",
            "availability_zone_id": "use1-az2",
            "cidr_block": "10.0.1.0/24",
            "customer_owned_ipv4_pool": "",
            "enable_dns64": false,
            "enable_lni_at_device_index": 0,
            "enable_resource_name_dns_a_record_on_launch": false,
            "enable_resource_name_dns_aaaa_record_on_launch": false,
            "id": "subnet-0a0ec2b81080edb7e",
            "ipv6_cidr_block": "",
            "ipv6_cidr_block_association_id": "",
            "ipv6_native": false,
            "map_customer_owned_ip_on_launch": false,
            "map_public_ip_on_launch": false,
            "outpost_arn": "",
            "owner_id": "628042573059",
            "private_dns_hostname_type_on_launch": "ip-name",
            "tags": {
              "Environment": "dev",
              "Name": "eks-vpc-private-us-east-1a",
              "Terraform": "true"
            },
            "tags_all": {
              "Environment": "dev",
              "Name": "eks-vpc-private-us-east-1a",
              "Terraform": "true"
            },
            "timeouts": null,
            "vpc_id": "vpc-0f428588a50a2b847"
          },
          "sensitive_attributes": [],
          "private": "eyJlMmJmYjczMC1lY2FhLTExZTYtOGY4OC0zNDM2M2JjN2M0YzAiOnsiY3JlYXRlIjo2MDAwMDAwMDAwMDAsImRlbGV0ZSI6MTIwMDAwMDAwMDAwMH0sInNjaGVtYV92ZXJzaW9uIjoiMSJ9",
          "dependencies": [
            "module.vpc.aws_vpc.this",
            "module.vpc.aws_vpc_ipv4_cidr_block_association.this"
          ],
          "create_before_destroy": true
        },
        {
          "index_key": 1,
          "schema_version": 1,
          "attributes": {
            "arn": "arn:aws:ec2:us-east-1:628042573059:subnet/subnet-000b973781340dec4",
            "assign_ipv6_address_on_creation": false,
            "availability_zone": "us-east-1b",
            "availability_zone_id": "use1-az4",
            "cidr_block": "10.0.2.0/24",
            "customer_owned_ipv4_pool": "",
            "enable_dns64": false,
            "enable_lni_at_device_index": 0,
            "enable_resource_name_dns_a_record_on_launch": false,
            "enable_resource_name_dns_aaaa_record_on_launch": false,
            "id": "subnet-000b973781340dec4",
            "ipv6_cidr_block": "",
            "ipv6_cidr_block_association_id": "",
            "ipv6_native": false,
            "map_customer_owned_ip_on_launch": false,
            "map_public_ip_on_launch": false,
            "outpost_arn": "",
            "owner_id": "628042573059",
            "private_dns_hostname_type_on_launch": "ip-name",
            "tags": {
              "Environment": "dev",
              "Name": "eks-vpc-private-us-east-1b",
              "Terraform": "true"
            },
            "tags_all": {
              "Environment": "dev",
              "Name": "eks-vpc-private-us-east-1b",
              "Terraform": "true"
            },
            "timeouts": null,
            "vpc_id": "vpc-0f428588a50a2b847"
          },
          "sensitive_attributes": [],
          "private": "eyJlMmJmYjczMC1lY2FhLTExZTYtOGY4OC0zNDM2M2JjN2M0YzAiOnsiY3JlYXRlIjo2MDAwMDAwMDAwMDAsImRlbGV0ZSI6MTIwMDAwMDAwMDAwMH0sInNjaGVtYV92ZXJzaW9uIjoiMSJ9",
          "dependencies": [
            "module.vpc.aws_vpc.this",
            "module.vpc.aws_vpc_ipv4_cidr_block_association.this"
          ],
          "create_before_destroy": true
        },
        {
          "index_key": 2,
          "schema_version": 1,
          "attributes": {
            "arn": "arn:aws:ec2:us-east-1:628042573059:subnet/subnet-0e7ea0297b4296393",
            "assign_ipv6_address_on_creation": false,
            "availability_zone": "us-east-1c",
            "availability_zone_id": "use1-az6",
            "cidr_block": "10.0.3.0/24",
            "customer_owned_ipv4_pool": "",
            "enable_dns64": false,
            "enable_lni_at_device_index": 0,
            "enable_resource_name_dns_a_record_on_launch": false,
            "enable_resource_name_dns_aaaa_record_on_launch": false,
            "id": "subnet-0e7ea0297b4296393",
            "ipv6_cidr_block": "",
            "ipv6_cidr_block_association_id": "",
            "ipv6_native": false,
            "map_customer_owned_ip_on_launch": false,
            "map_public_ip_on_launch": false,
            "outpost_arn": "",
            "owner_id": "628042573059",
            "private_dns_hostname_type_on_launch": "ip-name",
            "tags": {
              "Environment": "dev",
              "Name": "eks-vpc-private-us-east-1c",
              "Terraform": "true"
            },
            "tags_all": {
              "Environment": "dev",
              "Name": "eks-vpc-private-us-east-1c",
              "Terraform": "true"
            },
            "timeouts": null,
            "vpc_id": "vpc-0f428588a50a2b847"
          },
          "sensitive_attributes": [],
          "private": "eyJlMmJmYjczMC1lY2FhLTExZTYtOGY4OC0zNDM2M2JjN2M0YzAiOnsiY3JlYXRlIjo2MDAwMDAwMDAwMDAsImRlbGV0ZSI6MTIwMDAwMDAwMDAwMH0sInNjaGVtYV92ZXJzaW9uIjoiMSJ9",
          "dependencies": [
            "module.vpc.aws_vpc.this",
            "module.vpc.aws_vpc_ipv4_cidr_block_association.this"
          ],
          "create_before_destroy": true
        }
      ]
    },
    {
      "module": "module.vpc",
      "mode": "managed",
      "type": "aws_subnet",
      "name": "public",
      "provider": "provider[\"registry.terraform.io/hashicorp/aws\"]",
      "instances": [
        {
          "index_key": 0,
          "schema_version": 1,
          "attributes": {
            "arn": "arn:aws:ec2:us-east-1:628042573059:subnet/subnet-0b63022a1217dab31",
            "assign_ipv6_address_on_creation": false,
            "availability_zone": "us-east-1a",
            "availability_zone_id": "use1-az2",
            "cidr_block": "10.0.4.0/24",
            "customer_owned_ipv4_pool": "",
            "enable_dns64": false,
            "enable_lni_at_device_index": 0,
            "enable_resource_name_dns_a_record_on_launch": false,
            "enable_resource_name_dns_aaaa_record_on_launch": false,
            "id": "subnet-0b63022a1217dab31",
            "ipv6_cidr_block": "",
            "ipv6_cidr_block_association_id": "",
            "ipv6_native": false,
            "map_customer_owned_ip_on_launch": false,
            "map_public_ip_on_launch": false,
            "outpost_arn": "",
            "owner_id": "628042573059",
            "private_dns_hostname_type_on_launch": "ip-name",
            "tags": {
              "Environment": "dev",
              "Name": "eks-vpc-public-us-east-1a",
              "Terraform": "true"
            },
            "tags_all": {
              "Environment": "dev",
              "Name": "eks-vpc-public-us-east-1a",
              "Terraform": "true"
            },
            "timeouts": null,
            "vpc_id": "vpc-0f428588a50a2b847"
          },
          "sensitive_attributes": [],
          "private": "eyJlMmJmYjczMC1lY2FhLTExZTYtOGY4OC0zNDM2M2JjN2M0YzAiOnsiY3JlYXRlIjo2MDAwMDAwMDAwMDAsImRlbGV0ZSI6MTIwMDAwMDAwMDAwMH0sInNjaGVtYV92ZXJzaW9uIjoiMSJ9",
          "dependencies": [
            "module.vpc.aws_vpc.this",
            "module.vpc.aws_vpc_ipv4_cidr_block_association.this"
          ]
        },
        {
          "index_key": 1,
          "schema_version": 1,
          "attributes": {
            "arn": "arn:aws:ec2:us-east-1:628042573059:subnet/subnet-0165585a46712815f",
            "assign_ipv6_address_on_creation": false,
            "availability_zone": "us-east-1b",
            "availability_zone_id": "use1-az4",
            "cidr_block": "10.0.5.0/24",
            "customer_owned_ipv4_pool": "",
            "enable_dns64": false,
            "enable_lni_at_device_index": 0,
            "enable_resource_name_dns_a_record_on_launch": false,
            "enable_resource_name_dns_aaaa_record_on_launch": false,
            "id": "subnet-0165585a46712815f",
            "ipv6_cidr_block": "",
            "ipv6_cidr_block_association_id": "",
            "ipv6_native": false,
            "map_customer_owned_ip_on_launch": false,
            "map_public_ip_on_launch": false,
            "outpost_arn": "",
            "owner_id": "628042573059",
            "private_dns_hostname_type_on_launch": "ip-name",
            "tags": {
              "Environment": "dev",
              "Name": "eks-vpc-public-us-east-1b",
              "Terraform": "true"
            },
            "tags_all": {
              "Environment": "dev",
              "Name": "eks-vpc-public-us-east-1b",
              "Terraform": "true"
            },
            "timeouts": null,
            "vpc_id": "vpc-0f428588a50a2b847"
          },
          "sensitive_attributes": [],
          "private": "eyJlMmJmYjczMC1lY2FhLTExZTYtOGY4OC0zNDM2M2JjN2M0YzAiOnsiY3JlYXRlIjo2MDAwMDAwMDAwMDAsImRlbGV0ZSI6MTIwMDAwMDAwMDAwMH0sInNjaGVtYV92ZXJzaW9uIjoiMSJ9",
          "dependencies": [
            "module.vpc.aws_vpc.this",
            "module.vpc.aws_vpc_ipv4_cidr_block_association.this"
          ]
        },
        {
          "index_key": 2,
          "schema_version": 1,
          "attributes": {
            "arn": "arn:aws:ec2:us-east-1:628042573059:subnet/subnet-08a52acf8c5ce5d7c",
            "assign_ipv6_address_on_creation": false,
            "availability_zone": "us-east-1c",
            "availability_zone_id": "use1-az6",
            "cidr_block": "10.0.6.0/24",
            "customer_owned_ipv4_pool": "",
            "enable_dns64": false,
            "enable_lni_at_device_index": 0,
            "enable_resource_name_dns_a_record_on_launch": false,
            "enable_resource_name_dns_aaaa_record_on_launch": false,
            "id": "subnet-08a52acf8c5ce5d7c",
            "ipv6_cidr_block": "",
            "ipv6_cidr_block_association_id": "",
            "ipv6_native": false,
            "map_customer_owned_ip_on_launch": false,
            "map_public_ip_on_launch": false,
            "outpost_arn": "",
            "owner_id": "628042573059",
            "private_dns_hostname_type_on_launch": "ip-name",
            "tags": {
              "Environment": "dev",
              "Name": "eks-vpc-public-us-east-1c",
              "Terraform": "true"
            },
            "tags_all": {
              "Environment": "dev",
              "Name": "eks-vpc-public-us-east-1c",
              "Terraform": "true"
            },
            "timeouts": null,
            "vpc_id": "vpc-0f428588a50a2b847"
          },
          "sensitive_attributes": [],
          "private": "eyJlMmJmYjczMC1lY2FhLTExZTYtOGY4OC0zNDM2M2JjN2M0YzAiOnsiY3JlYXRlIjo2MDAwMDAwMDAwMDAsImRlbGV0ZSI6MTIwMDAwMDAwMDAwMH0sInNjaGVtYV92ZXJzaW9uIjoiMSJ9",
          "dependencies": [
            "module.vpc.aws_vpc.this",
            "module.vpc.aws_vpc_ipv4_cidr_block_association.this"
          ]
        }
      ]
    },
    {
      "module": "module.vpc",
      "mode": "managed",
      "type": "aws_vpc",
      "name": "this",
      "provider": "provider[\"registry.terraform.io/hashicorp/aws\"]",
      "instances": [
        {
          "index_key": 0,
          "schema_version": 1,
          "attributes": {
            "arn": "arn:aws:ec2:us-east-1:628042573059:vpc/vpc-0f428588a50a2b847",
            "assign_generated_ipv6_cidr_block": false,
            "cidr_block": "10.0.0.0/16",
            "default_network_acl_id": "acl-06b97ea718992e80f",
            "default_route_table_id": "rtb-04a4a089f1775fdc2",
            "default_security_group_id": "sg-0197312c1829e74cb",
            "dhcp_options_id": "dopt-0cf54a2348474863f",
            "enable_dns_hostnames": true,
            "enable_dns_support": true,
            "enable_network_address_usage_metrics": false,
            "id": "vpc-0f428588a50a2b847",
            "instance_tenancy": "default",
            "ipv4_ipam_pool_id": null,
            "ipv4_netmask_length": null,
            "ipv6_association_id": "",
            "ipv6_cidr_block": "",
            "ipv6_cidr_block_network_border_group": "",
            "ipv6_ipam_pool_id": "",
            "ipv6_netmask_length": 0,
            "main_route_table_id": "rtb-04a4a089f1775fdc2",
            "owner_id": "628042573059",
            "tags": {
              "Environment": "dev",
              "Name": "eks-vpc",
              "Terraform": "true"
            },
            "tags_all": {
              "Environment": "dev",
              "Name": "eks-vpc",
              "Terraform": "true"
            }
          },
          "sensitive_attributes": [],
          "private": "eyJzY2hlbWFfdmVyc2lvbiI6IjEifQ==",
          "create_before_destroy": true
        }
      ]
    }
  ],
  "check_results": [
    {
      "object_kind": "resource",
      "config_addr": "module.this.module.self_managed_node_group.module.user_data.null_resource.validate_cluster_service_cidr",
      "status": "pass",
      "objects": null
    },
    {
      "object_kind": "resource",
      "config_addr": "module.this.module.eks_managed_node_group.module.user_data.null_resource.validate_cluster_service_cidr",
      "status": "pass",
      "objects": [
        {
          "object_addr": "module.this[\"infra\"].module.eks_managed_node_group[\"eks_nodes\"].module.user_data.null_resource.validate_cluster_service_cidr",
          "status": "pass"
        },
        {
          "object_addr": "module.this[\"prod\"].module.eks_managed_node_group[\"eks_nodes\"].module.user_data.null_resource.validate_cluster_service_cidr",
          "status": "pass"
        },
        {
          "object_addr": "module.this[\"dev\"].module.eks_managed_node_group[\"eks_nodes\"].module.user_data.null_resource.validate_cluster_service_cidr",
          "status": "pass"
        }
      ]
    }
  ]
}
